{
  "version": 4,
  "terraform_version": "1.13.5",
  "serial": 10,
  "lineage": "5ed013a2-e880-345a-2ae3-45b496a43ced",
  "outputs": {
    "instance_id": {
      "value": "9215666598025495625",
      "type": "string"
    },
    "network_tags": {
      "value": [
        "allow-ssh-test-gcpfwl-3",
        "ssh-via-iap"
      ],
      "type": [
        "set",
        "string"
      ]
    },
    "private_ip": {
      "value": "10.110.225.2",
      "type": "string"
    },
    "private_ssh_key": {
      "value": "-----BEGIN RSA PRIVATE KEY-----\nMIIEpAIBAAKCAQEAw3EXF+RZXYatrDGeYkQFzoVOZT8QhxYRfqDNZeonElVm8NxZ\nXc/xEGjbRXZntGE3j1Jd+YnFr4i7mdLeslHQII53LGUpvEVGUPSdXs3EV8UklhSC\nLnqTbMEcODOMGKnXGj/VOTyGE0/p2FdRfRPjeYYU0nKBG0PDlRW+m1Zz0V3PzKHm\nONAoGjkdGIBVyTc83XLghiQ37f7McEfmEQruVUnYHnJASlGLIAALBcuar2DgCcGa\noXzIG9CnUbwLvnVU1Jf96RUq8up2cJsxj4Wk0xa4jg0iLWoPSffVVFR26eH6dwSC\nv/8rK626CFTlgaXHA88p+oSO/hfcMrx8EbJJiwIDAQABAoIBAEkNbfzbuT2YuDTr\nbRC87VC3CkkU7AgaSxrCX1QPVGBpdKtmKa9DqQ8hqohJzFSjnAFh38eE5FQK71h9\ndglARGPO7KO3AoUhfbmH3YTQs+m8wkKo0sotvgpCGlq1hdG4NjNVFc2pnlH8pmNb\nrBVtCDNl10WcUD7RMvt4X8EvbOYeG/PaLqgPX7KVad4q0ltagpM7GPLaHPGubmDU\nZRGS3aaOeicdL7xXFb6NUhW5YPOL6zdPgEkzBcX/BiF7d42eCcHdR3uVNSaFrw3e\n07Qc9V4i3XDAC4OHaaYrETbgblruoFumvA2MNagXI2SaG8xH+cvN5/kCbX3ijcQR\na94Uug0CgYEA3i+6QLWmh7pWWmYOL5OMDhGryFcgRTZixd89CMLS3SluQRURLe6F\n0gKXHF8KO0m9eCE8MCPDRrqH/YMs1afXXiGleQRzT1TdFirC1g5rFw0nIr4so8fC\nbzBb6MV+Q9w3rP9mtV/UlHJ110BOlEXxD8GZk7IQVIp/LhwUQLVcnnUCgYEA4S9n\nRdigUfsUUTLoBm2MeuTSChon16cUAG3uZKpl6TRM6FHIIBnFhmxmLAAbdt6b7lnp\nZ7Q3JCle5ozYiAuYl+tifgdQvSbgdYn6bjC85u+FZwIk051cnthapCRZoJtrvjg/\nvvDK/a2tiu1L2GlHDui271PAhEqT7GnyCfzGR/8CgYBh/rjuG3AUgvndKw/sqe3m\nsqKKXOsNu7v6u8gmmg74nnJTYCBQmtgI1T2itMRFe/OGDVqHfO5+vnyGMpnOrhVO\nHhbmdjEJd0t/oGKImJlg9Fsjdq8nmU5HThPraVeURIeF1KuPKXIP+x/ATUubF/IH\nWgMLYkjTkLYhNx8znwn3lQKBgQCKCpQlZhGJkAA5cpp37knywDjeBoCsG3kQdlNw\nlGCa3/vRYujqfMHwkJzllj8/1GEEcUu6zegLm+zYKjlG1Mz7PEmJdpSRD7cDdsz1\nJZ13eBdwOQk4TDwOCBUwkDP9V6lp13OEanoVnpVHGAapqIft5MzX06CtuEYL5DqC\n0tj+IwKBgQC9S5OzKl7RnL5UZs9N98P99TtP/nlgrt5fmbKGw53t8RKMVJXc2VpK\nt2KpOEbILT/AiixnM2iCsC8kay+aneNWYiLhpAVMj28dkb+F8fRFx9ST3VaK8v3/\nhCvMR/s1wDLt4cO3nI6xvX9Zdazp2RqZP9f8yVF0P5sMOZVnxKz/3A==\n-----END RSA PRIVATE KEY-----\n",
      "type": "string",
      "sensitive": true
    },
    "public_ip": {
      "value": "136.114.52.75",
      "type": "string"
    }
  },
  "resources": [
    {
      "mode": "data",
      "type": "google_compute_network",
      "name": "tenant_vpc",
      "provider": "provider[\"registry.terraform.io/hashicorp/google\"]",
      "instances": [
        {
          "schema_version": 0,
          "attributes": {
            "description": "VPC for tenant tenant-manager-001",
            "gateway_ipv4": "",
            "id": "projects/umos-ab24d/global/networks/pmos-tenant-tenant-manager-001-vpc",
            "internal_ipv6_range": "",
            "name": "pmos-tenant-tenant-manager-001-vpc",
            "project": "umos-ab24d",
            "self_link": "https://www.googleapis.com/compute/v1/projects/umos-ab24d/global/networks/pmos-tenant-tenant-manager-001-vpc",
            "subnetworks_self_links": [
              "https://www.googleapis.com/compute/v1/projects/umos-ab24d/regions/us-central1/subnetworks/test-gcpfwb-2-subnet",
              "https://www.googleapis.com/compute/v1/projects/umos-ab24d/regions/us-central1/subnetworks/test-gcpfwk-3-subnet",
              "https://www.googleapis.com/compute/v1/projects/umos-ab24d/regions/us-central1/subnetworks/test-gcpfwg-2-subnet",
              "https://www.googleapis.com/compute/v1/projects/umos-ab24d/regions/us-central1/subnetworks/test-gcpfwb-3-subnet",
              "https://www.googleapis.com/compute/v1/projects/umos-ab24d/regions/us-central1/subnetworks/test-gcpfwl-2-subnet",
              "https://www.googleapis.com/compute/v1/projects/umos-ab24d/regions/us-central1/subnetworks/test-gcpfwb-1-subnet",
              "https://www.googleapis.com/compute/v1/projects/umos-ab24d/regions/us-central1/subnetworks/test-gcpfwd-3-subnet",
              "https://www.googleapis.com/compute/v1/projects/umos-ab24d/regions/us-central1/subnetworks/test-gcpfwh-2-subnet",
              "https://www.googleapis.com/compute/v1/projects/umos-ab24d/regions/us-central1/subnetworks/test-gcpfwh-1-subnet",
              "https://www.googleapis.com/compute/v1/projects/umos-ab24d/regions/us-central1/subnetworks/test-gcpfwj-2-subnet",
              "https://www.googleapis.com/compute/v1/projects/umos-ab24d/regions/us-central1/subnetworks/test-gcpfwk-2-subnet",
              "https://www.googleapis.com/compute/v1/projects/umos-ab24d/regions/us-central1/subnetworks/test-gcpfwj-1-subnet"
            ]
          },
          "sensitive_attributes": [],
          "identity_schema_version": 0
        }
      ]
    },
    {
      "mode": "managed",
      "type": "google_compute_firewall",
      "name": "allow_public_ssh",
      "provider": "provider[\"registry.terraform.io/hashicorp/google\"]",
      "instances": [
        {
          "index_key": 0,
          "schema_version": 1,
          "attributes": {
            "allow": [
              {
                "ports": [
                  "22"
                ],
                "protocol": "tcp"
              }
            ],
            "creation_timestamp": "2025-11-11T14:37:15.379-08:00",
            "deny": [],
            "description": "",
            "destination_ranges": [],
            "direction": "INGRESS",
            "disabled": false,
            "enable_logging": null,
            "id": "projects/umos-ab24d/global/firewalls/pmos-instance-test-gcpfwl-3-allow-ssh",
            "log_config": [],
            "name": "pmos-instance-test-gcpfwl-3-allow-ssh",
            "network": "https://www.googleapis.com/compute/v1/projects/umos-ab24d/global/networks/pmos-tenant-tenant-manager-001-vpc",
            "priority": 1000,
            "project": "umos-ab24d",
            "self_link": "https://www.googleapis.com/compute/v1/projects/umos-ab24d/global/firewalls/pmos-instance-test-gcpfwl-3-allow-ssh",
            "source_ranges": [
              "0.0.0.0/0"
            ],
            "source_service_accounts": null,
            "source_tags": null,
            "target_service_accounts": null,
            "target_tags": [
              "allow-ssh-test-gcpfwl-3"
            ],
            "timeouts": null
          },
          "sensitive_attributes": [],
          "identity_schema_version": 0,
          "private": "eyJlMmJmYjczMC1lY2FhLTExZTYtOGY4OC0zNDM2M2JjN2M0YzAiOnsiY3JlYXRlIjoxMjAwMDAwMDAwMDAwLCJkZWxldGUiOjEyMDAwMDAwMDAwMDAsInVwZGF0ZSI6MTIwMDAwMDAwMDAwMH0sInNjaGVtYV92ZXJzaW9uIjoiMSJ9",
          "dependencies": [
            "data.google_compute_network.tenant_vpc",
            "null_resource.vpc_provisioner"
          ]
        }
      ]
    },
    {
      "mode": "managed",
      "type": "google_compute_instance",
      "name": "this_vm",
      "provider": "provider[\"registry.terraform.io/hashicorp/google\"]",
      "instances": [
        {
          "schema_version": 6,
          "attributes": {
            "advanced_machine_features": [],
            "allow_stopping_for_update": null,
            "attached_disk": [],
            "boot_disk": [
              {
                "auto_delete": true,
                "device_name": "persistent-disk-0",
                "disk_encryption_key_raw": "",
                "disk_encryption_key_sha256": "",
                "initialize_params": [
                  {
                    "enable_confidential_compute": false,
                    "image": "https://www.googleapis.com/compute/v1/projects/umos-ab24d/global/images/ubuntu-22-04-19271224598",
                    "labels": {},
                    "provisioned_iops": 0,
                    "provisioned_throughput": 0,
                    "resource_manager_tags": null,
                    "size": 20,
                    "storage_pool": "",
                    "type": "pd-standard"
                  }
                ],
                "kms_key_self_link": "",
                "mode": "READ_WRITE",
                "source": "https://www.googleapis.com/compute/v1/projects/umos-ab24d/zones/us-central1-a/disks/test-gcpfwl-3"
              }
            ],
            "can_ip_forward": false,
            "confidential_instance_config": [],
            "cpu_platform": "Intel Broadwell",
            "current_status": "RUNNING",
            "deletion_protection": false,
            "description": "",
            "desired_status": null,
            "effective_labels": {},
            "enable_display": false,
            "guest_accelerator": [],
            "hostname": "",
            "id": "projects/umos-ab24d/zones/us-central1-a/instances/test-gcpfwl-3",
            "instance_id": "9215666598025495625",
            "label_fingerprint": "42WmSpB8rSM=",
            "labels": null,
            "machine_type": "e2-micro",
            "metadata": {
              "ssh-keys": "packer:ssh-rsa AAAAB3NzaC1yc2EAAAADAQABAAABAQDDcRcX5Fldhq2sMZ5iRAXOhU5lPxCHFhF+oM1l6icSVWbw3Fldz/EQaNtFdme0YTePUl35icWviLuZ0t6yUdAgjncsZSm8RUZQ9J1ezcRXxSSWFIIuepNswRw4M4wYqdcaP9U5PIYTT+nYV1F9E+N5hhTScoEbQ8OVFb6bVnPRXc/MoeY40CgaOR0YgFXJNzzdcuCGJDft/sxwR+YRCu5VSdgeckBKUYsgAAsFy5qvYOAJwZqhfMgb0KdRvAu+dVTUl/3pFSry6nZwmzGPhaTTFriODSItag9J99VUVHbp4fp3BIK//ysrrboIVOWBpccDzyn6hI7+F9wyvHwRskmL\n",
              "startup-script": "#!/bin/bash\n# User data scripts are not yet supported for direct deployment.\n"
            },
            "metadata_fingerprint": "ZnxnwoHjXRY=",
            "metadata_startup_script": null,
            "min_cpu_platform": "",
            "name": "test-gcpfwl-3",
            "network_interface": [
              {
                "access_config": [
                  {
                    "nat_ip": "136.114.52.75",
                    "network_tier": "PREMIUM",
                    "public_ptr_domain_name": ""
                  }
                ],
                "alias_ip_range": [],
                "internal_ipv6_prefix_length": 0,
                "ipv6_access_config": [],
                "ipv6_access_type": "",
                "ipv6_address": "",
                "name": "nic0",
                "network": "https://www.googleapis.com/compute/v1/projects/umos-ab24d/global/networks/pmos-tenant-tenant-manager-001-vpc",
                "network_ip": "10.110.225.2",
                "nic_type": "",
                "queue_count": 0,
                "stack_type": "IPV4_ONLY",
                "subnetwork": "https://www.googleapis.com/compute/v1/projects/umos-ab24d/regions/us-central1/subnetworks/test-gcpfwl-3-subnet",
                "subnetwork_project": "umos-ab24d"
              }
            ],
            "network_performance_config": [],
            "params": [],
            "project": "umos-ab24d",
            "reservation_affinity": [],
            "resource_policies": null,
            "scheduling": [
              {
                "automatic_restart": true,
                "instance_termination_action": "",
                "local_ssd_recovery_timeout": [],
                "max_run_duration": [],
                "min_node_cpus": 0,
                "node_affinities": [],
                "on_host_maintenance": "MIGRATE",
                "on_instance_stop_action": [],
                "preemptible": false,
                "provisioning_model": "STANDARD"
              }
            ],
            "scratch_disk": [],
            "self_link": "https://www.googleapis.com/compute/v1/projects/umos-ab24d/zones/us-central1-a/instances/test-gcpfwl-3",
            "service_account": [
              {
                "email": "924587466064-compute@developer.gserviceaccount.com",
                "scopes": [
                  "https://www.googleapis.com/auth/cloud-platform"
                ]
              }
            ],
            "shielded_instance_config": [
              {
                "enable_integrity_monitoring": true,
                "enable_secure_boot": false,
                "enable_vtpm": true
              }
            ],
            "tags": [
              "allow-ssh-test-gcpfwl-3",
              "ssh-via-iap"
            ],
            "tags_fingerprint": "74h_cJgG9w8=",
            "terraform_labels": {},
            "timeouts": null,
            "zone": "us-central1-a"
          },
          "sensitive_attributes": [
            [
              {
                "type": "get_attr",
                "value": "boot_disk"
              },
              {
                "type": "index",
                "value": {
                  "value": 0,
                  "type": "number"
                }
              },
              {
                "type": "get_attr",
                "value": "disk_encryption_key_raw"
              }
            ]
          ],
          "identity_schema_version": 0,
          "private": "eyJlMmJmYjczMC1lY2FhLTExZTYtOGY4OC0zNDM2M2JjN2M0YzAiOnsiY3JlYXRlIjoxMjAwMDAwMDAwMDAwLCJkZWxldGUiOjEyMDAwMDAwMDAwMDAsInVwZGF0ZSI6MTIwMDAwMDAwMDAwMH0sInNjaGVtYV92ZXJzaW9uIjoiNiJ9",
          "dependencies": [
            "data.google_compute_network.tenant_vpc",
            "google_compute_subnetwork.this_subnet",
            "null_resource.allow_iap_ssh_provisioner",
            "null_resource.allow_internal_provisioner",
            "null_resource.vpc_provisioner",
            "random_integer.subnet_octet_2",
            "random_integer.subnet_octet_3",
            "tls_private_key.admin_ssh"
          ]
        }
      ]
    },
    {
      "mode": "managed",
      "type": "google_compute_subnetwork",
      "name": "this_subnet",
      "provider": "provider[\"registry.terraform.io/hashicorp/google\"]",
      "instances": [
        {
          "schema_version": 0,
          "attributes": {
            "creation_timestamp": "2025-11-11T14:37:15.391-08:00",
            "description": "",
            "external_ipv6_prefix": "",
            "fingerprint": null,
            "gateway_address": "10.110.225.1",
            "id": "projects/umos-ab24d/regions/us-central1/subnetworks/test-gcpfwl-3-subnet",
            "internal_ipv6_prefix": "",
            "ip_cidr_range": "10.110.225.0/24",
            "ipv6_access_type": "",
            "ipv6_cidr_range": "",
            "log_config": [],
            "name": "test-gcpfwl-3-subnet",
            "network": "https://www.googleapis.com/compute/v1/projects/umos-ab24d/global/networks/pmos-tenant-tenant-manager-001-vpc",
            "private_ip_google_access": false,
            "private_ipv6_google_access": "DISABLE_GOOGLE_ACCESS",
            "project": "umos-ab24d",
            "purpose": "PRIVATE",
            "region": "us-central1",
            "role": "",
            "secondary_ip_range": [],
            "self_link": "https://www.googleapis.com/compute/v1/projects/umos-ab24d/regions/us-central1/subnetworks/test-gcpfwl-3-subnet",
            "send_secondary_ip_range_if_empty": null,
            "stack_type": "IPV4_ONLY",
            "timeouts": null
          },
          "sensitive_attributes": [],
          "identity_schema_version": 0,
          "private": "eyJlMmJmYjczMC1lY2FhLTExZTYtOGY4OC0zNDM2M2JjN2M0YzAiOnsiY3JlYXRlIjoxMjAwMDAwMDAwMDAwLCJkZWxldGUiOjEyMDAwMDAwMDAwMDAsInVwZGF0ZSI6MTIwMDAwMDAwMDAwMH19",
          "dependencies": [
            "data.google_compute_network.tenant_vpc",
            "null_resource.vpc_provisioner",
            "random_integer.subnet_octet_2",
            "random_integer.subnet_octet_3"
          ]
        }
      ]
    },
    {
      "mode": "managed",
      "type": "null_resource",
      "name": "allow_iap_ssh_provisioner",
      "provider": "provider[\"registry.terraform.io/hashicorp/null\"]",
      "instances": [
        {
          "schema_version": 0,
          "attributes": {
            "id": "4563206881999542916",
            "triggers": {
              "network_id": "projects/umos-ab24d/global/networks/pmos-tenant-tenant-manager-001-vpc",
              "project_id": "umos-ab24d",
              "tenant_id": "tenant-manager-001"
            }
          },
          "sensitive_attributes": [],
          "identity_schema_version": 0,
          "dependencies": [
            "data.google_compute_network.tenant_vpc",
            "null_resource.vpc_provisioner"
          ]
        }
      ]
    },
    {
      "mode": "managed",
      "type": "null_resource",
      "name": "allow_internal_provisioner",
      "provider": "provider[\"registry.terraform.io/hashicorp/null\"]",
      "instances": [
        {
          "schema_version": 0,
          "attributes": {
            "id": "3467601520795037750",
            "triggers": {
              "network_id": "projects/umos-ab24d/global/networks/pmos-tenant-tenant-manager-001-vpc",
              "project_id": "umos-ab24d",
              "tenant_id": "tenant-manager-001"
            }
          },
          "sensitive_attributes": [],
          "identity_schema_version": 0,
          "dependencies": [
            "data.google_compute_network.tenant_vpc",
            "null_resource.vpc_provisioner"
          ]
        }
      ]
    },
    {
      "mode": "managed",
      "type": "null_resource",
      "name": "vpc_provisioner",
      "provider": "provider[\"registry.terraform.io/hashicorp/null\"]",
      "instances": [
        {
          "schema_version": 0,
          "attributes": {
            "id": "994416718118213743",
            "triggers": {
              "project_id": "umos-ab24d",
              "tenant_id": "tenant-manager-001"
            }
          },
          "sensitive_attributes": [],
          "identity_schema_version": 0
        }
      ]
    },
    {
      "mode": "managed",
      "type": "random_integer",
      "name": "subnet_octet_2",
      "provider": "provider[\"registry.terraform.io/hashicorp/random\"]",
      "instances": [
        {
          "schema_version": 0,
          "attributes": {
            "id": "110",
            "keepers": {
              "instance_name": "test-gcpfwl-3"
            },
            "max": 254,
            "min": 1,
            "result": 110,
            "seed": null
          },
          "sensitive_attributes": [],
          "identity_schema_version": 0
        }
      ]
    },
    {
      "mode": "managed",
      "type": "random_integer",
      "name": "subnet_octet_3",
      "provider": "provider[\"registry.terraform.io/hashicorp/random\"]",
      "instances": [
        {
          "schema_version": 0,
          "attributes": {
            "id": "225",
            "keepers": {
              "instance_name": "test-gcpfwl-3"
            },
            "max": 254,
            "min": 0,
            "result": 225,
            "seed": null
          },
          "sensitive_attributes": [],
          "identity_schema_version": 0
        }
      ]
    },
    {
      "mode": "managed",
      "type": "tls_private_key",
      "name": "admin_ssh",
      "provider": "provider[\"registry.terraform.io/hashicorp/tls\"]",
      "instances": [
        {
          "index_key": 0,
          "schema_version": 1,
          "attributes": {
            "algorithm": "RSA",
            "ecdsa_curve": "P224",
            "id": "302ee1647017930175a81c18f4fda1bcc24d54c2",
            "private_key_openssh": "-----BEGIN OPENSSH PRIVATE KEY-----\nb3BlbnNzaC1rZXktdjEAAAAABG5vbmUAAAAEbm9uZQAAAAAAAAABAAABFwAAAAdz\nc2gtcnNhAAAAAwEAAQAAAQEAw3EXF+RZXYatrDGeYkQFzoVOZT8QhxYRfqDNZeon\nElVm8NxZXc/xEGjbRXZntGE3j1Jd+YnFr4i7mdLeslHQII53LGUpvEVGUPSdXs3E\nV8UklhSCLnqTbMEcODOMGKnXGj/VOTyGE0/p2FdRfRPjeYYU0nKBG0PDlRW+m1Zz\n0V3PzKHmONAoGjkdGIBVyTc83XLghiQ37f7McEfmEQruVUnYHnJASlGLIAALBcua\nr2DgCcGaoXzIG9CnUbwLvnVU1Jf96RUq8up2cJsxj4Wk0xa4jg0iLWoPSffVVFR2\n6eH6dwSCv/8rK626CFTlgaXHA88p+oSO/hfcMrx8EbJJiwAAA7i4bMSouGzEqAAA\nAAdzc2gtcnNhAAABAQDDcRcX5Fldhq2sMZ5iRAXOhU5lPxCHFhF+oM1l6icSVWbw\n3Fldz/EQaNtFdme0YTePUl35icWviLuZ0t6yUdAgjncsZSm8RUZQ9J1ezcRXxSSW\nFIIuepNswRw4M4wYqdcaP9U5PIYTT+nYV1F9E+N5hhTScoEbQ8OVFb6bVnPRXc/M\noeY40CgaOR0YgFXJNzzdcuCGJDft/sxwR+YRCu5VSdgeckBKUYsgAAsFy5qvYOAJ\nwZqhfMgb0KdRvAu+dVTUl/3pFSry6nZwmzGPhaTTFriODSItag9J99VUVHbp4fp3\nBIK//ysrrboIVOWBpccDzyn6hI7+F9wyvHwRskmLAAAAAwEAAQAAAQBJDW3827k9\nmLg0620QvO1QtwpJFOwIGksawl9UD1RgaXSrZimvQ6kPIaqIScxUo5wBYd/HhORU\nCu9YfXYJQERjzuyjtwKFIX25h92E0LPpvMJCqNLKLb4KQhpatYXRuDYzVRXNqZ5R\n/KZjW6wVbQgzZddFnFA+0TL7eF/BL2zmHhvz2i6oD1+ylWneKtJbWoKTOxjy2hzx\nrm5g1GURkt2mjnonHS+8VxW+jVIVuWDzi+s3T4BJMwXF/wYhe3eNngnB3Ud7lTUm\nha8N3tO0HPVeIt1wwAuDh2mmKxE24G5a7qBbprwNjDWoFyNkmhvMR/nLzef5Am19\n4o3EEWveFLoNAAAAgQC9S5OzKl7RnL5UZs9N98P99TtP/nlgrt5fmbKGw53t8RKM\nVJXc2VpKt2KpOEbILT/AiixnM2iCsC8kay+aneNWYiLhpAVMj28dkb+F8fRFx9ST\n3VaK8v3/hCvMR/s1wDLt4cO3nI6xvX9Zdazp2RqZP9f8yVF0P5sMOZVnxKz/3AAA\nAIEA3i+6QLWmh7pWWmYOL5OMDhGryFcgRTZixd89CMLS3SluQRURLe6F0gKXHF8K\nO0m9eCE8MCPDRrqH/YMs1afXXiGleQRzT1TdFirC1g5rFw0nIr4so8fCbzBb6MV+\nQ9w3rP9mtV/UlHJ110BOlEXxD8GZk7IQVIp/LhwUQLVcnnUAAACBAOEvZ0XYoFH7\nFFEy6AZtjHrk0goaJ9enFABt7mSqZek0TOhRyCAZxYZsZiwAG3bem+5Z6We0NyQp\nXuaM2IgLmJfrYn4HUL0m4HWJ+m4wvObvhWcCJNOdXJ7YWqQkWaCba744P77wyv2t\nrYrtS9hpRw7otu9TwIRKk+xp8gn8xkf/AAAAAAEC\n-----END OPENSSH PRIVATE KEY-----\n",
            "private_key_pem": "-----BEGIN RSA PRIVATE KEY-----\nMIIEpAIBAAKCAQEAw3EXF+RZXYatrDGeYkQFzoVOZT8QhxYRfqDNZeonElVm8NxZ\nXc/xEGjbRXZntGE3j1Jd+YnFr4i7mdLeslHQII53LGUpvEVGUPSdXs3EV8UklhSC\nLnqTbMEcODOMGKnXGj/VOTyGE0/p2FdRfRPjeYYU0nKBG0PDlRW+m1Zz0V3PzKHm\nONAoGjkdGIBVyTc83XLghiQ37f7McEfmEQruVUnYHnJASlGLIAALBcuar2DgCcGa\noXzIG9CnUbwLvnVU1Jf96RUq8up2cJsxj4Wk0xa4jg0iLWoPSffVVFR26eH6dwSC\nv/8rK626CFTlgaXHA88p+oSO/hfcMrx8EbJJiwIDAQABAoIBAEkNbfzbuT2YuDTr\nbRC87VC3CkkU7AgaSxrCX1QPVGBpdKtmKa9DqQ8hqohJzFSjnAFh38eE5FQK71h9\ndglARGPO7KO3AoUhfbmH3YTQs+m8wkKo0sotvgpCGlq1hdG4NjNVFc2pnlH8pmNb\nrBVtCDNl10WcUD7RMvt4X8EvbOYeG/PaLqgPX7KVad4q0ltagpM7GPLaHPGubmDU\nZRGS3aaOeicdL7xXFb6NUhW5YPOL6zdPgEkzBcX/BiF7d42eCcHdR3uVNSaFrw3e\n07Qc9V4i3XDAC4OHaaYrETbgblruoFumvA2MNagXI2SaG8xH+cvN5/kCbX3ijcQR\na94Uug0CgYEA3i+6QLWmh7pWWmYOL5OMDhGryFcgRTZixd89CMLS3SluQRURLe6F\n0gKXHF8KO0m9eCE8MCPDRrqH/YMs1afXXiGleQRzT1TdFirC1g5rFw0nIr4so8fC\nbzBb6MV+Q9w3rP9mtV/UlHJ110BOlEXxD8GZk7IQVIp/LhwUQLVcnnUCgYEA4S9n\nRdigUfsUUTLoBm2MeuTSChon16cUAG3uZKpl6TRM6FHIIBnFhmxmLAAbdt6b7lnp\nZ7Q3JCle5ozYiAuYl+tifgdQvSbgdYn6bjC85u+FZwIk051cnthapCRZoJtrvjg/\nvvDK/a2tiu1L2GlHDui271PAhEqT7GnyCfzGR/8CgYBh/rjuG3AUgvndKw/sqe3m\nsqKKXOsNu7v6u8gmmg74nnJTYCBQmtgI1T2itMRFe/OGDVqHfO5+vnyGMpnOrhVO\nHhbmdjEJd0t/oGKImJlg9Fsjdq8nmU5HThPraVeURIeF1KuPKXIP+x/ATUubF/IH\nWgMLYkjTkLYhNx8znwn3lQKBgQCKCpQlZhGJkAA5cpp37knywDjeBoCsG3kQdlNw\nlGCa3/vRYujqfMHwkJzllj8/1GEEcUu6zegLm+zYKjlG1Mz7PEmJdpSRD7cDdsz1\nJZ13eBdwOQk4TDwOCBUwkDP9V6lp13OEanoVnpVHGAapqIft5MzX06CtuEYL5DqC\n0tj+IwKBgQC9S5OzKl7RnL5UZs9N98P99TtP/nlgrt5fmbKGw53t8RKMVJXc2VpK\nt2KpOEbILT/AiixnM2iCsC8kay+aneNWYiLhpAVMj28dkb+F8fRFx9ST3VaK8v3/\nhCvMR/s1wDLt4cO3nI6xvX9Zdazp2RqZP9f8yVF0P5sMOZVnxKz/3A==\n-----END RSA PRIVATE KEY-----\n",
            "private_key_pem_pkcs8": "-----BEGIN PRIVATE KEY-----\nMIIEvgIBADANBgkqhkiG9w0BAQEFAASCBKgwggSkAgEAAoIBAQDDcRcX5Fldhq2s\nMZ5iRAXOhU5lPxCHFhF+oM1l6icSVWbw3Fldz/EQaNtFdme0YTePUl35icWviLuZ\n0t6yUdAgjncsZSm8RUZQ9J1ezcRXxSSWFIIuepNswRw4M4wYqdcaP9U5PIYTT+nY\nV1F9E+N5hhTScoEbQ8OVFb6bVnPRXc/MoeY40CgaOR0YgFXJNzzdcuCGJDft/sxw\nR+YRCu5VSdgeckBKUYsgAAsFy5qvYOAJwZqhfMgb0KdRvAu+dVTUl/3pFSry6nZw\nmzGPhaTTFriODSItag9J99VUVHbp4fp3BIK//ysrrboIVOWBpccDzyn6hI7+F9wy\nvHwRskmLAgMBAAECggEASQ1t/Nu5PZi4NOttELztULcKSRTsCBpLGsJfVA9UYGl0\nq2Ypr0OpDyGqiEnMVKOcAWHfx4TkVArvWH12CUBEY87so7cChSF9uYfdhNCz6bzC\nQqjSyi2+CkIaWrWF0bg2M1UVzameUfymY1usFW0IM2XXRZxQPtEy+3hfwS9s5h4b\n89ouqA9fspVp3irSW1qCkzsY8toc8a5uYNRlEZLdpo56Jx0vvFcVvo1SFblg84vr\nN0+ASTMFxf8GIXt3jZ4Jwd1He5U1JoWvDd7TtBz1XiLdcMALg4dppisRNuBuWu6g\nW6a8DYw1qBcjZJobzEf5y83n+QJtfeKNxBFr3hS6DQKBgQDeL7pAtaaHulZaZg4v\nk4wOEavIVyBFNmLF3z0IwtLdKW5BFREt7oXSApccXwo7Sb14ITwwI8NGuof9gyzV\np9deIaV5BHNPVN0WKsLWDmsXDSciviyjx8JvMFvoxX5D3Des/2a1X9SUcnXXQE6U\nRfEPwZmTshBUin8uHBRAtVyedQKBgQDhL2dF2KBR+xRRMugGbYx65NIKGifXpxQA\nbe5kqmXpNEzoUcggGcWGbGYsABt23pvuWelntDckKV7mjNiIC5iX62J+B1C9JuB1\nifpuMLzm74VnAiTTnVye2FqkJFmgm2u+OD++8Mr9ra2K7UvYaUcO6LbvU8CESpPs\nafIJ/MZH/wKBgGH+uO4bcBSC+d0rD+yp7eayoopc6w27u/q7yCaaDvieclNgIFCa\n2AjVPaK0xEV784YNWod87n6+fIYymc6uFU4eFuZ2MQl3S3+gYoiYmWD0WyN2ryeZ\nTkdOE+tpV5REh4XUq48pcg/7H8BNS5sX8gdaAwtiSNOQtiE3HzOfCfeVAoGBAIoK\nlCVmEYmQADlymnfuSfLAON4GgKwbeRB2U3CUYJrf+9Fi6Op8wfCQnOWWPz/UYQRx\nS7rN6Aub7NgqOUbUzPs8SYl2lJEPtwN2zPUlnXd4F3A5CThMPA4IFTCQM/1XqWnX\nc4RqehWelUcYBqmoh+3kzNfToK24RgvkOoLS2P4jAoGBAL1Lk7MqXtGcvlRmz033\nw/31O0/+eWCu3l+ZsobDne3xEoxUldzZWkq3Yqk4RsgtP8CKLGczaIKwLyRrL5qd\n41ZiIuGkBUyPbx2Rv4Xx9EXH1JPdVory/f+EK8xH+zXAMu3hw7ecjrG9f1l1rOnZ\nGpk/1/zJUXQ/mww5lWfErP/c\n-----END PRIVATE KEY-----\n",
            "public_key_fingerprint_md5": "cf:22:9e:77:e0:58:0a:1c:8e:5a:51:93:a0:ea:3c:a6",
            "public_key_fingerprint_sha256": "SHA256:g+7PRWzlotB3Th+hQgqRjDObIIrCmT0LZxgqLCbbWs4",
            "public_key_openssh": "ssh-rsa AAAAB3NzaC1yc2EAAAADAQABAAABAQDDcRcX5Fldhq2sMZ5iRAXOhU5lPxCHFhF+oM1l6icSVWbw3Fldz/EQaNtFdme0YTePUl35icWviLuZ0t6yUdAgjncsZSm8RUZQ9J1ezcRXxSSWFIIuepNswRw4M4wYqdcaP9U5PIYTT+nYV1F9E+N5hhTScoEbQ8OVFb6bVnPRXc/MoeY40CgaOR0YgFXJNzzdcuCGJDft/sxwR+YRCu5VSdgeckBKUYsgAAsFy5qvYOAJwZqhfMgb0KdRvAu+dVTUl/3pFSry6nZwmzGPhaTTFriODSItag9J99VUVHbp4fp3BIK//ysrrboIVOWBpccDzyn6hI7+F9wyvHwRskmL\n",
            "public_key_pem": "-----BEGIN PUBLIC KEY-----\nMIIBIjANBgkqhkiG9w0BAQEFAAOCAQ8AMIIBCgKCAQEAw3EXF+RZXYatrDGeYkQF\nzoVOZT8QhxYRfqDNZeonElVm8NxZXc/xEGjbRXZntGE3j1Jd+YnFr4i7mdLeslHQ\nII53LGUpvEVGUPSdXs3EV8UklhSCLnqTbMEcODOMGKnXGj/VOTyGE0/p2FdRfRPj\neYYU0nKBG0PDlRW+m1Zz0V3PzKHmONAoGjkdGIBVyTc83XLghiQ37f7McEfmEQru\nVUnYHnJASlGLIAALBcuar2DgCcGaoXzIG9CnUbwLvnVU1Jf96RUq8up2cJsxj4Wk\n0xa4jg0iLWoPSffVVFR26eH6dwSCv/8rK626CFTlgaXHA88p+oSO/hfcMrx8EbJJ\niwIDAQAB\n-----END PUBLIC KEY-----\n",
            "rsa_bits": 2048
          },
          "sensitive_attributes": [
            [
              {
                "type": "get_attr",
                "value": "private_key_openssh"
              }
            ],
            [
              {
                "type": "get_attr",
                "value": "private_key_pem"
              }
            ],
            [
              {
                "type": "get_attr",
                "value": "private_key_pem_pkcs8"
              }
            ]
          ],
          "identity_schema_version": 0
        }
      ]
    }
  ],
  "check_results": null
}
