{
  "version": 4,
  "terraform_version": "1.13.5",
  "serial": 10,
  "lineage": "05a5ce05-f152-87ff-c6f3-3c16e171fe56",
  "outputs": {
    "instance_id": {
      "value": "309667372757564749",
      "type": "string"
    },
    "network_tags": {
      "value": [
        "allow-ssh-test-gcpfw-3",
        "ssh-via-iap"
      ],
      "type": [
        "set",
        "string"
      ]
    },
    "private_ip": {
      "value": "10.68.0.2",
      "type": "string"
    },
    "private_ssh_key": {
      "value": "-----BEGIN RSA PRIVATE KEY-----\nMIIEowIBAAKCAQEA5qPKqbd8+fzYcydSHiU68Bs+r0YGIBtmzH9LHL8hj5xE6ONY\nqwr+D53avjPlPc00YUbPtQpFgjKVW5NdGVxafk79oQ3TgEyJF3axsDyquAWTccev\ne/CwHhovxHnlKhD5LJjrs4Y5NdKCHnePAa55+RMocCIPSRoecIYs9H67EAKRo+v9\n6YGnyaUDYLgsCbJNN3R1cFvA3kC3TJYsVJ+Pb0rpxDjTkjDmHFNgXMJwjD6M4p6w\n8lHoV7IKhyU6XIA65EXkmSeqDH86Gn4ZiHoH9ZlqFaz1IjK3MKxZyJVpQOZfm1AH\nBXatkKHmoZXhCJAhj5T93qz8uavFna2VFJRE4wIDAQABAoIBAHDhGxAjQKRtDlaV\nmQgt+oGHJA/OerL+Fjrh1hY0qS1LMyK0GjJkR+HGxUcvyPONWiR97qxRYaGONjFC\nl18RJy0IZfOL+8agLrxwGBkEKB22hOo76/QB4YBqGpTTf8gt1HXyRfFwMNHZvFtC\n8pfFF+dCbBktYkPJ57n0wU3MNKtpWGUKRMNGJxaQdJYPDtiRybWTbijZRA6NlHJS\nlc0Zr9d65EZsJ4F85kkBUxg/m614x4hHJckld1OOJInyQYgSJnxxywGYg7mZVBui\nekZCBfef4grcxmgEM91LV0SmD6aC5DmJQW8IiqrDKbSC3fwIrcaI74xS0g3/1x3H\ndE4ZFYECgYEA/WdN86xqpw1d3E9pa2pT3wlxx/ONEM/kECpG6uN2ePkzTX7trpTC\nQJXL0ZiibJbAeSNBvu/w38xhA10q5FhvhSZLjAzQGoghWnsjHF8q8zPxz5RBF2u5\nUhdHR/pTraNtjSPzcsu5Ix6KCssW0iN50e3mWtyR6/dv95agvvWqECMCgYEA6QDG\nuu6iaMQSQmZBYGUh3bkv6Ofx4s+DG1OT7wWPj15bpRp8hnv9BMp+TG/ecRYoAb/N\n+dYrK/0shVLV9BUyF1tHbPYVAIX2aAf0HmXH4ldoroI6mnbNdHF5h3M2Jk3zM5Ay\nEiTkuS6EVjWtOdvlODqM2ezplh6eMHS1ZIbN5EECgYBvWH4zLTar8r6keKxsy4rQ\n/Thm0MjSc1bWF42T1qEPJQj662QLC0iT0n59uaDdMByg3fIcsRfZbtfN/5lCPu25\nxwr5HgQvNFPbizHxXIvl05RUTuOPJAGJZbsnkIJGUQJpOzvU3FmcaeXkOjrr2TTF\nHtDSagsgcVhcpW46mn3AmwKBgB23EaEpaeD+kG2TaOcIPsduJKQJYJnSaSAFCqrD\nBMn9+KYXuKXWDjCcOns5ER9O+g8vDO+91oenpBPkupCEW30LERLeV1NXwlMGIKX3\nyQQeraUDysGEQTOGfT8+/DrqWgfLbfdOaTUMr6fm9I6acqM3JFtukWOpx/baC4Ak\niQGBAoGBAJ2gotOPxPKcbbI/luJFy9XA9/8EM2MBwRVk528r11YfYPCMvO/L8Mir\nqm3rvptPMWKE/a6JwNJEBWfoE9ZgrlnVVyGaKLOQCzSWdL4ykCyMnQjnb2LU8tq2\nK2IIYNymy19zEIb/cT8N/o+w0R/+i8CbLUBHAcWoGgzf7kz5M4mB\n-----END RSA PRIVATE KEY-----\n",
      "type": "string",
      "sensitive": true
    }
  },
  "resources": [
    {
      "mode": "data",
      "type": "google_compute_network",
      "name": "tenant_vpc",
      "provider": "provider[\"registry.terraform.io/hashicorp/google\"]",
      "instances": [
        {
          "schema_version": 0,
          "attributes": {
            "description": "",
            "gateway_ipv4": "",
            "id": "projects/umos-ab24d/global/networks/pmos-tenant-tenant-manager-001-vpc",
            "internal_ipv6_range": "",
            "name": "pmos-tenant-tenant-manager-001-vpc",
            "project": null,
            "self_link": "https://www.googleapis.com/compute/v1/projects/umos-ab24d/global/networks/pmos-tenant-tenant-manager-001-vpc",
            "subnetworks_self_links": [
              "https://www.googleapis.com/compute/v1/projects/umos-ab24d/regions/us-central1/subnetworks/test-gcpfw-2-subnet",
              "https://www.googleapis.com/compute/v1/projects/umos-ab24d/regions/us-central1/subnetworks/test-gcpfw-1-subnet",
              "https://www.googleapis.com/compute/v1/projects/umos-ab24d/regions/us-central1/subnetworks/test-gcp-2-subnet"
            ]
          },
          "sensitive_attributes": [],
          "identity_schema_version": 0
        }
      ]
    },
    {
      "mode": "data",
      "type": "google_project",
      "name": "project",
      "provider": "provider[\"registry.terraform.io/hashicorp/google\"]",
      "instances": [
        {
          "schema_version": 0,
          "attributes": {
            "auto_create_network": null,
            "billing_account": null,
            "deletion_policy": "DELETE",
            "effective_labels": {
              "firebase": "enabled",
              "firebase-core": "disabled"
            },
            "folder_id": null,
            "id": "projects/umos-ab24d",
            "labels": {
              "firebase": "enabled",
              "firebase-core": "disabled"
            },
            "name": "umos",
            "number": "924587466064",
            "org_id": null,
            "project_id": "umos-ab24d",
            "skip_delete": null,
            "terraform_labels": {
              "firebase": "enabled",
              "firebase-core": "disabled"
            }
          },
          "sensitive_attributes": [],
          "identity_schema_version": 0
        }
      ]
    },
    {
      "mode": "managed",
      "type": "google_compute_firewall",
      "name": "allow_public_ssh",
      "provider": "provider[\"registry.terraform.io/hashicorp/google\"]",
      "instances": [
        {
          "index_key": 0,
          "schema_version": 1,
          "attributes": {
            "allow": [
              {
                "ports": [
                  "22"
                ],
                "protocol": "tcp"
              }
            ],
            "creation_timestamp": "2025-11-11T10:42:30.689-08:00",
            "deny": [],
            "description": "Allow public SSH access to test-gcpfw-3 (Linux)",
            "destination_ranges": [],
            "direction": "INGRESS",
            "disabled": false,
            "enable_logging": null,
            "id": "projects/umos-ab24d/global/firewalls/pmos-instance-test-gcpfw-3-allow-ssh",
            "log_config": [],
            "name": "pmos-instance-test-gcpfw-3-allow-ssh",
            "network": "https://www.googleapis.com/compute/v1/projects/umos-ab24d/global/networks/pmos-tenant-tenant-manager-001-vpc",
            "priority": 1000,
            "project": "umos-ab24d",
            "self_link": "https://www.googleapis.com/compute/v1/projects/umos-ab24d/global/firewalls/pmos-instance-test-gcpfw-3-allow-ssh",
            "source_ranges": [
              "0.0.0.0/0"
            ],
            "source_service_accounts": null,
            "source_tags": null,
            "target_service_accounts": null,
            "target_tags": [
              "allow-ssh-test-gcpfw-3"
            ],
            "timeouts": null
          },
          "sensitive_attributes": [],
          "identity_schema_version": 0,
          "private": "eyJlMmJmYjczMC1lY2FhLTExZTYtOGY4OC0zNDM2M2JjN2M0YzAiOnsiY3JlYXRlIjoxMjAwMDAwMDAwMDAwLCJkZWxldGUiOjEyMDAwMDAwMDAwMDAsInVwZGF0ZSI6MTIwMDAwMDAwMDAwMH0sInNjaGVtYV92ZXJzaW9uIjoiMSJ9",
          "dependencies": [
            "data.google_compute_network.tenant_vpc",
            "data.google_project.project",
            "null_resource.vpc_provisioner"
          ]
        }
      ]
    },
    {
      "mode": "managed",
      "type": "google_compute_instance",
      "name": "this_vm",
      "provider": "provider[\"registry.terraform.io/hashicorp/google\"]",
      "instances": [
        {
          "schema_version": 6,
          "attributes": {
            "advanced_machine_features": [],
            "allow_stopping_for_update": null,
            "attached_disk": [],
            "boot_disk": [
              {
                "auto_delete": true,
                "device_name": "persistent-disk-0",
                "disk_encryption_key_raw": "",
                "disk_encryption_key_sha256": "",
                "initialize_params": [
                  {
                    "enable_confidential_compute": false,
                    "image": "https://www.googleapis.com/compute/v1/projects/umos-ab24d/global/images/ubuntu-22-04-19271224598",
                    "labels": {},
                    "provisioned_iops": 0,
                    "provisioned_throughput": 0,
                    "resource_manager_tags": null,
                    "size": 20,
                    "storage_pool": "",
                    "type": "pd-standard"
                  }
                ],
                "kms_key_self_link": "",
                "mode": "READ_WRITE",
                "source": "https://www.googleapis.com/compute/v1/projects/umos-ab24d/zones/us-central1-c/disks/test-gcpfw-3"
              }
            ],
            "can_ip_forward": false,
            "confidential_instance_config": [],
            "cpu_platform": "Intel Broadwell",
            "current_status": "RUNNING",
            "deletion_protection": false,
            "description": "",
            "desired_status": null,
            "effective_labels": {},
            "enable_display": false,
            "guest_accelerator": [],
            "hostname": "",
            "id": "projects/umos-ab24d/zones/us-central1-c/instances/test-gcpfw-3",
            "instance_id": "309667372757564749",
            "label_fingerprint": "42WmSpB8rSM=",
            "labels": null,
            "machine_type": "e2-micro",
            "metadata": {
              "ssh-keys": "packer:ssh-rsa AAAAB3NzaC1yc2EAAAADAQABAAABAQDmo8qpt3z5/NhzJ1IeJTrwGz6vRgYgG2bMf0scvyGPnETo41irCv4Pndq+M+U9zTRhRs+1CkWCMpVbk10ZXFp+Tv2hDdOATIkXdrGwPKq4BZNxx6978LAeGi/EeeUqEPksmOuzhjk10oIed48Brnn5EyhwIg9JGh5whiz0frsQApGj6/3pgafJpQNguCwJsk03dHVwW8DeQLdMlixUn49vSunEONOSMOYcU2BcwnCMPozinrDyUehXsgqHJTpcgDrkReSZJ6oMfzoafhmIegf1mWoVrPUiMrcwrFnIlWlA5l+bUAcFdq2QoeahleEIkCGPlP3erPy5q8WdrZUUlETj\n",
              "startup-script": "#!/bin/bash\n# User data scripts are not yet supported for direct deployment.\n"
            },
            "metadata_fingerprint": "gWCKUVqNTjE=",
            "metadata_startup_script": null,
            "min_cpu_platform": "",
            "name": "test-gcpfw-3",
            "network_interface": [
              {
                "access_config": [
                  {
                    "nat_ip": "35.232.249.72",
                    "network_tier": "PREMIUM",
                    "public_ptr_domain_name": ""
                  }
                ],
                "alias_ip_range": [],
                "internal_ipv6_prefix_length": 0,
                "ipv6_access_config": [],
                "ipv6_access_type": "",
                "ipv6_address": "",
                "name": "nic0",
                "network": "https://www.googleapis.com/compute/v1/projects/umos-ab24d/global/networks/pmos-tenant-tenant-manager-001-vpc",
                "network_ip": "10.68.0.2",
                "nic_type": "",
                "queue_count": 0,
                "stack_type": "IPV4_ONLY",
                "subnetwork": "https://www.googleapis.com/compute/v1/projects/umos-ab24d/regions/us-central1/subnetworks/test-gcpfw-3-subnet",
                "subnetwork_project": "umos-ab24d"
              }
            ],
            "network_performance_config": [],
            "params": [],
            "project": "umos-ab24d",
            "reservation_affinity": [],
            "resource_policies": null,
            "scheduling": [
              {
                "automatic_restart": true,
                "instance_termination_action": "",
                "local_ssd_recovery_timeout": [],
                "max_run_duration": [],
                "min_node_cpus": 0,
                "node_affinities": [],
                "on_host_maintenance": "MIGRATE",
                "on_instance_stop_action": [],
                "preemptible": false,
                "provisioning_model": "STANDARD"
              }
            ],
            "scratch_disk": [],
            "self_link": "https://www.googleapis.com/compute/v1/projects/umos-ab24d/zones/us-central1-c/instances/test-gcpfw-3",
            "service_account": [
              {
                "email": "924587466064-compute@developer.gserviceaccount.com",
                "scopes": [
                  "https://www.googleapis.com/auth/cloud-platform"
                ]
              }
            ],
            "shielded_instance_config": [
              {
                "enable_integrity_monitoring": true,
                "enable_secure_boot": false,
                "enable_vtpm": true
              }
            ],
            "tags": [
              "allow-ssh-test-gcpfw-3",
              "ssh-via-iap"
            ],
            "tags_fingerprint": "iJftTr-cjYk=",
            "terraform_labels": {},
            "timeouts": null,
            "zone": "us-central1-c"
          },
          "sensitive_attributes": [
            [
              {
                "type": "get_attr",
                "value": "boot_disk"
              },
              {
                "type": "index",
                "value": {
                  "value": 0,
                  "type": "number"
                }
              },
              {
                "type": "get_attr",
                "value": "disk_encryption_key_raw"
              }
            ]
          ],
          "identity_schema_version": 0,
          "private": "eyJlMmJmYjczMC1lY2FhLTExZTYtOGY4OC0zNDM2M2JjN2M0YzAiOnsiY3JlYXRlIjoxMjAwMDAwMDAwMDAwLCJkZWxldGUiOjEyMDAwMDAwMDAwMDAsInVwZGF0ZSI6MTIwMDAwMDAwMDAwMH0sInNjaGVtYV92ZXJzaW9uIjoiNiJ9",
          "dependencies": [
            "data.google_compute_network.tenant_vpc",
            "data.google_project.project",
            "google_compute_subnetwork.this_subnet",
            "null_resource.vpc_provisioner",
            "random_integer.subnet_octet",
            "tls_private_key.admin_ssh"
          ]
        }
      ]
    },
    {
      "mode": "managed",
      "type": "google_compute_subnetwork",
      "name": "this_subnet",
      "provider": "provider[\"registry.terraform.io/hashicorp/google\"]",
      "instances": [
        {
          "schema_version": 0,
          "attributes": {
            "creation_timestamp": "2025-11-11T10:42:30.825-08:00",
            "description": "",
            "external_ipv6_prefix": "",
            "fingerprint": null,
            "gateway_address": "10.68.0.1",
            "id": "projects/umos-ab24d/regions/us-central1/subnetworks/test-gcpfw-3-subnet",
            "internal_ipv6_prefix": "",
            "ip_cidr_range": "10.68.0.0/24",
            "ipv6_access_type": "",
            "ipv6_cidr_range": "",
            "log_config": [],
            "name": "test-gcpfw-3-subnet",
            "network": "https://www.googleapis.com/compute/v1/projects/umos-ab24d/global/networks/pmos-tenant-tenant-manager-001-vpc",
            "private_ip_google_access": true,
            "private_ipv6_google_access": "DISABLE_GOOGLE_ACCESS",
            "project": "umos-ab24d",
            "purpose": "PRIVATE",
            "region": "us-central1",
            "role": "",
            "secondary_ip_range": [],
            "self_link": "https://www.googleapis.com/compute/v1/projects/umos-ab24d/regions/us-central1/subnetworks/test-gcpfw-3-subnet",
            "send_secondary_ip_range_if_empty": null,
            "stack_type": "IPV4_ONLY",
            "timeouts": null
          },
          "sensitive_attributes": [],
          "identity_schema_version": 0,
          "private": "eyJlMmJmYjczMC1lY2FhLTExZTYtOGY4OC0zNDM2M2JjN2M0YzAiOnsiY3JlYXRlIjoxMjAwMDAwMDAwMDAwLCJkZWxldGUiOjEyMDAwMDAwMDAwMDAsInVwZGF0ZSI6MTIwMDAwMDAwMDAwMH19",
          "dependencies": [
            "data.google_compute_network.tenant_vpc",
            "data.google_project.project",
            "null_resource.vpc_provisioner",
            "random_integer.subnet_octet"
          ]
        }
      ]
    },
    {
      "mode": "managed",
      "type": "null_resource",
      "name": "allow_iap_ssh_provisioner",
      "provider": "provider[\"registry.terraform.io/hashicorp/null\"]",
      "instances": [
        {
          "schema_version": 0,
          "attributes": {
            "id": "3938047567878642770",
            "triggers": null
          },
          "sensitive_attributes": [],
          "identity_schema_version": 0,
          "dependencies": [
            "data.google_compute_network.tenant_vpc",
            "data.google_project.project",
            "null_resource.vpc_provisioner"
          ]
        }
      ]
    },
    {
      "mode": "managed",
      "type": "null_resource",
      "name": "allow_internal_provisioner",
      "provider": "provider[\"registry.terraform.io/hashicorp/null\"]",
      "instances": [
        {
          "schema_version": 0,
          "attributes": {
            "id": "4315393673523055612",
            "triggers": null
          },
          "sensitive_attributes": [],
          "identity_schema_version": 0,
          "dependencies": [
            "data.google_compute_network.tenant_vpc",
            "data.google_project.project",
            "null_resource.vpc_provisioner"
          ]
        }
      ]
    },
    {
      "mode": "managed",
      "type": "null_resource",
      "name": "vpc_provisioner",
      "provider": "provider[\"registry.terraform.io/hashicorp/null\"]",
      "instances": [
        {
          "schema_version": 0,
          "attributes": {
            "id": "7413411982907595317",
            "triggers": null
          },
          "sensitive_attributes": [],
          "identity_schema_version": 0,
          "dependencies": [
            "data.google_project.project"
          ]
        }
      ]
    },
    {
      "mode": "managed",
      "type": "random_integer",
      "name": "subnet_octet",
      "provider": "provider[\"registry.terraform.io/hashicorp/random\"]",
      "instances": [
        {
          "schema_version": 0,
          "attributes": {
            "id": "68",
            "keepers": null,
            "max": 254,
            "min": 2,
            "result": 68,
            "seed": null
          },
          "sensitive_attributes": [],
          "identity_schema_version": 0
        }
      ]
    },
    {
      "mode": "managed",
      "type": "tls_private_key",
      "name": "admin_ssh",
      "provider": "provider[\"registry.terraform.io/hashicorp/tls\"]",
      "instances": [
        {
          "index_key": 0,
          "schema_version": 1,
          "attributes": {
            "algorithm": "RSA",
            "ecdsa_curve": "P224",
            "id": "3d6a9577d8a8c64e7a294c95e2df481f510da1d9",
            "private_key_openssh": "-----BEGIN OPENSSH PRIVATE KEY-----\nb3BlbnNzaC1rZXktdjEAAAAABG5vbmUAAAAEbm9uZQAAAAAAAAABAAABFwAAAAdz\nc2gtcnNhAAAAAwEAAQAAAQEA5qPKqbd8+fzYcydSHiU68Bs+r0YGIBtmzH9LHL8h\nj5xE6ONYqwr+D53avjPlPc00YUbPtQpFgjKVW5NdGVxafk79oQ3TgEyJF3axsDyq\nuAWTcceve/CwHhovxHnlKhD5LJjrs4Y5NdKCHnePAa55+RMocCIPSRoecIYs9H67\nEAKRo+v96YGnyaUDYLgsCbJNN3R1cFvA3kC3TJYsVJ+Pb0rpxDjTkjDmHFNgXMJw\njD6M4p6w8lHoV7IKhyU6XIA65EXkmSeqDH86Gn4ZiHoH9ZlqFaz1IjK3MKxZyJVp\nQOZfm1AHBXatkKHmoZXhCJAhj5T93qz8uavFna2VFJRE4wAAA7jD1TTRw9U00QAA\nAAdzc2gtcnNhAAABAQDmo8qpt3z5/NhzJ1IeJTrwGz6vRgYgG2bMf0scvyGPnETo\n41irCv4Pndq+M+U9zTRhRs+1CkWCMpVbk10ZXFp+Tv2hDdOATIkXdrGwPKq4BZNx\nx6978LAeGi/EeeUqEPksmOuzhjk10oIed48Brnn5EyhwIg9JGh5whiz0frsQApGj\n6/3pgafJpQNguCwJsk03dHVwW8DeQLdMlixUn49vSunEONOSMOYcU2BcwnCMPozi\nnrDyUehXsgqHJTpcgDrkReSZJ6oMfzoafhmIegf1mWoVrPUiMrcwrFnIlWlA5l+b\nUAcFdq2QoeahleEIkCGPlP3erPy5q8WdrZUUlETjAAAAAwEAAQAAAQBw4RsQI0Ck\nbQ5WlZkILfqBhyQPznqy/hY64dYWNKktSzMitBoyZEfhxsVHL8jzjVokfe6sUWGh\njjYxQpdfESctCGXzi/vGoC68cBgZBCgdtoTqO+v0AeGAahqU03/ILdR18kXxcDDR\n2bxbQvKXxRfnQmwZLWJDyee59MFNzDSraVhlCkTDRicWkHSWDw7Ykcm1k24o2UQO\njZRyUpXNGa/XeuRGbCeBfOZJAVMYP5uteMeIRyXJJXdTjiSJ8kGIEiZ8ccsBmIO5\nmVQbonpGQgX3n+IK3MZoBDPdS1dEpg+mguQ5iUFvCIqqwym0gt38CK3GiO+MUtIN\n/9cdx3ROGRWBAAAAgQCdoKLTj8TynG2yP5biRcvVwPf/BDNjAcEVZOdvK9dWH2Dw\njLzvy/DIq6pt676bTzFihP2uicDSRAVn6BPWYK5Z1VchmiizkAs0lnS+MpAsjJ0I\n529i1PLatitiCGDcpstfcxCG/3E/Df6PsNEf/ovAmy1ARwHFqBoM3+5M+TOJgQAA\nAIEA/WdN86xqpw1d3E9pa2pT3wlxx/ONEM/kECpG6uN2ePkzTX7trpTCQJXL0Zii\nbJbAeSNBvu/w38xhA10q5FhvhSZLjAzQGoghWnsjHF8q8zPxz5RBF2u5UhdHR/pT\nraNtjSPzcsu5Ix6KCssW0iN50e3mWtyR6/dv95agvvWqECMAAACBAOkAxrruomjE\nEkJmQWBlId25L+jn8eLPgxtTk+8Fj49eW6UafIZ7/QTKfkxv3nEWKAG/zfnWKyv9\nLIVS1fQVMhdbR2z2FQCF9mgH9B5lx+JXaK6COpp2zXRxeYdzNiZN8zOQMhIk5Lku\nhFY1rTnb5Tg6jNns6ZYenjB0tWSGzeRBAAAAAAEC\n-----END OPENSSH PRIVATE KEY-----\n",
            "private_key_pem": "-----BEGIN RSA PRIVATE KEY-----\nMIIEowIBAAKCAQEA5qPKqbd8+fzYcydSHiU68Bs+r0YGIBtmzH9LHL8hj5xE6ONY\nqwr+D53avjPlPc00YUbPtQpFgjKVW5NdGVxafk79oQ3TgEyJF3axsDyquAWTccev\ne/CwHhovxHnlKhD5LJjrs4Y5NdKCHnePAa55+RMocCIPSRoecIYs9H67EAKRo+v9\n6YGnyaUDYLgsCbJNN3R1cFvA3kC3TJYsVJ+Pb0rpxDjTkjDmHFNgXMJwjD6M4p6w\n8lHoV7IKhyU6XIA65EXkmSeqDH86Gn4ZiHoH9ZlqFaz1IjK3MKxZyJVpQOZfm1AH\nBXatkKHmoZXhCJAhj5T93qz8uavFna2VFJRE4wIDAQABAoIBAHDhGxAjQKRtDlaV\nmQgt+oGHJA/OerL+Fjrh1hY0qS1LMyK0GjJkR+HGxUcvyPONWiR97qxRYaGONjFC\nl18RJy0IZfOL+8agLrxwGBkEKB22hOo76/QB4YBqGpTTf8gt1HXyRfFwMNHZvFtC\n8pfFF+dCbBktYkPJ57n0wU3MNKtpWGUKRMNGJxaQdJYPDtiRybWTbijZRA6NlHJS\nlc0Zr9d65EZsJ4F85kkBUxg/m614x4hHJckld1OOJInyQYgSJnxxywGYg7mZVBui\nekZCBfef4grcxmgEM91LV0SmD6aC5DmJQW8IiqrDKbSC3fwIrcaI74xS0g3/1x3H\ndE4ZFYECgYEA/WdN86xqpw1d3E9pa2pT3wlxx/ONEM/kECpG6uN2ePkzTX7trpTC\nQJXL0ZiibJbAeSNBvu/w38xhA10q5FhvhSZLjAzQGoghWnsjHF8q8zPxz5RBF2u5\nUhdHR/pTraNtjSPzcsu5Ix6KCssW0iN50e3mWtyR6/dv95agvvWqECMCgYEA6QDG\nuu6iaMQSQmZBYGUh3bkv6Ofx4s+DG1OT7wWPj15bpRp8hnv9BMp+TG/ecRYoAb/N\n+dYrK/0shVLV9BUyF1tHbPYVAIX2aAf0HmXH4ldoroI6mnbNdHF5h3M2Jk3zM5Ay\nEiTkuS6EVjWtOdvlODqM2ezplh6eMHS1ZIbN5EECgYBvWH4zLTar8r6keKxsy4rQ\n/Thm0MjSc1bWF42T1qEPJQj662QLC0iT0n59uaDdMByg3fIcsRfZbtfN/5lCPu25\nxwr5HgQvNFPbizHxXIvl05RUTuOPJAGJZbsnkIJGUQJpOzvU3FmcaeXkOjrr2TTF\nHtDSagsgcVhcpW46mn3AmwKBgB23EaEpaeD+kG2TaOcIPsduJKQJYJnSaSAFCqrD\nBMn9+KYXuKXWDjCcOns5ER9O+g8vDO+91oenpBPkupCEW30LERLeV1NXwlMGIKX3\nyQQeraUDysGEQTOGfT8+/DrqWgfLbfdOaTUMr6fm9I6acqM3JFtukWOpx/baC4Ak\niQGBAoGBAJ2gotOPxPKcbbI/luJFy9XA9/8EM2MBwRVk528r11YfYPCMvO/L8Mir\nqm3rvptPMWKE/a6JwNJEBWfoE9ZgrlnVVyGaKLOQCzSWdL4ykCyMnQjnb2LU8tq2\nK2IIYNymy19zEIb/cT8N/o+w0R/+i8CbLUBHAcWoGgzf7kz5M4mB\n-----END RSA PRIVATE KEY-----\n",
            "private_key_pem_pkcs8": "-----BEGIN PRIVATE KEY-----\nMIIEvQIBADANBgkqhkiG9w0BAQEFAASCBKcwggSjAgEAAoIBAQDmo8qpt3z5/Nhz\nJ1IeJTrwGz6vRgYgG2bMf0scvyGPnETo41irCv4Pndq+M+U9zTRhRs+1CkWCMpVb\nk10ZXFp+Tv2hDdOATIkXdrGwPKq4BZNxx6978LAeGi/EeeUqEPksmOuzhjk10oIe\nd48Brnn5EyhwIg9JGh5whiz0frsQApGj6/3pgafJpQNguCwJsk03dHVwW8DeQLdM\nlixUn49vSunEONOSMOYcU2BcwnCMPozinrDyUehXsgqHJTpcgDrkReSZJ6oMfzoa\nfhmIegf1mWoVrPUiMrcwrFnIlWlA5l+bUAcFdq2QoeahleEIkCGPlP3erPy5q8Wd\nrZUUlETjAgMBAAECggEAcOEbECNApG0OVpWZCC36gYckD856sv4WOuHWFjSpLUsz\nIrQaMmRH4cbFRy/I841aJH3urFFhoY42MUKXXxEnLQhl84v7xqAuvHAYGQQoHbaE\n6jvr9AHhgGoalNN/yC3UdfJF8XAw0dm8W0Lyl8UX50JsGS1iQ8nnufTBTcw0q2lY\nZQpEw0YnFpB0lg8O2JHJtZNuKNlEDo2UclKVzRmv13rkRmwngXzmSQFTGD+brXjH\niEclySV3U44kifJBiBImfHHLAZiDuZlUG6J6RkIF95/iCtzGaAQz3UtXRKYPpoLk\nOYlBbwiKqsMptILd/AitxojvjFLSDf/XHcd0ThkVgQKBgQD9Z03zrGqnDV3cT2lr\nalPfCXHH840Qz+QQKkbq43Z4+TNNfu2ulMJAlcvRmKJslsB5I0G+7/DfzGEDXSrk\nWG+FJkuMDNAaiCFaeyMcXyrzM/HPlEEXa7lSF0dH+lOto22NI/Nyy7kjHooKyxbS\nI3nR7eZa3JHr92/3lqC+9aoQIwKBgQDpAMa67qJoxBJCZkFgZSHduS/o5/Hiz4Mb\nU5PvBY+PXlulGnyGe/0Eyn5Mb95xFigBv8351isr/SyFUtX0FTIXW0ds9hUAhfZo\nB/QeZcfiV2iugjqads10cXmHczYmTfMzkDISJOS5LoRWNa052+U4OozZ7OmWHp4w\ndLVkhs3kQQKBgG9YfjMtNqvyvqR4rGzLitD9OGbQyNJzVtYXjZPWoQ8lCPrrZAsL\nSJPSfn25oN0wHKDd8hyxF9lu183/mUI+7bnHCvkeBC80U9uLMfFci+XTlFRO448k\nAYlluyeQgkZRAmk7O9TcWZxp5eQ6OuvZNMUe0NJqCyBxWFylbjqafcCbAoGAHbcR\noSlp4P6QbZNo5wg+x24kpAlgmdJpIAUKqsMEyf34phe4pdYOMJw6ezkRH076Dy8M\n773Wh6ekE+S6kIRbfQsREt5XU1fCUwYgpffJBB6tpQPKwYRBM4Z9Pz78OupaB8tt\n905pNQyvp+b0jppyozckW26RY6nH9toLgCSJAYECgYEAnaCi04/E8pxtsj+W4kXL\n1cD3/wQzYwHBFWTnbyvXVh9g8Iy878vwyKuqbeu+m08xYoT9ronA0kQFZ+gT1mCu\nWdVXIZoos5ALNJZ0vjKQLIydCOdvYtTy2rYrYghg3KbLX3MQhv9xPw3+j7DRH/6L\nwJstQEcBxagaDN/uTPkziYE=\n-----END PRIVATE KEY-----\n",
            "public_key_fingerprint_md5": "c2:b4:4c:bd:31:e6:6a:b5:6a:63:68:3e:d5:ea:dc:6a",
            "public_key_fingerprint_sha256": "SHA256:cYhE6R0LknFIyAsdQPjZHoJT70Rcy1ateMb21ZncWXk",
            "public_key_openssh": "ssh-rsa AAAAB3NzaC1yc2EAAAADAQABAAABAQDmo8qpt3z5/NhzJ1IeJTrwGz6vRgYgG2bMf0scvyGPnETo41irCv4Pndq+M+U9zTRhRs+1CkWCMpVbk10ZXFp+Tv2hDdOATIkXdrGwPKq4BZNxx6978LAeGi/EeeUqEPksmOuzhjk10oIed48Brnn5EyhwIg9JGh5whiz0frsQApGj6/3pgafJpQNguCwJsk03dHVwW8DeQLdMlixUn49vSunEONOSMOYcU2BcwnCMPozinrDyUehXsgqHJTpcgDrkReSZJ6oMfzoafhmIegf1mWoVrPUiMrcwrFnIlWlA5l+bUAcFdq2QoeahleEIkCGPlP3erPy5q8WdrZUUlETj\n",
            "public_key_pem": "-----BEGIN PUBLIC KEY-----\nMIIBIjANBgkqhkiG9w0BAQEFAAOCAQ8AMIIBCgKCAQEA5qPKqbd8+fzYcydSHiU6\n8Bs+r0YGIBtmzH9LHL8hj5xE6ONYqwr+D53avjPlPc00YUbPtQpFgjKVW5NdGVxa\nfk79oQ3TgEyJF3axsDyquAWTcceve/CwHhovxHnlKhD5LJjrs4Y5NdKCHnePAa55\n+RMocCIPSRoecIYs9H67EAKRo+v96YGnyaUDYLgsCbJNN3R1cFvA3kC3TJYsVJ+P\nb0rpxDjTkjDmHFNgXMJwjD6M4p6w8lHoV7IKhyU6XIA65EXkmSeqDH86Gn4ZiHoH\n9ZlqFaz1IjK3MKxZyJVpQOZfm1AHBXatkKHmoZXhCJAhj5T93qz8uavFna2VFJRE\n4wIDAQAB\n-----END PUBLIC KEY-----\n",
            "rsa_bits": 2048
          },
          "sensitive_attributes": [
            [
              {
                "type": "get_attr",
                "value": "private_key_openssh"
              }
            ],
            [
              {
                "type": "get_attr",
                "value": "private_key_pem"
              }
            ],
            [
              {
                "type": "get_attr",
                "value": "private_key_pem_pkcs8"
              }
            ]
          ],
          "identity_schema_version": 0
        }
      ]
    }
  ],
  "check_results": null
}
