{
  "version": 4,
  "terraform_version": "1.13.5",
  "serial": 11,
  "lineage": "8ae848b6-acd1-6922-6482-3c57e63dcdeb",
  "outputs": {
    "instance_id": {
      "value": "2133040874362110193",
      "type": "string"
    },
    "network_tags": {
      "value": [
        "allow-ssh-test-gcpfwm-2",
        "ssh-via-iap"
      ],
      "type": [
        "set",
        "string"
      ]
    },
    "private_ip": {
      "value": "10.9.43.2",
      "type": "string"
    },
    "private_ssh_key": {
      "value": "-----BEGIN RSA PRIVATE KEY-----\nMIIEogIBAAKCAQEAth5IDCFs1vJNe2lVGvHCCNkw2ju8i4rbzOQ4MwwMe4tc23Y6\nhKek6J2AaT+NNf3xwiZnw9mAGqDePxGBzhpiKR6kg+0GUfKyhJ3n00eVJPEylQg5\nk/VLlYr7CUh0hul5BZ7rVXgtQK2Yde7K4sBEhWJU+6LsZ2F6YIxWgp813XZoxnXh\nD9J7WOZznmy63WWFSiwDbSVTfNwcRS0cdKt22fzbarpg24Q08DlW0roVv7iwArdW\nH3tnGpssTCbtkG+lzcKfMZVkZ+BTjZse6LNQeQ4CKgCokAPaTcts1HBNMOxTITTF\nMUcUYT3OmOJKoJZo73VhxB6kdzbyLQInB1e8uQIDAQABAoIBACzSKo6rukbzZszY\n+VxShBvb4jlPiuF3+Q0F3Ov5Sugr/hw4DoJf5Qbn3nbosGcJmvKas56AnNXQ4im4\n9A6msSJoG3qpfszz02oul6PIwgTPxNBncA5BSEsjY5GfDqi2dLXErSwBkfeRUcyy\niqXARoziTMKKkC6IT89Lsq3eo6nfZHApfVpgnS0m28ZsNEPRDFkhcFnlJYk2weXq\nt23WH3e9q+qXKGoXwCuPzClz4Kz626c8WT3C7PeSW2SxhVx0OUg3wej8N2znqDZ6\n3TCZrWtkqxBOc6iw2mRZ5CkTI7mCYP6aHr4eL2r3/0k0NeMAQFRiRNgd1cBJu5BH\nfX5mBLUCgYEA3BybeYsIN3mDNpimQTDRTxaN7f1nP3xvo1WtgXj0sUvu20CHDtcl\nTlVr3cdcvbNVxaosFHJJIglIImuJdF6GW0FF6SKElP+N6Eu8lKgLM1cQ+MzDEaw/\nd73PHFtwFkup1pDDAfdGgy+s5DUB4xpETe7Sljou25w29b7dpPUIIwUCgYEA08/W\n5X7EbGepiSGZTyQyFviW+jkVhVcfZrU/R41ofsLOa3Q2oStuuYosaQuuclyydGrB\nvqg83VNkum4tTHf624bM6s4MgaJCtkPjRGO2LgsEPzzIVEcMhmG/IOCvu1baOYm5\njp+qhpCktScpwB0ZukUNvEy8dhgULGDzyg5JiSUCgYBK3AvglXFw9Im0usvoZgL5\nw/D3XPSNefO5+DyvSQTne6y7ssF8QZ21e4XZAqG+/swQEuU0+v12bvOyiSJRiohl\nZtixBoVS62tG8uMrJ8/PYTArffBmBU/8mHhk65A+dPNJPyijdYbsvP0vC/wdUeSj\nILNMVnNzSzjB8W0OWiuvRQKBgF0qz7C0uPuiAU2jbMcF+c5m3CoGT/QN5W8NDF+R\n0MPpNljHjnwIGbUdFPnDvKDrK0fP6ZbOc686zlS+v8giAkLroVkq9w9Saxu28tGT\nNoA8MksKlmeTtOurNSHmEwZJZsXmUattidmU6A4SwueRJU7sruUDr+YWI1F9994J\nuMjNAoGARCbMyYjE07V798DCUBZyvcBPJbkf6xasvLJW6N6TgqwtVpstQzOnn0VD\n58GNA0zjrOtPr5oMqLr67qWTR9ky8uNTZonxD2WntYjWJafyId5kn4hHQVM8go0S\niQIITAIv9YGF+En+TEureV40+FW/CYQotLaFKTPatRRVRDaVf0Q=\n-----END RSA PRIVATE KEY-----\n",
      "type": "string",
      "sensitive": true
    },
    "public_ip": {
      "value": "35.232.249.72",
      "type": "string"
    }
  },
  "resources": [
    {
      "mode": "data",
      "type": "google_compute_network",
      "name": "tenant_vpc",
      "provider": "provider[\"registry.terraform.io/hashicorp/google\"]",
      "instances": [
        {
          "schema_version": 0,
          "attributes": {
            "description": "VPC for tenant tenant-manager-001",
            "gateway_ipv4": "",
            "id": "projects/umos-ab24d/global/networks/pmos-tenant-tenant-manager-001-vpc",
            "internal_ipv6_range": "",
            "name": "pmos-tenant-tenant-manager-001-vpc",
            "project": "umos-ab24d",
            "self_link": "https://www.googleapis.com/compute/v1/projects/umos-ab24d/global/networks/pmos-tenant-tenant-manager-001-vpc",
            "subnetworks_self_links": [
              "https://www.googleapis.com/compute/v1/projects/umos-ab24d/regions/us-central1/subnetworks/test-gcpfwb-2-subnet",
              "https://www.googleapis.com/compute/v1/projects/umos-ab24d/regions/us-central1/subnetworks/test-gcpfwk-3-subnet",
              "https://www.googleapis.com/compute/v1/projects/umos-ab24d/regions/us-central1/subnetworks/test-gcpfwg-2-subnet",
              "https://www.googleapis.com/compute/v1/projects/umos-ab24d/regions/us-central1/subnetworks/test-gcpfwl-3-subnet",
              "https://www.googleapis.com/compute/v1/projects/umos-ab24d/regions/us-central1/subnetworks/test-gcpfwb-3-subnet",
              "https://www.googleapis.com/compute/v1/projects/umos-ab24d/regions/us-central1/subnetworks/test-gcpfwl-2-subnet",
              "https://www.googleapis.com/compute/v1/projects/umos-ab24d/regions/us-central1/subnetworks/test-gcpfwb-1-subnet",
              "https://www.googleapis.com/compute/v1/projects/umos-ab24d/regions/us-central1/subnetworks/test-gcpfwm-1-subnet",
              "https://www.googleapis.com/compute/v1/projects/umos-ab24d/regions/us-central1/subnetworks/test-gcpfwd-3-subnet",
              "https://www.googleapis.com/compute/v1/projects/umos-ab24d/regions/us-central1/subnetworks/test-gcpfwh-2-subnet",
              "https://www.googleapis.com/compute/v1/projects/umos-ab24d/regions/us-central1/subnetworks/test-gcpfwh-1-subnet",
              "https://www.googleapis.com/compute/v1/projects/umos-ab24d/regions/us-central1/subnetworks/test-gcpfwj-2-subnet",
              "https://www.googleapis.com/compute/v1/projects/umos-ab24d/regions/us-central1/subnetworks/test-gcpfwk-2-subnet",
              "https://www.googleapis.com/compute/v1/projects/umos-ab24d/regions/us-central1/subnetworks/test-gcpfwj-1-subnet"
            ]
          },
          "sensitive_attributes": [],
          "identity_schema_version": 0
        }
      ]
    },
    {
      "mode": "managed",
      "type": "google_compute_firewall",
      "name": "allow_public_ssh",
      "provider": "provider[\"registry.terraform.io/hashicorp/google\"]",
      "instances": [
        {
          "index_key": 0,
          "schema_version": 1,
          "attributes": {
            "allow": [
              {
                "ports": [
                  "22"
                ],
                "protocol": "tcp"
              }
            ],
            "creation_timestamp": "2025-11-11T14:51:52.702-08:00",
            "deny": [],
            "description": "",
            "destination_ranges": [],
            "direction": "INGRESS",
            "disabled": false,
            "enable_logging": null,
            "id": "projects/umos-ab24d/global/firewalls/pmos-instance-test-gcpfwm-2-allow-ssh",
            "log_config": [],
            "name": "pmos-instance-test-gcpfwm-2-allow-ssh",
            "network": "https://www.googleapis.com/compute/v1/projects/umos-ab24d/global/networks/pmos-tenant-tenant-manager-001-vpc",
            "priority": 1000,
            "project": "umos-ab24d",
            "self_link": "https://www.googleapis.com/compute/v1/projects/umos-ab24d/global/firewalls/pmos-instance-test-gcpfwm-2-allow-ssh",
            "source_ranges": [
              "0.0.0.0/0"
            ],
            "source_service_accounts": null,
            "source_tags": null,
            "target_service_accounts": null,
            "target_tags": [
              "allow-ssh-test-gcpfwm-2"
            ],
            "timeouts": null
          },
          "sensitive_attributes": [],
          "identity_schema_version": 0,
          "private": "eyJlMmJmYjczMC1lY2FhLTExZTYtOGY4OC0zNDM2M2JjN2M0YzAiOnsiY3JlYXRlIjoxMjAwMDAwMDAwMDAwLCJkZWxldGUiOjEyMDAwMDAwMDAwMDAsInVwZGF0ZSI6MTIwMDAwMDAwMDAwMH0sInNjaGVtYV92ZXJzaW9uIjoiMSJ9",
          "dependencies": [
            "data.google_compute_network.tenant_vpc",
            "null_resource.vpc_provisioner"
          ]
        }
      ]
    },
    {
      "mode": "managed",
      "type": "google_compute_instance",
      "name": "this_vm",
      "provider": "provider[\"registry.terraform.io/hashicorp/google\"]",
      "instances": [
        {
          "schema_version": 6,
          "attributes": {
            "advanced_machine_features": [],
            "allow_stopping_for_update": null,
            "attached_disk": [],
            "boot_disk": [
              {
                "auto_delete": true,
                "device_name": "persistent-disk-0",
                "disk_encryption_key_raw": "",
                "disk_encryption_key_sha256": "",
                "initialize_params": [
                  {
                    "enable_confidential_compute": false,
                    "image": "https://www.googleapis.com/compute/v1/projects/umos-ab24d/global/images/ubuntu-22-04-19271224598",
                    "labels": {},
                    "provisioned_iops": 0,
                    "provisioned_throughput": 0,
                    "resource_manager_tags": null,
                    "size": 20,
                    "storage_pool": "",
                    "type": "pd-standard"
                  }
                ],
                "kms_key_self_link": "",
                "mode": "READ_WRITE",
                "source": "https://www.googleapis.com/compute/v1/projects/umos-ab24d/zones/us-central1-a/disks/test-gcpfwm-2"
              }
            ],
            "can_ip_forward": false,
            "confidential_instance_config": [],
            "cpu_platform": "Intel Broadwell",
            "current_status": "RUNNING",
            "deletion_protection": false,
            "description": "",
            "desired_status": null,
            "effective_labels": {},
            "enable_display": false,
            "guest_accelerator": [],
            "hostname": "",
            "id": "projects/umos-ab24d/zones/us-central1-a/instances/test-gcpfwm-2",
            "instance_id": "2133040874362110193",
            "label_fingerprint": "42WmSpB8rSM=",
            "labels": null,
            "machine_type": "e2-micro",
            "metadata": {
              "ssh-keys": "packer:ssh-rsa AAAAB3NzaC1yc2EAAAADAQABAAABAQC2HkgMIWzW8k17aVUa8cII2TDaO7yLitvM5DgzDAx7i1zbdjqEp6TonYBpP401/fHCJmfD2YAaoN4/EYHOGmIpHqSD7QZR8rKEnefTR5Uk8TKVCDmT9UuVivsJSHSG6XkFnutVeC1ArZh17sriwESFYlT7ouxnYXpgjFaCnzXddmjGdeEP0ntY5nOebLrdZYVKLANtJVN83BxFLRx0q3bZ/NtqumDbhDTwOVbSuhW/uLACt1Yfe2camyxMJu2Qb6XNwp8xlWRn4FONmx7os1B5DgIqAKiQA9pNy2zUcE0w7FMhNMUxRxRhPc6Y4kqglmjvdWHEHqR3NvItAicHV7y5\n",
              "startup-script": "#!/bin/bash\n# User data scripts are not yet supported for direct deployment.\n"
            },
            "metadata_fingerprint": "DqrrGodEwqY=",
            "metadata_startup_script": null,
            "min_cpu_platform": "",
            "name": "test-gcpfwm-2",
            "network_interface": [
              {
                "access_config": [
                  {
                    "nat_ip": "35.232.249.72",
                    "network_tier": "PREMIUM",
                    "public_ptr_domain_name": ""
                  }
                ],
                "alias_ip_range": [],
                "internal_ipv6_prefix_length": 0,
                "ipv6_access_config": [],
                "ipv6_access_type": "",
                "ipv6_address": "",
                "name": "nic0",
                "network": "https://www.googleapis.com/compute/v1/projects/umos-ab24d/global/networks/pmos-tenant-tenant-manager-001-vpc",
                "network_ip": "10.9.43.2",
                "nic_type": "",
                "queue_count": 0,
                "stack_type": "IPV4_ONLY",
                "subnetwork": "https://www.googleapis.com/compute/v1/projects/umos-ab24d/regions/us-central1/subnetworks/test-gcpfwm-2-subnet",
                "subnetwork_project": "umos-ab24d"
              }
            ],
            "network_performance_config": [],
            "params": [],
            "project": "umos-ab24d",
            "reservation_affinity": [],
            "resource_policies": null,
            "scheduling": [
              {
                "automatic_restart": true,
                "instance_termination_action": "",
                "local_ssd_recovery_timeout": [],
                "max_run_duration": [],
                "min_node_cpus": 0,
                "node_affinities": [],
                "on_host_maintenance": "MIGRATE",
                "on_instance_stop_action": [],
                "preemptible": false,
                "provisioning_model": "STANDARD"
              }
            ],
            "scratch_disk": [],
            "self_link": "https://www.googleapis.com/compute/v1/projects/umos-ab24d/zones/us-central1-a/instances/test-gcpfwm-2",
            "service_account": [
              {
                "email": "924587466064-compute@developer.gserviceaccount.com",
                "scopes": [
                  "https://www.googleapis.com/auth/cloud-platform"
                ]
              }
            ],
            "shielded_instance_config": [
              {
                "enable_integrity_monitoring": true,
                "enable_secure_boot": false,
                "enable_vtpm": true
              }
            ],
            "tags": [
              "allow-ssh-test-gcpfwm-2",
              "ssh-via-iap"
            ],
            "tags_fingerprint": "CpE_m8mlrRc=",
            "terraform_labels": {},
            "timeouts": null,
            "zone": "us-central1-a"
          },
          "sensitive_attributes": [
            [
              {
                "type": "get_attr",
                "value": "boot_disk"
              },
              {
                "type": "index",
                "value": {
                  "value": 0,
                  "type": "number"
                }
              },
              {
                "type": "get_attr",
                "value": "disk_encryption_key_raw"
              }
            ]
          ],
          "identity_schema_version": 0,
          "private": "eyJlMmJmYjczMC1lY2FhLTExZTYtOGY4OC0zNDM2M2JjN2M0YzAiOnsiY3JlYXRlIjoxMjAwMDAwMDAwMDAwLCJkZWxldGUiOjEyMDAwMDAwMDAwMDAsInVwZGF0ZSI6MTIwMDAwMDAwMDAwMH0sInNjaGVtYV92ZXJzaW9uIjoiNiJ9",
          "dependencies": [
            "data.google_compute_network.tenant_vpc",
            "google_compute_firewall.allow_public_rdp",
            "google_compute_firewall.allow_public_ssh",
            "google_compute_firewall.allow_public_winrm",
            "google_compute_subnetwork.this_subnet",
            "null_resource.vpc_provisioner",
            "random_integer.subnet_octet_2",
            "random_integer.subnet_octet_3",
            "tls_private_key.admin_ssh"
          ]
        }
      ]
    },
    {
      "mode": "managed",
      "type": "google_compute_subnetwork",
      "name": "this_subnet",
      "provider": "provider[\"registry.terraform.io/hashicorp/google\"]",
      "instances": [
        {
          "schema_version": 0,
          "attributes": {
            "creation_timestamp": "2025-11-11T14:51:52.560-08:00",
            "description": "",
            "external_ipv6_prefix": "",
            "fingerprint": null,
            "gateway_address": "10.9.43.1",
            "id": "projects/umos-ab24d/regions/us-central1/subnetworks/test-gcpfwm-2-subnet",
            "internal_ipv6_prefix": "",
            "ip_cidr_range": "10.9.43.0/24",
            "ipv6_access_type": "",
            "ipv6_cidr_range": "",
            "log_config": [],
            "name": "test-gcpfwm-2-subnet",
            "network": "https://www.googleapis.com/compute/v1/projects/umos-ab24d/global/networks/pmos-tenant-tenant-manager-001-vpc",
            "private_ip_google_access": false,
            "private_ipv6_google_access": "DISABLE_GOOGLE_ACCESS",
            "project": "umos-ab24d",
            "purpose": "PRIVATE",
            "region": "us-central1",
            "role": "",
            "secondary_ip_range": [],
            "self_link": "https://www.googleapis.com/compute/v1/projects/umos-ab24d/regions/us-central1/subnetworks/test-gcpfwm-2-subnet",
            "send_secondary_ip_range_if_empty": null,
            "stack_type": "IPV4_ONLY",
            "timeouts": null
          },
          "sensitive_attributes": [],
          "identity_schema_version": 0,
          "private": "eyJlMmJmYjczMC1lY2FhLTExZTYtOGY4OC0zNDM2M2JjN2M0YzAiOnsiY3JlYXRlIjoxMjAwMDAwMDAwMDAwLCJkZWxldGUiOjEyMDAwMDAwMDAwMDAsInVwZGF0ZSI6MTIwMDAwMDAwMDAwMH19",
          "dependencies": [
            "data.google_compute_network.tenant_vpc",
            "null_resource.vpc_provisioner",
            "random_integer.subnet_octet_2",
            "random_integer.subnet_octet_3"
          ]
        }
      ]
    },
    {
      "mode": "managed",
      "type": "null_resource",
      "name": "allow_iap_ssh_provisioner",
      "provider": "provider[\"registry.terraform.io/hashicorp/null\"]",
      "instances": [
        {
          "schema_version": 0,
          "attributes": {
            "id": "1532371500317754064",
            "triggers": null
          },
          "sensitive_attributes": [],
          "identity_schema_version": 0,
          "dependencies": [
            "data.google_compute_network.tenant_vpc",
            "null_resource.vpc_provisioner"
          ]
        }
      ]
    },
    {
      "mode": "managed",
      "type": "null_resource",
      "name": "allow_internal_provisioner",
      "provider": "provider[\"registry.terraform.io/hashicorp/null\"]",
      "instances": [
        {
          "schema_version": 0,
          "attributes": {
            "id": "3998025840879964267",
            "triggers": null
          },
          "sensitive_attributes": [],
          "identity_schema_version": 0,
          "dependencies": [
            "data.google_compute_network.tenant_vpc",
            "null_resource.vpc_provisioner"
          ]
        }
      ]
    },
    {
      "mode": "managed",
      "type": "null_resource",
      "name": "vpc_provisioner",
      "provider": "provider[\"registry.terraform.io/hashicorp/null\"]",
      "instances": [
        {
          "schema_version": 0,
          "attributes": {
            "id": "2722950378197532253",
            "triggers": null
          },
          "sensitive_attributes": [],
          "identity_schema_version": 0
        }
      ]
    },
    {
      "mode": "managed",
      "type": "random_integer",
      "name": "subnet_octet_2",
      "provider": "provider[\"registry.terraform.io/hashicorp/random\"]",
      "instances": [
        {
          "schema_version": 0,
          "attributes": {
            "id": "9",
            "keepers": {
              "instance_name": "test-gcpfwm-2"
            },
            "max": 254,
            "min": 1,
            "result": 9,
            "seed": null
          },
          "sensitive_attributes": [],
          "identity_schema_version": 0
        }
      ]
    },
    {
      "mode": "managed",
      "type": "random_integer",
      "name": "subnet_octet_3",
      "provider": "provider[\"registry.terraform.io/hashicorp/random\"]",
      "instances": [
        {
          "schema_version": 0,
          "attributes": {
            "id": "43",
            "keepers": {
              "instance_name": "test-gcpfwm-2"
            },
            "max": 254,
            "min": 0,
            "result": 43,
            "seed": null
          },
          "sensitive_attributes": [],
          "identity_schema_version": 0
        }
      ]
    },
    {
      "mode": "managed",
      "type": "tls_private_key",
      "name": "admin_ssh",
      "provider": "provider[\"registry.terraform.io/hashicorp/tls\"]",
      "instances": [
        {
          "index_key": 0,
          "schema_version": 1,
          "attributes": {
            "algorithm": "RSA",
            "ecdsa_curve": "P224",
            "id": "6139cd506d66df540ab99378e1d596e680e4b4fa",
            "private_key_openssh": "-----BEGIN OPENSSH PRIVATE KEY-----\nb3BlbnNzaC1rZXktdjEAAAAABG5vbmUAAAAEbm9uZQAAAAAAAAABAAABFwAAAAdz\nc2gtcnNhAAAAAwEAAQAAAQEAth5IDCFs1vJNe2lVGvHCCNkw2ju8i4rbzOQ4MwwM\ne4tc23Y6hKek6J2AaT+NNf3xwiZnw9mAGqDePxGBzhpiKR6kg+0GUfKyhJ3n00eV\nJPEylQg5k/VLlYr7CUh0hul5BZ7rVXgtQK2Yde7K4sBEhWJU+6LsZ2F6YIxWgp81\n3XZoxnXhD9J7WOZznmy63WWFSiwDbSVTfNwcRS0cdKt22fzbarpg24Q08DlW0roV\nv7iwArdWH3tnGpssTCbtkG+lzcKfMZVkZ+BTjZse6LNQeQ4CKgCokAPaTcts1HBN\nMOxTITTFMUcUYT3OmOJKoJZo73VhxB6kdzbyLQInB1e8uQAAA7jV4cw41eHMOAAA\nAAdzc2gtcnNhAAABAQC2HkgMIWzW8k17aVUa8cII2TDaO7yLitvM5DgzDAx7i1zb\ndjqEp6TonYBpP401/fHCJmfD2YAaoN4/EYHOGmIpHqSD7QZR8rKEnefTR5Uk8TKV\nCDmT9UuVivsJSHSG6XkFnutVeC1ArZh17sriwESFYlT7ouxnYXpgjFaCnzXddmjG\ndeEP0ntY5nOebLrdZYVKLANtJVN83BxFLRx0q3bZ/NtqumDbhDTwOVbSuhW/uLAC\nt1Yfe2camyxMJu2Qb6XNwp8xlWRn4FONmx7os1B5DgIqAKiQA9pNy2zUcE0w7FMh\nNMUxRxRhPc6Y4kqglmjvdWHEHqR3NvItAicHV7y5AAAAAwEAAQAAAQAs0iqOq7pG\n82bM2PlcUoQb2+I5T4rhd/kNBdzr+UroK/4cOA6CX+UG59526LBnCZrymrOegJzV\n0OIpuPQOprEiaBt6qX7M89NqLpejyMIEz8TQZ3AOQUhLI2ORnw6otnS1xK0sAZH3\nkVHMsoqlwEaM4kzCipAuiE/PS7Kt3qOp32RwKX1aYJ0tJtvGbDRD0QxZIXBZ5SWJ\nNsHl6rdt1h93vavqlyhqF8Arj8wpc+Cs+tunPFk9wuz3kltksYVcdDlIN8Ho/Dds\n56g2et0wma1rZKsQTnOosNpkWeQpEyO5gmD+mh6+Hi9q9/9JNDXjAEBUYkTYHdXA\nSbuQR31+ZgS1AAAAgEQmzMmIxNO1e/fAwlAWcr3ATyW5H+sWrLyyVujek4KsLVab\nLUMzp59FQ+fBjQNM46zrT6+aDKi6+u6lk0fZMvLjU2aJ8Q9lp7WI1iWn8iHeZJ+I\nR0FTPIKNEokCCEwCL/WBhfhJ/kxLq3leNPhVvwmEKLS2hSkz2rUUVUQ2lX9EAAAA\ngQDcHJt5iwg3eYM2mKZBMNFPFo3t/Wc/fG+jVa2BePSxS+7bQIcO1yVOVWvdx1y9\ns1XFqiwUckkiCUgia4l0XoZbQUXpIoSU/43oS7yUqAszVxD4zMMRrD93vc8cW3AW\nS6nWkMMB90aDL6zkNQHjGkRN7tKWOi7bnDb1vt2k9QgjBQAAAIEA08/W5X7EbGep\niSGZTyQyFviW+jkVhVcfZrU/R41ofsLOa3Q2oStuuYosaQuuclyydGrBvqg83VNk\num4tTHf624bM6s4MgaJCtkPjRGO2LgsEPzzIVEcMhmG/IOCvu1baOYm5jp+qhpCk\ntScpwB0ZukUNvEy8dhgULGDzyg5JiSUAAAAAAQID\n-----END OPENSSH PRIVATE KEY-----\n",
            "private_key_pem": "-----BEGIN RSA PRIVATE KEY-----\nMIIEogIBAAKCAQEAth5IDCFs1vJNe2lVGvHCCNkw2ju8i4rbzOQ4MwwMe4tc23Y6\nhKek6J2AaT+NNf3xwiZnw9mAGqDePxGBzhpiKR6kg+0GUfKyhJ3n00eVJPEylQg5\nk/VLlYr7CUh0hul5BZ7rVXgtQK2Yde7K4sBEhWJU+6LsZ2F6YIxWgp813XZoxnXh\nD9J7WOZznmy63WWFSiwDbSVTfNwcRS0cdKt22fzbarpg24Q08DlW0roVv7iwArdW\nH3tnGpssTCbtkG+lzcKfMZVkZ+BTjZse6LNQeQ4CKgCokAPaTcts1HBNMOxTITTF\nMUcUYT3OmOJKoJZo73VhxB6kdzbyLQInB1e8uQIDAQABAoIBACzSKo6rukbzZszY\n+VxShBvb4jlPiuF3+Q0F3Ov5Sugr/hw4DoJf5Qbn3nbosGcJmvKas56AnNXQ4im4\n9A6msSJoG3qpfszz02oul6PIwgTPxNBncA5BSEsjY5GfDqi2dLXErSwBkfeRUcyy\niqXARoziTMKKkC6IT89Lsq3eo6nfZHApfVpgnS0m28ZsNEPRDFkhcFnlJYk2weXq\nt23WH3e9q+qXKGoXwCuPzClz4Kz626c8WT3C7PeSW2SxhVx0OUg3wej8N2znqDZ6\n3TCZrWtkqxBOc6iw2mRZ5CkTI7mCYP6aHr4eL2r3/0k0NeMAQFRiRNgd1cBJu5BH\nfX5mBLUCgYEA3BybeYsIN3mDNpimQTDRTxaN7f1nP3xvo1WtgXj0sUvu20CHDtcl\nTlVr3cdcvbNVxaosFHJJIglIImuJdF6GW0FF6SKElP+N6Eu8lKgLM1cQ+MzDEaw/\nd73PHFtwFkup1pDDAfdGgy+s5DUB4xpETe7Sljou25w29b7dpPUIIwUCgYEA08/W\n5X7EbGepiSGZTyQyFviW+jkVhVcfZrU/R41ofsLOa3Q2oStuuYosaQuuclyydGrB\nvqg83VNkum4tTHf624bM6s4MgaJCtkPjRGO2LgsEPzzIVEcMhmG/IOCvu1baOYm5\njp+qhpCktScpwB0ZukUNvEy8dhgULGDzyg5JiSUCgYBK3AvglXFw9Im0usvoZgL5\nw/D3XPSNefO5+DyvSQTne6y7ssF8QZ21e4XZAqG+/swQEuU0+v12bvOyiSJRiohl\nZtixBoVS62tG8uMrJ8/PYTArffBmBU/8mHhk65A+dPNJPyijdYbsvP0vC/wdUeSj\nILNMVnNzSzjB8W0OWiuvRQKBgF0qz7C0uPuiAU2jbMcF+c5m3CoGT/QN5W8NDF+R\n0MPpNljHjnwIGbUdFPnDvKDrK0fP6ZbOc686zlS+v8giAkLroVkq9w9Saxu28tGT\nNoA8MksKlmeTtOurNSHmEwZJZsXmUattidmU6A4SwueRJU7sruUDr+YWI1F9994J\nuMjNAoGARCbMyYjE07V798DCUBZyvcBPJbkf6xasvLJW6N6TgqwtVpstQzOnn0VD\n58GNA0zjrOtPr5oMqLr67qWTR9ky8uNTZonxD2WntYjWJafyId5kn4hHQVM8go0S\niQIITAIv9YGF+En+TEureV40+FW/CYQotLaFKTPatRRVRDaVf0Q=\n-----END RSA PRIVATE KEY-----\n",
            "private_key_pem_pkcs8": "-----BEGIN PRIVATE KEY-----\nMIIEvAIBADANBgkqhkiG9w0BAQEFAASCBKYwggSiAgEAAoIBAQC2HkgMIWzW8k17\naVUa8cII2TDaO7yLitvM5DgzDAx7i1zbdjqEp6TonYBpP401/fHCJmfD2YAaoN4/\nEYHOGmIpHqSD7QZR8rKEnefTR5Uk8TKVCDmT9UuVivsJSHSG6XkFnutVeC1ArZh1\n7sriwESFYlT7ouxnYXpgjFaCnzXddmjGdeEP0ntY5nOebLrdZYVKLANtJVN83BxF\nLRx0q3bZ/NtqumDbhDTwOVbSuhW/uLACt1Yfe2camyxMJu2Qb6XNwp8xlWRn4FON\nmx7os1B5DgIqAKiQA9pNy2zUcE0w7FMhNMUxRxRhPc6Y4kqglmjvdWHEHqR3NvIt\nAicHV7y5AgMBAAECggEALNIqjqu6RvNmzNj5XFKEG9viOU+K4Xf5DQXc6/lK6Cv+\nHDgOgl/lBufeduiwZwma8pqznoCc1dDiKbj0DqaxImgbeql+zPPTai6Xo8jCBM/E\n0GdwDkFISyNjkZ8OqLZ0tcStLAGR95FRzLKKpcBGjOJMwoqQLohPz0uyrd6jqd9k\ncCl9WmCdLSbbxmw0Q9EMWSFwWeUliTbB5eq3bdYfd72r6pcoahfAK4/MKXPgrPrb\npzxZPcLs95JbZLGFXHQ5SDfB6Pw3bOeoNnrdMJmta2SrEE5zqLDaZFnkKRMjuYJg\n/poevh4vavf/STQ14wBAVGJE2B3VwEm7kEd9fmYEtQKBgQDcHJt5iwg3eYM2mKZB\nMNFPFo3t/Wc/fG+jVa2BePSxS+7bQIcO1yVOVWvdx1y9s1XFqiwUckkiCUgia4l0\nXoZbQUXpIoSU/43oS7yUqAszVxD4zMMRrD93vc8cW3AWS6nWkMMB90aDL6zkNQHj\nGkRN7tKWOi7bnDb1vt2k9QgjBQKBgQDTz9blfsRsZ6mJIZlPJDIW+Jb6ORWFVx9m\ntT9HjWh+ws5rdDahK265iixpC65yXLJ0asG+qDzdU2S6bi1Md/rbhszqzgyBokK2\nQ+NEY7YuCwQ/PMhURwyGYb8g4K+7Vto5ibmOn6qGkKS1JynAHRm6RQ28TLx2GBQs\nYPPKDkmJJQKBgErcC+CVcXD0ibS6y+hmAvnD8Pdc9I1587n4PK9JBOd7rLuywXxB\nnbV7hdkCob7+zBAS5TT6/XZu87KJIlGKiGVm2LEGhVLra0by4ysnz89hMCt98GYF\nT/yYeGTrkD5080k/KKN1huy8/S8L/B1R5KMgs0xWc3NLOMHxbQ5aK69FAoGAXSrP\nsLS4+6IBTaNsxwX5zmbcKgZP9A3lbw0MX5HQw+k2WMeOfAgZtR0U+cO8oOsrR8/p\nls5zrzrOVL6/yCICQuuhWSr3D1JrG7by0ZM2gDwySwqWZ5O066s1IeYTBklmxeZR\nq22J2ZToDhLC55ElTuyu5QOv5hYjUX333gm4yM0CgYBEJszJiMTTtXv3wMJQFnK9\nwE8luR/rFqy8slbo3pOCrC1Wmy1DM6efRUPnwY0DTOOs60+vmgyouvrupZNH2TLy\n41NmifEPZae1iNYlp/Ih3mSfiEdBUzyCjRKJAghMAi/1gYX4Sf5MS6t5XjT4Vb8J\nhCi0toUpM9q1FFVENpV/RA==\n-----END PRIVATE KEY-----\n",
            "public_key_fingerprint_md5": "b8:ab:ea:9e:05:aa:f5:5d:bb:0b:8f:2b:d3:01:ec:a9",
            "public_key_fingerprint_sha256": "SHA256:08ALnTaUMia46oA6Q2qy3RmeTXF2iPZaPlf/4qhNaNU",
            "public_key_openssh": "ssh-rsa AAAAB3NzaC1yc2EAAAADAQABAAABAQC2HkgMIWzW8k17aVUa8cII2TDaO7yLitvM5DgzDAx7i1zbdjqEp6TonYBpP401/fHCJmfD2YAaoN4/EYHOGmIpHqSD7QZR8rKEnefTR5Uk8TKVCDmT9UuVivsJSHSG6XkFnutVeC1ArZh17sriwESFYlT7ouxnYXpgjFaCnzXddmjGdeEP0ntY5nOebLrdZYVKLANtJVN83BxFLRx0q3bZ/NtqumDbhDTwOVbSuhW/uLACt1Yfe2camyxMJu2Qb6XNwp8xlWRn4FONmx7os1B5DgIqAKiQA9pNy2zUcE0w7FMhNMUxRxRhPc6Y4kqglmjvdWHEHqR3NvItAicHV7y5\n",
            "public_key_pem": "-----BEGIN PUBLIC KEY-----\nMIIBIjANBgkqhkiG9w0BAQEFAAOCAQ8AMIIBCgKCAQEAth5IDCFs1vJNe2lVGvHC\nCNkw2ju8i4rbzOQ4MwwMe4tc23Y6hKek6J2AaT+NNf3xwiZnw9mAGqDePxGBzhpi\nKR6kg+0GUfKyhJ3n00eVJPEylQg5k/VLlYr7CUh0hul5BZ7rVXgtQK2Yde7K4sBE\nhWJU+6LsZ2F6YIxWgp813XZoxnXhD9J7WOZznmy63WWFSiwDbSVTfNwcRS0cdKt2\n2fzbarpg24Q08DlW0roVv7iwArdWH3tnGpssTCbtkG+lzcKfMZVkZ+BTjZse6LNQ\neQ4CKgCokAPaTcts1HBNMOxTITTFMUcUYT3OmOJKoJZo73VhxB6kdzbyLQInB1e8\nuQIDAQAB\n-----END PUBLIC KEY-----\n",
            "rsa_bits": 2048
          },
          "sensitive_attributes": [
            [
              {
                "type": "get_attr",
                "value": "private_key_openssh"
              }
            ],
            [
              {
                "type": "get_attr",
                "value": "private_key_pem"
              }
            ],
            [
              {
                "type": "get_attr",
                "value": "private_key_pem_pkcs8"
              }
            ]
          ],
          "identity_schema_version": 0
        }
      ]
    }
  ],
  "check_results": null
}
