{
  "version": 4,
  "terraform_version": "1.13.5",
  "serial": 11,
  "lineage": "f8fa73f4-6ac3-3e41-de9d-fae348057694",
  "outputs": {
    "instance_id": {
      "value": "586951127107242287",
      "type": "string"
    },
    "network_tags": {
      "value": [
        "allow-ssh-test-gcpfwk-3",
        "ssh-via-iap"
      ],
      "type": [
        "set",
        "string"
      ]
    },
    "private_ip": {
      "value": "10.24.76.2",
      "type": "string"
    },
    "private_ssh_key": {
      "value": "-----BEGIN RSA PRIVATE KEY-----\nMIIEpAIBAAKCAQEAxVJdKQ260qLUUt231YdUNayt2U8C6iHSzcKhmODRaqXxJhhS\n348ROEbvisdOh39Op2UflVVHscc1YxKnf1sMHCOFpcIg8n3F0ePRd//ipAwRxxK8\nYSNQWk76zMUiXRno0lA9/5eKNKiDPT+CpcO7sNJZZKR3dKn4S4IXS5lTMUS1Ss/V\nU+4xr6RruiYy9JnMlzgoDpy16z9Y1tQvqUlgkttOSOPg9baj6o2afPrqB7RAzBOD\n7dZcv2iM9RzJzbkjoEJiA034DLbw5tYkPdzyRUY33mrwZRBXaqDuELVjPSCp6N2r\n6ZnyqU4s/0yIr3azommRoQsO9t2AL3fwUAB7rwIDAQABAoIBAFOTNR4kUJLSoLeQ\nbUKllQc+4kt+aa+dL9oyq5tC7bAMJP2Lo95IjHSXpvHSxPIi+79u11e6zSkBRR13\nUzZf69snOH4ioS3UE6t4oMoAuY/eBNGan+tMt8XoWdXNUWa5iKE7l2bgWos/LIcO\nlVl8c8zK603zUx04uI/Sw+cjQ9dDkS0ezez+8Nr46iEYNaqGKG3mS4Y3RuktEoRx\nchV12D8jW91F2CV3l9oPI4wa/18Mkp7AgLgld+bs7CMYqrtdCbvW83IXEJY31Bto\n7SVUfQfzEaNVuvuda5diUpwJq9SHivPlrbm88+otEa547NkBdNgwSHfNWIVpw1s7\nfBQ2PBECgYEAySJUQYVof/UyYzNIwtFlWH1X4LDZExuisWpWM5wG7zAFEH4npGBJ\ndT+DgAvtbX7QQLwOeL5q3Z2GhNacBv0SP95iRJIbi3tLjGbLhFpQK6ZhcEiRGpOX\nHUxkeMh9zOQhMNFB/igUdxD04MfyTxPui3WwJSFI//HvzC3waPDzKW0CgYEA+yXO\n8JGzXaNDFI2OtQqxZF3p22uu0clb84hrHD+m/XMJDGiSr2R+dAZoUxyt+339dSPb\nNwqxpJv2suvAxGarFcW+G9imqLlnm7tetfcfofdWUC+wbEf/jULn59wk/u4A5ee8\nt6qWfg5s7LYoOf7bKVJS03DIRY30bbPP82OIBAsCgYAZgObaIAZuIzMubPRO76pA\nHDSmYwZDa/+nK2qexKwEbDxYKQbxytvFqDYOaHTEq43Qh4f2O37ldvH1qhjCshg8\nTQB83WHsv8eGmAo6UBFWV5SHXkw36HsC1grvXczFzC+BNyd9CKv/pQDH99J7wHVA\n7b1WF/Bfs9fKNhED3XmXyQKBgQCov6+7XvrZCPDyp2bi6GtnF98hSsptNVHuYZQu\np+pJU/kZeE5PQUPiK8f/SD7yw6YBBnWuFyZjh1QMxnGAxcdg2rwxM7JPnjwqnIw3\n0fNUPb+mI1T0fLAON41g8j99d2ftEndwJVP3ITQ5HPAMf9y8eA8k+Rvn+EjrSS2J\nyS/EHwKBgQCvcZnuq7Xmez/nnS9YgdCnuWXER4eQTw+4xok1aYRmwrGyrYOXk5UG\nogWYHMDkxk0CCnvbVkz7Tmm56cnmaY4Ap+7DoIZ74BU9oh3yQ6CdUKdVE73Seghe\nwmzQhfHKV+h1iDMGMM3qHMDP7SAdu8TqsMXcvZ+QrdHNx9j9/EqowA==\n-----END RSA PRIVATE KEY-----\n",
      "type": "string",
      "sensitive": true
    },
    "public_ip": {
      "value": "34.57.127.33",
      "type": "string"
    }
  },
  "resources": [
    {
      "mode": "data",
      "type": "google_compute_network",
      "name": "tenant_vpc",
      "provider": "provider[\"registry.terraform.io/hashicorp/google\"]",
      "instances": [
        {
          "schema_version": 0,
          "attributes": {
            "description": "VPC for tenant tenant-manager-001",
            "gateway_ipv4": "",
            "id": "projects/umos-ab24d/global/networks/pmos-tenant-tenant-manager-001-vpc",
            "internal_ipv6_range": "",
            "name": "pmos-tenant-tenant-manager-001-vpc",
            "project": "umos-ab24d",
            "self_link": "https://www.googleapis.com/compute/v1/projects/umos-ab24d/global/networks/pmos-tenant-tenant-manager-001-vpc",
            "subnetworks_self_links": [
              "https://www.googleapis.com/compute/v1/projects/umos-ab24d/regions/us-central1/subnetworks/test-gcpfwb-2-subnet",
              "https://www.googleapis.com/compute/v1/projects/umos-ab24d/regions/us-central1/subnetworks/test-gcpfwg-2-subnet",
              "https://www.googleapis.com/compute/v1/projects/umos-ab24d/regions/us-central1/subnetworks/test-gcpfwb-3-subnet",
              "https://www.googleapis.com/compute/v1/projects/umos-ab24d/regions/us-central1/subnetworks/test-gcpfwb-1-subnet",
              "https://www.googleapis.com/compute/v1/projects/umos-ab24d/regions/us-central1/subnetworks/test-gcpfwd-3-subnet",
              "https://www.googleapis.com/compute/v1/projects/umos-ab24d/regions/us-central1/subnetworks/test-gcpfwh-2-subnet",
              "https://www.googleapis.com/compute/v1/projects/umos-ab24d/regions/us-central1/subnetworks/test-gcpfwh-1-subnet",
              "https://www.googleapis.com/compute/v1/projects/umos-ab24d/regions/us-central1/subnetworks/test-gcpfwj-2-subnet",
              "https://www.googleapis.com/compute/v1/projects/umos-ab24d/regions/us-central1/subnetworks/test-gcpfwk-2-subnet",
              "https://www.googleapis.com/compute/v1/projects/umos-ab24d/regions/us-central1/subnetworks/test-gcpfwj-1-subnet"
            ]
          },
          "sensitive_attributes": [],
          "identity_schema_version": 0
        }
      ]
    },
    {
      "mode": "managed",
      "type": "google_compute_firewall",
      "name": "allow_public_ssh",
      "provider": "provider[\"registry.terraform.io/hashicorp/google\"]",
      "instances": [
        {
          "index_key": 0,
          "schema_version": 1,
          "attributes": {
            "allow": [
              {
                "ports": [
                  "22"
                ],
                "protocol": "tcp"
              }
            ],
            "creation_timestamp": "2025-11-11T14:24:51.437-08:00",
            "deny": [],
            "description": "",
            "destination_ranges": [],
            "direction": "INGRESS",
            "disabled": false,
            "enable_logging": null,
            "id": "projects/umos-ab24d/global/firewalls/pmos-instance-test-gcpfwk-3-allow-ssh",
            "log_config": [],
            "name": "pmos-instance-test-gcpfwk-3-allow-ssh",
            "network": "https://www.googleapis.com/compute/v1/projects/umos-ab24d/global/networks/pmos-tenant-tenant-manager-001-vpc",
            "priority": 1000,
            "project": "umos-ab24d",
            "self_link": "https://www.googleapis.com/compute/v1/projects/umos-ab24d/global/firewalls/pmos-instance-test-gcpfwk-3-allow-ssh",
            "source_ranges": [
              "0.0.0.0/0"
            ],
            "source_service_accounts": null,
            "source_tags": null,
            "target_service_accounts": null,
            "target_tags": [
              "allow-ssh-test-gcpfwk-3"
            ],
            "timeouts": null
          },
          "sensitive_attributes": [],
          "identity_schema_version": 0,
          "private": "eyJlMmJmYjczMC1lY2FhLTExZTYtOGY4OC0zNDM2M2JjN2M0YzAiOnsiY3JlYXRlIjoxMjAwMDAwMDAwMDAwLCJkZWxldGUiOjEyMDAwMDAwMDAwMDAsInVwZGF0ZSI6MTIwMDAwMDAwMDAwMH0sInNjaGVtYV92ZXJzaW9uIjoiMSJ9",
          "dependencies": [
            "data.google_compute_network.tenant_vpc",
            "null_resource.vpc_provisioner"
          ]
        }
      ]
    },
    {
      "mode": "managed",
      "type": "google_compute_instance",
      "name": "this_vm",
      "provider": "provider[\"registry.terraform.io/hashicorp/google\"]",
      "instances": [
        {
          "schema_version": 6,
          "attributes": {
            "advanced_machine_features": [],
            "allow_stopping_for_update": null,
            "attached_disk": [],
            "boot_disk": [
              {
                "auto_delete": true,
                "device_name": "persistent-disk-0",
                "disk_encryption_key_raw": "",
                "disk_encryption_key_sha256": "",
                "initialize_params": [
                  {
                    "enable_confidential_compute": false,
                    "image": "https://www.googleapis.com/compute/v1/projects/umos-ab24d/global/images/ubuntu-22-04-19271224598",
                    "labels": {},
                    "provisioned_iops": 0,
                    "provisioned_throughput": 0,
                    "resource_manager_tags": null,
                    "size": 20,
                    "storage_pool": "",
                    "type": "pd-standard"
                  }
                ],
                "kms_key_self_link": "",
                "mode": "READ_WRITE",
                "source": "https://www.googleapis.com/compute/v1/projects/umos-ab24d/zones/us-central1-a/disks/test-gcpfwk-3"
              }
            ],
            "can_ip_forward": false,
            "confidential_instance_config": [],
            "cpu_platform": "Intel Broadwell",
            "current_status": "RUNNING",
            "deletion_protection": false,
            "description": "",
            "desired_status": null,
            "effective_labels": {},
            "enable_display": false,
            "guest_accelerator": [],
            "hostname": "",
            "id": "projects/umos-ab24d/zones/us-central1-a/instances/test-gcpfwk-3",
            "instance_id": "586951127107242287",
            "label_fingerprint": "42WmSpB8rSM=",
            "labels": null,
            "machine_type": "e2-micro",
            "metadata": {
              "ssh-keys": "packer:ssh-rsa AAAAB3NzaC1yc2EAAAADAQABAAABAQDFUl0pDbrSotRS3bfVh1Q1rK3ZTwLqIdLNwqGY4NFqpfEmGFLfjxE4Ru+Kx06Hf06nZR+VVUexxzVjEqd/WwwcI4WlwiDyfcXR49F3/+KkDBHHErxhI1BaTvrMxSJdGejSUD3/l4o0qIM9P4Klw7uw0llkpHd0qfhLghdLmVMxRLVKz9VT7jGvpGu6JjL0mcyXOCgOnLXrP1jW1C+pSWCS205I4+D1tqPqjZp8+uoHtEDME4Pt1ly/aIz1HMnNuSOgQmIDTfgMtvDm1iQ93PJFRjfeavBlEFdqoO4QtWM9IKno3avpmfKpTiz/TIivdrOiaZGhCw723YAvd/BQAHuv\n"
            },
            "metadata_fingerprint": "sfG_psY0IVM=",
            "metadata_startup_script": "#!/bin/bash\n# User data scripts are not yet supported for direct deployment.\n",
            "min_cpu_platform": "",
            "name": "test-gcpfwk-3",
            "network_interface": [
              {
                "access_config": [
                  {
                    "nat_ip": "34.57.127.33",
                    "network_tier": "PREMIUM",
                    "public_ptr_domain_name": ""
                  }
                ],
                "alias_ip_range": [],
                "internal_ipv6_prefix_length": 0,
                "ipv6_access_config": [],
                "ipv6_access_type": "",
                "ipv6_address": "",
                "name": "nic0",
                "network": "https://www.googleapis.com/compute/v1/projects/umos-ab24d/global/networks/pmos-tenant-tenant-manager-001-vpc",
                "network_ip": "10.24.76.2",
                "nic_type": "",
                "queue_count": 0,
                "stack_type": "IPV4_ONLY",
                "subnetwork": "https://www.googleapis.com/compute/v1/projects/umos-ab24d/regions/us-central1/subnetworks/test-gcpfwk-3-subnet",
                "subnetwork_project": "umos-ab24d"
              }
            ],
            "network_performance_config": [],
            "params": [],
            "project": "umos-ab24d",
            "reservation_affinity": [],
            "resource_policies": null,
            "scheduling": [
              {
                "automatic_restart": true,
                "instance_termination_action": "",
                "local_ssd_recovery_timeout": [],
                "max_run_duration": [],
                "min_node_cpus": 0,
                "node_affinities": [],
                "on_host_maintenance": "MIGRATE",
                "on_instance_stop_action": [],
                "preemptible": false,
                "provisioning_model": "STANDARD"
              }
            ],
            "scratch_disk": [],
            "self_link": "https://www.googleapis.com/compute/v1/projects/umos-ab24d/zones/us-central1-a/instances/test-gcpfwk-3",
            "service_account": [
              {
                "email": "924587466064-compute@developer.gserviceaccount.com",
                "scopes": [
                  "https://www.googleapis.com/auth/cloud-platform"
                ]
              }
            ],
            "shielded_instance_config": [
              {
                "enable_integrity_monitoring": true,
                "enable_secure_boot": false,
                "enable_vtpm": true
              }
            ],
            "tags": [
              "allow-ssh-test-gcpfwk-3",
              "ssh-via-iap"
            ],
            "tags_fingerprint": "635XoMng3P8=",
            "terraform_labels": {},
            "timeouts": null,
            "zone": "us-central1-a"
          },
          "sensitive_attributes": [
            [
              {
                "type": "get_attr",
                "value": "boot_disk"
              },
              {
                "type": "index",
                "value": {
                  "value": 0,
                  "type": "number"
                }
              },
              {
                "type": "get_attr",
                "value": "disk_encryption_key_raw"
              }
            ]
          ],
          "identity_schema_version": 0,
          "private": "eyJlMmJmYjczMC1lY2FhLTExZTYtOGY4OC0zNDM2M2JjN2M0YzAiOnsiY3JlYXRlIjoxMjAwMDAwMDAwMDAwLCJkZWxldGUiOjEyMDAwMDAwMDAwMDAsInVwZGF0ZSI6MTIwMDAwMDAwMDAwMH0sInNjaGVtYV92ZXJzaW9uIjoiNiJ9",
          "dependencies": [
            "data.google_compute_network.tenant_vpc",
            "google_compute_firewall.allow_public_rdp",
            "google_compute_firewall.allow_public_ssh",
            "google_compute_firewall.allow_public_winrm",
            "google_compute_subnetwork.this_subnet",
            "null_resource.allow_iap_ssh_provisioner",
            "null_resource.allow_internal_provisioner",
            "null_resource.vpc_provisioner",
            "random_integer.subnet_octet_2",
            "random_integer.subnet_octet_3",
            "tls_private_key.admin_ssh"
          ]
        }
      ]
    },
    {
      "mode": "managed",
      "type": "google_compute_subnetwork",
      "name": "this_subnet",
      "provider": "provider[\"registry.terraform.io/hashicorp/google\"]",
      "instances": [
        {
          "schema_version": 0,
          "attributes": {
            "creation_timestamp": "2025-11-11T14:24:53.504-08:00",
            "description": "",
            "external_ipv6_prefix": "",
            "fingerprint": null,
            "gateway_address": "10.24.76.1",
            "id": "projects/umos-ab24d/regions/us-central1/subnetworks/test-gcpfwk-3-subnet",
            "internal_ipv6_prefix": "",
            "ip_cidr_range": "10.24.76.0/24",
            "ipv6_access_type": "",
            "ipv6_cidr_range": "",
            "log_config": [],
            "name": "test-gcpfwk-3-subnet",
            "network": "https://www.googleapis.com/compute/v1/projects/umos-ab24d/global/networks/pmos-tenant-tenant-manager-001-vpc",
            "private_ip_google_access": false,
            "private_ipv6_google_access": "DISABLE_GOOGLE_ACCESS",
            "project": "umos-ab24d",
            "purpose": "PRIVATE",
            "region": "us-central1",
            "role": "",
            "secondary_ip_range": [],
            "self_link": "https://www.googleapis.com/compute/v1/projects/umos-ab24d/regions/us-central1/subnetworks/test-gcpfwk-3-subnet",
            "send_secondary_ip_range_if_empty": null,
            "stack_type": "IPV4_ONLY",
            "timeouts": null
          },
          "sensitive_attributes": [],
          "identity_schema_version": 0,
          "private": "eyJlMmJmYjczMC1lY2FhLTExZTYtOGY4OC0zNDM2M2JjN2M0YzAiOnsiY3JlYXRlIjoxMjAwMDAwMDAwMDAwLCJkZWxldGUiOjEyMDAwMDAwMDAwMDAsInVwZGF0ZSI6MTIwMDAwMDAwMDAwMH19",
          "dependencies": [
            "data.google_compute_network.tenant_vpc",
            "null_resource.vpc_provisioner",
            "random_integer.subnet_octet_2",
            "random_integer.subnet_octet_3"
          ]
        }
      ]
    },
    {
      "mode": "managed",
      "type": "null_resource",
      "name": "allow_iap_ssh_provisioner",
      "provider": "provider[\"registry.terraform.io/hashicorp/null\"]",
      "instances": [
        {
          "index_key": 0,
          "schema_version": 0,
          "attributes": {
            "id": "18781598040919917",
            "triggers": {
              "project_id": "umos-ab24d",
              "tenant_id": "tenant-manager-001",
              "vpc_name": "pmos-tenant-tenant-manager-001-vpc"
            }
          },
          "sensitive_attributes": [],
          "identity_schema_version": 0,
          "dependencies": [
            "data.google_compute_network.tenant_vpc",
            "null_resource.vpc_provisioner"
          ]
        }
      ]
    },
    {
      "mode": "managed",
      "type": "null_resource",
      "name": "allow_internal_provisioner",
      "provider": "provider[\"registry.terraform.io/hashicorp/null\"]",
      "instances": [
        {
          "schema_version": 0,
          "attributes": {
            "id": "2275881945333065000",
            "triggers": {
              "project_id": "umos-ab24d",
              "tenant_id": "tenant-manager-001",
              "vpc_name": "pmos-tenant-tenant-manager-001-vpc"
            }
          },
          "sensitive_attributes": [],
          "identity_schema_version": 0,
          "dependencies": [
            "data.google_compute_network.tenant_vpc",
            "null_resource.vpc_provisioner"
          ]
        }
      ]
    },
    {
      "mode": "managed",
      "type": "null_resource",
      "name": "vpc_provisioner",
      "provider": "provider[\"registry.terraform.io/hashicorp/null\"]",
      "instances": [
        {
          "schema_version": 0,
          "attributes": {
            "id": "2098492459669108265",
            "triggers": {
              "project_id": "umos-ab24d",
              "tenant_id": "tenant-manager-001"
            }
          },
          "sensitive_attributes": [],
          "identity_schema_version": 0
        }
      ]
    },
    {
      "mode": "managed",
      "type": "random_integer",
      "name": "subnet_octet_2",
      "provider": "provider[\"registry.terraform.io/hashicorp/random\"]",
      "instances": [
        {
          "schema_version": 0,
          "attributes": {
            "id": "24",
            "keepers": {
              "instance_name": "test-gcpfwk-3"
            },
            "max": 254,
            "min": 1,
            "result": 24,
            "seed": null
          },
          "sensitive_attributes": [],
          "identity_schema_version": 0
        }
      ]
    },
    {
      "mode": "managed",
      "type": "random_integer",
      "name": "subnet_octet_3",
      "provider": "provider[\"registry.terraform.io/hashicorp/random\"]",
      "instances": [
        {
          "schema_version": 0,
          "attributes": {
            "id": "76",
            "keepers": {
              "instance_name": "test-gcpfwk-3"
            },
            "max": 254,
            "min": 0,
            "result": 76,
            "seed": null
          },
          "sensitive_attributes": [],
          "identity_schema_version": 0
        }
      ]
    },
    {
      "mode": "managed",
      "type": "tls_private_key",
      "name": "admin_ssh",
      "provider": "provider[\"registry.terraform.io/hashicorp/tls\"]",
      "instances": [
        {
          "index_key": 0,
          "schema_version": 1,
          "attributes": {
            "algorithm": "RSA",
            "ecdsa_curve": "P224",
            "id": "7a2ab12b11bd1d21a145cfefacf4f1af97612bb3",
            "private_key_openssh": "-----BEGIN OPENSSH PRIVATE KEY-----\nb3BlbnNzaC1rZXktdjEAAAAABG5vbmUAAAAEbm9uZQAAAAAAAAABAAABFwAAAAdz\nc2gtcnNhAAAAAwEAAQAAAQEAxVJdKQ260qLUUt231YdUNayt2U8C6iHSzcKhmODR\naqXxJhhS348ROEbvisdOh39Op2UflVVHscc1YxKnf1sMHCOFpcIg8n3F0ePRd//i\npAwRxxK8YSNQWk76zMUiXRno0lA9/5eKNKiDPT+CpcO7sNJZZKR3dKn4S4IXS5lT\nMUS1Ss/VU+4xr6RruiYy9JnMlzgoDpy16z9Y1tQvqUlgkttOSOPg9baj6o2afPrq\nB7RAzBOD7dZcv2iM9RzJzbkjoEJiA034DLbw5tYkPdzyRUY33mrwZRBXaqDuELVj\nPSCp6N2r6ZnyqU4s/0yIr3azommRoQsO9t2AL3fwUAB7rwAAA7gOKW7IDiluyAAA\nAAdzc2gtcnNhAAABAQDFUl0pDbrSotRS3bfVh1Q1rK3ZTwLqIdLNwqGY4NFqpfEm\nGFLfjxE4Ru+Kx06Hf06nZR+VVUexxzVjEqd/WwwcI4WlwiDyfcXR49F3/+KkDBHH\nErxhI1BaTvrMxSJdGejSUD3/l4o0qIM9P4Klw7uw0llkpHd0qfhLghdLmVMxRLVK\nz9VT7jGvpGu6JjL0mcyXOCgOnLXrP1jW1C+pSWCS205I4+D1tqPqjZp8+uoHtEDM\nE4Pt1ly/aIz1HMnNuSOgQmIDTfgMtvDm1iQ93PJFRjfeavBlEFdqoO4QtWM9IKno\n3avpmfKpTiz/TIivdrOiaZGhCw723YAvd/BQAHuvAAAAAwEAAQAAAQBTkzUeJFCS\n0qC3kG1CpZUHPuJLfmmvnS/aMqubQu2wDCT9i6PeSIx0l6bx0sTyIvu/btdXus0p\nAUUdd1M2X+vbJzh+IqEt1BOreKDKALmP3gTRmp/rTLfF6FnVzVFmuYihO5dm4FqL\nPyyHDpVZfHPMyutN81MdOLiP0sPnI0PXQ5EtHs3s/vDa+OohGDWqhiht5kuGN0bp\nLRKEcXIVddg/I1vdRdgld5faDyOMGv9fDJKewIC4JXfm7OwjGKq7XQm71vNyFxCW\nN9QbaO0lVH0H8xGjVbr7nWuXYlKcCavUh4rz5a25vPPqLRGueOzZAXTYMEh3zViF\nacNbO3wUNjwRAAAAgQCvcZnuq7Xmez/nnS9YgdCnuWXER4eQTw+4xok1aYRmwrGy\nrYOXk5UGogWYHMDkxk0CCnvbVkz7Tmm56cnmaY4Ap+7DoIZ74BU9oh3yQ6CdUKdV\nE73SeghewmzQhfHKV+h1iDMGMM3qHMDP7SAdu8TqsMXcvZ+QrdHNx9j9/EqowAAA\nAIEAySJUQYVof/UyYzNIwtFlWH1X4LDZExuisWpWM5wG7zAFEH4npGBJdT+DgAvt\nbX7QQLwOeL5q3Z2GhNacBv0SP95iRJIbi3tLjGbLhFpQK6ZhcEiRGpOXHUxkeMh9\nzOQhMNFB/igUdxD04MfyTxPui3WwJSFI//HvzC3waPDzKW0AAACBAPslzvCRs12j\nQxSNjrUKsWRd6dtrrtHJW/OIaxw/pv1zCQxokq9kfnQGaFMcrft9/XUj2zcKsaSb\n9rLrwMRmqxXFvhvYpqi5Z5u7XrX3H6H3VlAvsGxH/41C5+fcJP7uAOXnvLeqln4O\nbOy2KDn+2ylSUtNwyEWN9G2zz/NjiAQLAAAAAAEC\n-----END OPENSSH PRIVATE KEY-----\n",
            "private_key_pem": "-----BEGIN RSA PRIVATE KEY-----\nMIIEpAIBAAKCAQEAxVJdKQ260qLUUt231YdUNayt2U8C6iHSzcKhmODRaqXxJhhS\n348ROEbvisdOh39Op2UflVVHscc1YxKnf1sMHCOFpcIg8n3F0ePRd//ipAwRxxK8\nYSNQWk76zMUiXRno0lA9/5eKNKiDPT+CpcO7sNJZZKR3dKn4S4IXS5lTMUS1Ss/V\nU+4xr6RruiYy9JnMlzgoDpy16z9Y1tQvqUlgkttOSOPg9baj6o2afPrqB7RAzBOD\n7dZcv2iM9RzJzbkjoEJiA034DLbw5tYkPdzyRUY33mrwZRBXaqDuELVjPSCp6N2r\n6ZnyqU4s/0yIr3azommRoQsO9t2AL3fwUAB7rwIDAQABAoIBAFOTNR4kUJLSoLeQ\nbUKllQc+4kt+aa+dL9oyq5tC7bAMJP2Lo95IjHSXpvHSxPIi+79u11e6zSkBRR13\nUzZf69snOH4ioS3UE6t4oMoAuY/eBNGan+tMt8XoWdXNUWa5iKE7l2bgWos/LIcO\nlVl8c8zK603zUx04uI/Sw+cjQ9dDkS0ezez+8Nr46iEYNaqGKG3mS4Y3RuktEoRx\nchV12D8jW91F2CV3l9oPI4wa/18Mkp7AgLgld+bs7CMYqrtdCbvW83IXEJY31Bto\n7SVUfQfzEaNVuvuda5diUpwJq9SHivPlrbm88+otEa547NkBdNgwSHfNWIVpw1s7\nfBQ2PBECgYEAySJUQYVof/UyYzNIwtFlWH1X4LDZExuisWpWM5wG7zAFEH4npGBJ\ndT+DgAvtbX7QQLwOeL5q3Z2GhNacBv0SP95iRJIbi3tLjGbLhFpQK6ZhcEiRGpOX\nHUxkeMh9zOQhMNFB/igUdxD04MfyTxPui3WwJSFI//HvzC3waPDzKW0CgYEA+yXO\n8JGzXaNDFI2OtQqxZF3p22uu0clb84hrHD+m/XMJDGiSr2R+dAZoUxyt+339dSPb\nNwqxpJv2suvAxGarFcW+G9imqLlnm7tetfcfofdWUC+wbEf/jULn59wk/u4A5ee8\nt6qWfg5s7LYoOf7bKVJS03DIRY30bbPP82OIBAsCgYAZgObaIAZuIzMubPRO76pA\nHDSmYwZDa/+nK2qexKwEbDxYKQbxytvFqDYOaHTEq43Qh4f2O37ldvH1qhjCshg8\nTQB83WHsv8eGmAo6UBFWV5SHXkw36HsC1grvXczFzC+BNyd9CKv/pQDH99J7wHVA\n7b1WF/Bfs9fKNhED3XmXyQKBgQCov6+7XvrZCPDyp2bi6GtnF98hSsptNVHuYZQu\np+pJU/kZeE5PQUPiK8f/SD7yw6YBBnWuFyZjh1QMxnGAxcdg2rwxM7JPnjwqnIw3\n0fNUPb+mI1T0fLAON41g8j99d2ftEndwJVP3ITQ5HPAMf9y8eA8k+Rvn+EjrSS2J\nyS/EHwKBgQCvcZnuq7Xmez/nnS9YgdCnuWXER4eQTw+4xok1aYRmwrGyrYOXk5UG\nogWYHMDkxk0CCnvbVkz7Tmm56cnmaY4Ap+7DoIZ74BU9oh3yQ6CdUKdVE73Seghe\nwmzQhfHKV+h1iDMGMM3qHMDP7SAdu8TqsMXcvZ+QrdHNx9j9/EqowA==\n-----END RSA PRIVATE KEY-----\n",
            "private_key_pem_pkcs8": "-----BEGIN PRIVATE KEY-----\nMIIEvgIBADANBgkqhkiG9w0BAQEFAASCBKgwggSkAgEAAoIBAQDFUl0pDbrSotRS\n3bfVh1Q1rK3ZTwLqIdLNwqGY4NFqpfEmGFLfjxE4Ru+Kx06Hf06nZR+VVUexxzVj\nEqd/WwwcI4WlwiDyfcXR49F3/+KkDBHHErxhI1BaTvrMxSJdGejSUD3/l4o0qIM9\nP4Klw7uw0llkpHd0qfhLghdLmVMxRLVKz9VT7jGvpGu6JjL0mcyXOCgOnLXrP1jW\n1C+pSWCS205I4+D1tqPqjZp8+uoHtEDME4Pt1ly/aIz1HMnNuSOgQmIDTfgMtvDm\n1iQ93PJFRjfeavBlEFdqoO4QtWM9IKno3avpmfKpTiz/TIivdrOiaZGhCw723YAv\nd/BQAHuvAgMBAAECggEAU5M1HiRQktKgt5BtQqWVBz7iS35pr50v2jKrm0LtsAwk\n/Yuj3kiMdJem8dLE8iL7v27XV7rNKQFFHXdTNl/r2yc4fiKhLdQTq3igygC5j94E\n0Zqf60y3xehZ1c1RZrmIoTuXZuBaiz8shw6VWXxzzMrrTfNTHTi4j9LD5yND10OR\nLR7N7P7w2vjqIRg1qoYobeZLhjdG6S0ShHFyFXXYPyNb3UXYJXeX2g8jjBr/XwyS\nnsCAuCV35uzsIxiqu10Ju9bzchcQljfUG2jtJVR9B/MRo1W6+51rl2JSnAmr1IeK\n8+Wtubzz6i0Rrnjs2QF02DBId81YhWnDWzt8FDY8EQKBgQDJIlRBhWh/9TJjM0jC\n0WVYfVfgsNkTG6KxalYznAbvMAUQfiekYEl1P4OAC+1tftBAvA54vmrdnYaE1pwG\n/RI/3mJEkhuLe0uMZsuEWlArpmFwSJEak5cdTGR4yH3M5CEw0UH+KBR3EPTgx/JP\nE+6LdbAlIUj/8e/MLfBo8PMpbQKBgQD7Jc7wkbNdo0MUjY61CrFkXenba67RyVvz\niGscP6b9cwkMaJKvZH50BmhTHK37ff11I9s3CrGkm/ay68DEZqsVxb4b2KaouWeb\nu1619x+h91ZQL7BsR/+NQufn3CT+7gDl57y3qpZ+Dmzstig5/tspUlLTcMhFjfRt\ns8/zY4gECwKBgBmA5togBm4jMy5s9E7vqkAcNKZjBkNr/6crap7ErARsPFgpBvHK\n28WoNg5odMSrjdCHh/Y7fuV28fWqGMKyGDxNAHzdYey/x4aYCjpQEVZXlIdeTDfo\newLWCu9dzMXML4E3J30Iq/+lAMf30nvAdUDtvVYX8F+z18o2EQPdeZfJAoGBAKi/\nr7te+tkI8PKnZuLoa2cX3yFKym01Ue5hlC6n6klT+Rl4Tk9BQ+Irx/9IPvLDpgEG\nda4XJmOHVAzGcYDFx2DavDEzsk+ePCqcjDfR81Q9v6YjVPR8sA43jWDyP313Z+0S\nd3AlU/chNDkc8Ax/3Lx4DyT5G+f4SOtJLYnJL8QfAoGBAK9xme6rteZ7P+edL1iB\n0Ke5ZcRHh5BPD7jGiTVphGbCsbKtg5eTlQaiBZgcwOTGTQIKe9tWTPtOabnpyeZp\njgCn7sOghnvgFT2iHfJDoJ1Qp1UTvdJ6CF7CbNCF8cpX6HWIMwYwzeocwM/tIB27\nxOqwxdy9n5Ct0c3H2P38SqjA\n-----END PRIVATE KEY-----\n",
            "public_key_fingerprint_md5": "a3:9c:e6:64:37:d1:fd:cc:1d:03:fa:ef:e2:72:a2:00",
            "public_key_fingerprint_sha256": "SHA256:+8NBRnr7HmRCw6KVwI/D2vsX6wLKm/RBcHul5tudu+0",
            "public_key_openssh": "ssh-rsa AAAAB3NzaC1yc2EAAAADAQABAAABAQDFUl0pDbrSotRS3bfVh1Q1rK3ZTwLqIdLNwqGY4NFqpfEmGFLfjxE4Ru+Kx06Hf06nZR+VVUexxzVjEqd/WwwcI4WlwiDyfcXR49F3/+KkDBHHErxhI1BaTvrMxSJdGejSUD3/l4o0qIM9P4Klw7uw0llkpHd0qfhLghdLmVMxRLVKz9VT7jGvpGu6JjL0mcyXOCgOnLXrP1jW1C+pSWCS205I4+D1tqPqjZp8+uoHtEDME4Pt1ly/aIz1HMnNuSOgQmIDTfgMtvDm1iQ93PJFRjfeavBlEFdqoO4QtWM9IKno3avpmfKpTiz/TIivdrOiaZGhCw723YAvd/BQAHuv\n",
            "public_key_pem": "-----BEGIN PUBLIC KEY-----\nMIIBIjANBgkqhkiG9w0BAQEFAAOCAQ8AMIIBCgKCAQEAxVJdKQ260qLUUt231YdU\nNayt2U8C6iHSzcKhmODRaqXxJhhS348ROEbvisdOh39Op2UflVVHscc1YxKnf1sM\nHCOFpcIg8n3F0ePRd//ipAwRxxK8YSNQWk76zMUiXRno0lA9/5eKNKiDPT+CpcO7\nsNJZZKR3dKn4S4IXS5lTMUS1Ss/VU+4xr6RruiYy9JnMlzgoDpy16z9Y1tQvqUlg\nkttOSOPg9baj6o2afPrqB7RAzBOD7dZcv2iM9RzJzbkjoEJiA034DLbw5tYkPdzy\nRUY33mrwZRBXaqDuELVjPSCp6N2r6ZnyqU4s/0yIr3azommRoQsO9t2AL3fwUAB7\nrwIDAQAB\n-----END PUBLIC KEY-----\n",
            "rsa_bits": 2048
          },
          "sensitive_attributes": [
            [
              {
                "type": "get_attr",
                "value": "private_key_openssh"
              }
            ],
            [
              {
                "type": "get_attr",
                "value": "private_key_pem"
              }
            ],
            [
              {
                "type": "get_attr",
                "value": "private_key_pem_pkcs8"
              }
            ]
          ],
          "identity_schema_version": 0
        }
      ]
    }
  ],
  "check_results": null
}
