{
  "version": 4,
  "terraform_version": "1.13.5",
  "serial": 8,
  "lineage": "39921984-6a56-802f-f24e-6cb8bc602484",
  "outputs": {
    "admin_password": {
      "value": "I!vQAhovXQtMBJZs",
      "type": "string",
      "sensitive": true
    },
    "instance_id": {
      "value": "/subscriptions/c0ddf8f4-14b2-432e-b2fc-dd8456adda33/resourceGroups/umos/providers/Microsoft.Compute/virtualMachines/test2-azure67",
      "type": "string"
    },
    "private_ip": {
      "value": "10.0.11.4",
      "type": "string"
    }
  },
  "resources": [
    {
      "mode": "data",
      "type": "azurerm_resource_group",
      "name": "rg",
      "provider": "provider[\"registry.terraform.io/hashicorp/azurerm\"]",
      "instances": [
        {
          "schema_version": 0,
          "attributes": {
            "id": "/subscriptions/c0ddf8f4-14b2-432e-b2fc-dd8456adda33/resourceGroups/umos",
            "location": "eastus",
            "managed_by": "",
            "name": "umos",
            "tags": {},
            "timeouts": null
          },
          "sensitive_attributes": [],
          "identity_schema_version": 0
        }
      ]
    },
    {
      "mode": "data",
      "type": "azurerm_resources",
      "name": "existing_nsg",
      "provider": "provider[\"registry.terraform.io/hashicorp/azurerm\"]",
      "instances": [
        {
          "schema_version": 0,
          "attributes": {
            "id": "resource-73121afd-2ddc-4323-bc6d-06f0317620d0",
            "name": "pmos-tenant-tenant-manager-001-nsg",
            "required_tags": null,
            "resource_group_name": "umos",
            "resources": [
              {
                "id": "/subscriptions/c0ddf8f4-14b2-432e-b2fc-dd8456adda33/resourceGroups/umos/providers/Microsoft.Network/networkSecurityGroups/pmos-tenant-tenant-manager-001-nsg",
                "location": "eastus",
                "name": "pmos-tenant-tenant-manager-001-nsg",
                "resource_group_name": "umos",
                "tags": {
                  "tenant_id": "tenant-manager-001"
                },
                "type": "Microsoft.Network/networkSecurityGroups"
              }
            ],
            "timeouts": null,
            "type": "Microsoft.Network/networkSecurityGroups"
          },
          "sensitive_attributes": [],
          "identity_schema_version": 0
        }
      ]
    },
    {
      "mode": "data",
      "type": "azurerm_resources",
      "name": "existing_vnet",
      "provider": "provider[\"registry.terraform.io/hashicorp/azurerm\"]",
      "instances": [
        {
          "schema_version": 0,
          "attributes": {
            "id": "resource-107e0df0-153e-4062-80a6-6319dc4e3283",
            "name": "pmos-tenant-tenant-manager-001-vnet",
            "required_tags": null,
            "resource_group_name": "umos",
            "resources": [
              {
                "id": "/subscriptions/c0ddf8f4-14b2-432e-b2fc-dd8456adda33/resourceGroups/umos/providers/Microsoft.Network/virtualNetworks/pmos-tenant-tenant-manager-001-vnet",
                "location": "eastus",
                "name": "pmos-tenant-tenant-manager-001-vnet",
                "resource_group_name": "umos",
                "tags": {
                  "tenant_id": "tenant-manager-001"
                },
                "type": "Microsoft.Network/virtualNetworks"
              }
            ],
            "timeouts": null,
            "type": "Microsoft.Network/virtualNetworks"
          },
          "sensitive_attributes": [],
          "identity_schema_version": 0
        }
      ]
    },
    {
      "mode": "managed",
      "type": "azurerm_network_interface",
      "name": "this_nic",
      "provider": "provider[\"registry.terraform.io/hashicorp/azurerm\"]",
      "instances": [
        {
          "schema_version": 0,
          "attributes": {
            "accelerated_networking_enabled": false,
            "applied_dns_servers": [],
            "auxiliary_mode": "",
            "auxiliary_sku": "",
            "dns_servers": [],
            "edge_zone": "",
            "enable_accelerated_networking": false,
            "enable_ip_forwarding": false,
            "id": "/subscriptions/c0ddf8f4-14b2-432e-b2fc-dd8456adda33/resourceGroups/umos/providers/Microsoft.Network/networkInterfaces/test2-azure67-nic",
            "internal_dns_name_label": "",
            "internal_domain_name_suffix": "zvl4alsnlnfejdrcs3vrza55og.bx.internal.cloudapp.net",
            "ip_configuration": [
              {
                "gateway_load_balancer_frontend_ip_configuration_id": "",
                "name": "test2-azure67-ipconfig",
                "primary": true,
                "private_ip_address": "10.0.11.4",
                "private_ip_address_allocation": "Dynamic",
                "private_ip_address_version": "IPv4",
                "public_ip_address_id": "/subscriptions/c0ddf8f4-14b2-432e-b2fc-dd8456adda33/resourceGroups/umos/providers/Microsoft.Network/publicIPAddresses/test2-azure67-pip",
                "subnet_id": "/subscriptions/c0ddf8f4-14b2-432e-b2fc-dd8456adda33/resourceGroups/umos/providers/Microsoft.Network/virtualNetworks/pmos-tenant-tenant-manager-001-vnet/subnets/test2-azure67-subnet-11"
              }
            ],
            "ip_forwarding_enabled": false,
            "location": "eastus",
            "mac_address": "",
            "name": "test2-azure67-nic",
            "private_ip_address": "10.0.11.4",
            "private_ip_addresses": [
              "10.0.11.4"
            ],
            "resource_group_name": "umos",
            "tags": {
              "tenant": "tenant-manager-001"
            },
            "timeouts": null,
            "virtual_machine_id": ""
          },
          "sensitive_attributes": [],
          "identity_schema_version": 0,
          "private": "eyJlMmJmYjczMC1lY2FhLTExZTYtOGY4OC0zNDM2M2JjN2M0YzAiOnsiY3JlYXRlIjoxODAwMDAwMDAwMDAwLCJkZWxldGUiOjE4MDAwMDAwMDAwMDAsInJlYWQiOjMwMDAwMDAwMDAwMCwidXBkYXRlIjoxODAwMDAwMDAwMDAwfX0=",
          "dependencies": [
            "azurerm_public_ip.this_pip",
            "azurerm_subnet.this_subnet",
            "azurerm_virtual_network.tenant_vnet",
            "data.azurerm_resource_group.rg",
            "data.azurerm_resources.existing_vnet",
            "random_integer.subnet_octet"
          ]
        }
      ]
    },
    {
      "mode": "managed",
      "type": "azurerm_public_ip",
      "name": "this_pip",
      "provider": "provider[\"registry.terraform.io/hashicorp/azurerm\"]",
      "instances": [
        {
          "schema_version": 0,
          "attributes": {
            "allocation_method": "Static",
            "ddos_protection_mode": "VirtualNetworkInherited",
            "ddos_protection_plan_id": null,
            "domain_name_label": null,
            "edge_zone": "",
            "fqdn": null,
            "id": "/subscriptions/c0ddf8f4-14b2-432e-b2fc-dd8456adda33/resourceGroups/umos/providers/Microsoft.Network/publicIPAddresses/test2-azure67-pip",
            "idle_timeout_in_minutes": 4,
            "ip_address": "172.190.46.45",
            "ip_tags": null,
            "ip_version": "IPv4",
            "location": "eastus",
            "name": "test2-azure67-pip",
            "public_ip_prefix_id": null,
            "resource_group_name": "umos",
            "reverse_fqdn": null,
            "sku": "Standard",
            "sku_tier": "Regional",
            "tags": {
              "tenant": "tenant-manager-001"
            },
            "timeouts": null,
            "zones": null
          },
          "sensitive_attributes": [],
          "identity_schema_version": 0,
          "private": "eyJlMmJmYjczMC1lY2FhLTExZTYtOGY4OC0zNDM2M2JjN2M0YzAiOnsiY3JlYXRlIjoxODAwMDAwMDAwMDAwLCJkZWxldGUiOjE4MDAwMDAwMDAwMDAsInJlYWQiOjMwMDAwMDAwMDAwMCwidXBkYXRlIjoxODAwMDAwMDAwMDAwfX0=",
          "dependencies": [
            "data.azurerm_resource_group.rg"
          ]
        }
      ]
    },
    {
      "mode": "managed",
      "type": "azurerm_subnet",
      "name": "this_subnet",
      "provider": "provider[\"registry.terraform.io/hashicorp/azurerm\"]",
      "instances": [
        {
          "schema_version": 0,
          "attributes": {
            "address_prefixes": [
              "10.0.11.0/24"
            ],
            "default_outbound_access_enabled": true,
            "delegation": [],
            "enforce_private_link_endpoint_network_policies": false,
            "enforce_private_link_service_network_policies": false,
            "id": "/subscriptions/c0ddf8f4-14b2-432e-b2fc-dd8456adda33/resourceGroups/umos/providers/Microsoft.Network/virtualNetworks/pmos-tenant-tenant-manager-001-vnet/subnets/test2-azure67-subnet-11",
            "name": "test2-azure67-subnet-11",
            "private_endpoint_network_policies": "Enabled",
            "private_endpoint_network_policies_enabled": true,
            "private_link_service_network_policies_enabled": true,
            "resource_group_name": "umos",
            "service_endpoint_policy_ids": null,
            "service_endpoints": null,
            "timeouts": null,
            "virtual_network_name": "pmos-tenant-tenant-manager-001-vnet"
          },
          "sensitive_attributes": [],
          "identity_schema_version": 0,
          "private": "eyJlMmJmYjczMC1lY2FhLTExZTYtOGY4OC0zNDM2M2JjN2M0YzAiOnsiY3JlYXRlIjoxODAwMDAwMDAwMDAwLCJkZWxldGUiOjE4MDAwMDAwMDAwMDAsInJlYWQiOjMwMDAwMDAwMDAwMCwidXBkYXRlIjoxODAwMDAwMDAwMDAwfX0=",
          "dependencies": [
            "azurerm_virtual_network.tenant_vnet",
            "data.azurerm_resource_group.rg",
            "data.azurerm_resources.existing_vnet",
            "random_integer.subnet_octet"
          ]
        }
      ]
    },
    {
      "mode": "managed",
      "type": "azurerm_subnet_network_security_group_association",
      "name": "this_subnet_nsg_assoc",
      "provider": "provider[\"registry.terraform.io/hashicorp/azurerm\"]",
      "instances": [
        {
          "schema_version": 0,
          "attributes": {
            "id": "/subscriptions/c0ddf8f4-14b2-432e-b2fc-dd8456adda33/resourceGroups/umos/providers/Microsoft.Network/virtualNetworks/pmos-tenant-tenant-manager-001-vnet/subnets/test2-azure67-subnet-11",
            "network_security_group_id": "/subscriptions/c0ddf8f4-14b2-432e-b2fc-dd8456adda33/resourceGroups/umos/providers/Microsoft.Network/networkSecurityGroups/pmos-tenant-tenant-manager-001-nsg",
            "subnet_id": "/subscriptions/c0ddf8f4-14b2-432e-b2fc-dd8456adda33/resourceGroups/umos/providers/Microsoft.Network/virtualNetworks/pmos-tenant-tenant-manager-001-vnet/subnets/test2-azure67-subnet-11",
            "timeouts": null
          },
          "sensitive_attributes": [],
          "identity_schema_version": 0,
          "private": "eyJlMmJmYjczMC1lY2FhLTExZTYtOGY4OC0zNDM2M2JjN2M0YzAiOnsiY3JlYXRlIjoxODAwMDAwMDAwMDAwLCJkZWxldGUiOjE4MDAwMDAwMDAwMDAsInJlYWQiOjMwMDAwMDAwMDAwMH19",
          "dependencies": [
            "azurerm_network_security_group.tenant_nsg",
            "azurerm_subnet.this_subnet",
            "azurerm_virtual_network.tenant_vnet",
            "data.azurerm_resource_group.rg",
            "data.azurerm_resources.existing_nsg",
            "data.azurerm_resources.existing_vnet",
            "random_integer.subnet_octet"
          ]
        }
      ]
    },
    {
      "mode": "managed",
      "type": "azurerm_windows_virtual_machine",
      "name": "this_vm",
      "provider": "provider[\"registry.terraform.io/hashicorp/azurerm\"]",
      "instances": [
        {
          "schema_version": 0,
          "attributes": {
            "additional_capabilities": [],
            "additional_unattend_content": [],
            "admin_password": "I!vQAhovXQtMBJZs",
            "admin_username": "vmadmin",
            "allow_extension_operations": true,
            "availability_set_id": "",
            "boot_diagnostics": [
              {
                "storage_account_uri": ""
              }
            ],
            "bypass_platform_safety_checks_on_user_schedule_enabled": false,
            "capacity_reservation_group_id": "",
            "computer_name": "test2-azure67",
            "custom_data": "IyBFbnRlciB5b3VyIHBvc3QtZGVwbG95bWVudCBzY3JpcHQgaGVyZS4KIyBGb3IgTGludXgsIGl0IHdpbGwgYmUgZXhlY3V0ZWQgdmlhIGJhc2guCiMgRm9yIFdpbmRvd3MsIGl0IHdpbGwgYmUgZXhlY3V0ZWQgdmlhIFBvd2VyU2hlbGwuCg==",
            "dedicated_host_group_id": "",
            "dedicated_host_id": "",
            "disk_controller_type": "",
            "edge_zone": "",
            "enable_automatic_updates": true,
            "encryption_at_host_enabled": false,
            "eviction_policy": "",
            "extensions_time_budget": "PT1H30M",
            "gallery_application": [],
            "hotpatching_enabled": false,
            "id": "/subscriptions/c0ddf8f4-14b2-432e-b2fc-dd8456adda33/resourceGroups/umos/providers/Microsoft.Compute/virtualMachines/test2-azure67",
            "identity": [],
            "license_type": "",
            "location": "eastus",
            "max_bid_price": -1,
            "name": "test2-azure67",
            "network_interface_ids": [
              "/subscriptions/c0ddf8f4-14b2-432e-b2fc-dd8456adda33/resourceGroups/umos/providers/Microsoft.Network/networkInterfaces/test2-azure67-nic"
            ],
            "os_disk": [
              {
                "caching": "ReadWrite",
                "diff_disk_settings": [],
                "disk_encryption_set_id": "",
                "disk_size_gb": 127,
                "name": "test2-azure67_disk1_1b0534bb7e6b41c6ab0de3d2db77b7cd",
                "secure_vm_disk_encryption_set_id": "",
                "security_encryption_type": "",
                "storage_account_type": "Standard_LRS",
                "write_accelerator_enabled": false
              }
            ],
            "os_image_notification": [],
            "patch_assessment_mode": "ImageDefault",
            "patch_mode": "AutomaticByOS",
            "plan": [],
            "platform_fault_domain": -1,
            "priority": "Regular",
            "private_ip_address": "10.0.11.4",
            "private_ip_addresses": [
              "10.0.11.4"
            ],
            "provision_vm_agent": true,
            "proximity_placement_group_id": "",
            "public_ip_address": "172.190.46.45",
            "public_ip_addresses": [
              "172.190.46.45"
            ],
            "reboot_setting": "",
            "resource_group_name": "umos",
            "secret": [],
            "secure_boot_enabled": false,
            "size": "Standard_B1s",
            "source_image_id": "/subscriptions/c0ddf8f4-14b2-432e-b2fc-dd8456adda33/resourceGroups/umos/providers/Microsoft.Compute/images/windows-2019-azure-19395870884",
            "source_image_reference": [],
            "tags": {
              "environment": "private-cloud",
              "tenant": "tenant-manager-001"
            },
            "termination_notification": null,
            "timeouts": null,
            "timezone": "",
            "user_data": "",
            "virtual_machine_id": "0a21f420-b0d8-477f-8a00-4cfe28cdfe19",
            "virtual_machine_scale_set_id": "",
            "vm_agent_platform_updates_enabled": true,
            "vtpm_enabled": false,
            "winrm_listener": [],
            "zone": ""
          },
          "sensitive_attributes": [
            [
              {
                "type": "get_attr",
                "value": "admin_password"
              }
            ],
            [
              {
                "type": "get_attr",
                "value": "custom_data"
              }
            ]
          ],
          "identity_schema_version": 0,
          "private": "eyJlMmJmYjczMC1lY2FhLTExZTYtOGY4OC0zNDM2M2JjN2M0YzAiOnsiY3JlYXRlIjoyNzAwMDAwMDAwMDAwLCJkZWxldGUiOjI3MDAwMDAwMDAwMDAsInJlYWQiOjMwMDAwMDAwMDAwMCwidXBkYXRlIjoyNzAwMDAwMDAwMDAwfX0=",
          "dependencies": [
            "azurerm_network_interface.this_nic",
            "azurerm_public_ip.this_pip",
            "azurerm_subnet.this_subnet",
            "azurerm_virtual_network.tenant_vnet",
            "data.azurerm_resource_group.rg",
            "data.azurerm_resources.existing_vnet",
            "random_integer.subnet_octet",
            "random_password.admin_password"
          ]
        }
      ]
    },
    {
      "mode": "managed",
      "type": "random_integer",
      "name": "subnet_octet",
      "provider": "provider[\"registry.terraform.io/hashicorp/random\"]",
      "instances": [
        {
          "schema_version": 0,
          "attributes": {
            "id": "11",
            "keepers": null,
            "max": 254,
            "min": 2,
            "result": 11,
            "seed": null
          },
          "sensitive_attributes": [],
          "identity_schema_version": 0
        }
      ]
    },
    {
      "mode": "managed",
      "type": "random_password",
      "name": "admin_password",
      "provider": "provider[\"registry.terraform.io/hashicorp/random\"]",
      "instances": [
        {
          "schema_version": 3,
          "attributes": {
            "bcrypt_hash": "$2a$10$0Sjio9JKu5jdgpoIrz/oO.8dziwbf9LZ6Z73XocSE1f7Dfzx1cNu2",
            "id": "none",
            "keepers": null,
            "length": 16,
            "lower": true,
            "min_lower": 0,
            "min_numeric": 0,
            "min_special": 0,
            "min_upper": 0,
            "number": true,
            "numeric": true,
            "override_special": "_!@#\u0026",
            "result": "I!vQAhovXQtMBJZs",
            "special": true,
            "upper": true
          },
          "sensitive_attributes": [
            [
              {
                "type": "get_attr",
                "value": "bcrypt_hash"
              }
            ],
            [
              {
                "type": "get_attr",
                "value": "result"
              }
            ]
          ],
          "identity_schema_version": 0
        }
      ]
    }
  ],
  "check_results": null
}
