{
  "version": 4,
  "terraform_version": "1.13.5",
  "serial": 8,
  "lineage": "e9e33787-ce00-9fe5-594a-da0bee35eff8",
  "outputs": {
    "instance_id": {
      "value": "/subscriptions/c0ddf8f4-14b2-432e-b2fc-dd8456adda33/resourceGroups/umos/providers/Microsoft.Compute/virtualMachines/test-azureh-1",
      "type": "string"
    },
    "private_ip": {
      "value": "10.0.114.4",
      "type": "string"
    },
    "private_ssh_key": {
      "value": "-----BEGIN RSA PRIVATE KEY-----\nMIIEpQIBAAKCAQEAp9NSprKdsoxsRtKT3f/cWxF25x7p/UFjApKuVcAtn+tDO82S\nIkIOwd8c2mTmI1WWSjtcKubgpRbrJIOIGYc1mEKvL56IEaIRjn11DfKgeCuJvumT\n6K7D24QKonG51ghhztociJUUV7289GKWq5/8Z9Bgcm3wTpE0Duf4egFxctuOu96I\nnQN3ETDok4qfHbHIEpHi5v0rifIdFZzx0fs/ODYMkqEui9ks1gUDF7UpMrFKeGsl\n9j5hRDPI+abuWiAAGbTybFYGjD4IyodwZ9tVFWcVd/TBccTZ7UMM4nMPNtJoEXMP\n2TZ8xaLNWE443FuCvp0cJ5r6LQpcM1JwCKnCvQIDAQABAoIBAAIAcy0G1pR+Uhca\nkUxY4W16poyFYcaCC0BigU7UVUouubIS0FcbqszLY8idFhU+aTKaEg4Qi+xo+t87\nUs1b8s4BBmrofRH/+PqjBD+2CnQnr/04qjZG/Ph3OWzZM2paPKRr4i9xq8W+8lKH\ngumQJagTvbRcgfAsXjUXtW7rHONngxFyUgjnZIzw8gKKX7ZiVMoAd6nzkQwIxJ4l\n3ZO0Ns+BVKlVAHC5fsRGDIWA/BK1SpnvpaeCH6uOIyAGBgOQzGXkYUxjsyYCovzP\njDcu6srLDJXiwUtTBj0R7SlAvRFW8dRn6eUS70vRs6zZktvF2g+vuGCQrCuc3Lni\nxnnoY+ECgYEA2QnDqVwU2oKZYzEut0FhN+aGGQpf19DUmEBFTYTGERe2SGM7ZJuH\nsaLJzz+8URFkSPa3rMzmtLWxoSoFzhWa4zt96wuGWNJSDcHuZ3lXugXQ9e/u8Pkm\n9JQ9paGSpiooR4HCHgvWVHrZ6f2gqGcRVP6gXAKuCQYxzkiZVX8jpm0CgYEAxfPv\nOT2EY2YMvwb+hURHZvZ7kpM2uXlyMOzDcZ2s3572dcvBCXakw+FzmR6TwVbKsae9\nXd0C7SUWJ8InUdp5ZoYggCJb9qfAOnxjHwb3i7K6pTwQbn4UbVtTNH/BSrsdes0l\nqYdp7SmLhKBzTQMwOu9yZbqKQdm2BifuRJe3G5ECgYEAqCNDXCnE0f8I+2o3qapR\nuW+yBSYfV98lQ4nO5p3sn4NCKNQPSAKhXcEiHJdguWEC0u+nHYxjUi3MHXGjq6Lb\nKhyFkRiNjLPq81OA8NJ1XtxwpIarEi3Cuwk4tN718BqKt9LTYlmDQlEmDnr5Al1O\ndQ0JiB5fWwhcf1WIzE5BfQUCgYEAtOY2YPXx7TBOR6hponoCUnq/9PQpl5f/nexQ\ns5ynZfiMPJwGfdJ5wjRfArgpyQ66z11+NbAKw5MXyx+n9SqVtPav7sj3h9JHXmtb\n3ffs8zJTVTstvPvlSQajZB+4EcYrq5ScbW+9gqlrwbkrhV57jfBSd9rgDEucB8Yn\n/XE0ObECgYEAiAPD6HkNaiPvkVjKzWaUQHmmgYPNf6Hd/fpy7uwjA4L5ARpRq4Ge\nmlKJs9VmnQ/FqEPiKb9C61/7YpTfSbeRPyRPYa0l3XvcDi8BvsU0ozln4T/7YSim\nODi9+Fqzrmw8PFKs9Wp9fmagw9Lr6/y9GGyuZUJMMu+PGUR9z1LL7lk=\n-----END RSA PRIVATE KEY-----\n",
      "type": "string",
      "sensitive": true
    }
  },
  "resources": [
    {
      "mode": "data",
      "type": "azurerm_resource_group",
      "name": "rg",
      "provider": "provider[\"registry.terraform.io/hashicorp/azurerm\"]",
      "instances": [
        {
          "schema_version": 0,
          "attributes": {
            "id": "/subscriptions/c0ddf8f4-14b2-432e-b2fc-dd8456adda33/resourceGroups/umos",
            "location": "eastus",
            "managed_by": "",
            "name": "umos",
            "tags": {},
            "timeouts": null
          },
          "sensitive_attributes": [],
          "identity_schema_version": 0
        }
      ]
    },
    {
      "mode": "data",
      "type": "azurerm_resources",
      "name": "existing_nsg_query",
      "provider": "provider[\"registry.terraform.io/hashicorp/azurerm\"]",
      "instances": [
        {
          "schema_version": 0,
          "attributes": {
            "id": "resource-8df1a4dd-ea3d-4748-9fc1-4ad9de5add98",
            "name": "pmos-tenant-tenant-manager-001-nsg",
            "required_tags": null,
            "resource_group_name": "umos",
            "resources": [
              {
                "id": "/subscriptions/c0ddf8f4-14b2-432e-b2fc-dd8456adda33/resourceGroups/umos/providers/Microsoft.Network/networkSecurityGroups/pmos-tenant-tenant-manager-001-nsg",
                "location": "eastus",
                "name": "pmos-tenant-tenant-manager-001-nsg",
                "resource_group_name": "umos",
                "tags": {
                  "tenant_id": "tenant-manager-001"
                },
                "type": "Microsoft.Network/networkSecurityGroups"
              }
            ],
            "timeouts": null,
            "type": "Microsoft.Network/networkSecurityGroups"
          },
          "sensitive_attributes": [],
          "identity_schema_version": 0
        }
      ]
    },
    {
      "mode": "data",
      "type": "azurerm_resources",
      "name": "existing_vnet_query",
      "provider": "provider[\"registry.terraform.io/hashicorp/azurerm\"]",
      "instances": [
        {
          "schema_version": 0,
          "attributes": {
            "id": "resource-0a5f7d1d-6008-437e-9375-2d3f4baf96b6",
            "name": "pmos-tenant-tenant-manager-001-vnet",
            "required_tags": null,
            "resource_group_name": "umos",
            "resources": [
              {
                "id": "/subscriptions/c0ddf8f4-14b2-432e-b2fc-dd8456adda33/resourceGroups/umos/providers/Microsoft.Network/virtualNetworks/pmos-tenant-tenant-manager-001-vnet",
                "location": "eastus",
                "name": "pmos-tenant-tenant-manager-001-vnet",
                "resource_group_name": "umos",
                "tags": {
                  "tenant_id": "tenant-manager-001"
                },
                "type": "Microsoft.Network/virtualNetworks"
              }
            ],
            "timeouts": null,
            "type": "Microsoft.Network/virtualNetworks"
          },
          "sensitive_attributes": [],
          "identity_schema_version": 0
        }
      ]
    },
    {
      "mode": "managed",
      "type": "azurerm_linux_virtual_machine",
      "name": "this_vm",
      "provider": "provider[\"registry.terraform.io/hashicorp/azurerm\"]",
      "instances": [
        {
          "schema_version": 0,
          "attributes": {
            "additional_capabilities": [],
            "admin_password": null,
            "admin_ssh_key": [
              {
                "public_key": "ssh-rsa AAAAB3NzaC1yc2EAAAADAQABAAABAQCn01Kmsp2yjGxG0pPd/9xbEXbnHun9QWMCkq5VwC2f60M7zZIiQg7B3xzaZOYjVZZKO1wq5uClFuskg4gZhzWYQq8vnogRohGOfXUN8qB4K4m+6ZPorsPbhAqicbnWCGHO2hyIlRRXvbz0Yparn/xn0GBybfBOkTQO5/h6AXFy24673oidA3cRMOiTip8dscgSkeLm/SuJ8h0VnPHR+z84NgySoS6L2SzWBQMXtSkysUp4ayX2PmFEM8j5pu5aIAAZtPJsVgaMPgjKh3Bn21UVZxV39MFxxNntQwzicw820mgRcw/ZNnzFos1YTjjcW4K+nRwnmvotClwzUnAIqcK9\n",
                "username": "azureuser"
              }
            ],
            "admin_username": "azureuser",
            "allow_extension_operations": true,
            "availability_set_id": "",
            "boot_diagnostics": [
              {
                "storage_account_uri": ""
              }
            ],
            "bypass_platform_safety_checks_on_user_schedule_enabled": false,
            "capacity_reservation_group_id": "",
            "computer_name": "test-azureh-1",
            "custom_data": "IyEvYmluL2Jhc2gKIyBVc2VyIGRhdGEgc2NyaXB0cyBhcmUgbm90IHlldCBzdXBwb3J0ZWQgZm9yIGRpcmVjdCBkZXBsb3ltZW50Lgo=",
            "dedicated_host_group_id": "",
            "dedicated_host_id": "",
            "disable_password_authentication": true,
            "disk_controller_type": "SCSI",
            "edge_zone": "",
            "encryption_at_host_enabled": false,
            "eviction_policy": "",
            "extensions_time_budget": "PT1H30M",
            "gallery_application": [],
            "id": "/subscriptions/c0ddf8f4-14b2-432e-b2fc-dd8456adda33/resourceGroups/umos/providers/Microsoft.Compute/virtualMachines/test-azureh-1",
            "identity": [],
            "license_type": "",
            "location": "eastus",
            "max_bid_price": -1,
            "name": "test-azureh-1",
            "network_interface_ids": [
              "/subscriptions/c0ddf8f4-14b2-432e-b2fc-dd8456adda33/resourceGroups/umos/providers/Microsoft.Network/networkInterfaces/test-azureh-1-nic"
            ],
            "os_disk": [
              {
                "caching": "ReadWrite",
                "diff_disk_settings": [],
                "disk_encryption_set_id": "",
                "disk_size_gb": 30,
                "name": "test-azureh-1_disk1_c52473caf4cc4459b2354e476bb0e955",
                "secure_vm_disk_encryption_set_id": "",
                "security_encryption_type": "",
                "storage_account_type": "Standard_LRS",
                "write_accelerator_enabled": false
              }
            ],
            "os_image_notification": [],
            "patch_assessment_mode": "ImageDefault",
            "patch_mode": "ImageDefault",
            "plan": [],
            "platform_fault_domain": -1,
            "priority": "Regular",
            "private_ip_address": "10.0.114.4",
            "private_ip_addresses": [
              "10.0.114.4"
            ],
            "provision_vm_agent": true,
            "proximity_placement_group_id": "",
            "public_ip_address": "172.173.130.245",
            "public_ip_addresses": [
              "172.173.130.245"
            ],
            "reboot_setting": "",
            "resource_group_name": "umos",
            "secret": [],
            "secure_boot_enabled": false,
            "size": "Standard_B1s",
            "source_image_id": "/subscriptions/c0ddf8f4-14b2-432e-b2fc-dd8456adda33/resourceGroups/umos/providers/Microsoft.Compute/images/ubuntu-22-04-19252758120",
            "source_image_reference": [],
            "tags": null,
            "termination_notification": null,
            "timeouts": null,
            "user_data": "",
            "virtual_machine_id": "07111658-845f-4a68-bfff-850282c6dfcd",
            "virtual_machine_scale_set_id": "",
            "vm_agent_platform_updates_enabled": false,
            "vtpm_enabled": false,
            "zone": ""
          },
          "sensitive_attributes": [
            [
              {
                "type": "get_attr",
                "value": "admin_password"
              }
            ],
            [
              {
                "type": "get_attr",
                "value": "custom_data"
              }
            ]
          ],
          "identity_schema_version": 0,
          "private": "eyJlMmJmYjczMC1lY2FhLTExZTYtOGY4OC0zNDM2M2JjN2M0YzAiOnsiY3JlYXRlIjoyNzAwMDAwMDAwMDAwLCJkZWxldGUiOjI3MDAwMDAwMDAwMDAsInJlYWQiOjMwMDAwMDAwMDAwMCwidXBkYXRlIjoyNzAwMDAwMDAwMDAwfX0=",
          "dependencies": [
            "azurerm_network_interface.this_nic",
            "azurerm_public_ip.this_pip",
            "azurerm_subnet.this_subnet",
            "azurerm_virtual_network.tenant_vnet",
            "data.azurerm_resource_group.rg",
            "data.azurerm_resources.existing_vnet_query",
            "random_integer.subnet_octet",
            "tls_private_key.admin_ssh"
          ]
        }
      ]
    },
    {
      "mode": "managed",
      "type": "azurerm_network_interface",
      "name": "this_nic",
      "provider": "provider[\"registry.terraform.io/hashicorp/azurerm\"]",
      "instances": [
        {
          "schema_version": 0,
          "attributes": {
            "accelerated_networking_enabled": false,
            "applied_dns_servers": [],
            "auxiliary_mode": "",
            "auxiliary_sku": "",
            "dns_servers": [],
            "edge_zone": "",
            "enable_accelerated_networking": false,
            "enable_ip_forwarding": false,
            "id": "/subscriptions/c0ddf8f4-14b2-432e-b2fc-dd8456adda33/resourceGroups/umos/providers/Microsoft.Network/networkInterfaces/test-azureh-1-nic",
            "internal_dns_name_label": "",
            "internal_domain_name_suffix": "r3worgntorru1lpsvepcwqpugb.bx.internal.cloudapp.net",
            "ip_configuration": [
              {
                "gateway_load_balancer_frontend_ip_configuration_id": "",
                "name": "ipconfig1",
                "primary": true,
                "private_ip_address": "10.0.114.4",
                "private_ip_address_allocation": "Dynamic",
                "private_ip_address_version": "IPv4",
                "public_ip_address_id": "/subscriptions/c0ddf8f4-14b2-432e-b2fc-dd8456adda33/resourceGroups/umos/providers/Microsoft.Network/publicIPAddresses/test-azureh-1-pip",
                "subnet_id": "/subscriptions/c0ddf8f4-14b2-432e-b2fc-dd8456adda33/resourceGroups/umos/providers/Microsoft.Network/virtualNetworks/pmos-tenant-tenant-manager-001-vnet/subnets/test-azureh-1-subnet"
              }
            ],
            "ip_forwarding_enabled": false,
            "location": "eastus",
            "mac_address": "",
            "name": "test-azureh-1-nic",
            "private_ip_address": "10.0.114.4",
            "private_ip_addresses": [
              "10.0.114.4"
            ],
            "resource_group_name": "umos",
            "tags": null,
            "timeouts": null,
            "virtual_machine_id": ""
          },
          "sensitive_attributes": [],
          "identity_schema_version": 0,
          "private": "eyJlMmJmYjczMC1lY2FhLTExZTYtOGY4OC0zNDM2M2JjN2M0YzAiOnsiY3JlYXRlIjoxODAwMDAwMDAwMDAwLCJkZWxldGUiOjE4MDAwMDAwMDAwMDAsInJlYWQiOjMwMDAwMDAwMDAwMCwidXBkYXRlIjoxODAwMDAwMDAwMDAwfX0=",
          "dependencies": [
            "azurerm_public_ip.this_pip",
            "azurerm_subnet.this_subnet",
            "azurerm_virtual_network.tenant_vnet",
            "data.azurerm_resource_group.rg",
            "data.azurerm_resources.existing_vnet_query",
            "random_integer.subnet_octet"
          ]
        }
      ]
    },
    {
      "mode": "managed",
      "type": "azurerm_public_ip",
      "name": "this_pip",
      "provider": "provider[\"registry.terraform.io/hashicorp/azurerm\"]",
      "instances": [
        {
          "schema_version": 0,
          "attributes": {
            "allocation_method": "Static",
            "ddos_protection_mode": "VirtualNetworkInherited",
            "ddos_protection_plan_id": null,
            "domain_name_label": null,
            "edge_zone": "",
            "fqdn": null,
            "id": "/subscriptions/c0ddf8f4-14b2-432e-b2fc-dd8456adda33/resourceGroups/umos/providers/Microsoft.Network/publicIPAddresses/test-azureh-1-pip",
            "idle_timeout_in_minutes": 4,
            "ip_address": "172.173.130.245",
            "ip_tags": null,
            "ip_version": "IPv4",
            "location": "eastus",
            "name": "test-azureh-1-pip",
            "public_ip_prefix_id": null,
            "resource_group_name": "umos",
            "reverse_fqdn": null,
            "sku": "Standard",
            "sku_tier": "Regional",
            "tags": null,
            "timeouts": null,
            "zones": null
          },
          "sensitive_attributes": [],
          "identity_schema_version": 0,
          "private": "eyJlMmJmYjczMC1lY2FhLTExZTYtOGY4OC0zNDM2M2JjN2M0YzAiOnsiY3JlYXRlIjoxODAwMDAwMDAwMDAwLCJkZWxldGUiOjE4MDAwMDAwMDAwMDAsInJlYWQiOjMwMDAwMDAwMDAwMCwidXBkYXRlIjoxODAwMDAwMDAwMDAwfX0=",
          "dependencies": [
            "data.azurerm_resource_group.rg"
          ]
        }
      ]
    },
    {
      "mode": "managed",
      "type": "azurerm_subnet",
      "name": "this_subnet",
      "provider": "provider[\"registry.terraform.io/hashicorp/azurerm\"]",
      "instances": [
        {
          "schema_version": 0,
          "attributes": {
            "address_prefixes": [
              "10.0.114.0/24"
            ],
            "default_outbound_access_enabled": true,
            "delegation": [],
            "enforce_private_link_endpoint_network_policies": false,
            "enforce_private_link_service_network_policies": false,
            "id": "/subscriptions/c0ddf8f4-14b2-432e-b2fc-dd8456adda33/resourceGroups/umos/providers/Microsoft.Network/virtualNetworks/pmos-tenant-tenant-manager-001-vnet/subnets/test-azureh-1-subnet",
            "name": "test-azureh-1-subnet",
            "private_endpoint_network_policies": "Enabled",
            "private_endpoint_network_policies_enabled": true,
            "private_link_service_network_policies_enabled": true,
            "resource_group_name": "umos",
            "service_endpoint_policy_ids": null,
            "service_endpoints": null,
            "timeouts": null,
            "virtual_network_name": "pmos-tenant-tenant-manager-001-vnet"
          },
          "sensitive_attributes": [],
          "identity_schema_version": 0,
          "private": "eyJlMmJmYjczMC1lY2FhLTExZTYtOGY4OC0zNDM2M2JjN2M0YzAiOnsiY3JlYXRlIjoxODAwMDAwMDAwMDAwLCJkZWxldGUiOjE4MDAwMDAwMDAwMDAsInJlYWQiOjMwMDAwMDAwMDAwMCwidXBkYXRlIjoxODAwMDAwMDAwMDAwfX0=",
          "dependencies": [
            "azurerm_virtual_network.tenant_vnet",
            "data.azurerm_resource_group.rg",
            "data.azurerm_resources.existing_vnet_query",
            "random_integer.subnet_octet"
          ]
        }
      ]
    },
    {
      "mode": "managed",
      "type": "azurerm_subnet_network_security_group_association",
      "name": "this_subnet_nsg_assoc",
      "provider": "provider[\"registry.terraform.io/hashicorp/azurerm\"]",
      "instances": [
        {
          "schema_version": 0,
          "attributes": {
            "id": "/subscriptions/c0ddf8f4-14b2-432e-b2fc-dd8456adda33/resourceGroups/umos/providers/Microsoft.Network/virtualNetworks/pmos-tenant-tenant-manager-001-vnet/subnets/test-azureh-1-subnet",
            "network_security_group_id": "/subscriptions/c0ddf8f4-14b2-432e-b2fc-dd8456adda33/resourceGroups/umos/providers/Microsoft.Network/networkSecurityGroups/pmos-tenant-tenant-manager-001-nsg",
            "subnet_id": "/subscriptions/c0ddf8f4-14b2-432e-b2fc-dd8456adda33/resourceGroups/umos/providers/Microsoft.Network/virtualNetworks/pmos-tenant-tenant-manager-001-vnet/subnets/test-azureh-1-subnet",
            "timeouts": null
          },
          "sensitive_attributes": [],
          "identity_schema_version": 0,
          "private": "eyJlMmJmYjczMC1lY2FhLTExZTYtOGY4OC0zNDM2M2JjN2M0YzAiOnsiY3JlYXRlIjoxODAwMDAwMDAwMDAwLCJkZWxldGUiOjE4MDAwMDAwMDAwMDAsInJlYWQiOjMwMDAwMDAwMDAwMH19",
          "dependencies": [
            "azurerm_network_security_group.tenant_nsg",
            "azurerm_subnet.this_subnet",
            "azurerm_virtual_network.tenant_vnet",
            "data.azurerm_resource_group.rg",
            "data.azurerm_resources.existing_nsg_query",
            "data.azurerm_resources.existing_vnet_query",
            "random_integer.subnet_octet"
          ]
        }
      ]
    },
    {
      "mode": "managed",
      "type": "random_integer",
      "name": "subnet_octet",
      "provider": "provider[\"registry.terraform.io/hashicorp/random\"]",
      "instances": [
        {
          "schema_version": 0,
          "attributes": {
            "id": "114",
            "keepers": null,
            "max": 254,
            "min": 2,
            "result": 114,
            "seed": null
          },
          "sensitive_attributes": [],
          "identity_schema_version": 0
        }
      ]
    },
    {
      "mode": "managed",
      "type": "tls_private_key",
      "name": "admin_ssh",
      "provider": "provider[\"registry.terraform.io/hashicorp/tls\"]",
      "instances": [
        {
          "schema_version": 1,
          "attributes": {
            "algorithm": "RSA",
            "ecdsa_curve": "P224",
            "id": "96b0ad85eda19f7f08b76388c7fa7a4d8b661861",
            "private_key_openssh": "-----BEGIN OPENSSH PRIVATE KEY-----\nb3BlbnNzaC1rZXktdjEAAAAABG5vbmUAAAAEbm9uZQAAAAAAAAABAAABFwAAAAdz\nc2gtcnNhAAAAAwEAAQAAAQEAp9NSprKdsoxsRtKT3f/cWxF25x7p/UFjApKuVcAt\nn+tDO82SIkIOwd8c2mTmI1WWSjtcKubgpRbrJIOIGYc1mEKvL56IEaIRjn11DfKg\neCuJvumT6K7D24QKonG51ghhztociJUUV7289GKWq5/8Z9Bgcm3wTpE0Duf4egFx\nctuOu96InQN3ETDok4qfHbHIEpHi5v0rifIdFZzx0fs/ODYMkqEui9ks1gUDF7Up\nMrFKeGsl9j5hRDPI+abuWiAAGbTybFYGjD4IyodwZ9tVFWcVd/TBccTZ7UMM4nMP\nNtJoEXMP2TZ8xaLNWE443FuCvp0cJ5r6LQpcM1JwCKnCvQAAA7iM2180jNtfNAAA\nAAdzc2gtcnNhAAABAQCn01Kmsp2yjGxG0pPd/9xbEXbnHun9QWMCkq5VwC2f60M7\nzZIiQg7B3xzaZOYjVZZKO1wq5uClFuskg4gZhzWYQq8vnogRohGOfXUN8qB4K4m+\n6ZPorsPbhAqicbnWCGHO2hyIlRRXvbz0Yparn/xn0GBybfBOkTQO5/h6AXFy2467\n3oidA3cRMOiTip8dscgSkeLm/SuJ8h0VnPHR+z84NgySoS6L2SzWBQMXtSkysUp4\nayX2PmFEM8j5pu5aIAAZtPJsVgaMPgjKh3Bn21UVZxV39MFxxNntQwzicw820mgR\ncw/ZNnzFos1YTjjcW4K+nRwnmvotClwzUnAIqcK9AAAAAwEAAQAAAQACAHMtBtaU\nflIXGpFMWOFteqaMhWHGggtAYoFO1FVKLrmyEtBXG6rMy2PInRYVPmkymhIOEIvs\naPrfO1LNW/LOAQZq6H0R//j6owQ/tgp0J6/9OKo2Rvz4dzls2TNqWjyka+IvcavF\nvvJSh4LpkCWoE720XIHwLF41F7Vu6xzjZ4MRclII52SM8PICil+2YlTKAHep85EM\nCMSeJd2TtDbPgVSpVQBwuX7ERgyFgPwStUqZ76Wngh+rjiMgBgYDkMxl5GFMY7Mm\nAqL8z4w3LurKywyV4sFLUwY9Ee0pQL0RVvHUZ+nlEu9L0bOs2ZLbxdoPr7hgkKwr\nnNy54sZ56GPhAAAAgQCIA8PoeQ1qI++RWMrNZpRAeaaBg81/od39+nLu7CMDgvkB\nGlGrgZ6aUomz1WadD8WoQ+Ipv0LrX/tilN9Jt5E/JE9hrSXde9wOLwG+xTSjOWfh\nP/thKKY4OL34WrOubDw8Uqz1an1+ZqDD0uvr/L0YbK5lQkwy748ZRH3PUsvuWQAA\nAIEA2QnDqVwU2oKZYzEut0FhN+aGGQpf19DUmEBFTYTGERe2SGM7ZJuHsaLJzz+8\nURFkSPa3rMzmtLWxoSoFzhWa4zt96wuGWNJSDcHuZ3lXugXQ9e/u8Pkm9JQ9paGS\npiooR4HCHgvWVHrZ6f2gqGcRVP6gXAKuCQYxzkiZVX8jpm0AAACBAMXz7zk9hGNm\nDL8G/oVER2b2e5KTNrl5cjDsw3GdrN+e9nXLwQl2pMPhc5kek8FWyrGnvV3dAu0l\nFifCJ1HaeWaGIIAiW/anwDp8Yx8G94uyuqU8EG5+FG1bUzR/wUq7HXrNJamHae0p\ni4Sgc00DMDrvcmW6ikHZtgYn7kSXtxuRAAAAAAEC\n-----END OPENSSH PRIVATE KEY-----\n",
            "private_key_pem": "-----BEGIN RSA PRIVATE KEY-----\nMIIEpQIBAAKCAQEAp9NSprKdsoxsRtKT3f/cWxF25x7p/UFjApKuVcAtn+tDO82S\nIkIOwd8c2mTmI1WWSjtcKubgpRbrJIOIGYc1mEKvL56IEaIRjn11DfKgeCuJvumT\n6K7D24QKonG51ghhztociJUUV7289GKWq5/8Z9Bgcm3wTpE0Duf4egFxctuOu96I\nnQN3ETDok4qfHbHIEpHi5v0rifIdFZzx0fs/ODYMkqEui9ks1gUDF7UpMrFKeGsl\n9j5hRDPI+abuWiAAGbTybFYGjD4IyodwZ9tVFWcVd/TBccTZ7UMM4nMPNtJoEXMP\n2TZ8xaLNWE443FuCvp0cJ5r6LQpcM1JwCKnCvQIDAQABAoIBAAIAcy0G1pR+Uhca\nkUxY4W16poyFYcaCC0BigU7UVUouubIS0FcbqszLY8idFhU+aTKaEg4Qi+xo+t87\nUs1b8s4BBmrofRH/+PqjBD+2CnQnr/04qjZG/Ph3OWzZM2paPKRr4i9xq8W+8lKH\ngumQJagTvbRcgfAsXjUXtW7rHONngxFyUgjnZIzw8gKKX7ZiVMoAd6nzkQwIxJ4l\n3ZO0Ns+BVKlVAHC5fsRGDIWA/BK1SpnvpaeCH6uOIyAGBgOQzGXkYUxjsyYCovzP\njDcu6srLDJXiwUtTBj0R7SlAvRFW8dRn6eUS70vRs6zZktvF2g+vuGCQrCuc3Lni\nxnnoY+ECgYEA2QnDqVwU2oKZYzEut0FhN+aGGQpf19DUmEBFTYTGERe2SGM7ZJuH\nsaLJzz+8URFkSPa3rMzmtLWxoSoFzhWa4zt96wuGWNJSDcHuZ3lXugXQ9e/u8Pkm\n9JQ9paGSpiooR4HCHgvWVHrZ6f2gqGcRVP6gXAKuCQYxzkiZVX8jpm0CgYEAxfPv\nOT2EY2YMvwb+hURHZvZ7kpM2uXlyMOzDcZ2s3572dcvBCXakw+FzmR6TwVbKsae9\nXd0C7SUWJ8InUdp5ZoYggCJb9qfAOnxjHwb3i7K6pTwQbn4UbVtTNH/BSrsdes0l\nqYdp7SmLhKBzTQMwOu9yZbqKQdm2BifuRJe3G5ECgYEAqCNDXCnE0f8I+2o3qapR\nuW+yBSYfV98lQ4nO5p3sn4NCKNQPSAKhXcEiHJdguWEC0u+nHYxjUi3MHXGjq6Lb\nKhyFkRiNjLPq81OA8NJ1XtxwpIarEi3Cuwk4tN718BqKt9LTYlmDQlEmDnr5Al1O\ndQ0JiB5fWwhcf1WIzE5BfQUCgYEAtOY2YPXx7TBOR6hponoCUnq/9PQpl5f/nexQ\ns5ynZfiMPJwGfdJ5wjRfArgpyQ66z11+NbAKw5MXyx+n9SqVtPav7sj3h9JHXmtb\n3ffs8zJTVTstvPvlSQajZB+4EcYrq5ScbW+9gqlrwbkrhV57jfBSd9rgDEucB8Yn\n/XE0ObECgYEAiAPD6HkNaiPvkVjKzWaUQHmmgYPNf6Hd/fpy7uwjA4L5ARpRq4Ge\nmlKJs9VmnQ/FqEPiKb9C61/7YpTfSbeRPyRPYa0l3XvcDi8BvsU0ozln4T/7YSim\nODi9+Fqzrmw8PFKs9Wp9fmagw9Lr6/y9GGyuZUJMMu+PGUR9z1LL7lk=\n-----END RSA PRIVATE KEY-----\n",
            "private_key_pem_pkcs8": "-----BEGIN PRIVATE KEY-----\nMIIEvwIBADANBgkqhkiG9w0BAQEFAASCBKkwggSlAgEAAoIBAQCn01Kmsp2yjGxG\n0pPd/9xbEXbnHun9QWMCkq5VwC2f60M7zZIiQg7B3xzaZOYjVZZKO1wq5uClFusk\ng4gZhzWYQq8vnogRohGOfXUN8qB4K4m+6ZPorsPbhAqicbnWCGHO2hyIlRRXvbz0\nYparn/xn0GBybfBOkTQO5/h6AXFy24673oidA3cRMOiTip8dscgSkeLm/SuJ8h0V\nnPHR+z84NgySoS6L2SzWBQMXtSkysUp4ayX2PmFEM8j5pu5aIAAZtPJsVgaMPgjK\nh3Bn21UVZxV39MFxxNntQwzicw820mgRcw/ZNnzFos1YTjjcW4K+nRwnmvotClwz\nUnAIqcK9AgMBAAECggEAAgBzLQbWlH5SFxqRTFjhbXqmjIVhxoILQGKBTtRVSi65\nshLQVxuqzMtjyJ0WFT5pMpoSDhCL7Gj63ztSzVvyzgEGauh9Ef/4+qMEP7YKdCev\n/TiqNkb8+Hc5bNkzalo8pGviL3Grxb7yUoeC6ZAlqBO9tFyB8CxeNRe1busc42eD\nEXJSCOdkjPDyAopftmJUygB3qfORDAjEniXdk7Q2z4FUqVUAcLl+xEYMhYD8ErVK\nme+lp4Ifq44jIAYGA5DMZeRhTGOzJgKi/M+MNy7qyssMleLBS1MGPRHtKUC9EVbx\n1Gfp5RLvS9GzrNmS28XaD6+4YJCsK5zcueLGeehj4QKBgQDZCcOpXBTagpljMS63\nQWE35oYZCl/X0NSYQEVNhMYRF7ZIYztkm4exosnPP7xREWRI9reszOa0tbGhKgXO\nFZrjO33rC4ZY0lINwe5neVe6BdD17+7w+Sb0lD2loZKmKihHgcIeC9ZUetnp/aCo\nZxFU/qBcAq4JBjHOSJlVfyOmbQKBgQDF8+85PYRjZgy/Bv6FREdm9nuSkza5eXIw\n7MNxnazfnvZ1y8EJdqTD4XOZHpPBVsqxp71d3QLtJRYnwidR2nlmhiCAIlv2p8A6\nfGMfBveLsrqlPBBufhRtW1M0f8FKux16zSWph2ntKYuEoHNNAzA673JluopB2bYG\nJ+5El7cbkQKBgQCoI0NcKcTR/wj7ajepqlG5b7IFJh9X3yVDic7mneyfg0Io1A9I\nAqFdwSIcl2C5YQLS76cdjGNSLcwdcaOrotsqHIWRGI2Ms+rzU4Dw0nVe3HCkhqsS\nLcK7CTi03vXwGoq30tNiWYNCUSYOevkCXU51DQmIHl9bCFx/VYjMTkF9BQKBgQC0\n5jZg9fHtME5HqGmiegJSer/09CmXl/+d7FCznKdl+Iw8nAZ90nnCNF8CuCnJDrrP\nXX41sArDkxfLH6f1KpW09q/uyPeH0kdea1vd9+zzMlNVOy28++VJBqNkH7gRxiur\nlJxtb72CqWvBuSuFXnuN8FJ32uAMS5wHxif9cTQ5sQKBgQCIA8PoeQ1qI++RWMrN\nZpRAeaaBg81/od39+nLu7CMDgvkBGlGrgZ6aUomz1WadD8WoQ+Ipv0LrX/tilN9J\nt5E/JE9hrSXde9wOLwG+xTSjOWfhP/thKKY4OL34WrOubDw8Uqz1an1+ZqDD0uvr\n/L0YbK5lQkwy748ZRH3PUsvuWQ==\n-----END PRIVATE KEY-----\n",
            "public_key_fingerprint_md5": "c0:21:28:10:62:4f:8a:ab:07:7d:f4:c3:a5:b0:0f:8b",
            "public_key_fingerprint_sha256": "SHA256:pEptH5mVlDu8NcyX1XnTskWtaoNnhhXoWY/9oIpdS/o",
            "public_key_openssh": "ssh-rsa AAAAB3NzaC1yc2EAAAADAQABAAABAQCn01Kmsp2yjGxG0pPd/9xbEXbnHun9QWMCkq5VwC2f60M7zZIiQg7B3xzaZOYjVZZKO1wq5uClFuskg4gZhzWYQq8vnogRohGOfXUN8qB4K4m+6ZPorsPbhAqicbnWCGHO2hyIlRRXvbz0Yparn/xn0GBybfBOkTQO5/h6AXFy24673oidA3cRMOiTip8dscgSkeLm/SuJ8h0VnPHR+z84NgySoS6L2SzWBQMXtSkysUp4ayX2PmFEM8j5pu5aIAAZtPJsVgaMPgjKh3Bn21UVZxV39MFxxNntQwzicw820mgRcw/ZNnzFos1YTjjcW4K+nRwnmvotClwzUnAIqcK9\n",
            "public_key_pem": "-----BEGIN PUBLIC KEY-----\nMIIBIjANBgkqhkiG9w0BAQEFAAOCAQ8AMIIBCgKCAQEAp9NSprKdsoxsRtKT3f/c\nWxF25x7p/UFjApKuVcAtn+tDO82SIkIOwd8c2mTmI1WWSjtcKubgpRbrJIOIGYc1\nmEKvL56IEaIRjn11DfKgeCuJvumT6K7D24QKonG51ghhztociJUUV7289GKWq5/8\nZ9Bgcm3wTpE0Duf4egFxctuOu96InQN3ETDok4qfHbHIEpHi5v0rifIdFZzx0fs/\nODYMkqEui9ks1gUDF7UpMrFKeGsl9j5hRDPI+abuWiAAGbTybFYGjD4IyodwZ9tV\nFWcVd/TBccTZ7UMM4nMPNtJoEXMP2TZ8xaLNWE443FuCvp0cJ5r6LQpcM1JwCKnC\nvQIDAQAB\n-----END PUBLIC KEY-----\n",
            "rsa_bits": 2048
          },
          "sensitive_attributes": [
            [
              {
                "type": "get_attr",
                "value": "private_key_openssh"
              }
            ],
            [
              {
                "type": "get_attr",
                "value": "private_key_pem"
              }
            ],
            [
              {
                "type": "get_attr",
                "value": "private_key_pem_pkcs8"
              }
            ]
          ],
          "identity_schema_version": 0
        }
      ]
    }
  ],
  "check_results": null
}
