{
  "version": 4,
  "terraform_version": "1.13.5",
  "serial": 7,
  "lineage": "4126ad72-1adf-585c-d3f1-9b29e34be2d4",
  "outputs": {
    "instance_id": {
      "value": "i-0056d51ec3363e134",
      "type": "string"
    },
    "private_ip": {
      "value": "172.31.21.231",
      "type": "string"
    },
    "private_ssh_key": {
      "value": "-----BEGIN RSA PRIVATE KEY-----\nMIIEpAIBAAKCAQEAxNV2o0c5nIRj3bQ9iN/SDNCbMdXv7Z2W0E0f90eKWs6m/nET\nXTROnZzwYweM9J5GMYl9zzXxPCmOLFJBzJ+2b7gzhIvwKCJmxLjCwr239y46og5Y\nLG2s21wMMPSWUGF+bG8no59EYoY1XiNBHS2ie0OPr3wawFL2Xp6TLEytgir2umjT\ny+9XswjxjxSsU93EU0kqlVRxebBHZS8i1NXV2/mOHPwD2HJBMKS8e1FP5JJvKLnW\n0OjhCbKGg6/u78MaB7SbwVA7OGCchIi7dyyEMthLvrshXdCwPLgp7KXEcj6f8exb\na066jy0Ig4IvwW3u0ymTepNRacoaV6Xi6cbGlwIDAQABAoIBAD4EymRI+WCVIEhH\nVcouR6dNBVFPCNGUQWQxoNxPuMrC6UArjb/kzs5/mAiD5QhgZFqQaUkkRHXB3C+f\n3Walfhy2a9kcJJfouvvKAWfN0ky6TrQoE+Uvy3K0jozQTBpYlbaB0XoPIUNv6RnX\nvtj8O4FeOMRAtMcbfNA0Y8fmAxeLdoIxOStWs295auubnMKSfTgJbIMECTLhbvxD\n0LPEY1Yik7rmOJTeszWk5B6y5cGgxpvv4SjWMlGKmgMJdT9Xi3Z7MAjNs75LbdNZ\nWgvFgn3y+QjF6CFIecNEBFahJYgQhe3QHR107tDJAEJyshjckSXdvbXL9GrZMb7k\nbu6SDdkCgYEA/Vs20iK/55DUGNpLs8UtBSpW2iownWghe7g7cu9u6MvK94LDeuTw\nFB1NFK4rioGZZ9WaV6x3xPIQ/mH6X1z9drixRy3l+ov89YiUJtS+lD7lCEFRPlO2\niV/kSQCWqO12YdCJXLx3MafKj3KWUBqK9dmvO+o1CPqcnsopn+Ve6/kCgYEAxuND\nDGVw/GCBUjZ2HVT70Ma9IolYejtdylWPFr5uAoXXLQn1i77li+FfmunER0rabcyG\nUDDUIDSOGrkTWYxHQuTPEaeh3E3bZBpexZPvqqVTj4ONEma/H5UUmRCjQR4LV/sj\n5JxB9PNc4ZIQyuKztqyQ2tIllkYVykARUV39Sw8CgYEArPROyUbloKwyzkB/e1p4\ncFVF8yroAxyp9u5+zuh62zr79Nl0nvmYlvKlwx9fI+9zDPo5oe5f2LezOCUkqWMu\nuJQ+mSvRGqfj6K3zDUsgSs1gxrDoSFcXflJS4i8fqnRo4z9b9k3GRMSZuDFuQYLN\nKCYRxSIOUHHc51106u3HTekCgYEAuYHwX/eeU0iQVuaFdQZ3elxkvXnuFNSavsbf\nGA+2/JNqCJBpf1cnNDmauxuf//9JjXBfNxzUPtXGVhaafcPiE/rnSUhaKOpV4CDY\nlOFPgpOCRTImuysqyYJ8G+jw3SPw4LdW2z0EKD12PM/I6fRaO+Dpm7C3blsgp+zq\nOkK4pvECgYBpC0MY0Vy5GpLHu9ZulC3iH1A3w+By8WNHAQID4Z0rHuOgIgK3RYbA\nYNRf+DCnzRL1ENx4TGbRQeiq47ttpVWJU2JLY4ApCp8RKT6IE0jH7FS/4lTGcKSy\nT5TBtDdzAU7jjUKntIlmQJt1x1s7vX91K20G2ryQ6ZFCfZj5Cfpx8Q==\n-----END RSA PRIVATE KEY-----\n",
      "type": "string",
      "sensitive": true
    }
  },
  "resources": [
    {
      "mode": "data",
      "type": "aws_ami",
      "name": "custom_image",
      "provider": "provider[\"registry.terraform.io/hashicorp/aws\"]",
      "instances": [
        {
          "schema_version": 0,
          "attributes": {
            "architecture": "x86_64",
            "arn": "arn:aws:ec2:us-east-1::image/ami-07a27a36afc254c25",
            "block_device_mappings": [
              {
                "device_name": "/dev/xvda",
                "ebs": {
                  "delete_on_termination": "true",
                  "encrypted": "false",
                  "iops": "3000",
                  "snapshot_id": "snap-0754dbd62e499550b",
                  "throughput": "125",
                  "volume_initialization_rate": "0",
                  "volume_size": "8",
                  "volume_type": "gp3"
                },
                "no_device": "",
                "virtual_name": ""
              }
            ],
            "boot_mode": "uefi-preferred",
            "creation_date": "2025-11-12T23:36:32.000Z",
            "deprecation_time": "",
            "description": "",
            "ena_support": true,
            "executable_users": null,
            "filter": [
              {
                "name": "name",
                "values": [
                  "amazon-linux-2023-19315310214"
                ]
              }
            ],
            "hypervisor": "xen",
            "id": "ami-07a27a36afc254c25",
            "image_id": "ami-07a27a36afc254c25",
            "image_location": "697547269739/amazon-linux-2023-19315310214",
            "image_owner_alias": "",
            "image_type": "machine",
            "imds_support": "v2.0",
            "include_deprecated": false,
            "kernel_id": "",
            "last_launched_time": "",
            "most_recent": true,
            "name": "amazon-linux-2023-19315310214",
            "name_regex": null,
            "owner_id": "697547269739",
            "owners": [
              "self"
            ],
            "platform": "",
            "platform_details": "Linux/UNIX",
            "product_codes": [],
            "public": false,
            "ramdisk_id": "",
            "root_device_name": "/dev/xvda",
            "root_device_type": "ebs",
            "root_snapshot_id": "snap-0754dbd62e499550b",
            "sriov_net_support": "simple",
            "state": "available",
            "state_reason": {
              "code": "UNSET",
              "message": "UNSET"
            },
            "tags": {
              "CreatedBy": "Packer",
              "Name": "amazon-linux-2023",
              "OS_Version": "amazon-linux-2023"
            },
            "timeouts": null,
            "tpm_support": "",
            "uefi_data": null,
            "usage_operation": "RunInstances",
            "virtualization_type": "hvm"
          },
          "sensitive_attributes": [],
          "identity_schema_version": 0
        }
      ]
    },
    {
      "mode": "data",
      "type": "aws_security_groups",
      "name": "existing_shared_sg",
      "provider": "provider[\"registry.terraform.io/hashicorp/aws\"]",
      "instances": [
        {
          "schema_version": 0,
          "attributes": {
            "arns": [
              "arn:aws:ec2:us-east-1:697547269739:security-group/sg-0af30dc59595a3bc4"
            ],
            "filter": [
              {
                "name": "group-name",
                "values": [
                  "pmos-tenant-tenant-manager-001-sg"
                ]
              }
            ],
            "id": "us-east-1",
            "ids": [
              "sg-0af30dc59595a3bc4"
            ],
            "tags": null,
            "timeouts": null,
            "vpc_ids": [
              "vpc-0e50b6f61859d634b"
            ]
          },
          "sensitive_attributes": [],
          "identity_schema_version": 0
        }
      ]
    },
    {
      "mode": "data",
      "type": "aws_subnets",
      "name": "default_subnets",
      "provider": "provider[\"registry.terraform.io/hashicorp/aws\"]",
      "instances": [
        {
          "schema_version": 0,
          "attributes": {
            "filter": [
              {
                "name": "vpc-id",
                "values": [
                  "vpc-0e50b6f61859d634b"
                ]
              }
            ],
            "id": "us-east-1",
            "ids": [
              "subnet-0295c9131c6ef1624",
              "subnet-0de1ce5fe74dc1dd3",
              "subnet-0ffc35bc3848c1770",
              "subnet-0fe1dec0a06910352",
              "subnet-0927a5f931173d947",
              "subnet-097028b5c06213ab9"
            ],
            "tags": null,
            "timeouts": null
          },
          "sensitive_attributes": [],
          "identity_schema_version": 0
        }
      ]
    },
    {
      "mode": "data",
      "type": "aws_vpc",
      "name": "default",
      "provider": "provider[\"registry.terraform.io/hashicorp/aws\"]",
      "instances": [
        {
          "schema_version": 0,
          "attributes": {
            "arn": "arn:aws:ec2:us-east-1:697547269739:vpc/vpc-0e50b6f61859d634b",
            "cidr_block": "172.31.0.0/16",
            "cidr_block_associations": [
              {
                "association_id": "vpc-cidr-assoc-0a96127734b2991c6",
                "cidr_block": "172.31.0.0/16",
                "state": "associated"
              }
            ],
            "default": true,
            "dhcp_options_id": "dopt-0599b82c4395afc3b",
            "enable_dns_hostnames": true,
            "enable_dns_support": true,
            "enable_network_address_usage_metrics": false,
            "filter": null,
            "id": "vpc-0e50b6f61859d634b",
            "instance_tenancy": "default",
            "ipv6_association_id": "",
            "ipv6_cidr_block": "",
            "main_route_table_id": "rtb-020fe402e7989be47",
            "owner_id": "697547269739",
            "state": null,
            "tags": {},
            "timeouts": null
          },
          "sensitive_attributes": [],
          "identity_schema_version": 0
        }
      ]
    },
    {
      "mode": "managed",
      "type": "aws_iam_instance_profile",
      "name": "ssm_profile",
      "provider": "provider[\"registry.terraform.io/hashicorp/aws\"]",
      "instances": [
        {
          "schema_version": 0,
          "attributes": {
            "arn": "arn:aws:iam::697547269739:instance-profile/test-patcha-ssm-profile-20251113015746113200000003",
            "create_date": "2025-11-13T01:57:46Z",
            "id": "test-patcha-ssm-profile-20251113015746113200000003",
            "name": "test-patcha-ssm-profile-20251113015746113200000003",
            "name_prefix": "test-patcha-ssm-profile-",
            "path": "/",
            "role": "test-patcha-ssm-role-20251113015745864000000001",
            "tags": null,
            "tags_all": {},
            "unique_id": "AIPA2E2IOUZV7IJQ7VJ4W"
          },
          "sensitive_attributes": [],
          "identity_schema_version": 0,
          "private": "bnVsbA==",
          "dependencies": [
            "aws_iam_role.ssm_role"
          ]
        }
      ]
    },
    {
      "mode": "managed",
      "type": "aws_iam_role",
      "name": "ssm_role",
      "provider": "provider[\"registry.terraform.io/hashicorp/aws\"]",
      "instances": [
        {
          "schema_version": 0,
          "attributes": {
            "arn": "arn:aws:iam::697547269739:role/test-patcha-ssm-role-20251113015745864000000001",
            "assume_role_policy": "{\"Statement\":[{\"Action\":\"sts:AssumeRole\",\"Effect\":\"Allow\",\"Principal\":{\"Service\":\"ec2.amazonaws.com\"}}],\"Version\":\"2012-10-17\"}",
            "create_date": "2025-11-13T01:57:45Z",
            "description": "",
            "force_detach_policies": false,
            "id": "test-patcha-ssm-role-20251113015745864000000001",
            "inline_policy": [],
            "managed_policy_arns": [],
            "max_session_duration": 3600,
            "name": "test-patcha-ssm-role-20251113015745864000000001",
            "name_prefix": "test-patcha-ssm-role-",
            "path": "/",
            "permissions_boundary": "",
            "tags": {
              "InstanceName": "test-patcha",
              "ManagedBy": "PMOS",
              "TenantId": "tenant-manager-001"
            },
            "tags_all": {
              "InstanceName": "test-patcha",
              "ManagedBy": "PMOS",
              "TenantId": "tenant-manager-001"
            },
            "unique_id": "AROA2E2IOUZVUVKBHMYPA"
          },
          "sensitive_attributes": [],
          "identity_schema_version": 0,
          "private": "bnVsbA=="
        }
      ]
    },
    {
      "mode": "managed",
      "type": "aws_iam_role_policy_attachment",
      "name": "ssm_policy_attach",
      "provider": "provider[\"registry.terraform.io/hashicorp/aws\"]",
      "instances": [
        {
          "schema_version": 0,
          "attributes": {
            "id": "test-patcha-ssm-role-20251113015745864000000001-20251113015746207300000004",
            "policy_arn": "arn:aws:iam::aws:policy/AmazonSSMManagedInstanceCore",
            "role": "test-patcha-ssm-role-20251113015745864000000001"
          },
          "sensitive_attributes": [],
          "identity_schema_version": 0,
          "private": "bnVsbA==",
          "dependencies": [
            "aws_iam_role.ssm_role"
          ]
        }
      ]
    },
    {
      "mode": "managed",
      "type": "aws_instance",
      "name": "this_vm",
      "provider": "provider[\"registry.terraform.io/hashicorp/aws\"]",
      "instances": [
        {
          "schema_version": 1,
          "attributes": {
            "ami": "ami-07a27a36afc254c25",
            "arn": "arn:aws:ec2:us-east-1:697547269739:instance/i-0056d51ec3363e134",
            "associate_public_ip_address": true,
            "availability_zone": "us-east-1c",
            "capacity_reservation_specification": [
              {
                "capacity_reservation_preference": "open",
                "capacity_reservation_target": []
              }
            ],
            "cpu_core_count": 1,
            "cpu_options": [
              {
                "amd_sev_snp": "",
                "core_count": 1,
                "threads_per_core": 2
              }
            ],
            "cpu_threads_per_core": 2,
            "credit_specification": [
              {
                "cpu_credits": "unlimited"
              }
            ],
            "disable_api_stop": false,
            "disable_api_termination": false,
            "ebs_block_device": [],
            "ebs_optimized": false,
            "enable_primary_ipv6": null,
            "enclave_options": [
              {
                "enabled": false
              }
            ],
            "ephemeral_block_device": [],
            "get_password_data": false,
            "hibernation": false,
            "host_id": "",
            "host_resource_group_arn": null,
            "iam_instance_profile": "test-patcha-ssm-profile-20251113015746113200000003",
            "id": "i-0056d51ec3363e134",
            "instance_initiated_shutdown_behavior": "stop",
            "instance_lifecycle": "",
            "instance_market_options": [],
            "instance_state": "running",
            "instance_type": "t3.micro",
            "ipv6_address_count": 0,
            "ipv6_addresses": [],
            "key_name": "test-patcha-key-20251113015745943400000002",
            "launch_template": [],
            "maintenance_options": [
              {
                "auto_recovery": "default"
              }
            ],
            "metadata_options": [
              {
                "http_endpoint": "enabled",
                "http_protocol_ipv6": "disabled",
                "http_put_response_hop_limit": 2,
                "http_tokens": "required",
                "instance_metadata_tags": "disabled"
              }
            ],
            "monitoring": false,
            "network_interface": [],
            "outpost_arn": "",
            "password_data": "",
            "placement_group": "",
            "placement_partition_number": 0,
            "primary_network_interface_id": "eni-0a66aea5172ca9cfc",
            "private_dns": "ip-172-31-21-231.ec2.internal",
            "private_dns_name_options": [
              {
                "enable_resource_name_dns_a_record": false,
                "enable_resource_name_dns_aaaa_record": false,
                "hostname_type": "ip-name"
              }
            ],
            "private_ip": "172.31.21.231",
            "public_dns": "ec2-54-82-12-39.compute-1.amazonaws.com",
            "public_ip": "54.82.12.39",
            "root_block_device": [
              {
                "delete_on_termination": true,
                "device_name": "/dev/xvda",
                "encrypted": false,
                "iops": 3000,
                "kms_key_id": "",
                "tags": {},
                "tags_all": {},
                "throughput": 125,
                "volume_id": "vol-07dfe5f1f858b4e89",
                "volume_size": 8,
                "volume_type": "gp3"
              }
            ],
            "secondary_private_ips": [],
            "security_groups": [
              "pmos-tenant-tenant-manager-001-sg"
            ],
            "source_dest_check": true,
            "spot_instance_request_id": "",
            "subnet_id": "subnet-0295c9131c6ef1624",
            "tags": {
              "ManagedBy": "PMOS",
              "Name": "test-patcha",
              "TenantId": "tenant-manager-001"
            },
            "tags_all": {
              "ManagedBy": "PMOS",
              "Name": "test-patcha",
              "TenantId": "tenant-manager-001"
            },
            "tenancy": "default",
            "timeouts": null,
            "user_data": null,
            "user_data_base64": "IyEvYmluL2Jhc2gKIyBVc2VyIGRhdGEgc2NyaXB0cyBhcmUgbm90IHlldCBzdXBwb3J0ZWQgZm9yIGRpcmVjdCBkZXBsb3ltZW50Lgo=",
            "user_data_replace_on_change": false,
            "volume_tags": null,
            "vpc_security_group_ids": [
              "sg-0af30dc59595a3bc4"
            ]
          },
          "sensitive_attributes": [],
          "identity_schema_version": 0,
          "private": "eyJlMmJmYjczMC1lY2FhLTExZTYtOGY4OC0zNDM2M2JjN2M0YzAiOnsiY3JlYXRlIjo2MDAwMDAwMDAwMDAsImRlbGV0ZSI6MTIwMDAwMDAwMDAwMCwicmVhZCI6OTAwMDAwMDAwMDAwLCJ1cGRhdGUiOjYwMDAwMDAwMDAwMH0sInNjaGVtYV92ZXJzaW9uIjoiMSJ9",
          "dependencies": [
            "aws_iam_instance_profile.ssm_profile",
            "aws_iam_role.ssm_role",
            "aws_iam_role_policy_attachment.ssm_policy_attach",
            "aws_key_pair.admin_key",
            "aws_security_group.tenant_shared_sg",
            "data.aws_ami.custom_image",
            "data.aws_security_groups.existing_shared_sg",
            "data.aws_subnets.default_subnets",
            "data.aws_vpc.default",
            "tls_private_key.admin_ssh"
          ]
        }
      ]
    },
    {
      "mode": "managed",
      "type": "aws_key_pair",
      "name": "admin_key",
      "provider": "provider[\"registry.terraform.io/hashicorp/aws\"]",
      "instances": [
        {
          "schema_version": 1,
          "attributes": {
            "arn": "arn:aws:ec2:us-east-1:697547269739:key-pair/test-patcha-key-20251113015745943400000002",
            "fingerprint": "b5:10:8c:9f:97:2a:13:ce:fd:1d:90:d1:83:b5:9d:d2",
            "id": "test-patcha-key-20251113015745943400000002",
            "key_name": "test-patcha-key-20251113015745943400000002",
            "key_name_prefix": "test-patcha-key-",
            "key_pair_id": "key-04b9d7204fe4ac095",
            "key_type": "rsa",
            "public_key": "ssh-rsa AAAAB3NzaC1yc2EAAAADAQABAAABAQDE1XajRzmchGPdtD2I39IM0Jsx1e/tnZbQTR/3R4pazqb+cRNdNE6dnPBjB4z0nkYxiX3PNfE8KY4sUkHMn7ZvuDOEi/AoImbEuMLCvbf3LjqiDlgsbazbXAww9JZQYX5sbyejn0RihjVeI0EdLaJ7Q4+vfBrAUvZenpMsTK2CKva6aNPL71ezCPGPFKxT3cRTSSqVVHF5sEdlLyLU1dXb+Y4c/APYckEwpLx7UU/kkm8oudbQ6OEJsoaDr+7vwxoHtJvBUDs4YJyEiLt3LIQy2Eu+uyFd0LA8uCnspcRyPp/x7FtrTrqPLQiDgi/Bbe7TKZN6k1FpyhpXpeLpxsaX",
            "tags": null,
            "tags_all": {}
          },
          "sensitive_attributes": [],
          "identity_schema_version": 0,
          "private": "eyJzY2hlbWFfdmVyc2lvbiI6IjEifQ==",
          "dependencies": [
            "tls_private_key.admin_ssh"
          ]
        }
      ]
    },
    {
      "mode": "managed",
      "type": "tls_private_key",
      "name": "admin_ssh",
      "provider": "provider[\"registry.terraform.io/hashicorp/tls\"]",
      "instances": [
        {
          "schema_version": 1,
          "attributes": {
            "algorithm": "RSA",
            "ecdsa_curve": "P224",
            "id": "f9ed7469a4d678d03edf208bc85b46bdeb87521d",
            "private_key_openssh": "-----BEGIN OPENSSH PRIVATE KEY-----\nb3BlbnNzaC1rZXktdjEAAAAABG5vbmUAAAAEbm9uZQAAAAAAAAABAAABFwAAAAdz\nc2gtcnNhAAAAAwEAAQAAAQEAxNV2o0c5nIRj3bQ9iN/SDNCbMdXv7Z2W0E0f90eK\nWs6m/nETXTROnZzwYweM9J5GMYl9zzXxPCmOLFJBzJ+2b7gzhIvwKCJmxLjCwr23\n9y46og5YLG2s21wMMPSWUGF+bG8no59EYoY1XiNBHS2ie0OPr3wawFL2Xp6TLEyt\ngir2umjTy+9XswjxjxSsU93EU0kqlVRxebBHZS8i1NXV2/mOHPwD2HJBMKS8e1FP\n5JJvKLnW0OjhCbKGg6/u78MaB7SbwVA7OGCchIi7dyyEMthLvrshXdCwPLgp7KXE\ncj6f8exba066jy0Ig4IvwW3u0ymTepNRacoaV6Xi6cbGlwAAA7gPVIhDD1SIQwAA\nAAdzc2gtcnNhAAABAQDE1XajRzmchGPdtD2I39IM0Jsx1e/tnZbQTR/3R4pazqb+\ncRNdNE6dnPBjB4z0nkYxiX3PNfE8KY4sUkHMn7ZvuDOEi/AoImbEuMLCvbf3Ljqi\nDlgsbazbXAww9JZQYX5sbyejn0RihjVeI0EdLaJ7Q4+vfBrAUvZenpMsTK2CKva6\naNPL71ezCPGPFKxT3cRTSSqVVHF5sEdlLyLU1dXb+Y4c/APYckEwpLx7UU/kkm8o\nudbQ6OEJsoaDr+7vwxoHtJvBUDs4YJyEiLt3LIQy2Eu+uyFd0LA8uCnspcRyPp/x\n7FtrTrqPLQiDgi/Bbe7TKZN6k1FpyhpXpeLpxsaXAAAAAwEAAQAAAQA+BMpkSPlg\nlSBIR1XKLkenTQVRTwjRlEFkMaDcT7jKwulAK42/5M7Of5gIg+UIYGRakGlJJER1\nwdwvn91mpX4ctmvZHCSX6Lr7ygFnzdJMuk60KBPlL8tytI6M0EwaWJW2gdF6DyFD\nb+kZ177Y/DuBXjjEQLTHG3zQNGPH5gMXi3aCMTkrVrNveWrrm5zCkn04CWyDBAky\n4W78Q9CzxGNWIpO65jiU3rM1pOQesuXBoMab7+Eo1jJRipoDCXU/V4t2ezAIzbO+\nS23TWVoLxYJ98vkIxeghSHnDRARWoSWIEIXt0B0ddO7QyQBCcrIY3JEl3b21y/Rq\n2TG+5G7ukg3ZAAAAgGkLQxjRXLkakse71m6ULeIfUDfD4HLxY0cBAgPhnSse46Ai\nArdFhsBg1F/4MKfNEvUQ3HhMZtFB6Krju22lVYlTYktjgCkKnxEpPogTSMfsVL/i\nVMZwpLJPlMG0N3MBTuONQqe0iWZAm3XHWzu9f3UrbQbavJDpkUJ9mPkJ+nHxAAAA\ngQD9WzbSIr/nkNQY2kuzxS0FKlbaKjCdaCF7uDty727oy8r3gsN65PAUHU0UriuK\ngZln1ZpXrHfE8hD+YfpfXP12uLFHLeX6i/z1iJQm1L6UPuUIQVE+U7aJX+RJAJao\n7XZh0IlcvHcxp8qPcpZQGor12a876jUI+pyeyimf5V7r+QAAAIEAxuNDDGVw/GCB\nUjZ2HVT70Ma9IolYejtdylWPFr5uAoXXLQn1i77li+FfmunER0rabcyGUDDUIDSO\nGrkTWYxHQuTPEaeh3E3bZBpexZPvqqVTj4ONEma/H5UUmRCjQR4LV/sj5JxB9PNc\n4ZIQyuKztqyQ2tIllkYVykARUV39Sw8AAAAAAQID\n-----END OPENSSH PRIVATE KEY-----\n",
            "private_key_pem": "-----BEGIN RSA PRIVATE KEY-----\nMIIEpAIBAAKCAQEAxNV2o0c5nIRj3bQ9iN/SDNCbMdXv7Z2W0E0f90eKWs6m/nET\nXTROnZzwYweM9J5GMYl9zzXxPCmOLFJBzJ+2b7gzhIvwKCJmxLjCwr239y46og5Y\nLG2s21wMMPSWUGF+bG8no59EYoY1XiNBHS2ie0OPr3wawFL2Xp6TLEytgir2umjT\ny+9XswjxjxSsU93EU0kqlVRxebBHZS8i1NXV2/mOHPwD2HJBMKS8e1FP5JJvKLnW\n0OjhCbKGg6/u78MaB7SbwVA7OGCchIi7dyyEMthLvrshXdCwPLgp7KXEcj6f8exb\na066jy0Ig4IvwW3u0ymTepNRacoaV6Xi6cbGlwIDAQABAoIBAD4EymRI+WCVIEhH\nVcouR6dNBVFPCNGUQWQxoNxPuMrC6UArjb/kzs5/mAiD5QhgZFqQaUkkRHXB3C+f\n3Walfhy2a9kcJJfouvvKAWfN0ky6TrQoE+Uvy3K0jozQTBpYlbaB0XoPIUNv6RnX\nvtj8O4FeOMRAtMcbfNA0Y8fmAxeLdoIxOStWs295auubnMKSfTgJbIMECTLhbvxD\n0LPEY1Yik7rmOJTeszWk5B6y5cGgxpvv4SjWMlGKmgMJdT9Xi3Z7MAjNs75LbdNZ\nWgvFgn3y+QjF6CFIecNEBFahJYgQhe3QHR107tDJAEJyshjckSXdvbXL9GrZMb7k\nbu6SDdkCgYEA/Vs20iK/55DUGNpLs8UtBSpW2iownWghe7g7cu9u6MvK94LDeuTw\nFB1NFK4rioGZZ9WaV6x3xPIQ/mH6X1z9drixRy3l+ov89YiUJtS+lD7lCEFRPlO2\niV/kSQCWqO12YdCJXLx3MafKj3KWUBqK9dmvO+o1CPqcnsopn+Ve6/kCgYEAxuND\nDGVw/GCBUjZ2HVT70Ma9IolYejtdylWPFr5uAoXXLQn1i77li+FfmunER0rabcyG\nUDDUIDSOGrkTWYxHQuTPEaeh3E3bZBpexZPvqqVTj4ONEma/H5UUmRCjQR4LV/sj\n5JxB9PNc4ZIQyuKztqyQ2tIllkYVykARUV39Sw8CgYEArPROyUbloKwyzkB/e1p4\ncFVF8yroAxyp9u5+zuh62zr79Nl0nvmYlvKlwx9fI+9zDPo5oe5f2LezOCUkqWMu\nuJQ+mSvRGqfj6K3zDUsgSs1gxrDoSFcXflJS4i8fqnRo4z9b9k3GRMSZuDFuQYLN\nKCYRxSIOUHHc51106u3HTekCgYEAuYHwX/eeU0iQVuaFdQZ3elxkvXnuFNSavsbf\nGA+2/JNqCJBpf1cnNDmauxuf//9JjXBfNxzUPtXGVhaafcPiE/rnSUhaKOpV4CDY\nlOFPgpOCRTImuysqyYJ8G+jw3SPw4LdW2z0EKD12PM/I6fRaO+Dpm7C3blsgp+zq\nOkK4pvECgYBpC0MY0Vy5GpLHu9ZulC3iH1A3w+By8WNHAQID4Z0rHuOgIgK3RYbA\nYNRf+DCnzRL1ENx4TGbRQeiq47ttpVWJU2JLY4ApCp8RKT6IE0jH7FS/4lTGcKSy\nT5TBtDdzAU7jjUKntIlmQJt1x1s7vX91K20G2ryQ6ZFCfZj5Cfpx8Q==\n-----END RSA PRIVATE KEY-----\n",
            "private_key_pem_pkcs8": "-----BEGIN PRIVATE KEY-----\nMIIEvgIBADANBgkqhkiG9w0BAQEFAASCBKgwggSkAgEAAoIBAQDE1XajRzmchGPd\ntD2I39IM0Jsx1e/tnZbQTR/3R4pazqb+cRNdNE6dnPBjB4z0nkYxiX3PNfE8KY4s\nUkHMn7ZvuDOEi/AoImbEuMLCvbf3LjqiDlgsbazbXAww9JZQYX5sbyejn0RihjVe\nI0EdLaJ7Q4+vfBrAUvZenpMsTK2CKva6aNPL71ezCPGPFKxT3cRTSSqVVHF5sEdl\nLyLU1dXb+Y4c/APYckEwpLx7UU/kkm8oudbQ6OEJsoaDr+7vwxoHtJvBUDs4YJyE\niLt3LIQy2Eu+uyFd0LA8uCnspcRyPp/x7FtrTrqPLQiDgi/Bbe7TKZN6k1FpyhpX\npeLpxsaXAgMBAAECggEAPgTKZEj5YJUgSEdVyi5Hp00FUU8I0ZRBZDGg3E+4ysLp\nQCuNv+TOzn+YCIPlCGBkWpBpSSREdcHcL5/dZqV+HLZr2Rwkl+i6+8oBZ83STLpO\ntCgT5S/LcrSOjNBMGliVtoHReg8hQ2/pGde+2Pw7gV44xEC0xxt80DRjx+YDF4t2\ngjE5K1azb3lq65ucwpJ9OAlsgwQJMuFu/EPQs8RjViKTuuY4lN6zNaTkHrLlwaDG\nm+/hKNYyUYqaAwl1P1eLdnswCM2zvktt01laC8WCffL5CMXoIUh5w0QEVqEliBCF\n7dAdHXTu0MkAQnKyGNyRJd29tcv0atkxvuRu7pIN2QKBgQD9WzbSIr/nkNQY2kuz\nxS0FKlbaKjCdaCF7uDty727oy8r3gsN65PAUHU0UriuKgZln1ZpXrHfE8hD+Yfpf\nXP12uLFHLeX6i/z1iJQm1L6UPuUIQVE+U7aJX+RJAJao7XZh0IlcvHcxp8qPcpZQ\nGor12a876jUI+pyeyimf5V7r+QKBgQDG40MMZXD8YIFSNnYdVPvQxr0iiVh6O13K\nVY8Wvm4ChdctCfWLvuWL4V+a6cRHStptzIZQMNQgNI4auRNZjEdC5M8Rp6HcTdtk\nGl7Fk++qpVOPg40SZr8flRSZEKNBHgtX+yPknEH081zhkhDK4rO2rJDa0iWWRhXK\nQBFRXf1LDwKBgQCs9E7JRuWgrDLOQH97WnhwVUXzKugDHKn27n7O6HrbOvv02XSe\n+ZiW8qXDH18j73MM+jmh7l/Yt7M4JSSpYy64lD6ZK9Eap+PorfMNSyBKzWDGsOhI\nVxd+UlLiLx+qdGjjP1v2TcZExJm4MW5Bgs0oJhHFIg5QcdznXXTq7cdN6QKBgQC5\ngfBf955TSJBW5oV1Bnd6XGS9ee4U1Jq+xt8YD7b8k2oIkGl/Vyc0OZq7G5///0mN\ncF83HNQ+1cZWFpp9w+IT+udJSFoo6lXgINiU4U+Ck4JFMia7KyrJgnwb6PDdI/Dg\nt1bbPQQoPXY8z8jp9Fo74OmbsLduWyCn7Oo6Qrim8QKBgGkLQxjRXLkakse71m6U\nLeIfUDfD4HLxY0cBAgPhnSse46AiArdFhsBg1F/4MKfNEvUQ3HhMZtFB6Krju22l\nVYlTYktjgCkKnxEpPogTSMfsVL/iVMZwpLJPlMG0N3MBTuONQqe0iWZAm3XHWzu9\nf3UrbQbavJDpkUJ9mPkJ+nHx\n-----END PRIVATE KEY-----\n",
            "public_key_fingerprint_md5": "cd:00:80:55:04:e4:47:d5:a5:08:5a:08:8e:68:92:bd",
            "public_key_fingerprint_sha256": "SHA256:99t2r0AH/kaz5l1993/XS7nfpHtqRwGjxOIC9b6mCOM",
            "public_key_openssh": "ssh-rsa AAAAB3NzaC1yc2EAAAADAQABAAABAQDE1XajRzmchGPdtD2I39IM0Jsx1e/tnZbQTR/3R4pazqb+cRNdNE6dnPBjB4z0nkYxiX3PNfE8KY4sUkHMn7ZvuDOEi/AoImbEuMLCvbf3LjqiDlgsbazbXAww9JZQYX5sbyejn0RihjVeI0EdLaJ7Q4+vfBrAUvZenpMsTK2CKva6aNPL71ezCPGPFKxT3cRTSSqVVHF5sEdlLyLU1dXb+Y4c/APYckEwpLx7UU/kkm8oudbQ6OEJsoaDr+7vwxoHtJvBUDs4YJyEiLt3LIQy2Eu+uyFd0LA8uCnspcRyPp/x7FtrTrqPLQiDgi/Bbe7TKZN6k1FpyhpXpeLpxsaX\n",
            "public_key_pem": "-----BEGIN PUBLIC KEY-----\nMIIBIjANBgkqhkiG9w0BAQEFAAOCAQ8AMIIBCgKCAQEAxNV2o0c5nIRj3bQ9iN/S\nDNCbMdXv7Z2W0E0f90eKWs6m/nETXTROnZzwYweM9J5GMYl9zzXxPCmOLFJBzJ+2\nb7gzhIvwKCJmxLjCwr239y46og5YLG2s21wMMPSWUGF+bG8no59EYoY1XiNBHS2i\ne0OPr3wawFL2Xp6TLEytgir2umjTy+9XswjxjxSsU93EU0kqlVRxebBHZS8i1NXV\n2/mOHPwD2HJBMKS8e1FP5JJvKLnW0OjhCbKGg6/u78MaB7SbwVA7OGCchIi7dyyE\nMthLvrshXdCwPLgp7KXEcj6f8exba066jy0Ig4IvwW3u0ymTepNRacoaV6Xi6cbG\nlwIDAQAB\n-----END PUBLIC KEY-----\n",
            "rsa_bits": 2048
          },
          "sensitive_attributes": [
            [
              {
                "type": "get_attr",
                "value": "private_key_openssh"
              }
            ],
            [
              {
                "type": "get_attr",
                "value": "private_key_pem"
              }
            ],
            [
              {
                "type": "get_attr",
                "value": "private_key_pem_pkcs8"
              }
            ]
          ],
          "identity_schema_version": 0
        }
      ]
    }
  ],
  "check_results": null
}
