{
  "version": 4,
  "terraform_version": "1.13.5",
  "serial": 10,
  "lineage": "14389340-e7f4-b40b-e857-571d4c5d0a7c",
  "outputs": {
    "instance_id": {
      "value": "3361194207241712710",
      "type": "string"
    },
    "network_tags": {
      "value": [
        "allow-ssh-test-gcpfwi-1",
        "ssh-via-iap"
      ],
      "type": [
        "set",
        "string"
      ]
    },
    "private_ip": {
      "value": "10.90.0.2",
      "type": "string"
    },
    "private_ssh_key": {
      "value": "-----BEGIN RSA PRIVATE KEY-----\nMIIEpAIBAAKCAQEA5tuQGOp/J/mFOtVuGw3uAU/JNeFtVqWfxeLtW1k0qVrWA3pY\nq8x2i2bdwEkj7YxQ3xzFMDYj+jHsj5Na5/igKJ7BrebZFCzBZAicEWJ80A/8JGkG\nj55RnR1iY0r3xKrBRsoTjBY+uok0cmQp9/W7J2kSg8rnJYkgDQHgN7gcte/h4b5X\nIuKsl1Omp/TfGPn1Ic8MYwNud3BxPi94UrgrRiCFBUwY2QKGrOKkCnLaXIk5L+Ix\nbBGUJJS/IuD9LnjyIE3K7ORxwDOe6hyPqRc9Jxsn4/I+Cm0wZzKBZyNMgcJByCxL\neosPzHpbec0a9p2+MrdNRYDhHfCoL5yqc9EsnQIDAQABAoIBAE+ZYx0ENeXNpj97\n+eQAMJFpNkKKwM2AfA+aSCcYIg1G0cYPOGW8MR+tz0YOsgGlQPk9DUyrTkplTmDO\n+ShE1MxMuRFCKJVJPUFFqrJf2BNRf6n6QJXii9d1m0gLQFUiX1QONyE1RlnBF0Fe\nAg6KPwa+tvCUVJDfsBpsDCiKJfQg43+TudSZ636cKzvbR0oE4qKOXScnLTGEpR4R\nzr3pvWXeWztaplD7jVd/ra13pVGoN1Vq/ReKB8IT58yacyieUzkZFSmUEx4Sli8k\naSrU5uxwyyAeTsVgP99EcHmnKyuP6yfs1g4xQbGNQDNlrLSvWSkBg6mmcPhn4ZfN\nTGLq5m0CgYEA7o3NywuzJyDGFNU7RKUb5MrHvbCcF/4nUL9DDf3lAgJHwR09vaRb\n/7+mjcaDVle7NiW5xuaF131Jo8cmbEzvcqjpikAqSAousXK37b65nyxIoU2UvxdH\nGKbDPwBFqYjQ9Y1KDWkJGgEBBbJ8WsprU9ZlPeOppye0lSkOUtyPEq8CgYEA972r\nib3kzlBA8UTnUF6LXdMryjXfS8V5fopgvjbGaaEQY6LtoXXoG0o2CQr4VQAQLEf5\n6pbdzOXg1N0ouEspol20mDHRHmoVsQeR2qXndYUvlieBtFXYpTXVNh7FvvJWOBmq\n2wIBkhF/rpzeCF4t+e2hEmTRrfXoZhfMxhdCuHMCgYBuMm84NoVhs9AM25tvUF4c\nSFgQlj7lDnCW6mNNWVWqoecHnDxjGEOvVpbXszYEcq52iuLQsLhvHN8hmuNy7+9E\npiaLyKw/bwS2z+mLF6mjj89VRANMarJa/t3+gl+ruxnb9JKas0STEJeqTBMJ1avS\npJ1MA5jhMIRIyxhkyqIE3QKBgQCX77IBcv2dbmi1z31Rs/ojG7ySckG1FbIyYil8\n3tkGtSn5AVZdnJMyEWxcVWcBsl042xexwL7cx+sAgXZUuHwbQP7eDEdlMMiG3s6b\n2v29/GW34BjTAYcxo3dUjsDWH4ezNkKruGpALA0ziK8/UIs/6XXMcxqJZvQVkOkc\nX+2icwKBgQCdVn7/2Mhdi1Jq18v9HUNyCjdyjbp76Lx09NzNwvdNzAXbFmjqGaSL\nyxgbx+A7TzWaHzSVKl9SqqSN3ppEy4DE8d0Yh/c8xn9v08kFbFniYaSjbEPFqHCo\n98pQkZA8mEbdMjdQQotANc4Rf0cMCuodjS2o7oQYaFInfb4Z91yTpw==\n-----END RSA PRIVATE KEY-----\n",
      "type": "string",
      "sensitive": true
    }
  },
  "resources": [
    {
      "mode": "data",
      "type": "google_compute_network",
      "name": "tenant_vpc",
      "provider": "provider[\"registry.terraform.io/hashicorp/google\"]",
      "instances": [
        {
          "schema_version": 0,
          "attributes": {
            "description": "VPC for tenant tenant-manager-001",
            "gateway_ipv4": "",
            "id": "projects/umos-ab24d/global/networks/pmos-tenant-tenant-manager-001-vpc",
            "internal_ipv6_range": "",
            "name": "pmos-tenant-tenant-manager-001-vpc",
            "project": null,
            "self_link": "https://www.googleapis.com/compute/v1/projects/umos-ab24d/global/networks/pmos-tenant-tenant-manager-001-vpc",
            "subnetworks_self_links": []
          },
          "sensitive_attributes": [],
          "identity_schema_version": 0
        }
      ]
    },
    {
      "mode": "data",
      "type": "google_project",
      "name": "project",
      "provider": "provider[\"registry.terraform.io/hashicorp/google\"]",
      "instances": [
        {
          "schema_version": 0,
          "attributes": {
            "auto_create_network": null,
            "billing_account": null,
            "deletion_policy": "DELETE",
            "effective_labels": {
              "firebase": "enabled",
              "firebase-core": "disabled"
            },
            "folder_id": null,
            "id": "projects/umos-ab24d",
            "labels": {
              "firebase": "enabled",
              "firebase-core": "disabled"
            },
            "name": "umos",
            "number": "924587466064",
            "org_id": null,
            "project_id": "umos-ab24d",
            "skip_delete": null,
            "terraform_labels": {
              "firebase": "enabled",
              "firebase-core": "disabled"
            }
          },
          "sensitive_attributes": [],
          "identity_schema_version": 0
        }
      ]
    },
    {
      "mode": "managed",
      "type": "google_compute_firewall",
      "name": "allow_public_ssh",
      "provider": "provider[\"registry.terraform.io/hashicorp/google\"]",
      "instances": [
        {
          "index_key": 0,
          "schema_version": 1,
          "attributes": {
            "allow": [
              {
                "ports": [
                  "22"
                ],
                "protocol": "tcp"
              }
            ],
            "creation_timestamp": "2025-11-11T11:12:16.446-08:00",
            "deny": [],
            "description": "",
            "destination_ranges": [],
            "direction": "INGRESS",
            "disabled": false,
            "enable_logging": null,
            "id": "projects/umos-ab24d/global/firewalls/pmos-instance-test-gcpfwi-1-allow-ssh",
            "log_config": [],
            "name": "pmos-instance-test-gcpfwi-1-allow-ssh",
            "network": "https://www.googleapis.com/compute/v1/projects/umos-ab24d/global/networks/pmos-tenant-tenant-manager-001-vpc",
            "priority": 1000,
            "project": "umos-ab24d",
            "self_link": "https://www.googleapis.com/compute/v1/projects/umos-ab24d/global/firewalls/pmos-instance-test-gcpfwi-1-allow-ssh",
            "source_ranges": [
              "0.0.0.0/0"
            ],
            "source_service_accounts": null,
            "source_tags": null,
            "target_service_accounts": null,
            "target_tags": [
              "allow-ssh-test-gcpfwi-1"
            ],
            "timeouts": null
          },
          "sensitive_attributes": [],
          "identity_schema_version": 0,
          "private": "eyJlMmJmYjczMC1lY2FhLTExZTYtOGY4OC0zNDM2M2JjN2M0YzAiOnsiY3JlYXRlIjoxMjAwMDAwMDAwMDAwLCJkZWxldGUiOjEyMDAwMDAwMDAwMDAsInVwZGF0ZSI6MTIwMDAwMDAwMDAwMH0sInNjaGVtYV92ZXJzaW9uIjoiMSJ9",
          "dependencies": [
            "data.google_compute_network.tenant_vpc",
            "data.google_project.project",
            "null_resource.allow_iap_ssh_provisioner",
            "null_resource.vpc_provisioner"
          ]
        }
      ]
    },
    {
      "mode": "managed",
      "type": "google_compute_instance",
      "name": "this_vm",
      "provider": "provider[\"registry.terraform.io/hashicorp/google\"]",
      "instances": [
        {
          "schema_version": 6,
          "attributes": {
            "advanced_machine_features": [],
            "allow_stopping_for_update": null,
            "attached_disk": [],
            "boot_disk": [
              {
                "auto_delete": true,
                "device_name": "persistent-disk-0",
                "disk_encryption_key_raw": "",
                "disk_encryption_key_sha256": "",
                "initialize_params": [
                  {
                    "enable_confidential_compute": false,
                    "image": "https://www.googleapis.com/compute/v1/projects/umos-ab24d/global/images/ubuntu-22-04-19271224598",
                    "labels": {},
                    "provisioned_iops": 0,
                    "provisioned_throughput": 0,
                    "resource_manager_tags": null,
                    "size": 20,
                    "storage_pool": "",
                    "type": "pd-standard"
                  }
                ],
                "kms_key_self_link": "",
                "mode": "READ_WRITE",
                "source": "https://www.googleapis.com/compute/v1/projects/umos-ab24d/zones/us-central1-c/disks/test-gcpfwi-1"
              }
            ],
            "can_ip_forward": false,
            "confidential_instance_config": [],
            "cpu_platform": "Intel Broadwell",
            "current_status": "RUNNING",
            "deletion_protection": false,
            "description": "",
            "desired_status": null,
            "effective_labels": {},
            "enable_display": false,
            "guest_accelerator": [],
            "hostname": "",
            "id": "projects/umos-ab24d/zones/us-central1-c/instances/test-gcpfwi-1",
            "instance_id": "3361194207241712710",
            "label_fingerprint": "42WmSpB8rSM=",
            "labels": null,
            "machine_type": "e2-micro",
            "metadata": {
              "ssh-keys": "packer:ssh-rsa AAAAB3NzaC1yc2EAAAADAQABAAABAQDm25AY6n8n+YU61W4bDe4BT8k14W1WpZ/F4u1bWTSpWtYDelirzHaLZt3ASSPtjFDfHMUwNiP6MeyPk1rn+KAonsGt5tkULMFkCJwRYnzQD/wkaQaPnlGdHWJjSvfEqsFGyhOMFj66iTRyZCn39bsnaRKDyucliSANAeA3uBy17+Hhvlci4qyXU6an9N8Y+fUhzwxjA253cHE+L3hSuCtGIIUFTBjZAoas4qQKctpciTkv4jFsEZQklL8i4P0uePIgTcrs5HHAM57qHI+pFz0nGyfj8j4KbTBnMoFnI0yBwkHILEt6iw/Melt5zRr2nb4yt01FgOEd8KgvnKpz0Syd\n"
            },
            "metadata_fingerprint": "3_WXMK1K0ik=",
            "metadata_startup_script": "#!/bin/bash\n# User data scripts are not yet supported for direct deployment.\n",
            "min_cpu_platform": "",
            "name": "test-gcpfwi-1",
            "network_interface": [
              {
                "access_config": [
                  {
                    "nat_ip": "136.115.90.76",
                    "network_tier": "PREMIUM",
                    "public_ptr_domain_name": ""
                  }
                ],
                "alias_ip_range": [],
                "internal_ipv6_prefix_length": 0,
                "ipv6_access_config": [],
                "ipv6_access_type": "",
                "ipv6_address": "",
                "name": "nic0",
                "network": "https://www.googleapis.com/compute/v1/projects/umos-ab24d/global/networks/pmos-tenant-tenant-manager-001-vpc",
                "network_ip": "10.90.0.2",
                "nic_type": "",
                "queue_count": 0,
                "stack_type": "IPV4_ONLY",
                "subnetwork": "https://www.googleapis.com/compute/v1/projects/umos-ab24d/regions/us-central1/subnetworks/test-gcpfwi-1-subnet",
                "subnetwork_project": "umos-ab24d"
              }
            ],
            "network_performance_config": [],
            "params": [],
            "project": "umos-ab24d",
            "reservation_affinity": [],
            "resource_policies": null,
            "scheduling": [
              {
                "automatic_restart": true,
                "instance_termination_action": "",
                "local_ssd_recovery_timeout": [],
                "max_run_duration": [],
                "min_node_cpus": 0,
                "node_affinities": [],
                "on_host_maintenance": "MIGRATE",
                "on_instance_stop_action": [],
                "preemptible": false,
                "provisioning_model": "STANDARD"
              }
            ],
            "scratch_disk": [],
            "self_link": "https://www.googleapis.com/compute/v1/projects/umos-ab24d/zones/us-central1-c/instances/test-gcpfwi-1",
            "service_account": [
              {
                "email": "924587466064-compute@developer.gserviceaccount.com",
                "scopes": [
                  "https://www.googleapis.com/auth/cloud-platform"
                ]
              }
            ],
            "shielded_instance_config": [
              {
                "enable_integrity_monitoring": true,
                "enable_secure_boot": false,
                "enable_vtpm": true
              }
            ],
            "tags": [
              "allow-ssh-test-gcpfwi-1",
              "ssh-via-iap"
            ],
            "tags_fingerprint": "oqELdGG1qMs=",
            "terraform_labels": {},
            "timeouts": null,
            "zone": "us-central1-c"
          },
          "sensitive_attributes": [
            [
              {
                "type": "get_attr",
                "value": "boot_disk"
              },
              {
                "type": "index",
                "value": {
                  "value": 0,
                  "type": "number"
                }
              },
              {
                "type": "get_attr",
                "value": "disk_encryption_key_raw"
              }
            ]
          ],
          "identity_schema_version": 0,
          "private": "eyJlMmJmYjczMC1lY2FhLTExZTYtOGY4OC0zNDM2M2JjN2M0YzAiOnsiY3JlYXRlIjoxMjAwMDAwMDAwMDAwLCJkZWxldGUiOjEyMDAwMDAwMDAwMDAsInVwZGF0ZSI6MTIwMDAwMDAwMDAwMH0sInNjaGVtYV92ZXJzaW9uIjoiNiJ9",
          "dependencies": [
            "data.google_compute_network.tenant_vpc",
            "data.google_project.project",
            "google_compute_subnetwork.this_subnet",
            "null_resource.vpc_provisioner",
            "random_integer.subnet_octet",
            "tls_private_key.admin_ssh"
          ]
        }
      ]
    },
    {
      "mode": "managed",
      "type": "google_compute_subnetwork",
      "name": "this_subnet",
      "provider": "provider[\"registry.terraform.io/hashicorp/google\"]",
      "instances": [
        {
          "schema_version": 0,
          "attributes": {
            "creation_timestamp": "2025-11-11T11:12:09.755-08:00",
            "description": "",
            "external_ipv6_prefix": "",
            "fingerprint": null,
            "gateway_address": "10.90.0.1",
            "id": "projects/umos-ab24d/regions/us-central1/subnetworks/test-gcpfwi-1-subnet",
            "internal_ipv6_prefix": "",
            "ip_cidr_range": "10.90.0.0/24",
            "ipv6_access_type": "",
            "ipv6_cidr_range": "",
            "log_config": [],
            "name": "test-gcpfwi-1-subnet",
            "network": "https://www.googleapis.com/compute/v1/projects/umos-ab24d/global/networks/pmos-tenant-tenant-manager-001-vpc",
            "private_ip_google_access": false,
            "private_ipv6_google_access": "DISABLE_GOOGLE_ACCESS",
            "project": "umos-ab24d",
            "purpose": "PRIVATE",
            "region": "us-central1",
            "role": "",
            "secondary_ip_range": [],
            "self_link": "https://www.googleapis.com/compute/v1/projects/umos-ab24d/regions/us-central1/subnetworks/test-gcpfwi-1-subnet",
            "send_secondary_ip_range_if_empty": null,
            "stack_type": "IPV4_ONLY",
            "timeouts": null
          },
          "sensitive_attributes": [],
          "identity_schema_version": 0,
          "private": "eyJlMmJmYjczMC1lY2FhLTExZTYtOGY4OC0zNDM2M2JjN2M0YzAiOnsiY3JlYXRlIjoxMjAwMDAwMDAwMDAwLCJkZWxldGUiOjEyMDAwMDAwMDAwMDAsInVwZGF0ZSI6MTIwMDAwMDAwMDAwMH19",
          "dependencies": [
            "data.google_compute_network.tenant_vpc",
            "data.google_project.project",
            "null_resource.vpc_provisioner",
            "random_integer.subnet_octet"
          ]
        }
      ]
    },
    {
      "mode": "managed",
      "type": "null_resource",
      "name": "allow_iap_ssh_provisioner",
      "provider": "provider[\"registry.terraform.io/hashicorp/null\"]",
      "instances": [
        {
          "schema_version": 0,
          "attributes": {
            "id": "5556511263888230838",
            "triggers": null
          },
          "sensitive_attributes": [],
          "identity_schema_version": 0,
          "dependencies": [
            "data.google_compute_network.tenant_vpc",
            "data.google_project.project",
            "null_resource.vpc_provisioner"
          ]
        }
      ]
    },
    {
      "mode": "managed",
      "type": "null_resource",
      "name": "allow_internal_provisioner",
      "provider": "provider[\"registry.terraform.io/hashicorp/null\"]",
      "instances": [
        {
          "schema_version": 0,
          "attributes": {
            "id": "9072091331764047407",
            "triggers": null
          },
          "sensitive_attributes": [],
          "identity_schema_version": 0,
          "dependencies": [
            "data.google_compute_network.tenant_vpc",
            "data.google_project.project",
            "null_resource.vpc_provisioner"
          ]
        }
      ]
    },
    {
      "mode": "managed",
      "type": "null_resource",
      "name": "vpc_provisioner",
      "provider": "provider[\"registry.terraform.io/hashicorp/null\"]",
      "instances": [
        {
          "schema_version": 0,
          "attributes": {
            "id": "7401951210666960155",
            "triggers": null
          },
          "sensitive_attributes": [],
          "identity_schema_version": 0,
          "dependencies": [
            "data.google_project.project"
          ]
        }
      ]
    },
    {
      "mode": "managed",
      "type": "random_integer",
      "name": "subnet_octet",
      "provider": "provider[\"registry.terraform.io/hashicorp/random\"]",
      "instances": [
        {
          "schema_version": 0,
          "attributes": {
            "id": "90",
            "keepers": null,
            "max": 254,
            "min": 2,
            "result": 90,
            "seed": null
          },
          "sensitive_attributes": [],
          "identity_schema_version": 0
        }
      ]
    },
    {
      "mode": "managed",
      "type": "tls_private_key",
      "name": "admin_ssh",
      "provider": "provider[\"registry.terraform.io/hashicorp/tls\"]",
      "instances": [
        {
          "index_key": 0,
          "schema_version": 1,
          "attributes": {
            "algorithm": "RSA",
            "ecdsa_curve": "P224",
            "id": "83e63cb575b4f6101badeafd4514699b87dc57bd",
            "private_key_openssh": "-----BEGIN OPENSSH PRIVATE KEY-----\nb3BlbnNzaC1rZXktdjEAAAAABG5vbmUAAAAEbm9uZQAAAAAAAAABAAABFwAAAAdz\nc2gtcnNhAAAAAwEAAQAAAQEA5tuQGOp/J/mFOtVuGw3uAU/JNeFtVqWfxeLtW1k0\nqVrWA3pYq8x2i2bdwEkj7YxQ3xzFMDYj+jHsj5Na5/igKJ7BrebZFCzBZAicEWJ8\n0A/8JGkGj55RnR1iY0r3xKrBRsoTjBY+uok0cmQp9/W7J2kSg8rnJYkgDQHgN7gc\nte/h4b5XIuKsl1Omp/TfGPn1Ic8MYwNud3BxPi94UrgrRiCFBUwY2QKGrOKkCnLa\nXIk5L+IxbBGUJJS/IuD9LnjyIE3K7ORxwDOe6hyPqRc9Jxsn4/I+Cm0wZzKBZyNM\ngcJByCxLeosPzHpbec0a9p2+MrdNRYDhHfCoL5yqc9EsnQAAA7g49e/QOPXv0AAA\nAAdzc2gtcnNhAAABAQDm25AY6n8n+YU61W4bDe4BT8k14W1WpZ/F4u1bWTSpWtYD\nelirzHaLZt3ASSPtjFDfHMUwNiP6MeyPk1rn+KAonsGt5tkULMFkCJwRYnzQD/wk\naQaPnlGdHWJjSvfEqsFGyhOMFj66iTRyZCn39bsnaRKDyucliSANAeA3uBy17+Hh\nvlci4qyXU6an9N8Y+fUhzwxjA253cHE+L3hSuCtGIIUFTBjZAoas4qQKctpciTkv\n4jFsEZQklL8i4P0uePIgTcrs5HHAM57qHI+pFz0nGyfj8j4KbTBnMoFnI0yBwkHI\nLEt6iw/Melt5zRr2nb4yt01FgOEd8KgvnKpz0SydAAAAAwEAAQAAAQBPmWMdBDXl\nzaY/e/nkADCRaTZCisDNgHwPmkgnGCINRtHGDzhlvDEfrc9GDrIBpUD5PQ1Mq05K\nZU5gzvkoRNTMTLkRQiiVST1BRaqyX9gTUX+p+kCV4ovXdZtIC0BVIl9UDjchNUZZ\nwRdBXgIOij8GvrbwlFSQ37AabAwoiiX0ION/k7nUmet+nCs720dKBOKijl0nJy0x\nhKUeEc696b1l3ls7WqZQ+41Xf62td6VRqDdVav0XigfCE+fMmnMonlM5GRUplBMe\nEpYvJGkq1ObscMsgHk7FYD/fRHB5pysrj+sn7NYOMUGxjUAzZay0r1kpAYOppnD4\nZ+GXzUxi6uZtAAAAgQCdVn7/2Mhdi1Jq18v9HUNyCjdyjbp76Lx09NzNwvdNzAXb\nFmjqGaSLyxgbx+A7TzWaHzSVKl9SqqSN3ppEy4DE8d0Yh/c8xn9v08kFbFniYaSj\nbEPFqHCo98pQkZA8mEbdMjdQQotANc4Rf0cMCuodjS2o7oQYaFInfb4Z91yTpwAA\nAIEA7o3NywuzJyDGFNU7RKUb5MrHvbCcF/4nUL9DDf3lAgJHwR09vaRb/7+mjcaD\nVle7NiW5xuaF131Jo8cmbEzvcqjpikAqSAousXK37b65nyxIoU2UvxdHGKbDPwBF\nqYjQ9Y1KDWkJGgEBBbJ8WsprU9ZlPeOppye0lSkOUtyPEq8AAACBAPe9q4m95M5Q\nQPFE51Bei13TK8o130vFeX6KYL42xmmhEGOi7aF16BtKNgkK+FUAECxH+eqW3czl\n4NTdKLhLKaJdtJgx0R5qFbEHkdql53WFL5YngbRV2KU11TYexb7yVjgZqtsCAZIR\nf66c3gheLfntoRJk0a316GYXzMYXQrhzAAAAAAEC\n-----END OPENSSH PRIVATE KEY-----\n",
            "private_key_pem": "-----BEGIN RSA PRIVATE KEY-----\nMIIEpAIBAAKCAQEA5tuQGOp/J/mFOtVuGw3uAU/JNeFtVqWfxeLtW1k0qVrWA3pY\nq8x2i2bdwEkj7YxQ3xzFMDYj+jHsj5Na5/igKJ7BrebZFCzBZAicEWJ80A/8JGkG\nj55RnR1iY0r3xKrBRsoTjBY+uok0cmQp9/W7J2kSg8rnJYkgDQHgN7gcte/h4b5X\nIuKsl1Omp/TfGPn1Ic8MYwNud3BxPi94UrgrRiCFBUwY2QKGrOKkCnLaXIk5L+Ix\nbBGUJJS/IuD9LnjyIE3K7ORxwDOe6hyPqRc9Jxsn4/I+Cm0wZzKBZyNMgcJByCxL\neosPzHpbec0a9p2+MrdNRYDhHfCoL5yqc9EsnQIDAQABAoIBAE+ZYx0ENeXNpj97\n+eQAMJFpNkKKwM2AfA+aSCcYIg1G0cYPOGW8MR+tz0YOsgGlQPk9DUyrTkplTmDO\n+ShE1MxMuRFCKJVJPUFFqrJf2BNRf6n6QJXii9d1m0gLQFUiX1QONyE1RlnBF0Fe\nAg6KPwa+tvCUVJDfsBpsDCiKJfQg43+TudSZ636cKzvbR0oE4qKOXScnLTGEpR4R\nzr3pvWXeWztaplD7jVd/ra13pVGoN1Vq/ReKB8IT58yacyieUzkZFSmUEx4Sli8k\naSrU5uxwyyAeTsVgP99EcHmnKyuP6yfs1g4xQbGNQDNlrLSvWSkBg6mmcPhn4ZfN\nTGLq5m0CgYEA7o3NywuzJyDGFNU7RKUb5MrHvbCcF/4nUL9DDf3lAgJHwR09vaRb\n/7+mjcaDVle7NiW5xuaF131Jo8cmbEzvcqjpikAqSAousXK37b65nyxIoU2UvxdH\nGKbDPwBFqYjQ9Y1KDWkJGgEBBbJ8WsprU9ZlPeOppye0lSkOUtyPEq8CgYEA972r\nib3kzlBA8UTnUF6LXdMryjXfS8V5fopgvjbGaaEQY6LtoXXoG0o2CQr4VQAQLEf5\n6pbdzOXg1N0ouEspol20mDHRHmoVsQeR2qXndYUvlieBtFXYpTXVNh7FvvJWOBmq\n2wIBkhF/rpzeCF4t+e2hEmTRrfXoZhfMxhdCuHMCgYBuMm84NoVhs9AM25tvUF4c\nSFgQlj7lDnCW6mNNWVWqoecHnDxjGEOvVpbXszYEcq52iuLQsLhvHN8hmuNy7+9E\npiaLyKw/bwS2z+mLF6mjj89VRANMarJa/t3+gl+ruxnb9JKas0STEJeqTBMJ1avS\npJ1MA5jhMIRIyxhkyqIE3QKBgQCX77IBcv2dbmi1z31Rs/ojG7ySckG1FbIyYil8\n3tkGtSn5AVZdnJMyEWxcVWcBsl042xexwL7cx+sAgXZUuHwbQP7eDEdlMMiG3s6b\n2v29/GW34BjTAYcxo3dUjsDWH4ezNkKruGpALA0ziK8/UIs/6XXMcxqJZvQVkOkc\nX+2icwKBgQCdVn7/2Mhdi1Jq18v9HUNyCjdyjbp76Lx09NzNwvdNzAXbFmjqGaSL\nyxgbx+A7TzWaHzSVKl9SqqSN3ppEy4DE8d0Yh/c8xn9v08kFbFniYaSjbEPFqHCo\n98pQkZA8mEbdMjdQQotANc4Rf0cMCuodjS2o7oQYaFInfb4Z91yTpw==\n-----END RSA PRIVATE KEY-----\n",
            "private_key_pem_pkcs8": "-----BEGIN PRIVATE KEY-----\nMIIEvgIBADANBgkqhkiG9w0BAQEFAASCBKgwggSkAgEAAoIBAQDm25AY6n8n+YU6\n1W4bDe4BT8k14W1WpZ/F4u1bWTSpWtYDelirzHaLZt3ASSPtjFDfHMUwNiP6MeyP\nk1rn+KAonsGt5tkULMFkCJwRYnzQD/wkaQaPnlGdHWJjSvfEqsFGyhOMFj66iTRy\nZCn39bsnaRKDyucliSANAeA3uBy17+Hhvlci4qyXU6an9N8Y+fUhzwxjA253cHE+\nL3hSuCtGIIUFTBjZAoas4qQKctpciTkv4jFsEZQklL8i4P0uePIgTcrs5HHAM57q\nHI+pFz0nGyfj8j4KbTBnMoFnI0yBwkHILEt6iw/Melt5zRr2nb4yt01FgOEd8Kgv\nnKpz0SydAgMBAAECggEAT5ljHQQ15c2mP3v55AAwkWk2QorAzYB8D5pIJxgiDUbR\nxg84ZbwxH63PRg6yAaVA+T0NTKtOSmVOYM75KETUzEy5EUIolUk9QUWqsl/YE1F/\nqfpAleKL13WbSAtAVSJfVA43ITVGWcEXQV4CDoo/Br628JRUkN+wGmwMKIol9CDj\nf5O51JnrfpwrO9tHSgTioo5dJyctMYSlHhHOvem9Zd5bO1qmUPuNV3+trXelUag3\nVWr9F4oHwhPnzJpzKJ5TORkVKZQTHhKWLyRpKtTm7HDLIB5OxWA/30RweacrK4/r\nJ+zWDjFBsY1AM2WstK9ZKQGDqaZw+Gfhl81MYurmbQKBgQDujc3LC7MnIMYU1TtE\npRvkyse9sJwX/idQv0MN/eUCAkfBHT29pFv/v6aNxoNWV7s2JbnG5oXXfUmjxyZs\nTO9yqOmKQCpICi6xcrftvrmfLEihTZS/F0cYpsM/AEWpiND1jUoNaQkaAQEFsnxa\nymtT1mU946mnJ7SVKQ5S3I8SrwKBgQD3vauJveTOUEDxROdQXotd0yvKNd9LxXl+\nimC+NsZpoRBjou2hdegbSjYJCvhVABAsR/nqlt3M5eDU3Si4SymiXbSYMdEeahWx\nB5Haped1hS+WJ4G0VdilNdU2HsW+8lY4GarbAgGSEX+unN4IXi357aESZNGt9ehm\nF8zGF0K4cwKBgG4ybzg2hWGz0Azbm29QXhxIWBCWPuUOcJbqY01ZVaqh5wecPGMY\nQ69WltezNgRyrnaK4tCwuG8c3yGa43Lv70SmJovIrD9vBLbP6YsXqaOPz1VEA0xq\nslr+3f6CX6u7Gdv0kpqzRJMQl6pMEwnVq9KknUwDmOEwhEjLGGTKogTdAoGBAJfv\nsgFy/Z1uaLXPfVGz+iMbvJJyQbUVsjJiKXze2Qa1KfkBVl2ckzIRbFxVZwGyXTjb\nF7HAvtzH6wCBdlS4fBtA/t4MR2UwyIbezpva/b38ZbfgGNMBhzGjd1SOwNYfh7M2\nQqu4akAsDTOIrz9Qiz/pdcxzGolm9BWQ6Rxf7aJzAoGBAJ1Wfv/YyF2LUmrXy/0d\nQ3IKN3KNunvovHT03M3C903MBdsWaOoZpIvLGBvH4DtPNZofNJUqX1KqpI3emkTL\ngMTx3RiH9zzGf2/TyQVsWeJhpKNsQ8WocKj3ylCRkDyYRt0yN1BCi0A1zhF/RwwK\n6h2NLajuhBhoUid9vhn3XJOn\n-----END PRIVATE KEY-----\n",
            "public_key_fingerprint_md5": "ee:82:ef:66:4b:b4:09:a4:96:f1:f3:55:4a:aa:9d:a9",
            "public_key_fingerprint_sha256": "SHA256:vkwITdavJlB3Dds6uVsVqdBiZP2xo1xgSj58XnLYOdw",
            "public_key_openssh": "ssh-rsa AAAAB3NzaC1yc2EAAAADAQABAAABAQDm25AY6n8n+YU61W4bDe4BT8k14W1WpZ/F4u1bWTSpWtYDelirzHaLZt3ASSPtjFDfHMUwNiP6MeyPk1rn+KAonsGt5tkULMFkCJwRYnzQD/wkaQaPnlGdHWJjSvfEqsFGyhOMFj66iTRyZCn39bsnaRKDyucliSANAeA3uBy17+Hhvlci4qyXU6an9N8Y+fUhzwxjA253cHE+L3hSuCtGIIUFTBjZAoas4qQKctpciTkv4jFsEZQklL8i4P0uePIgTcrs5HHAM57qHI+pFz0nGyfj8j4KbTBnMoFnI0yBwkHILEt6iw/Melt5zRr2nb4yt01FgOEd8KgvnKpz0Syd\n",
            "public_key_pem": "-----BEGIN PUBLIC KEY-----\nMIIBIjANBgkqhkiG9w0BAQEFAAOCAQ8AMIIBCgKCAQEA5tuQGOp/J/mFOtVuGw3u\nAU/JNeFtVqWfxeLtW1k0qVrWA3pYq8x2i2bdwEkj7YxQ3xzFMDYj+jHsj5Na5/ig\nKJ7BrebZFCzBZAicEWJ80A/8JGkGj55RnR1iY0r3xKrBRsoTjBY+uok0cmQp9/W7\nJ2kSg8rnJYkgDQHgN7gcte/h4b5XIuKsl1Omp/TfGPn1Ic8MYwNud3BxPi94Urgr\nRiCFBUwY2QKGrOKkCnLaXIk5L+IxbBGUJJS/IuD9LnjyIE3K7ORxwDOe6hyPqRc9\nJxsn4/I+Cm0wZzKBZyNMgcJByCxLeosPzHpbec0a9p2+MrdNRYDhHfCoL5yqc9Es\nnQIDAQAB\n-----END PUBLIC KEY-----\n",
            "rsa_bits": 2048
          },
          "sensitive_attributes": [
            [
              {
                "type": "get_attr",
                "value": "private_key_openssh"
              }
            ],
            [
              {
                "type": "get_attr",
                "value": "private_key_pem"
              }
            ],
            [
              {
                "type": "get_attr",
                "value": "private_key_pem_pkcs8"
              }
            ]
          ],
          "identity_schema_version": 0
        }
      ]
    }
  ],
  "check_results": null
}
