{
  "version": 4,
  "terraform_version": "1.13.5",
  "serial": 10,
  "lineage": "c45aa72a-3eb8-c8c2-1914-edebf306e887",
  "outputs": {
    "gcp_instance_name": {
      "value": "test-gcpfwg-1",
      "type": "string"
    },
    "gcp_zone": {
      "value": "us-central1-a",
      "type": "string"
    },
    "instance_id": {
      "value": "7209723141998648899",
      "type": "string"
    },
    "network_tags": {
      "value": [
        "allow-ssh-test-gcpfwg-1",
        "ssh-via-iap"
      ],
      "type": [
        "set",
        "string"
      ]
    },
    "private_ip": {
      "value": "10.27.0.2",
      "type": "string"
    },
    "private_ssh_key": {
      "value": "-----BEGIN RSA PRIVATE KEY-----\nMIIEowIBAAKCAQEAox1UPK+zIMgvlksgsWS4JY2ffQeYceBAGSz0c2YzMJ4UKvbQ\n8ToSRJbQBu9lmQBM+eUvEfroezzVsAeG0x7GR3xQmnGPilYOXQKMzpKegcc2RL6C\ncZD/6Cr4gzaVCwtB77nQ3hdsDiUopr9ymgFGoFWNorqAlHSYQaATqG1hanpxpQdJ\nVqOygg+SZGQjcpK1RU8XdLUOtyL5G2RsiXgd0V05gHdH7rsfMPAdM25I9I8RfPpx\n6xAqjJxmtkuydimBaD8+/RyjkxLV87/dtOu1SiZbaqbhrUfjQbSTroJJ35m++8Ec\ninTIgh5Rtxoep66g9AB5uTyvG9z5N8DRkEdUAQIDAQABAoIBAAxg5esjFE95Ea9w\nrR75O0ZSTJey8100/PhMIpL9XwYiAPrPt0SPOSKuZUQZd9bYIH9YZq2RIoJzt+2/\nbHpqG/cB1qYZ1yBS7o0da+0jUFcd9J7b7E9NBzapyClBA6eOZ6cXLWQlV+Rs6nxZ\nDAvm6+KwC2sdhzN8868LRGKkRl/Lov5EWdphHwqt9HGUzXnoa/v4XblEJvWmX4td\nhf6SxyAouhm+O2pxtUv2nBrDAsuXWVpVzMGBo0CVzTU/uy25LnNpUaSD5+FiakpQ\nOz+jLTtnDhu0jwdUsN7KaGeAqSF5zjo5zg4Nz2PsLwPv+lk1ZMd1urgaOqBFZZs+\nHGCMxzcCgYEAz5mJlo8nbDtdglgbwGkW8PC66xc+kWZaC32lr1isr+yV0KHfoCGD\ndYYsfYIEiBelpgyHgluN+fPqZD2BWwsQLkP8+Y6nLQd15Y6PZlsdZTytMHfG2bIi\nUSyrIt9HQc5At2Tn/nx6PzpjnTL/uliyXbCvGN0rbIzIO2VNcBzRkm8CgYEAySS4\nf/a2i7klQKLuVQ0krjPgIx5w13RjDbJ8MSDMXwwI2A1jydeBb8bsshNO9XZ/zOS+\ncRN9hKpzYL3eunrohQOV4tFwRQoRBuchnPVcTqIPfljVi17+IdIozaUzH6KiDyDe\n61x0tbcJE1/KFFyWZhDs8hlMB7m5nX1uo5XV+I8CgYEAtfA9oPG8/yHYBc/qImr3\nbBnN9xLcBtnIuKFZf58bWOLjOYFkVxaH+4unmidEiXEP/8KjUB+lAhY+qbMtlvjP\nKXz0TFI1OUV8kb6q9m2MCZlvvzZ503hGkxWutlUwQf/cv91zZJj7Gka13qM/c7Ug\nPPQHwKa00+Fd6pARmdvn34kCgYAqUt23n1Qd5mFeTmpT3yYeua+p9BfOXiERmsLj\nG4GlZkTeIUMkD4Ke4H6hocp1f++4T1F7PZyls6//ZTRejMosYurBBUzYWhvnFe9O\ntZosuZEFBvA4GU7kEvKfAunU+EWdZU9Cuvub2N3CA9/jlO/YnisdbhE/ducFqoUD\nSt3xJQKBgD/vIblZ7u+juzNLVzA3uLsMmOSXV8Blb15MgJXpqoP/2ZjkpjiL9XGX\ngjO9f1ogK4W8nLu32FgQXjoAWbzRjvZ2tNO9T1CYvK7m6QbZCgcv/7syzeuwfT4C\ngEWd7Sohh2KdslgNDV6cc25BRhr7G+hJKtTzSU1jCvESMikj57ix\n-----END RSA PRIVATE KEY-----\n",
      "type": "string",
      "sensitive": true
    },
    "ssh_command_linux": {
      "value": "gcloud compute ssh --zone=us-central1-a test-gcpfwg-1 --tunnel-through-iap --project=umos-ab24d --ssh-key-file=\u003cpath_to_private_key\u003e",
      "type": "string",
      "sensitive": true
    },
    "subnet_id": {
      "value": "projects/umos-ab24d/regions/us-central1/subnetworks/test-gcpfwg-1-subnet",
      "type": "string"
    }
  },
  "resources": [
    {
      "mode": "data",
      "type": "google_compute_network",
      "name": "tenant_vpc",
      "provider": "provider[\"registry.terraform.io/hashicorp/google\"]",
      "instances": [
        {
          "schema_version": 0,
          "attributes": {
            "description": "VPC for tenant tenant-manager-001",
            "gateway_ipv4": "",
            "id": "projects/umos-ab24d/global/networks/pmos-tenant-tenant-manager-001-vpc",
            "internal_ipv6_range": "",
            "name": "pmos-tenant-tenant-manager-001-vpc",
            "network_id": 4400994412234945680,
            "network_profile": "",
            "numeric_id": "4400994412234945680",
            "project": null,
            "self_link": "https://www.googleapis.com/compute/v1/projects/umos-ab24d/global/networks/pmos-tenant-tenant-manager-001-vpc",
            "subnetworks_self_links": [
              "https://www.googleapis.com/compute/v1/projects/umos-ab24d/regions/us-central1/subnetworks/test-gcpfwb-2-subnet",
              "https://www.googleapis.com/compute/v1/projects/umos-ab24d/regions/us-central1/subnetworks/test-gcpfwd-2-subnet",
              "https://www.googleapis.com/compute/v1/projects/umos-ab24d/regions/us-central1/subnetworks/test-gcpfwf-1-subnet",
              "https://www.googleapis.com/compute/v1/projects/umos-ab24d/regions/us-central1/subnetworks/test-gcpfwb-3-subnet",
              "https://www.googleapis.com/compute/v1/projects/umos-ab24d/regions/us-central1/subnetworks/test-gcpfwb-1-subnet",
              "https://www.googleapis.com/compute/v1/projects/umos-ab24d/regions/us-central1/subnetworks/test-gcpfwd-3-subnet",
              "https://www.googleapis.com/compute/v1/projects/umos-ab24d/regions/us-central1/subnetworks/test-gcpfwf-3-subnet",
              "https://www.googleapis.com/compute/v1/projects/umos-ab24d/regions/us-central1/subnetworks/test-gcpfwf-2-subnet",
              "https://www.googleapis.com/compute/v1/projects/umos-ab24d/regions/us-central1/subnetworks/test-gcpfwd-1-subnet"
            ]
          },
          "sensitive_attributes": [],
          "identity_schema_version": 0
        }
      ]
    },
    {
      "mode": "data",
      "type": "google_project",
      "name": "project",
      "provider": "provider[\"registry.terraform.io/hashicorp/google\"]",
      "instances": [
        {
          "schema_version": 0,
          "attributes": {
            "auto_create_network": null,
            "billing_account": null,
            "deletion_policy": "PREVENT",
            "effective_labels": {
              "firebase": "enabled",
              "firebase-core": "disabled"
            },
            "folder_id": null,
            "id": "projects/umos-ab24d",
            "labels": {
              "firebase": "enabled",
              "firebase-core": "disabled"
            },
            "name": "umos",
            "number": "924587466064",
            "org_id": null,
            "project_id": "umos-ab24d",
            "tags": null,
            "terraform_labels": {
              "firebase": "enabled",
              "firebase-core": "disabled"
            }
          },
          "sensitive_attributes": [],
          "identity_schema_version": 0
        }
      ]
    },
    {
      "mode": "managed",
      "type": "google_compute_firewall",
      "name": "allow_public_ssh",
      "provider": "provider[\"registry.terraform.io/hashicorp/google\"]",
      "instances": [
        {
          "index_key": 0,
          "schema_version": 1,
          "attributes": {
            "allow": [
              {
                "ports": [
                  "22"
                ],
                "protocol": "tcp"
              }
            ],
            "creation_timestamp": "2025-11-11T12:46:25.452-08:00",
            "deny": [],
            "description": "",
            "destination_ranges": [],
            "direction": "INGRESS",
            "disabled": false,
            "enable_logging": null,
            "id": "projects/umos-ab24d/global/firewalls/pmos-instance-test-gcpfwg-1-allow-ssh",
            "log_config": [],
            "name": "pmos-instance-test-gcpfwg-1-allow-ssh",
            "network": "https://www.googleapis.com/compute/v1/projects/umos-ab24d/global/networks/pmos-tenant-tenant-manager-001-vpc",
            "params": [],
            "priority": 1000,
            "project": "umos-ab24d",
            "self_link": "https://www.googleapis.com/compute/v1/projects/umos-ab24d/global/firewalls/pmos-instance-test-gcpfwg-1-allow-ssh",
            "source_ranges": [
              "0.0.0.0/0"
            ],
            "source_service_accounts": null,
            "source_tags": null,
            "target_service_accounts": null,
            "target_tags": [
              "allow-ssh-test-gcpfwg-1"
            ],
            "timeouts": null
          },
          "sensitive_attributes": [],
          "identity_schema_version": 0,
          "private": "eyJlMmJmYjczMC1lY2FhLTExZTYtOGY4OC0zNDM2M2JjN2M0YzAiOnsiY3JlYXRlIjoxMjAwMDAwMDAwMDAwLCJkZWxldGUiOjEyMDAwMDAwMDAwMDAsInVwZGF0ZSI6MTIwMDAwMDAwMDAwMH0sInNjaGVtYV92ZXJzaW9uIjoiMSJ9",
          "dependencies": [
            "data.google_compute_network.tenant_vpc",
            "data.google_project.project",
            "null_resource.vpc_provisioner"
          ]
        }
      ]
    },
    {
      "mode": "managed",
      "type": "google_compute_instance",
      "name": "this_vm",
      "provider": "provider[\"registry.terraform.io/hashicorp/google\"]",
      "instances": [
        {
          "schema_version": 6,
          "attributes": {
            "advanced_machine_features": [],
            "allow_stopping_for_update": null,
            "attached_disk": [],
            "boot_disk": [
              {
                "auto_delete": true,
                "device_name": "persistent-disk-0",
                "disk_encryption_key_raw": "",
                "disk_encryption_key_rsa": "",
                "disk_encryption_key_sha256": "",
                "disk_encryption_service_account": "",
                "force_attach": false,
                "guest_os_features": [
                  "VIRTIO_SCSI_MULTIQUEUE",
                  "SEV_CAPABLE",
                  "SEV_SNP_CAPABLE",
                  "SEV_LIVE_MIGRATABLE",
                  "SEV_LIVE_MIGRATABLE_V2",
                  "IDPF",
                  "TDX_CAPABLE",
                  "UEFI_COMPATIBLE",
                  "GVNIC"
                ],
                "initialize_params": [
                  {
                    "architecture": "X86_64",
                    "enable_confidential_compute": false,
                    "image": "https://www.googleapis.com/compute/v1/projects/umos-ab24d/global/images/ubuntu-22-04-19271224598",
                    "labels": {},
                    "provisioned_iops": 0,
                    "provisioned_throughput": 0,
                    "resource_manager_tags": null,
                    "resource_policies": [],
                    "size": 20,
                    "snapshot": "",
                    "source_image_encryption_key": [],
                    "source_snapshot_encryption_key": [],
                    "storage_pool": "",
                    "type": "pd-standard"
                  }
                ],
                "interface": "",
                "kms_key_self_link": "",
                "mode": "READ_WRITE",
                "source": "https://www.googleapis.com/compute/v1/projects/umos-ab24d/zones/us-central1-a/disks/test-gcpfwg-1"
              }
            ],
            "can_ip_forward": false,
            "confidential_instance_config": [],
            "cpu_platform": "Intel Broadwell",
            "creation_timestamp": "2025-11-11T12:46:36.756-08:00",
            "current_status": "RUNNING",
            "deletion_protection": false,
            "description": "",
            "desired_status": null,
            "effective_labels": {
              "goog-terraform-provisioned": "true"
            },
            "enable_display": false,
            "guest_accelerator": [],
            "hostname": "",
            "id": "projects/umos-ab24d/zones/us-central1-a/instances/test-gcpfwg-1",
            "instance_encryption_key": [],
            "instance_id": "7209723141998648899",
            "key_revocation_action_type": "",
            "label_fingerprint": "vezUS-42LLM=",
            "labels": null,
            "machine_type": "e2-micro",
            "metadata": {
              "metadata_startup_script": "#!/bin/bash\n# User data scripts are not yet supported for direct deployment.\n",
              "ssh-keys": "packer:ssh-rsa AAAAB3NzaC1yc2EAAAADAQABAAABAQCjHVQ8r7MgyC+WSyCxZLgljZ99B5hx4EAZLPRzZjMwnhQq9tDxOhJEltAG72WZAEz55S8R+uh7PNWwB4bTHsZHfFCacY+KVg5dAozOkp6BxzZEvoJxkP/oKviDNpULC0HvudDeF2wOJSimv3KaAUagVY2iuoCUdJhBoBOobWFqenGlB0lWo7KCD5JkZCNykrVFTxd0tQ63IvkbZGyJeB3RXTmAd0fuux8w8B0zbkj0jxF8+nHrECqMnGa2S7J2KYFoPz79HKOTEtXzv92067VKJltqpuGtR+NBtJOugknfmb77wRyKdMiCHlG3Gh6nrqD0AHm5PK8b3Pk3wNGQR1QB\n"
            },
            "metadata_fingerprint": "7tzZbp2LCYo=",
            "metadata_startup_script": null,
            "min_cpu_platform": "",
            "name": "test-gcpfwg-1",
            "network_interface": [
              {
                "access_config": [],
                "alias_ip_range": [],
                "internal_ipv6_prefix_length": 0,
                "ipv6_access_config": [],
                "ipv6_access_type": "",
                "ipv6_address": "",
                "name": "nic0",
                "network": "https://www.googleapis.com/compute/v1/projects/umos-ab24d/global/networks/pmos-tenant-tenant-manager-001-vpc",
                "network_attachment": "",
                "network_ip": "10.27.0.2",
                "nic_type": "",
                "queue_count": 0,
                "stack_type": "IPV4_ONLY",
                "subnetwork": "https://www.googleapis.com/compute/v1/projects/umos-ab24d/regions/us-central1/subnetworks/test-gcpfwg-1-subnet",
                "subnetwork_project": "umos-ab24d"
              }
            ],
            "network_performance_config": [],
            "params": [],
            "project": "umos-ab24d",
            "reservation_affinity": [],
            "resource_policies": null,
            "scheduling": [
              {
                "automatic_restart": true,
                "availability_domain": 0,
                "instance_termination_action": "",
                "local_ssd_recovery_timeout": [],
                "max_run_duration": [],
                "min_node_cpus": 0,
                "node_affinities": [],
                "on_host_maintenance": "MIGRATE",
                "on_instance_stop_action": [],
                "preemptible": false,
                "provisioning_model": "STANDARD",
                "termination_time": ""
              }
            ],
            "scratch_disk": [],
            "self_link": "https://www.googleapis.com/compute/v1/projects/umos-ab24d/zones/us-central1-a/instances/test-gcpfwg-1",
            "service_account": [
              {
                "email": "924587466064-compute@developer.gserviceaccount.com",
                "scopes": [
                  "https://www.googleapis.com/auth/cloud-platform"
                ]
              }
            ],
            "shielded_instance_config": [
              {
                "enable_integrity_monitoring": true,
                "enable_secure_boot": false,
                "enable_vtpm": true
              }
            ],
            "tags": [
              "allow-ssh-test-gcpfwg-1",
              "ssh-via-iap"
            ],
            "tags_fingerprint": "AlSC6Y4XpjM=",
            "terraform_labels": {
              "goog-terraform-provisioned": "true"
            },
            "timeouts": null,
            "zone": "us-central1-a"
          },
          "sensitive_attributes": [
            [
              {
                "type": "get_attr",
                "value": "boot_disk"
              },
              {
                "type": "index",
                "value": {
                  "value": 0,
                  "type": "number"
                }
              },
              {
                "type": "get_attr",
                "value": "disk_encryption_key_raw"
              }
            ],
            [
              {
                "type": "get_attr",
                "value": "boot_disk"
              },
              {
                "type": "index",
                "value": {
                  "value": 0,
                  "type": "number"
                }
              },
              {
                "type": "get_attr",
                "value": "disk_encryption_key_rsa"
              }
            ]
          ],
          "identity_schema_version": 0,
          "private": "eyJlMmJmYjczMC1lY2FhLTExZTYtOGY4OC0zNDM2M2JjN2M0YzAiOnsiY3JlYXRlIjoxMjAwMDAwMDAwMDAwLCJkZWxldGUiOjEyMDAwMDAwMDAwMDAsInVwZGF0ZSI6MTIwMDAwMDAwMDAwMH0sInNjaGVtYV92ZXJzaW9uIjoiNiJ9",
          "dependencies": [
            "data.google_compute_network.tenant_vpc",
            "data.google_project.project",
            "google_compute_subnetwork.this_subnet",
            "null_resource.allow_iap_ssh_provisioner",
            "null_resource.allow_internal_provisioner",
            "null_resource.vpc_provisioner",
            "random_integer.subnet_octet",
            "tls_private_key.admin_ssh"
          ]
        }
      ]
    },
    {
      "mode": "managed",
      "type": "google_compute_subnetwork",
      "name": "this_subnet",
      "provider": "provider[\"registry.terraform.io/hashicorp/google\"]",
      "instances": [
        {
          "schema_version": 0,
          "attributes": {
            "creation_timestamp": "2025-11-11T12:46:25.289-08:00",
            "description": "",
            "external_ipv6_prefix": "",
            "fingerprint": null,
            "gateway_address": "10.27.0.1",
            "id": "projects/umos-ab24d/regions/us-central1/subnetworks/test-gcpfwg-1-subnet",
            "internal_ipv6_prefix": "",
            "ip_cidr_range": "10.27.0.0/24",
            "ip_collection": null,
            "ipv6_access_type": "",
            "ipv6_cidr_range": "",
            "ipv6_gce_endpoint": "",
            "log_config": [],
            "name": "test-gcpfwg-1-subnet",
            "network": "https://www.googleapis.com/compute/v1/projects/umos-ab24d/global/networks/pmos-tenant-tenant-manager-001-vpc",
            "params": [],
            "private_ip_google_access": false,
            "private_ipv6_google_access": "DISABLE_GOOGLE_ACCESS",
            "project": "umos-ab24d",
            "purpose": "PRIVATE",
            "region": "us-central1",
            "reserved_internal_range": "",
            "role": "",
            "secondary_ip_range": [],
            "self_link": "https://www.googleapis.com/compute/v1/projects/umos-ab24d/regions/us-central1/subnetworks/test-gcpfwg-1-subnet",
            "send_secondary_ip_range_if_empty": null,
            "stack_type": "IPV4_ONLY",
            "state": "",
            "subnetwork_id": 7097421639972691534,
            "timeouts": null
          },
          "sensitive_attributes": [],
          "identity_schema_version": 0,
          "private": "eyJlMmJmYjczMC1lY2FhLTExZTYtOGY4OC0zNDM2M2JjN2M0YzAiOnsiY3JlYXRlIjoxMjAwMDAwMDAwMDAwLCJkZWxldGUiOjEyMDAwMDAwMDAwMDAsInVwZGF0ZSI6MTIwMDAwMDAwMDAwMH19",
          "dependencies": [
            "data.google_compute_network.tenant_vpc",
            "data.google_project.project",
            "null_resource.vpc_provisioner",
            "random_integer.subnet_octet"
          ]
        }
      ]
    },
    {
      "mode": "managed",
      "type": "null_resource",
      "name": "allow_iap_ssh_provisioner",
      "provider": "provider[\"registry.terraform.io/hashicorp/null\"]",
      "instances": [
        {
          "schema_version": 0,
          "attributes": {
            "id": "6386930863645015091",
            "triggers": {
              "network_self_link": "https://www.googleapis.com/compute/v1/projects/umos-ab24d/global/networks/pmos-tenant-tenant-manager-001-vpc",
              "tenant_id": "tenant-manager-001"
            }
          },
          "sensitive_attributes": [],
          "identity_schema_version": 0,
          "dependencies": [
            "data.google_compute_network.tenant_vpc",
            "data.google_project.project",
            "null_resource.vpc_provisioner"
          ]
        }
      ]
    },
    {
      "mode": "managed",
      "type": "null_resource",
      "name": "allow_internal_provisioner",
      "provider": "provider[\"registry.terraform.io/hashicorp/null\"]",
      "instances": [
        {
          "schema_version": 0,
          "attributes": {
            "id": "5981844623313533475",
            "triggers": {
              "network_self_link": "https://www.googleapis.com/compute/v1/projects/umos-ab24d/global/networks/pmos-tenant-tenant-manager-001-vpc",
              "tenant_id": "tenant-manager-001"
            }
          },
          "sensitive_attributes": [],
          "identity_schema_version": 0,
          "dependencies": [
            "data.google_compute_network.tenant_vpc",
            "data.google_project.project",
            "null_resource.vpc_provisioner"
          ]
        }
      ]
    },
    {
      "mode": "managed",
      "type": "null_resource",
      "name": "vpc_provisioner",
      "provider": "provider[\"registry.terraform.io/hashicorp/null\"]",
      "instances": [
        {
          "schema_version": 0,
          "attributes": {
            "id": "901957336891654992",
            "triggers": {
              "tenant_id": "tenant-manager-001"
            }
          },
          "sensitive_attributes": [],
          "identity_schema_version": 0,
          "dependencies": [
            "data.google_project.project"
          ]
        }
      ]
    },
    {
      "mode": "managed",
      "type": "random_integer",
      "name": "subnet_octet",
      "provider": "provider[\"registry.terraform.io/hashicorp/random\"]",
      "instances": [
        {
          "schema_version": 0,
          "attributes": {
            "id": "27",
            "keepers": null,
            "max": 254,
            "min": 2,
            "result": 27,
            "seed": null
          },
          "sensitive_attributes": [],
          "identity_schema_version": 0
        }
      ]
    },
    {
      "mode": "managed",
      "type": "tls_private_key",
      "name": "admin_ssh",
      "provider": "provider[\"registry.terraform.io/hashicorp/tls\"]",
      "instances": [
        {
          "index_key": 0,
          "schema_version": 1,
          "attributes": {
            "algorithm": "RSA",
            "ecdsa_curve": "P224",
            "id": "06f90922b6d47359c19fb6957bf543cc90233d2d",
            "private_key_openssh": "-----BEGIN OPENSSH PRIVATE KEY-----\nb3BlbnNzaC1rZXktdjEAAAAABG5vbmUAAAAEbm9uZQAAAAAAAAABAAABFwAAAAdz\nc2gtcnNhAAAAAwEAAQAAAQEAox1UPK+zIMgvlksgsWS4JY2ffQeYceBAGSz0c2Yz\nMJ4UKvbQ8ToSRJbQBu9lmQBM+eUvEfroezzVsAeG0x7GR3xQmnGPilYOXQKMzpKe\ngcc2RL6CcZD/6Cr4gzaVCwtB77nQ3hdsDiUopr9ymgFGoFWNorqAlHSYQaATqG1h\nanpxpQdJVqOygg+SZGQjcpK1RU8XdLUOtyL5G2RsiXgd0V05gHdH7rsfMPAdM25I\n9I8RfPpx6xAqjJxmtkuydimBaD8+/RyjkxLV87/dtOu1SiZbaqbhrUfjQbSTroJJ\n35m++8EcinTIgh5Rtxoep66g9AB5uTyvG9z5N8DRkEdUAQAAA7jGawwXxmsMFwAA\nAAdzc2gtcnNhAAABAQCjHVQ8r7MgyC+WSyCxZLgljZ99B5hx4EAZLPRzZjMwnhQq\n9tDxOhJEltAG72WZAEz55S8R+uh7PNWwB4bTHsZHfFCacY+KVg5dAozOkp6BxzZE\nvoJxkP/oKviDNpULC0HvudDeF2wOJSimv3KaAUagVY2iuoCUdJhBoBOobWFqenGl\nB0lWo7KCD5JkZCNykrVFTxd0tQ63IvkbZGyJeB3RXTmAd0fuux8w8B0zbkj0jxF8\n+nHrECqMnGa2S7J2KYFoPz79HKOTEtXzv92067VKJltqpuGtR+NBtJOugknfmb77\nwRyKdMiCHlG3Gh6nrqD0AHm5PK8b3Pk3wNGQR1QBAAAAAwEAAQAAAQAMYOXrIxRP\neRGvcK0e+TtGUkyXsvNdNPz4TCKS/V8GIgD6z7dEjzkirmVEGXfW2CB/WGatkSKC\nc7ftv2x6ahv3AdamGdcgUu6NHWvtI1BXHfSe2+xPTQc2qcgpQQOnjmenFy1kJVfk\nbOp8WQwL5uvisAtrHYczfPOvC0RipEZfy6L+RFnaYR8KrfRxlM156Gv7+F25RCb1\npl+LXYX+kscgKLoZvjtqcbVL9pwawwLLl1laVczBgaNAlc01P7stuS5zaVGkg+fh\nYmpKUDs/oy07Zw4btI8HVLDeymhngKkhec46Oc4ODc9j7C8D7/pZNWTHdbq4Gjqg\nRWWbPhxgjMc3AAAAgD/vIblZ7u+juzNLVzA3uLsMmOSXV8Blb15MgJXpqoP/2Zjk\npjiL9XGXgjO9f1ogK4W8nLu32FgQXjoAWbzRjvZ2tNO9T1CYvK7m6QbZCgcv/7sy\nzeuwfT4CgEWd7Sohh2KdslgNDV6cc25BRhr7G+hJKtTzSU1jCvESMikj57ixAAAA\ngQDPmYmWjydsO12CWBvAaRbw8LrrFz6RZloLfaWvWKyv7JXQod+gIYN1hix9ggSI\nF6WmDIeCW4358+pkPYFbCxAuQ/z5jqctB3Xljo9mWx1lPK0wd8bZsiJRLKsi30dB\nzkC3ZOf+fHo/OmOdMv+6WLJdsK8Y3StsjMg7ZU1wHNGSbwAAAIEAySS4f/a2i7kl\nQKLuVQ0krjPgIx5w13RjDbJ8MSDMXwwI2A1jydeBb8bsshNO9XZ/zOS+cRN9hKpz\nYL3eunrohQOV4tFwRQoRBuchnPVcTqIPfljVi17+IdIozaUzH6KiDyDe61x0tbcJ\nE1/KFFyWZhDs8hlMB7m5nX1uo5XV+I8AAAAAAQID\n-----END OPENSSH PRIVATE KEY-----\n",
            "private_key_pem": "-----BEGIN RSA PRIVATE KEY-----\nMIIEowIBAAKCAQEAox1UPK+zIMgvlksgsWS4JY2ffQeYceBAGSz0c2YzMJ4UKvbQ\n8ToSRJbQBu9lmQBM+eUvEfroezzVsAeG0x7GR3xQmnGPilYOXQKMzpKegcc2RL6C\ncZD/6Cr4gzaVCwtB77nQ3hdsDiUopr9ymgFGoFWNorqAlHSYQaATqG1hanpxpQdJ\nVqOygg+SZGQjcpK1RU8XdLUOtyL5G2RsiXgd0V05gHdH7rsfMPAdM25I9I8RfPpx\n6xAqjJxmtkuydimBaD8+/RyjkxLV87/dtOu1SiZbaqbhrUfjQbSTroJJ35m++8Ec\ninTIgh5Rtxoep66g9AB5uTyvG9z5N8DRkEdUAQIDAQABAoIBAAxg5esjFE95Ea9w\nrR75O0ZSTJey8100/PhMIpL9XwYiAPrPt0SPOSKuZUQZd9bYIH9YZq2RIoJzt+2/\nbHpqG/cB1qYZ1yBS7o0da+0jUFcd9J7b7E9NBzapyClBA6eOZ6cXLWQlV+Rs6nxZ\nDAvm6+KwC2sdhzN8868LRGKkRl/Lov5EWdphHwqt9HGUzXnoa/v4XblEJvWmX4td\nhf6SxyAouhm+O2pxtUv2nBrDAsuXWVpVzMGBo0CVzTU/uy25LnNpUaSD5+FiakpQ\nOz+jLTtnDhu0jwdUsN7KaGeAqSF5zjo5zg4Nz2PsLwPv+lk1ZMd1urgaOqBFZZs+\nHGCMxzcCgYEAz5mJlo8nbDtdglgbwGkW8PC66xc+kWZaC32lr1isr+yV0KHfoCGD\ndYYsfYIEiBelpgyHgluN+fPqZD2BWwsQLkP8+Y6nLQd15Y6PZlsdZTytMHfG2bIi\nUSyrIt9HQc5At2Tn/nx6PzpjnTL/uliyXbCvGN0rbIzIO2VNcBzRkm8CgYEAySS4\nf/a2i7klQKLuVQ0krjPgIx5w13RjDbJ8MSDMXwwI2A1jydeBb8bsshNO9XZ/zOS+\ncRN9hKpzYL3eunrohQOV4tFwRQoRBuchnPVcTqIPfljVi17+IdIozaUzH6KiDyDe\n61x0tbcJE1/KFFyWZhDs8hlMB7m5nX1uo5XV+I8CgYEAtfA9oPG8/yHYBc/qImr3\nbBnN9xLcBtnIuKFZf58bWOLjOYFkVxaH+4unmidEiXEP/8KjUB+lAhY+qbMtlvjP\nKXz0TFI1OUV8kb6q9m2MCZlvvzZ503hGkxWutlUwQf/cv91zZJj7Gka13qM/c7Ug\nPPQHwKa00+Fd6pARmdvn34kCgYAqUt23n1Qd5mFeTmpT3yYeua+p9BfOXiERmsLj\nG4GlZkTeIUMkD4Ke4H6hocp1f++4T1F7PZyls6//ZTRejMosYurBBUzYWhvnFe9O\ntZosuZEFBvA4GU7kEvKfAunU+EWdZU9Cuvub2N3CA9/jlO/YnisdbhE/ducFqoUD\nSt3xJQKBgD/vIblZ7u+juzNLVzA3uLsMmOSXV8Blb15MgJXpqoP/2ZjkpjiL9XGX\ngjO9f1ogK4W8nLu32FgQXjoAWbzRjvZ2tNO9T1CYvK7m6QbZCgcv/7syzeuwfT4C\ngEWd7Sohh2KdslgNDV6cc25BRhr7G+hJKtTzSU1jCvESMikj57ix\n-----END RSA PRIVATE KEY-----\n",
            "private_key_pem_pkcs8": "-----BEGIN PRIVATE KEY-----\nMIIEvQIBADANBgkqhkiG9w0BAQEFAASCBKcwggSjAgEAAoIBAQCjHVQ8r7MgyC+W\nSyCxZLgljZ99B5hx4EAZLPRzZjMwnhQq9tDxOhJEltAG72WZAEz55S8R+uh7PNWw\nB4bTHsZHfFCacY+KVg5dAozOkp6BxzZEvoJxkP/oKviDNpULC0HvudDeF2wOJSim\nv3KaAUagVY2iuoCUdJhBoBOobWFqenGlB0lWo7KCD5JkZCNykrVFTxd0tQ63Ivkb\nZGyJeB3RXTmAd0fuux8w8B0zbkj0jxF8+nHrECqMnGa2S7J2KYFoPz79HKOTEtXz\nv92067VKJltqpuGtR+NBtJOugknfmb77wRyKdMiCHlG3Gh6nrqD0AHm5PK8b3Pk3\nwNGQR1QBAgMBAAECggEADGDl6yMUT3kRr3CtHvk7RlJMl7LzXTT8+Ewikv1fBiIA\n+s+3RI85Iq5lRBl31tggf1hmrZEignO37b9semob9wHWphnXIFLujR1r7SNQVx30\nntvsT00HNqnIKUEDp45npxctZCVX5GzqfFkMC+br4rALax2HM3zzrwtEYqRGX8ui\n/kRZ2mEfCq30cZTNeehr+/hduUQm9aZfi12F/pLHICi6Gb47anG1S/acGsMCy5dZ\nWlXMwYGjQJXNNT+7Lbkuc2lRpIPn4WJqSlA7P6MtO2cOG7SPB1Sw3spoZ4CpIXnO\nOjnODg3PY+wvA+/6WTVkx3W6uBo6oEVlmz4cYIzHNwKBgQDPmYmWjydsO12CWBvA\naRbw8LrrFz6RZloLfaWvWKyv7JXQod+gIYN1hix9ggSIF6WmDIeCW4358+pkPYFb\nCxAuQ/z5jqctB3Xljo9mWx1lPK0wd8bZsiJRLKsi30dBzkC3ZOf+fHo/OmOdMv+6\nWLJdsK8Y3StsjMg7ZU1wHNGSbwKBgQDJJLh/9raLuSVAou5VDSSuM+AjHnDXdGMN\nsnwxIMxfDAjYDWPJ14FvxuyyE071dn/M5L5xE32EqnNgvd66euiFA5Xi0XBFChEG\n5yGc9VxOog9+WNWLXv4h0ijNpTMfoqIPIN7rXHS1twkTX8oUXJZmEOzyGUwHubmd\nfW6jldX4jwKBgQC18D2g8bz/IdgFz+oiavdsGc33EtwG2ci4oVl/nxtY4uM5gWRX\nFof7i6eaJ0SJcQ//wqNQH6UCFj6psy2W+M8pfPRMUjU5RXyRvqr2bYwJmW+/NnnT\neEaTFa62VTBB/9y/3XNkmPsaRrXeoz9ztSA89AfAprTT4V3qkBGZ2+ffiQKBgCpS\n3befVB3mYV5OalPfJh65r6n0F85eIRGawuMbgaVmRN4hQyQPgp7gfqGhynV/77hP\nUXs9nKWzr/9lNF6Myixi6sEFTNhaG+cV7061miy5kQUG8DgZTuQS8p8C6dT4RZ1l\nT0K6+5vY3cID3+OU79ieKx1uET925wWqhQNK3fElAoGAP+8huVnu76O7M0tXMDe4\nuwyY5JdXwGVvXkyAlemqg//ZmOSmOIv1cZeCM71/WiArhbycu7fYWBBeOgBZvNGO\n9na0071PUJi8rubpBtkKBy//uzLN67B9PgKARZ3tKiGHYp2yWA0NXpxzbkFGGvsb\n6Ekq1PNJTWMK8RIyKSPnuLE=\n-----END PRIVATE KEY-----\n",
            "public_key_fingerprint_md5": "5c:ce:88:35:6b:7b:2b:83:91:1b:db:5c:63:d5:4b:a3",
            "public_key_fingerprint_sha256": "SHA256:4mis870KdSkarqrDpGoKbQYDKyfNQspEJVvuU2YCROs",
            "public_key_openssh": "ssh-rsa AAAAB3NzaC1yc2EAAAADAQABAAABAQCjHVQ8r7MgyC+WSyCxZLgljZ99B5hx4EAZLPRzZjMwnhQq9tDxOhJEltAG72WZAEz55S8R+uh7PNWwB4bTHsZHfFCacY+KVg5dAozOkp6BxzZEvoJxkP/oKviDNpULC0HvudDeF2wOJSimv3KaAUagVY2iuoCUdJhBoBOobWFqenGlB0lWo7KCD5JkZCNykrVFTxd0tQ63IvkbZGyJeB3RXTmAd0fuux8w8B0zbkj0jxF8+nHrECqMnGa2S7J2KYFoPz79HKOTEtXzv92067VKJltqpuGtR+NBtJOugknfmb77wRyKdMiCHlG3Gh6nrqD0AHm5PK8b3Pk3wNGQR1QB\n",
            "public_key_pem": "-----BEGIN PUBLIC KEY-----\nMIIBIjANBgkqhkiG9w0BAQEFAAOCAQ8AMIIBCgKCAQEAox1UPK+zIMgvlksgsWS4\nJY2ffQeYceBAGSz0c2YzMJ4UKvbQ8ToSRJbQBu9lmQBM+eUvEfroezzVsAeG0x7G\nR3xQmnGPilYOXQKMzpKegcc2RL6CcZD/6Cr4gzaVCwtB77nQ3hdsDiUopr9ymgFG\noFWNorqAlHSYQaATqG1hanpxpQdJVqOygg+SZGQjcpK1RU8XdLUOtyL5G2RsiXgd\n0V05gHdH7rsfMPAdM25I9I8RfPpx6xAqjJxmtkuydimBaD8+/RyjkxLV87/dtOu1\nSiZbaqbhrUfjQbSTroJJ35m++8EcinTIgh5Rtxoep66g9AB5uTyvG9z5N8DRkEdU\nAQIDAQAB\n-----END PUBLIC KEY-----\n",
            "rsa_bits": 2048
          },
          "sensitive_attributes": [
            [
              {
                "type": "get_attr",
                "value": "private_key_openssh"
              }
            ],
            [
              {
                "type": "get_attr",
                "value": "private_key_pem"
              }
            ],
            [
              {
                "type": "get_attr",
                "value": "private_key_pem_pkcs8"
              }
            ]
          ],
          "identity_schema_version": 0
        }
      ]
    }
  ],
  "check_results": null
}
