{
  "version": 4,
  "terraform_version": "1.13.5",
  "serial": 10,
  "lineage": "01f7dfdb-74ba-3e81-787f-ef5f6331ef56",
  "outputs": {
    "instance_id": {
      "value": "8815417874156764557",
      "type": "string"
    },
    "network_tags": {
      "value": [
        "allow-ssh-test-gcpfw-1",
        "ssh-via-iap"
      ],
      "type": [
        "set",
        "string"
      ]
    },
    "private_ip": {
      "value": "10.115.0.2",
      "type": "string"
    },
    "private_ssh_key": {
      "value": "-----BEGIN RSA PRIVATE KEY-----\nMIIEogIBAAKCAQEAoO9gVk5Cfr6+/3+KPublOviPLPerJxEGPNJ4qAy+cSNMpiBl\n3FBMn7VhlJARE/A/Q7M3Q2JX/bEqPFRm/XGTjyW73Hn6dcOCqcRINbO1nG9JsoXL\nU01vGphaQzayqoZo14nEohHV022m7iMxXToE3gwbAxoMnlRvzV8tCqCfhQJ9Esco\nlv6phtpLf4GvUBzoEH2zymtie4SaGTaCD9W7jmrxZtwljc1+voKbAN8jdRwxbW1H\nK2Poj6VpU/PVHmeq12Rb64UpE8MOeBzm4IilwlTyx1OZjjqTcFMJycPZNVkM/yrY\nnhdYDvIcB0gI0i+KHsBr7jXn4eqacqiU8awZxwIDAQABAoIBAAqkiexrNH6JQrxG\nxO+v+UzTDzTcFBd7SrxO9ue2IAn/WZxK3DGbpdWR+ygF9vsokiZ5/ZeZM1R1mONw\neXcdQbLfvfKwpl2PVl6/uj7C6am0ulzx+CZEIqrRlHaJcXtRdDF8zOIi588Zm0Z4\nUVVm9tdwWYD1AgyebN5aAvKG+MWk76PCC0c8IQ+dyl10KxQAUwXnGC4TyxfmGp3w\nGr5PrQFRsS5d9Wqb/PCbDH/I/JgUxbsqJSrqxetHebPyD9Wp9FXYss/h9JPvtWXu\nGyYyE4Qa/CHEWBRKh08EdTFJmBAW4+ltHNm0Fw/2L55mHmNK1jB3Jif9jdTDi+Fw\nBIXj8jECgYEAzB5QFTBsvVYZIINNIbivgIoShyIZDBw4s+2UPrsOabq7fy4Peo9w\nTijU2PUIiJa3c47G5KEHi9gnQQ1I06K57KNscVi4ZBsIZxPjblgVyiYLBRkgfV8u\nUJX49TgygkUPS28ACz03MYjFQ2oWo85NKGkxN/3ZZ6520qvaSJyABeUCgYEAydcv\nqR8DybW5m7sy/GSL0qkkwr0ddis+/enKJxJ6zt+xqUUErVKhQzcNgDIGyCt0lTwa\nQaLRgNz6QolPdrCdrTQGhrbncN2Kfmt1xj+azgOgvn/7ATYZolVYS8DGif3vgBjo\nZMe3WTOGTLT0J2IVkKZ6I1Ul7sHXr2HsixFz5jsCgYA3NWO3t3dR5r25G4p7OnbN\nr4q/XiukKOX1VKcqKHIHiug3x/+LyMw5d7XKUMxUFV/dM5r8L8nYu0gywiMWiwb6\nyGEGb1bATMeDCdAUAmMyYAPPBzLQdjQSu92whdizf3ZZktZSM+Z/0Vx5lXI2MBCS\ng5E6ccCh2IBvDuhlh17hOQKBgFbJ5ICACYzuSwUflWjZgxXuDRR/ZO+u4MMlh/sN\nAyl5Hld+iehNI3JXdcKtwCTKKrMQyOl4LUWPvzxk9no+r04OlM/QTexGFosNgfLg\n3pu/C5teRHvc22Dl+bV5CuXC/vzBuQu8pKYCdbj+Bg35KvSr4NDYiBsF1sxe+utB\nceiJAoGASPnb2RaMHH2YbIjSxqC11z8B9WIElnAzmVGPFfPnqsuLSEa+V9a9OxrJ\nDgzt4hVsiOTIW/6M1oZpVY6eS6q+ls/R4blj/WTtXhGT1nlPnbJcl7xTyhRdk0vV\njhEeHG6y9trJkYFypXMhKUvmj19klKkrpfiJFJl92vdyp/FTr/Q=\n-----END RSA PRIVATE KEY-----\n",
      "type": "string",
      "sensitive": true
    }
  },
  "resources": [
    {
      "mode": "data",
      "type": "google_compute_network",
      "name": "tenant_vpc",
      "provider": "provider[\"registry.terraform.io/hashicorp/google\"]",
      "instances": [
        {
          "schema_version": 0,
          "attributes": {
            "description": "",
            "gateway_ipv4": "",
            "id": "projects/umos-ab24d/global/networks/pmos-tenant-tenant-manager-001-vpc",
            "internal_ipv6_range": "",
            "name": "pmos-tenant-tenant-manager-001-vpc",
            "project": null,
            "self_link": "https://www.googleapis.com/compute/v1/projects/umos-ab24d/global/networks/pmos-tenant-tenant-manager-001-vpc",
            "subnetworks_self_links": [
              "https://www.googleapis.com/compute/v1/projects/umos-ab24d/regions/us-central1/subnetworks/test-gcp-2-subnet"
            ]
          },
          "sensitive_attributes": [],
          "identity_schema_version": 0
        }
      ]
    },
    {
      "mode": "data",
      "type": "google_project",
      "name": "project",
      "provider": "provider[\"registry.terraform.io/hashicorp/google\"]",
      "instances": [
        {
          "schema_version": 0,
          "attributes": {
            "auto_create_network": null,
            "billing_account": null,
            "deletion_policy": "DELETE",
            "effective_labels": {
              "firebase": "enabled",
              "firebase-core": "disabled"
            },
            "folder_id": null,
            "id": "projects/umos-ab24d",
            "labels": {
              "firebase": "enabled",
              "firebase-core": "disabled"
            },
            "name": "umos",
            "number": "924587466064",
            "org_id": null,
            "project_id": "umos-ab24d",
            "skip_delete": null,
            "terraform_labels": {
              "firebase": "enabled",
              "firebase-core": "disabled"
            }
          },
          "sensitive_attributes": [],
          "identity_schema_version": 0
        }
      ]
    },
    {
      "mode": "managed",
      "type": "google_compute_firewall",
      "name": "allow_public_ssh",
      "provider": "provider[\"registry.terraform.io/hashicorp/google\"]",
      "instances": [
        {
          "index_key": 0,
          "schema_version": 1,
          "attributes": {
            "allow": [
              {
                "ports": [
                  "22"
                ],
                "protocol": "tcp"
              }
            ],
            "creation_timestamp": "2025-11-11T10:41:50.255-08:00",
            "deny": [],
            "description": "",
            "destination_ranges": [],
            "direction": "INGRESS",
            "disabled": false,
            "enable_logging": null,
            "id": "projects/umos-ab24d/global/firewalls/pmos-instance-test-gcpfw-1-allow-ssh",
            "log_config": [],
            "name": "pmos-instance-test-gcpfw-1-allow-ssh",
            "network": "https://www.googleapis.com/compute/v1/projects/umos-ab24d/global/networks/pmos-tenant-tenant-manager-001-vpc",
            "priority": 1000,
            "project": "umos-ab24d",
            "self_link": "https://www.googleapis.com/compute/v1/projects/umos-ab24d/global/firewalls/pmos-instance-test-gcpfw-1-allow-ssh",
            "source_ranges": [
              "0.0.0.0/0"
            ],
            "source_service_accounts": null,
            "source_tags": null,
            "target_service_accounts": null,
            "target_tags": [
              "allow-ssh-test-gcpfw-1"
            ],
            "timeouts": null
          },
          "sensitive_attributes": [],
          "identity_schema_version": 0,
          "private": "eyJlMmJmYjczMC1lY2FhLTExZTYtOGY4OC0zNDM2M2JjN2M0YzAiOnsiY3JlYXRlIjoxMjAwMDAwMDAwMDAwLCJkZWxldGUiOjEyMDAwMDAwMDAwMDAsInVwZGF0ZSI6MTIwMDAwMDAwMDAwMH0sInNjaGVtYV92ZXJzaW9uIjoiMSJ9",
          "dependencies": [
            "data.google_compute_network.tenant_vpc",
            "data.google_project.project",
            "google_compute_instance.this_vm",
            "google_compute_subnetwork.this_subnet",
            "null_resource.vpc_provisioner",
            "random_integer.subnet_octet",
            "tls_private_key.admin_ssh"
          ]
        }
      ]
    },
    {
      "mode": "managed",
      "type": "google_compute_instance",
      "name": "this_vm",
      "provider": "provider[\"registry.terraform.io/hashicorp/google\"]",
      "instances": [
        {
          "schema_version": 6,
          "attributes": {
            "advanced_machine_features": [],
            "allow_stopping_for_update": null,
            "attached_disk": [],
            "boot_disk": [
              {
                "auto_delete": true,
                "device_name": "persistent-disk-0",
                "disk_encryption_key_raw": "",
                "disk_encryption_key_sha256": "",
                "initialize_params": [
                  {
                    "enable_confidential_compute": false,
                    "image": "https://www.googleapis.com/compute/v1/projects/umos-ab24d/global/images/ubuntu-22-04-19271224598",
                    "labels": {},
                    "provisioned_iops": 0,
                    "provisioned_throughput": 0,
                    "resource_manager_tags": null,
                    "size": 20,
                    "storage_pool": "",
                    "type": "pd-standard"
                  }
                ],
                "kms_key_self_link": "",
                "mode": "READ_WRITE",
                "source": "https://www.googleapis.com/compute/v1/projects/umos-ab24d/zones/us-central1-a/disks/test-gcpfw-1"
              }
            ],
            "can_ip_forward": false,
            "confidential_instance_config": [],
            "cpu_platform": "Intel Broadwell",
            "current_status": "RUNNING",
            "deletion_protection": false,
            "description": "",
            "desired_status": null,
            "effective_labels": {},
            "enable_display": false,
            "guest_accelerator": [],
            "hostname": "",
            "id": "projects/umos-ab24d/zones/us-central1-a/instances/test-gcpfw-1",
            "instance_id": "8815417874156764557",
            "label_fingerprint": "42WmSpB8rSM=",
            "labels": null,
            "machine_type": "e2-micro",
            "metadata": {
              "metadata_startup_script": "#!/bin/bash\n# User data scripts are not yet supported for direct deployment.\n",
              "ssh-keys": "packer:ssh-rsa AAAAB3NzaC1yc2EAAAADAQABAAABAQCg72BWTkJ+vr7/f4o+5uU6+I8s96snEQY80nioDL5xI0ymIGXcUEyftWGUkBET8D9DszdDYlf9sSo8VGb9cZOPJbvcefp1w4KpxEg1s7Wcb0myhctTTW8amFpDNrKqhmjXicSiEdXTbabuIzFdOgTeDBsDGgyeVG/NXy0KoJ+FAn0SxyiW/qmG2kt/ga9QHOgQfbPKa2J7hJoZNoIP1buOavFm3CWNzX6+gpsA3yN1HDFtbUcrY+iPpWlT89UeZ6rXZFvrhSkTww54HObgiKXCVPLHU5mOOpNwUwnJw9k1WQz/KtieF1gO8hwHSAjSL4oewGvuNefh6ppyqJTxrBnH\n"
            },
            "metadata_fingerprint": "YCWJWswMhLM=",
            "metadata_startup_script": null,
            "min_cpu_platform": "",
            "name": "test-gcpfw-1",
            "network_interface": [
              {
                "access_config": [
                  {
                    "nat_ip": "34.57.127.33",
                    "network_tier": "PREMIUM",
                    "public_ptr_domain_name": ""
                  }
                ],
                "alias_ip_range": [],
                "internal_ipv6_prefix_length": 0,
                "ipv6_access_config": [],
                "ipv6_access_type": "",
                "ipv6_address": "",
                "name": "nic0",
                "network": "https://www.googleapis.com/compute/v1/projects/umos-ab24d/global/networks/pmos-tenant-tenant-manager-001-vpc",
                "network_ip": "10.115.0.2",
                "nic_type": "",
                "queue_count": 0,
                "stack_type": "IPV4_ONLY",
                "subnetwork": "https://www.googleapis.com/compute/v1/projects/umos-ab24d/regions/us-central1/subnetworks/test-gcpfw-1-subnet",
                "subnetwork_project": "umos-ab24d"
              }
            ],
            "network_performance_config": [],
            "params": [],
            "project": "umos-ab24d",
            "reservation_affinity": [],
            "resource_policies": null,
            "scheduling": [
              {
                "automatic_restart": true,
                "instance_termination_action": "",
                "local_ssd_recovery_timeout": [],
                "max_run_duration": [],
                "min_node_cpus": 0,
                "node_affinities": [],
                "on_host_maintenance": "MIGRATE",
                "on_instance_stop_action": [],
                "preemptible": false,
                "provisioning_model": "STANDARD"
              }
            ],
            "scratch_disk": [],
            "self_link": "https://www.googleapis.com/compute/v1/projects/umos-ab24d/zones/us-central1-a/instances/test-gcpfw-1",
            "service_account": [
              {
                "email": "924587466064-compute@developer.gserviceaccount.com",
                "scopes": [
                  "https://www.googleapis.com/auth/cloud-platform"
                ]
              }
            ],
            "shielded_instance_config": [
              {
                "enable_integrity_monitoring": true,
                "enable_secure_boot": false,
                "enable_vtpm": true
              }
            ],
            "tags": [
              "allow-ssh-test-gcpfw-1",
              "ssh-via-iap"
            ],
            "tags_fingerprint": "PJKPemGR7VM=",
            "terraform_labels": {},
            "timeouts": null,
            "zone": "us-central1-a"
          },
          "sensitive_attributes": [
            [
              {
                "type": "get_attr",
                "value": "boot_disk"
              },
              {
                "type": "index",
                "value": {
                  "value": 0,
                  "type": "number"
                }
              },
              {
                "type": "get_attr",
                "value": "disk_encryption_key_raw"
              }
            ]
          ],
          "identity_schema_version": 0,
          "private": "eyJlMmJmYjczMC1lY2FhLTExZTYtOGY4OC0zNDM2M2JjN2M0YzAiOnsiY3JlYXRlIjoxMjAwMDAwMDAwMDAwLCJkZWxldGUiOjEyMDAwMDAwMDAwMDAsInVwZGF0ZSI6MTIwMDAwMDAwMDAwMH0sInNjaGVtYV92ZXJzaW9uIjoiNiJ9",
          "dependencies": [
            "data.google_compute_network.tenant_vpc",
            "data.google_project.project",
            "google_compute_subnetwork.this_subnet",
            "null_resource.vpc_provisioner",
            "random_integer.subnet_octet",
            "tls_private_key.admin_ssh"
          ]
        }
      ]
    },
    {
      "mode": "managed",
      "type": "google_compute_subnetwork",
      "name": "this_subnet",
      "provider": "provider[\"registry.terraform.io/hashicorp/google\"]",
      "instances": [
        {
          "schema_version": 0,
          "attributes": {
            "creation_timestamp": "2025-11-11T10:41:26.348-08:00",
            "description": "",
            "external_ipv6_prefix": "",
            "fingerprint": null,
            "gateway_address": "10.115.0.1",
            "id": "projects/umos-ab24d/regions/us-central1/subnetworks/test-gcpfw-1-subnet",
            "internal_ipv6_prefix": "",
            "ip_cidr_range": "10.115.0.0/24",
            "ipv6_access_type": "",
            "ipv6_cidr_range": "",
            "log_config": [],
            "name": "test-gcpfw-1-subnet",
            "network": "https://www.googleapis.com/compute/v1/projects/umos-ab24d/global/networks/pmos-tenant-tenant-manager-001-vpc",
            "private_ip_google_access": false,
            "private_ipv6_google_access": "DISABLE_GOOGLE_ACCESS",
            "project": "umos-ab24d",
            "purpose": "PRIVATE",
            "region": "us-central1",
            "role": "",
            "secondary_ip_range": [],
            "self_link": "https://www.googleapis.com/compute/v1/projects/umos-ab24d/regions/us-central1/subnetworks/test-gcpfw-1-subnet",
            "send_secondary_ip_range_if_empty": null,
            "stack_type": "IPV4_ONLY",
            "timeouts": null
          },
          "sensitive_attributes": [],
          "identity_schema_version": 0,
          "private": "eyJlMmJmYjczMC1lY2FhLTExZTYtOGY4OC0zNDM2M2JjN2M0YzAiOnsiY3JlYXRlIjoxMjAwMDAwMDAwMDAwLCJkZWxldGUiOjEyMDAwMDAwMDAwMDAsInVwZGF0ZSI6MTIwMDAwMDAwMDAwMH19",
          "dependencies": [
            "data.google_compute_network.tenant_vpc",
            "data.google_project.project",
            "null_resource.vpc_provisioner",
            "random_integer.subnet_octet"
          ]
        }
      ]
    },
    {
      "mode": "managed",
      "type": "null_resource",
      "name": "allow_iap_ssh_provisioner",
      "provider": "provider[\"registry.terraform.io/hashicorp/null\"]",
      "instances": [
        {
          "schema_version": 0,
          "attributes": {
            "id": "5812826970984201733",
            "triggers": null
          },
          "sensitive_attributes": [],
          "identity_schema_version": 0,
          "dependencies": [
            "data.google_compute_network.tenant_vpc",
            "data.google_project.project",
            "null_resource.vpc_provisioner"
          ]
        }
      ]
    },
    {
      "mode": "managed",
      "type": "null_resource",
      "name": "allow_internal_provisioner",
      "provider": "provider[\"registry.terraform.io/hashicorp/null\"]",
      "instances": [
        {
          "schema_version": 0,
          "attributes": {
            "id": "5968948891476105302",
            "triggers": null
          },
          "sensitive_attributes": [],
          "identity_schema_version": 0,
          "dependencies": [
            "data.google_compute_network.tenant_vpc",
            "data.google_project.project",
            "null_resource.vpc_provisioner"
          ]
        }
      ]
    },
    {
      "mode": "managed",
      "type": "null_resource",
      "name": "vpc_provisioner",
      "provider": "provider[\"registry.terraform.io/hashicorp/null\"]",
      "instances": [
        {
          "schema_version": 0,
          "attributes": {
            "id": "4629291280256983673",
            "triggers": null
          },
          "sensitive_attributes": [],
          "identity_schema_version": 0,
          "dependencies": [
            "data.google_project.project"
          ]
        }
      ]
    },
    {
      "mode": "managed",
      "type": "random_integer",
      "name": "subnet_octet",
      "provider": "provider[\"registry.terraform.io/hashicorp/random\"]",
      "instances": [
        {
          "schema_version": 0,
          "attributes": {
            "id": "115",
            "keepers": null,
            "max": 254,
            "min": 2,
            "result": 115,
            "seed": null
          },
          "sensitive_attributes": [],
          "identity_schema_version": 0
        }
      ]
    },
    {
      "mode": "managed",
      "type": "tls_private_key",
      "name": "admin_ssh",
      "provider": "provider[\"registry.terraform.io/hashicorp/tls\"]",
      "instances": [
        {
          "schema_version": 1,
          "attributes": {
            "algorithm": "RSA",
            "ecdsa_curve": "P224",
            "id": "ab5ad3c7a46fc3b326a71a9644dacdaa3cd730a2",
            "private_key_openssh": "-----BEGIN OPENSSH PRIVATE KEY-----\nb3BlbnNzaC1rZXktdjEAAAAABG5vbmUAAAAEbm9uZQAAAAAAAAABAAABFwAAAAdz\nc2gtcnNhAAAAAwEAAQAAAQEAoO9gVk5Cfr6+/3+KPublOviPLPerJxEGPNJ4qAy+\ncSNMpiBl3FBMn7VhlJARE/A/Q7M3Q2JX/bEqPFRm/XGTjyW73Hn6dcOCqcRINbO1\nnG9JsoXLU01vGphaQzayqoZo14nEohHV022m7iMxXToE3gwbAxoMnlRvzV8tCqCf\nhQJ9Escolv6phtpLf4GvUBzoEH2zymtie4SaGTaCD9W7jmrxZtwljc1+voKbAN8j\ndRwxbW1HK2Poj6VpU/PVHmeq12Rb64UpE8MOeBzm4IilwlTyx1OZjjqTcFMJycPZ\nNVkM/yrYnhdYDvIcB0gI0i+KHsBr7jXn4eqacqiU8awZxwAAA7gSeBpyEngacgAA\nAAdzc2gtcnNhAAABAQCg72BWTkJ+vr7/f4o+5uU6+I8s96snEQY80nioDL5xI0ym\nIGXcUEyftWGUkBET8D9DszdDYlf9sSo8VGb9cZOPJbvcefp1w4KpxEg1s7Wcb0my\nhctTTW8amFpDNrKqhmjXicSiEdXTbabuIzFdOgTeDBsDGgyeVG/NXy0KoJ+FAn0S\nxyiW/qmG2kt/ga9QHOgQfbPKa2J7hJoZNoIP1buOavFm3CWNzX6+gpsA3yN1HDFt\nbUcrY+iPpWlT89UeZ6rXZFvrhSkTww54HObgiKXCVPLHU5mOOpNwUwnJw9k1WQz/\nKtieF1gO8hwHSAjSL4oewGvuNefh6ppyqJTxrBnHAAAAAwEAAQAAAQAKpInsazR+\niUK8RsTvr/lM0w803BQXe0q8TvbntiAJ/1mcStwxm6XVkfsoBfb7KJImef2XmTNU\ndZjjcHl3HUGy373ysKZdj1Zev7o+wumptLpc8fgmRCKq0ZR2iXF7UXQxfMziIufP\nGZtGeFFVZvbXcFmA9QIMnmzeWgLyhvjFpO+jwgtHPCEPncpddCsUAFMF5xguE8sX\n5hqd8Bq+T60BUbEuXfVqm/zwmwx/yPyYFMW7KiUq6sXrR3mz8g/VqfRV2LLP4fST\n77Vl7hsmMhOEGvwhxFgUSodPBHUxSZgQFuPpbRzZtBcP9i+eZh5jStYwdyYn/Y3U\nw4vhcASF4/IxAAAAgEj529kWjBx9mGyI0sagtdc/AfViBJZwM5lRjxXz56rLi0hG\nvlfWvTsayQ4M7eIVbIjkyFv+jNaGaVWOnkuqvpbP0eG5Y/1k7V4Rk9Z5T52yXJe8\nU8oUXZNL1Y4RHhxusvbayZGBcqVzISlL5o9fZJSpK6X4iRSZfdr3cqfxU6/0AAAA\ngQDMHlAVMGy9Vhkgg00huK+AihKHIhkMHDiz7ZQ+uw5purt/Lg96j3BOKNTY9QiI\nlrdzjsbkoQeL2CdBDUjTornso2xxWLhkGwhnE+NuWBXKJgsFGSB9Xy5Qlfj1ODKC\nRQ9LbwALPTcxiMVDahajzk0oaTE3/dlnrnbSq9pInIAF5QAAAIEAydcvqR8DybW5\nm7sy/GSL0qkkwr0ddis+/enKJxJ6zt+xqUUErVKhQzcNgDIGyCt0lTwaQaLRgNz6\nQolPdrCdrTQGhrbncN2Kfmt1xj+azgOgvn/7ATYZolVYS8DGif3vgBjoZMe3WTOG\nTLT0J2IVkKZ6I1Ul7sHXr2HsixFz5jsAAAAAAQID\n-----END OPENSSH PRIVATE KEY-----\n",
            "private_key_pem": "-----BEGIN RSA PRIVATE KEY-----\nMIIEogIBAAKCAQEAoO9gVk5Cfr6+/3+KPublOviPLPerJxEGPNJ4qAy+cSNMpiBl\n3FBMn7VhlJARE/A/Q7M3Q2JX/bEqPFRm/XGTjyW73Hn6dcOCqcRINbO1nG9JsoXL\nU01vGphaQzayqoZo14nEohHV022m7iMxXToE3gwbAxoMnlRvzV8tCqCfhQJ9Esco\nlv6phtpLf4GvUBzoEH2zymtie4SaGTaCD9W7jmrxZtwljc1+voKbAN8jdRwxbW1H\nK2Poj6VpU/PVHmeq12Rb64UpE8MOeBzm4IilwlTyx1OZjjqTcFMJycPZNVkM/yrY\nnhdYDvIcB0gI0i+KHsBr7jXn4eqacqiU8awZxwIDAQABAoIBAAqkiexrNH6JQrxG\nxO+v+UzTDzTcFBd7SrxO9ue2IAn/WZxK3DGbpdWR+ygF9vsokiZ5/ZeZM1R1mONw\neXcdQbLfvfKwpl2PVl6/uj7C6am0ulzx+CZEIqrRlHaJcXtRdDF8zOIi588Zm0Z4\nUVVm9tdwWYD1AgyebN5aAvKG+MWk76PCC0c8IQ+dyl10KxQAUwXnGC4TyxfmGp3w\nGr5PrQFRsS5d9Wqb/PCbDH/I/JgUxbsqJSrqxetHebPyD9Wp9FXYss/h9JPvtWXu\nGyYyE4Qa/CHEWBRKh08EdTFJmBAW4+ltHNm0Fw/2L55mHmNK1jB3Jif9jdTDi+Fw\nBIXj8jECgYEAzB5QFTBsvVYZIINNIbivgIoShyIZDBw4s+2UPrsOabq7fy4Peo9w\nTijU2PUIiJa3c47G5KEHi9gnQQ1I06K57KNscVi4ZBsIZxPjblgVyiYLBRkgfV8u\nUJX49TgygkUPS28ACz03MYjFQ2oWo85NKGkxN/3ZZ6520qvaSJyABeUCgYEAydcv\nqR8DybW5m7sy/GSL0qkkwr0ddis+/enKJxJ6zt+xqUUErVKhQzcNgDIGyCt0lTwa\nQaLRgNz6QolPdrCdrTQGhrbncN2Kfmt1xj+azgOgvn/7ATYZolVYS8DGif3vgBjo\nZMe3WTOGTLT0J2IVkKZ6I1Ul7sHXr2HsixFz5jsCgYA3NWO3t3dR5r25G4p7OnbN\nr4q/XiukKOX1VKcqKHIHiug3x/+LyMw5d7XKUMxUFV/dM5r8L8nYu0gywiMWiwb6\nyGEGb1bATMeDCdAUAmMyYAPPBzLQdjQSu92whdizf3ZZktZSM+Z/0Vx5lXI2MBCS\ng5E6ccCh2IBvDuhlh17hOQKBgFbJ5ICACYzuSwUflWjZgxXuDRR/ZO+u4MMlh/sN\nAyl5Hld+iehNI3JXdcKtwCTKKrMQyOl4LUWPvzxk9no+r04OlM/QTexGFosNgfLg\n3pu/C5teRHvc22Dl+bV5CuXC/vzBuQu8pKYCdbj+Bg35KvSr4NDYiBsF1sxe+utB\nceiJAoGASPnb2RaMHH2YbIjSxqC11z8B9WIElnAzmVGPFfPnqsuLSEa+V9a9OxrJ\nDgzt4hVsiOTIW/6M1oZpVY6eS6q+ls/R4blj/WTtXhGT1nlPnbJcl7xTyhRdk0vV\njhEeHG6y9trJkYFypXMhKUvmj19klKkrpfiJFJl92vdyp/FTr/Q=\n-----END RSA PRIVATE KEY-----\n",
            "private_key_pem_pkcs8": "-----BEGIN PRIVATE KEY-----\nMIIEvAIBADANBgkqhkiG9w0BAQEFAASCBKYwggSiAgEAAoIBAQCg72BWTkJ+vr7/\nf4o+5uU6+I8s96snEQY80nioDL5xI0ymIGXcUEyftWGUkBET8D9DszdDYlf9sSo8\nVGb9cZOPJbvcefp1w4KpxEg1s7Wcb0myhctTTW8amFpDNrKqhmjXicSiEdXTbabu\nIzFdOgTeDBsDGgyeVG/NXy0KoJ+FAn0SxyiW/qmG2kt/ga9QHOgQfbPKa2J7hJoZ\nNoIP1buOavFm3CWNzX6+gpsA3yN1HDFtbUcrY+iPpWlT89UeZ6rXZFvrhSkTww54\nHObgiKXCVPLHU5mOOpNwUwnJw9k1WQz/KtieF1gO8hwHSAjSL4oewGvuNefh6ppy\nqJTxrBnHAgMBAAECggEACqSJ7Gs0folCvEbE76/5TNMPNNwUF3tKvE7257YgCf9Z\nnErcMZul1ZH7KAX2+yiSJnn9l5kzVHWY43B5dx1Bst+98rCmXY9WXr+6PsLpqbS6\nXPH4JkQiqtGUdolxe1F0MXzM4iLnzxmbRnhRVWb213BZgPUCDJ5s3loC8ob4xaTv\no8ILRzwhD53KXXQrFABTBecYLhPLF+YanfAavk+tAVGxLl31apv88JsMf8j8mBTF\nuyolKurF60d5s/IP1an0Vdiyz+H0k++1Ze4bJjIThBr8IcRYFEqHTwR1MUmYEBbj\n6W0c2bQXD/YvnmYeY0rWMHcmJ/2N1MOL4XAEhePyMQKBgQDMHlAVMGy9Vhkgg00h\nuK+AihKHIhkMHDiz7ZQ+uw5purt/Lg96j3BOKNTY9QiIlrdzjsbkoQeL2CdBDUjT\nornso2xxWLhkGwhnE+NuWBXKJgsFGSB9Xy5Qlfj1ODKCRQ9LbwALPTcxiMVDahaj\nzk0oaTE3/dlnrnbSq9pInIAF5QKBgQDJ1y+pHwPJtbmbuzL8ZIvSqSTCvR12Kz79\n6conEnrO37GpRQStUqFDNw2AMgbIK3SVPBpBotGA3PpCiU92sJ2tNAaGtudw3Yp+\na3XGP5rOA6C+f/sBNhmiVVhLwMaJ/e+AGOhkx7dZM4ZMtPQnYhWQpnojVSXuwdev\nYeyLEXPmOwKBgDc1Y7e3d1Hmvbkbins6ds2vir9eK6Qo5fVUpyoocgeK6DfH/4vI\nzDl3tcpQzFQVX90zmvwvydi7SDLCIxaLBvrIYQZvVsBMx4MJ0BQCYzJgA88HMtB2\nNBK73bCF2LN/dlmS1lIz5n/RXHmVcjYwEJKDkTpxwKHYgG8O6GWHXuE5AoGAVsnk\ngIAJjO5LBR+VaNmDFe4NFH9k767gwyWH+w0DKXkeV36J6E0jcld1wq3AJMoqsxDI\n6XgtRY+/PGT2ej6vTg6Uz9BN7EYWiw2B8uDem78Lm15Ee9zbYOX5tXkK5cL+/MG5\nC7ykpgJ1uP4GDfkq9Kvg0NiIGwXWzF7660Fx6IkCgYBI+dvZFowcfZhsiNLGoLXX\nPwH1YgSWcDOZUY8V8+eqy4tIRr5X1r07GskODO3iFWyI5Mhb/ozWhmlVjp5Lqr6W\nz9HhuWP9ZO1eEZPWeU+dslyXvFPKFF2TS9WOER4cbrL22smRgXKlcyEpS+aPX2SU\nqSul+IkUmX3a93Kn8VOv9A==\n-----END PRIVATE KEY-----\n",
            "public_key_fingerprint_md5": "07:16:e0:82:03:37:be:c1:44:c4:42:e5:fb:7b:ad:b7",
            "public_key_fingerprint_sha256": "SHA256:36neiEuuJYEhRUHnDEuZInJTD9Xl+FpBMgSv5tJMBvk",
            "public_key_openssh": "ssh-rsa AAAAB3NzaC1yc2EAAAADAQABAAABAQCg72BWTkJ+vr7/f4o+5uU6+I8s96snEQY80nioDL5xI0ymIGXcUEyftWGUkBET8D9DszdDYlf9sSo8VGb9cZOPJbvcefp1w4KpxEg1s7Wcb0myhctTTW8amFpDNrKqhmjXicSiEdXTbabuIzFdOgTeDBsDGgyeVG/NXy0KoJ+FAn0SxyiW/qmG2kt/ga9QHOgQfbPKa2J7hJoZNoIP1buOavFm3CWNzX6+gpsA3yN1HDFtbUcrY+iPpWlT89UeZ6rXZFvrhSkTww54HObgiKXCVPLHU5mOOpNwUwnJw9k1WQz/KtieF1gO8hwHSAjSL4oewGvuNefh6ppyqJTxrBnH\n",
            "public_key_pem": "-----BEGIN PUBLIC KEY-----\nMIIBIjANBgkqhkiG9w0BAQEFAAOCAQ8AMIIBCgKCAQEAoO9gVk5Cfr6+/3+KPubl\nOviPLPerJxEGPNJ4qAy+cSNMpiBl3FBMn7VhlJARE/A/Q7M3Q2JX/bEqPFRm/XGT\njyW73Hn6dcOCqcRINbO1nG9JsoXLU01vGphaQzayqoZo14nEohHV022m7iMxXToE\n3gwbAxoMnlRvzV8tCqCfhQJ9Escolv6phtpLf4GvUBzoEH2zymtie4SaGTaCD9W7\njmrxZtwljc1+voKbAN8jdRwxbW1HK2Poj6VpU/PVHmeq12Rb64UpE8MOeBzm4Iil\nwlTyx1OZjjqTcFMJycPZNVkM/yrYnhdYDvIcB0gI0i+KHsBr7jXn4eqacqiU8awZ\nxwIDAQAB\n-----END PUBLIC KEY-----\n",
            "rsa_bits": 2048
          },
          "sensitive_attributes": [
            [
              {
                "type": "get_attr",
                "value": "private_key_openssh"
              }
            ],
            [
              {
                "type": "get_attr",
                "value": "private_key_pem"
              }
            ],
            [
              {
                "type": "get_attr",
                "value": "private_key_pem_pkcs8"
              }
            ]
          ],
          "identity_schema_version": 0
        }
      ]
    }
  ],
  "check_results": null
}
