{
  "version": 4,
  "terraform_version": "1.13.5",
  "serial": 11,
  "lineage": "1ee9c4f9-b900-35ce-6879-ff5fcbe87d14",
  "outputs": {
    "instance_id": {
      "value": "6200751709744922787",
      "type": "string"
    },
    "network_tags": {
      "value": [
        "allow-ssh-test-gcpfwm-3",
        "ssh-via-iap"
      ],
      "type": [
        "set",
        "string"
      ]
    },
    "private_ip": {
      "value": "10.88.196.2",
      "type": "string"
    },
    "private_ssh_key": {
      "value": "-----BEGIN RSA PRIVATE KEY-----\nMIIEowIBAAKCAQEA+hCWWCPfkIFK/jv6AJleqaO+HczDKh+ZKre/MA2LQs+WpyKz\n8JQ0m3Na6uVd6PyjY013r4CV0wvV39XjXrrDUFVx8X82e2VEonuheFPawJwbC2uE\nRdg2YwjaV6P0N3/5iH0c2ZuWN0vlrXcPxKs6hprTAdiOpokPpGoFCcD5P1Bgwp8v\nL4vz8oqLk4MDwYb0j7u/gWlivc3J4OSW/1FO0QVjjeC7xnHrOHNCGOSZQ73Kd0he\nzhHa4pYtwJWW31gDHjOoriiigi+ybQzIT4pd/lRVGSliqoZyFfboB4tX1owK2zut\n9xWGZ4EOBgI63HB1kXZ8kPpSSahl+7mRKGVi2QIDAQABAoIBAANMsDsqAANvXU60\n+mPDIk9hOHs6rjGSWKpKYeSvrRB83jtG1zJ7tiT99OtoCuDt4ncHOObRLsjp3VDW\niOlBVB3tfrMlz1F6ANmXAYatrpN/i9DPAqAMTg1o+r6QzIJl9yQwqG6LocQJhZaQ\nHV5mNv+7L8EUuy8h3Fm6R2Y9TFykO3Ev2b4dAm1L2mKz2Nm7wxCFXFVZ9ZOoN75Z\nM/qICmk0pFA1RI50IUhVGB89PSrnOFlj28OvCpL/624XZvsu+jaDkw8TIdvsrBGC\nq7x1N8NcNdY/D3UuYzfiFsc6+c4PLkm9tMNJFtOEmpK8ufO1gv+GV3ccLgbqyK/k\nZhIm0CECgYEA+ldeoEN2en6cDqcLRDclsY5iFGHCtLej7yO+oSgEJh1GH8dXWQCK\nO19wW9tjwGiMSMUlB7ZqdTfiHTF8lCPX622z6b4laA1lxaRqDK+wInhu+mFbjqOj\nmHJYcO7tfNP1afmfWdkdstFvHbXHE4FgiwViyivlytwvdmr4fP3RwukCgYEA/7ee\nIKiDJSOfPl5ysyg1p971NMsLk5Fv0rnoXH9MSbYsf2XbFqAa1PAQmsyt8lj4JfcN\nwfM5fXxgAqRQbCvJGM1aDaPMxtYHR/vaiY5Actv6KrLNP++LeWuTnKww5xA13mgW\nl3fvD22ucUkciBsN7jyjR2QTOvJgQnpzrOhfSnECgYAECpkKeUxWWejnC6dQ6JsB\nLM1Eivd7t2M8HxWawGyguORC6xLr6uhQYRANS5Nmrcll+1jHsRgy4D4UPpJGSfXY\nZSL8aQdtkJnOAQN9RPDQ/aS9AglaWiXv9hibaiAHXdyeY1tBNhIWqu7iSeb216XZ\nWLLplJ/XEIrrnHp6ehaC0QKBgGJOyfjOL9TYVAEbOEdN/wqxeV05bhLmR7IgjIb6\n3W49HfBATTDujkIspIWOiJTxxTx7NQvKIODwLsz1NIHRd3cUgzlZLoGGiLgQx9w4\nFujRTuSZZrTct6cPR2lk/UvnfH4rT/wdPIeW6AhfThu5Iuri3va0L3xq77y+7Led\ngfzRAoGBAIoL6bpCnMOzS+tRh7kxgkqKELwB9pSQZeiLKC1PmPAl99DUwE1n+OvP\n8SEggv4An7qxGdBLcQEXdK7UmpRKHO8ZCEIXECYsJNv7TtTuKWeHl4gJynk9QZNP\nXCclcfPmpwwpLiFThkjcvKKaksIHCF82poY1DcvWBZT9lrHuRYH7\n-----END RSA PRIVATE KEY-----\n",
      "type": "string",
      "sensitive": true
    },
    "public_ip": {
      "value": "35.226.184.121",
      "type": "string"
    }
  },
  "resources": [
    {
      "mode": "data",
      "type": "google_compute_network",
      "name": "tenant_vpc",
      "provider": "provider[\"registry.terraform.io/hashicorp/google\"]",
      "instances": [
        {
          "schema_version": 0,
          "attributes": {
            "description": "VPC for tenant tenant-manager-001",
            "gateway_ipv4": "",
            "id": "projects/umos-ab24d/global/networks/pmos-tenant-tenant-manager-001-vpc",
            "internal_ipv6_range": "",
            "name": "pmos-tenant-tenant-manager-001-vpc",
            "project": "umos-ab24d",
            "self_link": "https://www.googleapis.com/compute/v1/projects/umos-ab24d/global/networks/pmos-tenant-tenant-manager-001-vpc",
            "subnetworks_self_links": [
              "https://www.googleapis.com/compute/v1/projects/umos-ab24d/regions/us-central1/subnetworks/test-gcpfwb-2-subnet",
              "https://www.googleapis.com/compute/v1/projects/umos-ab24d/regions/us-central1/subnetworks/test-gcpfwk-3-subnet",
              "https://www.googleapis.com/compute/v1/projects/umos-ab24d/regions/us-central1/subnetworks/test-gcpfwg-2-subnet",
              "https://www.googleapis.com/compute/v1/projects/umos-ab24d/regions/us-central1/subnetworks/test-gcpfwl-3-subnet",
              "https://www.googleapis.com/compute/v1/projects/umos-ab24d/regions/us-central1/subnetworks/test-gcpfwb-3-subnet",
              "https://www.googleapis.com/compute/v1/projects/umos-ab24d/regions/us-central1/subnetworks/test-gcpfwl-2-subnet",
              "https://www.googleapis.com/compute/v1/projects/umos-ab24d/regions/us-central1/subnetworks/test-gcpfwb-1-subnet",
              "https://www.googleapis.com/compute/v1/projects/umos-ab24d/regions/us-central1/subnetworks/test-gcpfwm-1-subnet",
              "https://www.googleapis.com/compute/v1/projects/umos-ab24d/regions/us-central1/subnetworks/test-gcpfwm-2-subnet",
              "https://www.googleapis.com/compute/v1/projects/umos-ab24d/regions/us-central1/subnetworks/test-gcpfwd-3-subnet",
              "https://www.googleapis.com/compute/v1/projects/umos-ab24d/regions/us-central1/subnetworks/test-gcpfwh-2-subnet",
              "https://www.googleapis.com/compute/v1/projects/umos-ab24d/regions/us-central1/subnetworks/test-gcpfwh-1-subnet",
              "https://www.googleapis.com/compute/v1/projects/umos-ab24d/regions/us-central1/subnetworks/test-gcpfwj-2-subnet",
              "https://www.googleapis.com/compute/v1/projects/umos-ab24d/regions/us-central1/subnetworks/test-gcpfwk-2-subnet",
              "https://www.googleapis.com/compute/v1/projects/umos-ab24d/regions/us-central1/subnetworks/test-gcpfwj-1-subnet"
            ]
          },
          "sensitive_attributes": [],
          "identity_schema_version": 0
        }
      ]
    },
    {
      "mode": "managed",
      "type": "google_compute_firewall",
      "name": "allow_public_ssh",
      "provider": "provider[\"registry.terraform.io/hashicorp/google\"]",
      "instances": [
        {
          "index_key": 0,
          "schema_version": 1,
          "attributes": {
            "allow": [
              {
                "ports": [
                  "22"
                ],
                "protocol": "tcp"
              }
            ],
            "creation_timestamp": "2025-11-11T14:52:39.315-08:00",
            "deny": [],
            "description": "Allow SSH to instance test-gcpfwm-3 from anywhere.",
            "destination_ranges": [],
            "direction": "INGRESS",
            "disabled": false,
            "enable_logging": null,
            "id": "projects/umos-ab24d/global/firewalls/pmos-instance-test-gcpfwm-3-allow-ssh",
            "log_config": [],
            "name": "pmos-instance-test-gcpfwm-3-allow-ssh",
            "network": "https://www.googleapis.com/compute/v1/projects/umos-ab24d/global/networks/pmos-tenant-tenant-manager-001-vpc",
            "priority": 1000,
            "project": "umos-ab24d",
            "self_link": "https://www.googleapis.com/compute/v1/projects/umos-ab24d/global/firewalls/pmos-instance-test-gcpfwm-3-allow-ssh",
            "source_ranges": [
              "0.0.0.0/0"
            ],
            "source_service_accounts": null,
            "source_tags": null,
            "target_service_accounts": null,
            "target_tags": [
              "allow-ssh-test-gcpfwm-3"
            ],
            "timeouts": null
          },
          "sensitive_attributes": [],
          "identity_schema_version": 0,
          "private": "eyJlMmJmYjczMC1lY2FhLTExZTYtOGY4OC0zNDM2M2JjN2M0YzAiOnsiY3JlYXRlIjoxMjAwMDAwMDAwMDAwLCJkZWxldGUiOjEyMDAwMDAwMDAwMDAsInVwZGF0ZSI6MTIwMDAwMDAwMDAwMH0sInNjaGVtYV92ZXJzaW9uIjoiMSJ9",
          "dependencies": [
            "data.google_compute_network.tenant_vpc",
            "null_resource.vpc_provisioner"
          ]
        }
      ]
    },
    {
      "mode": "managed",
      "type": "google_compute_instance",
      "name": "this_vm",
      "provider": "provider[\"registry.terraform.io/hashicorp/google\"]",
      "instances": [
        {
          "schema_version": 6,
          "attributes": {
            "advanced_machine_features": [],
            "allow_stopping_for_update": null,
            "attached_disk": [],
            "boot_disk": [
              {
                "auto_delete": true,
                "device_name": "persistent-disk-0",
                "disk_encryption_key_raw": "",
                "disk_encryption_key_sha256": "",
                "initialize_params": [
                  {
                    "enable_confidential_compute": false,
                    "image": "https://www.googleapis.com/compute/v1/projects/umos-ab24d/global/images/ubuntu-22-04-19271224598",
                    "labels": {},
                    "provisioned_iops": 0,
                    "provisioned_throughput": 0,
                    "resource_manager_tags": null,
                    "size": 50,
                    "storage_pool": "",
                    "type": "pd-standard"
                  }
                ],
                "kms_key_self_link": "",
                "mode": "READ_WRITE",
                "source": "https://www.googleapis.com/compute/v1/projects/umos-ab24d/zones/us-central1-c/disks/test-gcpfwm-3"
              }
            ],
            "can_ip_forward": false,
            "confidential_instance_config": [],
            "cpu_platform": "Intel Broadwell",
            "current_status": "RUNNING",
            "deletion_protection": false,
            "description": "",
            "desired_status": null,
            "effective_labels": {},
            "enable_display": false,
            "guest_accelerator": [],
            "hostname": "",
            "id": "projects/umos-ab24d/zones/us-central1-c/instances/test-gcpfwm-3",
            "instance_id": "6200751709744922787",
            "label_fingerprint": "42WmSpB8rSM=",
            "labels": null,
            "machine_type": "e2-micro",
            "metadata": {
              "ssh-keys": "packer:ssh-rsa AAAAB3NzaC1yc2EAAAADAQABAAABAQD6EJZYI9+QgUr+O/oAmV6po74dzMMqH5kqt78wDYtCz5anIrPwlDSbc1rq5V3o/KNjTXevgJXTC9Xf1eNeusNQVXHxfzZ7ZUSie6F4U9rAnBsLa4RF2DZjCNpXo/Q3f/mIfRzZm5Y3S+Wtdw/EqzqGmtMB2I6miQ+kagUJwPk/UGDCny8vi/PyiouTgwPBhvSPu7+BaWK9zcng5Jb/UU7RBWON4LvGces4c0IY5JlDvcp3SF7OEdrili3AlZbfWAMeM6iuKKKCL7JtDMhPil3+VFUZKWKqhnIV9ugHi1fWjArbO633FYZngQ4GAjrccHWRdnyQ+lJJqGX7uZEoZWLZ\n",
              "startup-script": "#!/bin/bash\n# User data scripts are not yet supported for direct deployment.\n"
            },
            "metadata_fingerprint": "jGWr6Z71hRE=",
            "metadata_startup_script": null,
            "min_cpu_platform": "",
            "name": "test-gcpfwm-3",
            "network_interface": [
              {
                "access_config": [
                  {
                    "nat_ip": "35.226.184.121",
                    "network_tier": "PREMIUM",
                    "public_ptr_domain_name": ""
                  }
                ],
                "alias_ip_range": [],
                "internal_ipv6_prefix_length": 0,
                "ipv6_access_config": [],
                "ipv6_access_type": "",
                "ipv6_address": "",
                "name": "nic0",
                "network": "https://www.googleapis.com/compute/v1/projects/umos-ab24d/global/networks/pmos-tenant-tenant-manager-001-vpc",
                "network_ip": "10.88.196.2",
                "nic_type": "",
                "queue_count": 0,
                "stack_type": "IPV4_ONLY",
                "subnetwork": "https://www.googleapis.com/compute/v1/projects/umos-ab24d/regions/us-central1/subnetworks/test-gcpfwm-3-subnet",
                "subnetwork_project": "umos-ab24d"
              }
            ],
            "network_performance_config": [],
            "params": [],
            "project": "umos-ab24d",
            "reservation_affinity": [],
            "resource_policies": null,
            "scheduling": [
              {
                "automatic_restart": true,
                "instance_termination_action": "",
                "local_ssd_recovery_timeout": [],
                "max_run_duration": [],
                "min_node_cpus": 0,
                "node_affinities": [],
                "on_host_maintenance": "MIGRATE",
                "on_instance_stop_action": [],
                "preemptible": false,
                "provisioning_model": "STANDARD"
              }
            ],
            "scratch_disk": [],
            "self_link": "https://www.googleapis.com/compute/v1/projects/umos-ab24d/zones/us-central1-c/instances/test-gcpfwm-3",
            "service_account": [
              {
                "email": "924587466064-compute@developer.gserviceaccount.com",
                "scopes": [
                  "https://www.googleapis.com/auth/cloud-platform"
                ]
              }
            ],
            "shielded_instance_config": [
              {
                "enable_integrity_monitoring": true,
                "enable_secure_boot": false,
                "enable_vtpm": true
              }
            ],
            "tags": [
              "allow-ssh-test-gcpfwm-3",
              "ssh-via-iap"
            ],
            "tags_fingerprint": "lSMBReFto_c=",
            "terraform_labels": {},
            "timeouts": null,
            "zone": "us-central1-c"
          },
          "sensitive_attributes": [
            [
              {
                "type": "get_attr",
                "value": "boot_disk"
              },
              {
                "type": "index",
                "value": {
                  "value": 0,
                  "type": "number"
                }
              },
              {
                "type": "get_attr",
                "value": "disk_encryption_key_raw"
              }
            ]
          ],
          "identity_schema_version": 0,
          "private": "eyJlMmJmYjczMC1lY2FhLTExZTYtOGY4OC0zNDM2M2JjN2M0YzAiOnsiY3JlYXRlIjoxMjAwMDAwMDAwMDAwLCJkZWxldGUiOjEyMDAwMDAwMDAwMDAsInVwZGF0ZSI6MTIwMDAwMDAwMDAwMH0sInNjaGVtYV92ZXJzaW9uIjoiNiJ9",
          "dependencies": [
            "data.google_compute_network.tenant_vpc",
            "google_compute_firewall.allow_public_rdp",
            "google_compute_firewall.allow_public_ssh",
            "google_compute_firewall.allow_public_winrm",
            "google_compute_subnetwork.this_subnet",
            "null_resource.allow_iap_ssh_provisioner",
            "null_resource.allow_internal_provisioner",
            "null_resource.vpc_provisioner",
            "random_integer.subnet_octet_2",
            "random_integer.subnet_octet_3",
            "tls_private_key.admin_ssh"
          ]
        }
      ]
    },
    {
      "mode": "managed",
      "type": "google_compute_subnetwork",
      "name": "this_subnet",
      "provider": "provider[\"registry.terraform.io/hashicorp/google\"]",
      "instances": [
        {
          "schema_version": 0,
          "attributes": {
            "creation_timestamp": "2025-11-11T14:52:39.453-08:00",
            "description": "Subnet for instance test-gcpfwm-3 in tenant tenant-manager-001 VPC",
            "external_ipv6_prefix": "",
            "fingerprint": null,
            "gateway_address": "10.88.196.1",
            "id": "projects/umos-ab24d/regions/us-central1/subnetworks/test-gcpfwm-3-subnet",
            "internal_ipv6_prefix": "",
            "ip_cidr_range": "10.88.196.0/24",
            "ipv6_access_type": "",
            "ipv6_cidr_range": "",
            "log_config": [],
            "name": "test-gcpfwm-3-subnet",
            "network": "https://www.googleapis.com/compute/v1/projects/umos-ab24d/global/networks/pmos-tenant-tenant-manager-001-vpc",
            "private_ip_google_access": false,
            "private_ipv6_google_access": "DISABLE_GOOGLE_ACCESS",
            "project": "umos-ab24d",
            "purpose": "PRIVATE",
            "region": "us-central1",
            "role": "",
            "secondary_ip_range": [],
            "self_link": "https://www.googleapis.com/compute/v1/projects/umos-ab24d/regions/us-central1/subnetworks/test-gcpfwm-3-subnet",
            "send_secondary_ip_range_if_empty": null,
            "stack_type": "IPV4_ONLY",
            "timeouts": null
          },
          "sensitive_attributes": [],
          "identity_schema_version": 0,
          "private": "eyJlMmJmYjczMC1lY2FhLTExZTYtOGY4OC0zNDM2M2JjN2M0YzAiOnsiY3JlYXRlIjoxMjAwMDAwMDAwMDAwLCJkZWxldGUiOjEyMDAwMDAwMDAwMDAsInVwZGF0ZSI6MTIwMDAwMDAwMDAwMH19",
          "dependencies": [
            "data.google_compute_network.tenant_vpc",
            "null_resource.vpc_provisioner",
            "random_integer.subnet_octet_2",
            "random_integer.subnet_octet_3"
          ]
        }
      ]
    },
    {
      "mode": "managed",
      "type": "null_resource",
      "name": "allow_iap_ssh_provisioner",
      "provider": "provider[\"registry.terraform.io/hashicorp/null\"]",
      "instances": [
        {
          "schema_version": 0,
          "attributes": {
            "id": "7120467969321816427",
            "triggers": {
              "project_id": "umos-ab24d",
              "tenant_id": "tenant-manager-001",
              "vpc_name": "pmos-tenant-tenant-manager-001-vpc"
            }
          },
          "sensitive_attributes": [],
          "identity_schema_version": 0,
          "dependencies": [
            "data.google_compute_network.tenant_vpc",
            "null_resource.vpc_provisioner"
          ]
        }
      ]
    },
    {
      "mode": "managed",
      "type": "null_resource",
      "name": "allow_internal_provisioner",
      "provider": "provider[\"registry.terraform.io/hashicorp/null\"]",
      "instances": [
        {
          "schema_version": 0,
          "attributes": {
            "id": "2479627864549170152",
            "triggers": {
              "project_id": "umos-ab24d",
              "tenant_id": "tenant-manager-001",
              "vpc_name": "pmos-tenant-tenant-manager-001-vpc"
            }
          },
          "sensitive_attributes": [],
          "identity_schema_version": 0,
          "dependencies": [
            "data.google_compute_network.tenant_vpc",
            "null_resource.vpc_provisioner"
          ]
        }
      ]
    },
    {
      "mode": "managed",
      "type": "null_resource",
      "name": "vpc_provisioner",
      "provider": "provider[\"registry.terraform.io/hashicorp/null\"]",
      "instances": [
        {
          "schema_version": 0,
          "attributes": {
            "id": "8165559265484761584",
            "triggers": {
              "project_id": "umos-ab24d",
              "tenant_id": "tenant-manager-001"
            }
          },
          "sensitive_attributes": [],
          "identity_schema_version": 0
        }
      ]
    },
    {
      "mode": "managed",
      "type": "random_integer",
      "name": "subnet_octet_2",
      "provider": "provider[\"registry.terraform.io/hashicorp/random\"]",
      "instances": [
        {
          "schema_version": 0,
          "attributes": {
            "id": "88",
            "keepers": {
              "instance_name": "test-gcpfwm-3"
            },
            "max": 254,
            "min": 1,
            "result": 88,
            "seed": null
          },
          "sensitive_attributes": [],
          "identity_schema_version": 0
        }
      ]
    },
    {
      "mode": "managed",
      "type": "random_integer",
      "name": "subnet_octet_3",
      "provider": "provider[\"registry.terraform.io/hashicorp/random\"]",
      "instances": [
        {
          "schema_version": 0,
          "attributes": {
            "id": "196",
            "keepers": {
              "instance_name": "test-gcpfwm-3"
            },
            "max": 254,
            "min": 0,
            "result": 196,
            "seed": null
          },
          "sensitive_attributes": [],
          "identity_schema_version": 0
        }
      ]
    },
    {
      "mode": "managed",
      "type": "tls_private_key",
      "name": "admin_ssh",
      "provider": "provider[\"registry.terraform.io/hashicorp/tls\"]",
      "instances": [
        {
          "index_key": 0,
          "schema_version": 1,
          "attributes": {
            "algorithm": "RSA",
            "ecdsa_curve": "P224",
            "id": "0425d652b3c81bca9cea0d2cc7d7f5738f4c5d7e",
            "private_key_openssh": "-----BEGIN OPENSSH PRIVATE KEY-----\nb3BlbnNzaC1rZXktdjEAAAAABG5vbmUAAAAEbm9uZQAAAAAAAAABAAABFwAAAAdz\nc2gtcnNhAAAAAwEAAQAAAQEA+hCWWCPfkIFK/jv6AJleqaO+HczDKh+ZKre/MA2L\nQs+WpyKz8JQ0m3Na6uVd6PyjY013r4CV0wvV39XjXrrDUFVx8X82e2VEonuheFPa\nwJwbC2uERdg2YwjaV6P0N3/5iH0c2ZuWN0vlrXcPxKs6hprTAdiOpokPpGoFCcD5\nP1Bgwp8vL4vz8oqLk4MDwYb0j7u/gWlivc3J4OSW/1FO0QVjjeC7xnHrOHNCGOSZ\nQ73Kd0hezhHa4pYtwJWW31gDHjOoriiigi+ybQzIT4pd/lRVGSliqoZyFfboB4tX\n1owK2zut9xWGZ4EOBgI63HB1kXZ8kPpSSahl+7mRKGVi2QAAA7jEXCAgxFwgIAAA\nAAdzc2gtcnNhAAABAQD6EJZYI9+QgUr+O/oAmV6po74dzMMqH5kqt78wDYtCz5an\nIrPwlDSbc1rq5V3o/KNjTXevgJXTC9Xf1eNeusNQVXHxfzZ7ZUSie6F4U9rAnBsL\na4RF2DZjCNpXo/Q3f/mIfRzZm5Y3S+Wtdw/EqzqGmtMB2I6miQ+kagUJwPk/UGDC\nny8vi/PyiouTgwPBhvSPu7+BaWK9zcng5Jb/UU7RBWON4LvGces4c0IY5JlDvcp3\nSF7OEdrili3AlZbfWAMeM6iuKKKCL7JtDMhPil3+VFUZKWKqhnIV9ugHi1fWjArb\nO633FYZngQ4GAjrccHWRdnyQ+lJJqGX7uZEoZWLZAAAAAwEAAQAAAQADTLA7KgAD\nb11OtPpjwyJPYTh7Oq4xkliqSmHkr60QfN47Rtcye7Yk/fTraArg7eJ3Bzjm0S7I\n6d1Q1ojpQVQd7X6zJc9RegDZlwGGra6Tf4vQzwKgDE4NaPq+kMyCZfckMKhui6HE\nCYWWkB1eZjb/uy/BFLsvIdxZukdmPUxcpDtxL9m+HQJtS9pis9jZu8MQhVxVWfWT\nqDe+WTP6iAppNKRQNUSOdCFIVRgfPT0q5zhZY9vDrwqS/+tuF2b7Lvo2g5MPEyHb\n7KwRgqu8dTfDXDXWPw91LmM34hbHOvnODy5JvbTDSRbThJqSvLnztYL/hld3HC4G\n6siv5GYSJtAhAAAAgQCKC+m6QpzDs0vrUYe5MYJKihC8AfaUkGXoiygtT5jwJffQ\n1MBNZ/jrz/EhIIL+AJ+6sRnQS3EBF3Su1JqUShzvGQhCFxAmLCTb+07U7ilnh5eI\nCcp5PUGTT1wnJXHz5qcMKS4hU4ZI3LyimpLCBwhfNqaGNQ3L1gWU/Zax7kWB+wAA\nAIEA+ldeoEN2en6cDqcLRDclsY5iFGHCtLej7yO+oSgEJh1GH8dXWQCKO19wW9tj\nwGiMSMUlB7ZqdTfiHTF8lCPX622z6b4laA1lxaRqDK+wInhu+mFbjqOjmHJYcO7t\nfNP1afmfWdkdstFvHbXHE4FgiwViyivlytwvdmr4fP3RwukAAACBAP+3niCogyUj\nnz5ecrMoNafe9TTLC5ORb9K56Fx/TEm2LH9l2xagGtTwEJrMrfJY+CX3DcHzOX18\nYAKkUGwryRjNWg2jzMbWB0f72omOQHLb+iqyzT/vi3lrk5ysMOcQNd5oFpd37w9t\nrnFJHIgbDe48o0dkEzryYEJ6c6zoX0pxAAAAAAEC\n-----END OPENSSH PRIVATE KEY-----\n",
            "private_key_pem": "-----BEGIN RSA PRIVATE KEY-----\nMIIEowIBAAKCAQEA+hCWWCPfkIFK/jv6AJleqaO+HczDKh+ZKre/MA2LQs+WpyKz\n8JQ0m3Na6uVd6PyjY013r4CV0wvV39XjXrrDUFVx8X82e2VEonuheFPawJwbC2uE\nRdg2YwjaV6P0N3/5iH0c2ZuWN0vlrXcPxKs6hprTAdiOpokPpGoFCcD5P1Bgwp8v\nL4vz8oqLk4MDwYb0j7u/gWlivc3J4OSW/1FO0QVjjeC7xnHrOHNCGOSZQ73Kd0he\nzhHa4pYtwJWW31gDHjOoriiigi+ybQzIT4pd/lRVGSliqoZyFfboB4tX1owK2zut\n9xWGZ4EOBgI63HB1kXZ8kPpSSahl+7mRKGVi2QIDAQABAoIBAANMsDsqAANvXU60\n+mPDIk9hOHs6rjGSWKpKYeSvrRB83jtG1zJ7tiT99OtoCuDt4ncHOObRLsjp3VDW\niOlBVB3tfrMlz1F6ANmXAYatrpN/i9DPAqAMTg1o+r6QzIJl9yQwqG6LocQJhZaQ\nHV5mNv+7L8EUuy8h3Fm6R2Y9TFykO3Ev2b4dAm1L2mKz2Nm7wxCFXFVZ9ZOoN75Z\nM/qICmk0pFA1RI50IUhVGB89PSrnOFlj28OvCpL/624XZvsu+jaDkw8TIdvsrBGC\nq7x1N8NcNdY/D3UuYzfiFsc6+c4PLkm9tMNJFtOEmpK8ufO1gv+GV3ccLgbqyK/k\nZhIm0CECgYEA+ldeoEN2en6cDqcLRDclsY5iFGHCtLej7yO+oSgEJh1GH8dXWQCK\nO19wW9tjwGiMSMUlB7ZqdTfiHTF8lCPX622z6b4laA1lxaRqDK+wInhu+mFbjqOj\nmHJYcO7tfNP1afmfWdkdstFvHbXHE4FgiwViyivlytwvdmr4fP3RwukCgYEA/7ee\nIKiDJSOfPl5ysyg1p971NMsLk5Fv0rnoXH9MSbYsf2XbFqAa1PAQmsyt8lj4JfcN\nwfM5fXxgAqRQbCvJGM1aDaPMxtYHR/vaiY5Actv6KrLNP++LeWuTnKww5xA13mgW\nl3fvD22ucUkciBsN7jyjR2QTOvJgQnpzrOhfSnECgYAECpkKeUxWWejnC6dQ6JsB\nLM1Eivd7t2M8HxWawGyguORC6xLr6uhQYRANS5Nmrcll+1jHsRgy4D4UPpJGSfXY\nZSL8aQdtkJnOAQN9RPDQ/aS9AglaWiXv9hibaiAHXdyeY1tBNhIWqu7iSeb216XZ\nWLLplJ/XEIrrnHp6ehaC0QKBgGJOyfjOL9TYVAEbOEdN/wqxeV05bhLmR7IgjIb6\n3W49HfBATTDujkIspIWOiJTxxTx7NQvKIODwLsz1NIHRd3cUgzlZLoGGiLgQx9w4\nFujRTuSZZrTct6cPR2lk/UvnfH4rT/wdPIeW6AhfThu5Iuri3va0L3xq77y+7Led\ngfzRAoGBAIoL6bpCnMOzS+tRh7kxgkqKELwB9pSQZeiLKC1PmPAl99DUwE1n+OvP\n8SEggv4An7qxGdBLcQEXdK7UmpRKHO8ZCEIXECYsJNv7TtTuKWeHl4gJynk9QZNP\nXCclcfPmpwwpLiFThkjcvKKaksIHCF82poY1DcvWBZT9lrHuRYH7\n-----END RSA PRIVATE KEY-----\n",
            "private_key_pem_pkcs8": "-----BEGIN PRIVATE KEY-----\nMIIEvQIBADANBgkqhkiG9w0BAQEFAASCBKcwggSjAgEAAoIBAQD6EJZYI9+QgUr+\nO/oAmV6po74dzMMqH5kqt78wDYtCz5anIrPwlDSbc1rq5V3o/KNjTXevgJXTC9Xf\n1eNeusNQVXHxfzZ7ZUSie6F4U9rAnBsLa4RF2DZjCNpXo/Q3f/mIfRzZm5Y3S+Wt\ndw/EqzqGmtMB2I6miQ+kagUJwPk/UGDCny8vi/PyiouTgwPBhvSPu7+BaWK9zcng\n5Jb/UU7RBWON4LvGces4c0IY5JlDvcp3SF7OEdrili3AlZbfWAMeM6iuKKKCL7Jt\nDMhPil3+VFUZKWKqhnIV9ugHi1fWjArbO633FYZngQ4GAjrccHWRdnyQ+lJJqGX7\nuZEoZWLZAgMBAAECggEAA0ywOyoAA29dTrT6Y8MiT2E4ezquMZJYqkph5K+tEHze\nO0bXMnu2JP3062gK4O3idwc45tEuyOndUNaI6UFUHe1+syXPUXoA2ZcBhq2uk3+L\n0M8CoAxODWj6vpDMgmX3JDCobouhxAmFlpAdXmY2/7svwRS7LyHcWbpHZj1MXKQ7\ncS/Zvh0CbUvaYrPY2bvDEIVcVVn1k6g3vlkz+ogKaTSkUDVEjnQhSFUYHz09Kuc4\nWWPbw68Kkv/rbhdm+y76NoOTDxMh2+ysEYKrvHU3w1w11j8PdS5jN+IWxzr5zg8u\nSb20w0kW04Sakry587WC/4ZXdxwuBurIr+RmEibQIQKBgQD6V16gQ3Z6fpwOpwtE\nNyWxjmIUYcK0t6PvI76hKAQmHUYfx1dZAIo7X3Bb22PAaIxIxSUHtmp1N+IdMXyU\nI9frbbPpviVoDWXFpGoMr7AieG76YVuOo6OYclhw7u180/Vp+Z9Z2R2y0W8dtccT\ngWCLBWLKK+XK3C92avh8/dHC6QKBgQD/t54gqIMlI58+XnKzKDWn3vU0ywuTkW/S\nuehcf0xJtix/ZdsWoBrU8BCazK3yWPgl9w3B8zl9fGACpFBsK8kYzVoNo8zG1gdH\n+9qJjkBy2/oqss0/74t5a5OcrDDnEDXeaBaXd+8Pba5xSRyIGw3uPKNHZBM68mBC\nenOs6F9KcQKBgAQKmQp5TFZZ6OcLp1DomwEszUSK93u3YzwfFZrAbKC45ELrEuvq\n6FBhEA1Lk2atyWX7WMexGDLgPhQ+kkZJ9dhlIvxpB22Qmc4BA31E8ND9pL0CCVpa\nJe/2GJtqIAdd3J5jW0E2Ehaq7uJJ5vbXpdlYsumUn9cQiuucenp6FoLRAoGAYk7J\n+M4v1NhUARs4R03/CrF5XTluEuZHsiCMhvrdbj0d8EBNMO6OQiykhY6IlPHFPHs1\nC8og4PAuzPU0gdF3dxSDOVkugYaIuBDH3DgW6NFO5JlmtNy3pw9HaWT9S+d8fitP\n/B08h5boCF9OG7ki6uLe9rQvfGrvvL7st52B/NECgYEAigvpukKcw7NL61GHuTGC\nSooQvAH2lJBl6IsoLU+Y8CX30NTATWf468/xISCC/gCfurEZ0EtxARd0rtSalEoc\n7xkIQhcQJiwk2/tO1O4pZ4eXiAnKeT1Bk09cJyVx8+anDCkuIVOGSNy8opqSwgcI\nXzamhjUNy9YFlP2Wse5Fgfs=\n-----END PRIVATE KEY-----\n",
            "public_key_fingerprint_md5": "2a:df:e3:3a:a1:01:bb:39:fe:3f:6c:c3:e8:93:07:d7",
            "public_key_fingerprint_sha256": "SHA256:Z1qt55DrI0hBKisz65EWXxMZeIV9Vvngg0OLca0ya9w",
            "public_key_openssh": "ssh-rsa AAAAB3NzaC1yc2EAAAADAQABAAABAQD6EJZYI9+QgUr+O/oAmV6po74dzMMqH5kqt78wDYtCz5anIrPwlDSbc1rq5V3o/KNjTXevgJXTC9Xf1eNeusNQVXHxfzZ7ZUSie6F4U9rAnBsLa4RF2DZjCNpXo/Q3f/mIfRzZm5Y3S+Wtdw/EqzqGmtMB2I6miQ+kagUJwPk/UGDCny8vi/PyiouTgwPBhvSPu7+BaWK9zcng5Jb/UU7RBWON4LvGces4c0IY5JlDvcp3SF7OEdrili3AlZbfWAMeM6iuKKKCL7JtDMhPil3+VFUZKWKqhnIV9ugHi1fWjArbO633FYZngQ4GAjrccHWRdnyQ+lJJqGX7uZEoZWLZ\n",
            "public_key_pem": "-----BEGIN PUBLIC KEY-----\nMIIBIjANBgkqhkiG9w0BAQEFAAOCAQ8AMIIBCgKCAQEA+hCWWCPfkIFK/jv6AJle\nqaO+HczDKh+ZKre/MA2LQs+WpyKz8JQ0m3Na6uVd6PyjY013r4CV0wvV39XjXrrD\nUFVx8X82e2VEonuheFPawJwbC2uERdg2YwjaV6P0N3/5iH0c2ZuWN0vlrXcPxKs6\nhprTAdiOpokPpGoFCcD5P1Bgwp8vL4vz8oqLk4MDwYb0j7u/gWlivc3J4OSW/1FO\n0QVjjeC7xnHrOHNCGOSZQ73Kd0hezhHa4pYtwJWW31gDHjOoriiigi+ybQzIT4pd\n/lRVGSliqoZyFfboB4tX1owK2zut9xWGZ4EOBgI63HB1kXZ8kPpSSahl+7mRKGVi\n2QIDAQAB\n-----END PUBLIC KEY-----\n",
            "rsa_bits": 2048
          },
          "sensitive_attributes": [
            [
              {
                "type": "get_attr",
                "value": "private_key_openssh"
              }
            ],
            [
              {
                "type": "get_attr",
                "value": "private_key_pem"
              }
            ],
            [
              {
                "type": "get_attr",
                "value": "private_key_pem_pkcs8"
              }
            ]
          ],
          "identity_schema_version": 0
        }
      ]
    }
  ],
  "check_results": null
}
