{
  "version": 4,
  "terraform_version": "1.13.5",
  "serial": 10,
  "lineage": "ae3b2fc4-315b-a607-7ec1-f02e31b1dead",
  "outputs": {
    "instance_id": {
      "value": "8454010394971613065",
      "type": "string"
    },
    "network_tags": {
      "value": [
        "allow-ssh-test-gcpfwd-2",
        "ssh-via-iap"
      ],
      "type": [
        "set",
        "string"
      ]
    },
    "private_ip": {
      "value": "10.193.0.2",
      "type": "string"
    },
    "private_ssh_key": {
      "value": "-----BEGIN RSA PRIVATE KEY-----\nMIIEowIBAAKCAQEA1xnhHLLSZrpVcyUjbCQ8/hoLepYWv+1V8yFuygJoEtOOubCt\nyzaV7GvlKNYWnObddPjVxT1NjrngRgvL4LG8ld0slVvDXgtMoIl22sYoEfvec8AH\n02shPCsaQ6IK0JUkhf+fRbH/qKmPjxUJNw7356fwmBWB9YlteNj9xe6cTQQBU+UB\nlKjquhhazBEB+UBkYQxjrb2NlfTGrOyjq60l8hBBuRkifWa2jD7yBD56GRdueVvN\nK8QF7gXtP0WTPBzPJFvfxT94CyizlLT5euqmfTWAEPpjZd8YS5U9FeIcyKUKu1HT\nVUSLEBGJXJCrCx7Y2YPK638kD3jsWSL9fFmiaQIDAQABAoIBAAEif4G9LiXhNYiH\nC8vE/daekvvVT94gbsMAwyxQpgfDlgAZTifi4wxOFO96hmsDuN+Byu978bZxcwSz\n9mtDZYn8Yco8BQ1tRHPQ1dXNMwHSbHS+rbgUvQ3utJClfYHsz3998s6nrRisMFNu\naYa5PLTCOdYcUiyldOI5HIvnpkbSZJqDZpep6XMhJga/eS2lyXApoSU5rQ44lnXQ\nek/Woci+nLFsq0KOkAN1ADub7Bpp1VT7GqDYqpcw/qniKA4lJf28NfcSRzDg4kox\nYEq6SML8C732eHgQuqwVD22tdGzHVSUpo6TeDI803rkBFsrAvgEB+TYJpe8LorEd\np5xVzssCgYEA/g/kxhM+T6/eUC/7UB4wKzH0ZtoA27qWE4WQ0cTys7Zf/JMah0ti\nOnjppliYAvxYWaneGheSP0wj2pTA7jPCK9LB7A1LlijIN1Pvlt0b6T/kUhXPI0mr\npZldTauloDi5Z/tNNKtTwXUOIJUiFwxYoODxldO+YXyZ1fnoVmRynKMCgYEA2L3o\nG3pF8Kv1c9jfOIt0wS5fq7uF1b0rhx3reoGX6DtKFP4PTlJSsMYNQuXNJW6zYzA8\nq8yhDElfOjGbM/9M38TR+MNj+KbSSJOYeeYabmCGZPYp0e7+K/JuCFxyvshWqzc/\njsrRY/UrsUtw6kAsLLJnfMjFRti4vlZehRxjSYMCgYEAmoekSO4velyoRfHJVGPo\nPH24AE8dMoj8+4bEHTNDxBdrrr7y5dPuPU6KH0nHvBksy+zMUOaBZ8qyDCNqbfhB\nZFJe7WrwzLalgTGmiwaWEXtxLpRhVz9aDfGIlNOQfDHEZACwZxbGbOb73smW4Jn7\n1m67wrv2EmmtUD8fGF0kcS0CgYBf6vMsLdmD3+XZJdHriTPbRjWKn4tkArqfqisK\n5Q0f9hUb4y9M3vu/RXaa823tMedrbu56rS1cbaAZ9dgUk9gmc0jlCTtV0CXhfogM\n8jsiO89eIN5zDIwpULlHM/qH2csZLHMRM0qlLNvwM02+LTYfdbh8rbE4YDKp8TkV\nOXHrFwKBgHYZinWA6HAOkkp/e8s4qtBifb1i1XHdpYZEjfrHjqTFbOfXdWahKDn0\nvOXyAXBXkHeRVUtMIiRrXbjZ98V4IwGnNJxdj0rE4SUADTYUMR6WIC761g5P4YKh\n2mP7n49Ps8AWn8cF2fWvZdnNC06owv5hIlgeXyzCX2UgzAQdHvDi\n-----END RSA PRIVATE KEY-----\n",
      "type": "string",
      "sensitive": true
    }
  },
  "resources": [
    {
      "mode": "data",
      "type": "google_compute_network",
      "name": "tenant_vpc",
      "provider": "provider[\"registry.terraform.io/hashicorp/google\"]",
      "instances": [
        {
          "schema_version": 0,
          "attributes": {
            "description": "VPC for tenant tenant-manager-001",
            "gateway_ipv4": "",
            "id": "projects/umos-ab24d/global/networks/pmos-tenant-tenant-manager-001-vpc",
            "internal_ipv6_range": "",
            "name": "pmos-tenant-tenant-manager-001-vpc",
            "project": null,
            "self_link": "https://www.googleapis.com/compute/v1/projects/umos-ab24d/global/networks/pmos-tenant-tenant-manager-001-vpc",
            "subnetworks_self_links": [
              "https://www.googleapis.com/compute/v1/projects/umos-ab24d/regions/us-central1/subnetworks/test-gcpfwb-2-subnet",
              "https://www.googleapis.com/compute/v1/projects/umos-ab24d/regions/us-central1/subnetworks/test-gcpfwc-1-subnet",
              "https://www.googleapis.com/compute/v1/projects/umos-ab24d/regions/us-central1/subnetworks/test-gcpfwb-3-subnet",
              "https://www.googleapis.com/compute/v1/projects/umos-ab24d/regions/us-central1/subnetworks/test-gcpfwb-1-subnet",
              "https://www.googleapis.com/compute/v1/projects/umos-ab24d/regions/us-central1/subnetworks/test-gcpfwc-3-subnet",
              "https://www.googleapis.com/compute/v1/projects/umos-ab24d/regions/us-central1/subnetworks/test-gcpfwc-2-subnet",
              "https://www.googleapis.com/compute/v1/projects/umos-ab24d/regions/us-central1/subnetworks/test-gcpfwd-1-subnet"
            ]
          },
          "sensitive_attributes": [],
          "identity_schema_version": 0
        }
      ]
    },
    {
      "mode": "data",
      "type": "google_project",
      "name": "project",
      "provider": "provider[\"registry.terraform.io/hashicorp/google\"]",
      "instances": [
        {
          "schema_version": 0,
          "attributes": {
            "auto_create_network": null,
            "billing_account": null,
            "deletion_policy": "DELETE",
            "effective_labels": {
              "firebase": "enabled",
              "firebase-core": "disabled"
            },
            "folder_id": null,
            "id": "projects/umos-ab24d",
            "labels": {
              "firebase": "enabled",
              "firebase-core": "disabled"
            },
            "name": "umos",
            "number": "924587466064",
            "org_id": null,
            "project_id": "umos-ab24d",
            "skip_delete": null,
            "terraform_labels": {
              "firebase": "enabled",
              "firebase-core": "disabled"
            }
          },
          "sensitive_attributes": [],
          "identity_schema_version": 0
        }
      ]
    },
    {
      "mode": "managed",
      "type": "google_compute_firewall",
      "name": "allow_public_ssh",
      "provider": "provider[\"registry.terraform.io/hashicorp/google\"]",
      "instances": [
        {
          "index_key": 0,
          "schema_version": 1,
          "attributes": {
            "allow": [
              {
                "ports": [
                  "22"
                ],
                "protocol": "tcp"
              }
            ],
            "creation_timestamp": "2025-11-11T12:15:13.303-08:00",
            "deny": [],
            "description": "Allow public SSH access to test-gcpfwd-2",
            "destination_ranges": [],
            "direction": "INGRESS",
            "disabled": false,
            "enable_logging": null,
            "id": "projects/umos-ab24d/global/firewalls/pmos-instance-test-gcpfwd-2-allow-ssh",
            "log_config": [],
            "name": "pmos-instance-test-gcpfwd-2-allow-ssh",
            "network": "https://www.googleapis.com/compute/v1/projects/umos-ab24d/global/networks/pmos-tenant-tenant-manager-001-vpc",
            "priority": 1000,
            "project": "umos-ab24d",
            "self_link": "https://www.googleapis.com/compute/v1/projects/umos-ab24d/global/firewalls/pmos-instance-test-gcpfwd-2-allow-ssh",
            "source_ranges": [
              "0.0.0.0/0"
            ],
            "source_service_accounts": null,
            "source_tags": null,
            "target_service_accounts": null,
            "target_tags": [
              "allow-ssh-test-gcpfwd-2"
            ],
            "timeouts": null
          },
          "sensitive_attributes": [],
          "identity_schema_version": 0,
          "private": "eyJlMmJmYjczMC1lY2FhLTExZTYtOGY4OC0zNDM2M2JjN2M0YzAiOnsiY3JlYXRlIjoxMjAwMDAwMDAwMDAwLCJkZWxldGUiOjEyMDAwMDAwMDAwMDAsInVwZGF0ZSI6MTIwMDAwMDAwMDAwMH0sInNjaGVtYV92ZXJzaW9uIjoiMSJ9",
          "dependencies": [
            "data.google_compute_network.tenant_vpc",
            "data.google_project.project",
            "null_resource.vpc_provisioner"
          ]
        }
      ]
    },
    {
      "mode": "managed",
      "type": "google_compute_instance",
      "name": "this_vm",
      "provider": "provider[\"registry.terraform.io/hashicorp/google\"]",
      "instances": [
        {
          "schema_version": 6,
          "attributes": {
            "advanced_machine_features": [],
            "allow_stopping_for_update": null,
            "attached_disk": [],
            "boot_disk": [
              {
                "auto_delete": true,
                "device_name": "persistent-disk-0",
                "disk_encryption_key_raw": "",
                "disk_encryption_key_sha256": "",
                "initialize_params": [
                  {
                    "enable_confidential_compute": false,
                    "image": "https://www.googleapis.com/compute/v1/projects/umos-ab24d/global/images/ubuntu-22-04-19271224598",
                    "labels": {},
                    "provisioned_iops": 0,
                    "provisioned_throughput": 0,
                    "resource_manager_tags": null,
                    "size": 20,
                    "storage_pool": "",
                    "type": "pd-standard"
                  }
                ],
                "kms_key_self_link": "",
                "mode": "READ_WRITE",
                "source": "https://www.googleapis.com/compute/v1/projects/umos-ab24d/zones/us-central1-c/disks/test-gcpfwd-2"
              }
            ],
            "can_ip_forward": false,
            "confidential_instance_config": [],
            "cpu_platform": "Intel Broadwell",
            "current_status": "RUNNING",
            "deletion_protection": false,
            "description": "",
            "desired_status": null,
            "effective_labels": {},
            "enable_display": false,
            "guest_accelerator": [],
            "hostname": "",
            "id": "projects/umos-ab24d/zones/us-central1-c/instances/test-gcpfwd-2",
            "instance_id": "8454010394971613065",
            "label_fingerprint": "42WmSpB8rSM=",
            "labels": null,
            "machine_type": "e2-micro",
            "metadata": {
              "ssh-keys": "packer:ssh-rsa AAAAB3NzaC1yc2EAAAADAQABAAABAQDXGeEcstJmulVzJSNsJDz+Ggt6lha/7VXzIW7KAmgS0465sK3LNpXsa+Uo1hac5t10+NXFPU2OueBGC8vgsbyV3SyVW8NeC0ygiXbaxigR+95zwAfTayE8KxpDogrQlSSF/59Fsf+oqY+PFQk3Dvfnp/CYFYH1iW142P3F7pxNBAFT5QGUqOq6GFrMEQH5QGRhDGOtvY2V9Mas7KOrrSXyEEG5GSJ9ZraMPvIEPnoZF255W80rxAXuBe0/RZM8HM8kW9/FP3gLKLOUtPl66qZ9NYAQ+mNl3xhLlT0V4hzIpQq7UdNVRIsQEYlckKsLHtjZg8rrfyQPeOxZIv18WaJp\n",
              "startup-script": "#!/bin/bash\n# User data scripts are not yet supported for direct deployment.\n"
            },
            "metadata_fingerprint": "_gXt2zzlZbo=",
            "metadata_startup_script": null,
            "min_cpu_platform": "",
            "name": "test-gcpfwd-2",
            "network_interface": [
              {
                "access_config": [
                  {
                    "nat_ip": "34.61.141.119",
                    "network_tier": "PREMIUM",
                    "public_ptr_domain_name": ""
                  }
                ],
                "alias_ip_range": [],
                "internal_ipv6_prefix_length": 0,
                "ipv6_access_config": [],
                "ipv6_access_type": "",
                "ipv6_address": "",
                "name": "nic0",
                "network": "https://www.googleapis.com/compute/v1/projects/umos-ab24d/global/networks/pmos-tenant-tenant-manager-001-vpc",
                "network_ip": "10.193.0.2",
                "nic_type": "",
                "queue_count": 0,
                "stack_type": "IPV4_ONLY",
                "subnetwork": "https://www.googleapis.com/compute/v1/projects/umos-ab24d/regions/us-central1/subnetworks/test-gcpfwd-2-subnet",
                "subnetwork_project": "umos-ab24d"
              }
            ],
            "network_performance_config": [],
            "params": [],
            "project": "umos-ab24d",
            "reservation_affinity": [],
            "resource_policies": null,
            "scheduling": [
              {
                "automatic_restart": true,
                "instance_termination_action": "",
                "local_ssd_recovery_timeout": [],
                "max_run_duration": [],
                "min_node_cpus": 0,
                "node_affinities": [],
                "on_host_maintenance": "MIGRATE",
                "on_instance_stop_action": [],
                "preemptible": false,
                "provisioning_model": "STANDARD"
              }
            ],
            "scratch_disk": [],
            "self_link": "https://www.googleapis.com/compute/v1/projects/umos-ab24d/zones/us-central1-c/instances/test-gcpfwd-2",
            "service_account": [
              {
                "email": "924587466064-compute@developer.gserviceaccount.com",
                "scopes": [
                  "https://www.googleapis.com/auth/cloud-platform"
                ]
              }
            ],
            "shielded_instance_config": [
              {
                "enable_integrity_monitoring": true,
                "enable_secure_boot": false,
                "enable_vtpm": true
              }
            ],
            "tags": [
              "allow-ssh-test-gcpfwd-2",
              "ssh-via-iap"
            ],
            "tags_fingerprint": "imrJCR-t6EY=",
            "terraform_labels": {},
            "timeouts": null,
            "zone": "us-central1-c"
          },
          "sensitive_attributes": [
            [
              {
                "type": "get_attr",
                "value": "boot_disk"
              },
              {
                "type": "index",
                "value": {
                  "value": 0,
                  "type": "number"
                }
              },
              {
                "type": "get_attr",
                "value": "disk_encryption_key_raw"
              }
            ]
          ],
          "identity_schema_version": 0,
          "private": "eyJlMmJmYjczMC1lY2FhLTExZTYtOGY4OC0zNDM2M2JjN2M0YzAiOnsiY3JlYXRlIjoxMjAwMDAwMDAwMDAwLCJkZWxldGUiOjEyMDAwMDAwMDAwMDAsInVwZGF0ZSI6MTIwMDAwMDAwMDAwMH0sInNjaGVtYV92ZXJzaW9uIjoiNiJ9",
          "dependencies": [
            "data.google_compute_network.tenant_vpc",
            "data.google_project.project",
            "google_compute_subnetwork.this_subnet",
            "null_resource.allow_iap_ssh_provisioner",
            "null_resource.allow_internal_provisioner",
            "null_resource.vpc_provisioner",
            "random_integer.subnet_octet",
            "tls_private_key.admin_ssh"
          ]
        }
      ]
    },
    {
      "mode": "managed",
      "type": "google_compute_subnetwork",
      "name": "this_subnet",
      "provider": "provider[\"registry.terraform.io/hashicorp/google\"]",
      "instances": [
        {
          "schema_version": 0,
          "attributes": {
            "creation_timestamp": "2025-11-11T12:15:13.342-08:00",
            "description": "",
            "external_ipv6_prefix": "",
            "fingerprint": null,
            "gateway_address": "10.193.0.1",
            "id": "projects/umos-ab24d/regions/us-central1/subnetworks/test-gcpfwd-2-subnet",
            "internal_ipv6_prefix": "",
            "ip_cidr_range": "10.193.0.0/24",
            "ipv6_access_type": "",
            "ipv6_cidr_range": "",
            "log_config": [],
            "name": "test-gcpfwd-2-subnet",
            "network": "https://www.googleapis.com/compute/v1/projects/umos-ab24d/global/networks/pmos-tenant-tenant-manager-001-vpc",
            "private_ip_google_access": false,
            "private_ipv6_google_access": "DISABLE_GOOGLE_ACCESS",
            "project": "umos-ab24d",
            "purpose": "PRIVATE",
            "region": "us-central1",
            "role": "",
            "secondary_ip_range": [],
            "self_link": "https://www.googleapis.com/compute/v1/projects/umos-ab24d/regions/us-central1/subnetworks/test-gcpfwd-2-subnet",
            "send_secondary_ip_range_if_empty": null,
            "stack_type": "IPV4_ONLY",
            "timeouts": null
          },
          "sensitive_attributes": [],
          "identity_schema_version": 0,
          "private": "eyJlMmJmYjczMC1lY2FhLTExZTYtOGY4OC0zNDM2M2JjN2M0YzAiOnsiY3JlYXRlIjoxMjAwMDAwMDAwMDAwLCJkZWxldGUiOjEyMDAwMDAwMDAwMDAsInVwZGF0ZSI6MTIwMDAwMDAwMDAwMH19",
          "dependencies": [
            "data.google_compute_network.tenant_vpc",
            "data.google_project.project",
            "null_resource.vpc_provisioner",
            "random_integer.subnet_octet"
          ]
        }
      ]
    },
    {
      "mode": "managed",
      "type": "null_resource",
      "name": "allow_iap_ssh_provisioner",
      "provider": "provider[\"registry.terraform.io/hashicorp/null\"]",
      "instances": [
        {
          "schema_version": 0,
          "attributes": {
            "id": "1506396790096865540",
            "triggers": {
              "project_id": "umos-ab24d",
              "tenant_id": "tenant-manager-001",
              "vpc_name": "pmos-tenant-tenant-manager-001-vpc"
            }
          },
          "sensitive_attributes": [],
          "identity_schema_version": 0,
          "dependencies": [
            "data.google_compute_network.tenant_vpc",
            "data.google_project.project",
            "null_resource.vpc_provisioner"
          ]
        }
      ]
    },
    {
      "mode": "managed",
      "type": "null_resource",
      "name": "allow_internal_provisioner",
      "provider": "provider[\"registry.terraform.io/hashicorp/null\"]",
      "instances": [
        {
          "schema_version": 0,
          "attributes": {
            "id": "517522923098226655",
            "triggers": {
              "project_id": "umos-ab24d",
              "tenant_id": "tenant-manager-001",
              "vpc_name": "pmos-tenant-tenant-manager-001-vpc"
            }
          },
          "sensitive_attributes": [],
          "identity_schema_version": 0,
          "dependencies": [
            "data.google_compute_network.tenant_vpc",
            "data.google_project.project",
            "null_resource.vpc_provisioner"
          ]
        }
      ]
    },
    {
      "mode": "managed",
      "type": "null_resource",
      "name": "vpc_provisioner",
      "provider": "provider[\"registry.terraform.io/hashicorp/null\"]",
      "instances": [
        {
          "schema_version": 0,
          "attributes": {
            "id": "8608148334785143554",
            "triggers": {
              "project_id": "umos-ab24d",
              "tenant_id": "tenant-manager-001"
            }
          },
          "sensitive_attributes": [],
          "identity_schema_version": 0,
          "dependencies": [
            "data.google_project.project"
          ]
        }
      ]
    },
    {
      "mode": "managed",
      "type": "random_integer",
      "name": "subnet_octet",
      "provider": "provider[\"registry.terraform.io/hashicorp/random\"]",
      "instances": [
        {
          "schema_version": 0,
          "attributes": {
            "id": "193",
            "keepers": null,
            "max": 254,
            "min": 2,
            "result": 193,
            "seed": null
          },
          "sensitive_attributes": [],
          "identity_schema_version": 0
        }
      ]
    },
    {
      "mode": "managed",
      "type": "tls_private_key",
      "name": "admin_ssh",
      "provider": "provider[\"registry.terraform.io/hashicorp/tls\"]",
      "instances": [
        {
          "index_key": 0,
          "schema_version": 1,
          "attributes": {
            "algorithm": "RSA",
            "ecdsa_curve": "P224",
            "id": "ce8c1d274b30256a12ecf686a35ace726aa30660",
            "private_key_openssh": "-----BEGIN OPENSSH PRIVATE KEY-----\nb3BlbnNzaC1rZXktdjEAAAAABG5vbmUAAAAEbm9uZQAAAAAAAAABAAABFwAAAAdz\nc2gtcnNhAAAAAwEAAQAAAQEA1xnhHLLSZrpVcyUjbCQ8/hoLepYWv+1V8yFuygJo\nEtOOubCtyzaV7GvlKNYWnObddPjVxT1NjrngRgvL4LG8ld0slVvDXgtMoIl22sYo\nEfvec8AH02shPCsaQ6IK0JUkhf+fRbH/qKmPjxUJNw7356fwmBWB9YlteNj9xe6c\nTQQBU+UBlKjquhhazBEB+UBkYQxjrb2NlfTGrOyjq60l8hBBuRkifWa2jD7yBD56\nGRdueVvNK8QF7gXtP0WTPBzPJFvfxT94CyizlLT5euqmfTWAEPpjZd8YS5U9FeIc\nyKUKu1HTVUSLEBGJXJCrCx7Y2YPK638kD3jsWSL9fFmiaQAAA7jhBmI54QZiOQAA\nAAdzc2gtcnNhAAABAQDXGeEcstJmulVzJSNsJDz+Ggt6lha/7VXzIW7KAmgS0465\nsK3LNpXsa+Uo1hac5t10+NXFPU2OueBGC8vgsbyV3SyVW8NeC0ygiXbaxigR+95z\nwAfTayE8KxpDogrQlSSF/59Fsf+oqY+PFQk3Dvfnp/CYFYH1iW142P3F7pxNBAFT\n5QGUqOq6GFrMEQH5QGRhDGOtvY2V9Mas7KOrrSXyEEG5GSJ9ZraMPvIEPnoZF255\nW80rxAXuBe0/RZM8HM8kW9/FP3gLKLOUtPl66qZ9NYAQ+mNl3xhLlT0V4hzIpQq7\nUdNVRIsQEYlckKsLHtjZg8rrfyQPeOxZIv18WaJpAAAAAwEAAQAAAQABIn+BvS4l\n4TWIhwvLxP3WnpL71U/eIG7DAMMsUKYHw5YAGU4n4uMMThTveoZrA7jfgcrve/G2\ncXMEs/ZrQ2WJ/GHKPAUNbURz0NXVzTMB0mx0vq24FL0N7rSQpX2B7M9/ffLOp60Y\nrDBTbmmGuTy0wjnWHFIspXTiORyL56ZG0mSag2aXqelzISYGv3ktpclwKaElOa0O\nOJZ10HpP1qHIvpyxbKtCjpADdQA7m+waadVU+xqg2KqXMP6p4igOJSX9vDX3Ekcw\n4OJKMWBKukjC/Au99nh4ELqsFQ9trXRsx1UlKaOk3gyPNN65ARbKwL4BAfk2CaXv\nC6KxHaecVc7LAAAAgHYZinWA6HAOkkp/e8s4qtBifb1i1XHdpYZEjfrHjqTFbOfX\ndWahKDn0vOXyAXBXkHeRVUtMIiRrXbjZ98V4IwGnNJxdj0rE4SUADTYUMR6WIC76\n1g5P4YKh2mP7n49Ps8AWn8cF2fWvZdnNC06owv5hIlgeXyzCX2UgzAQdHvDiAAAA\ngQD+D+TGEz5Pr95QL/tQHjArMfRm2gDbupYThZDRxPKztl/8kxqHS2I6eOmmWJgC\n/FhZqd4aF5I/TCPalMDuM8Ir0sHsDUuWKMg3U++W3RvpP+RSFc8jSaulmV1Nq6Wg\nOLln+000q1PBdQ4glSIXDFig4PGV075hfJnV+ehWZHKcowAAAIEA2L3oG3pF8Kv1\nc9jfOIt0wS5fq7uF1b0rhx3reoGX6DtKFP4PTlJSsMYNQuXNJW6zYzA8q8yhDElf\nOjGbM/9M38TR+MNj+KbSSJOYeeYabmCGZPYp0e7+K/JuCFxyvshWqzc/jsrRY/Ur\nsUtw6kAsLLJnfMjFRti4vlZehRxjSYMAAAAAAQID\n-----END OPENSSH PRIVATE KEY-----\n",
            "private_key_pem": "-----BEGIN RSA PRIVATE KEY-----\nMIIEowIBAAKCAQEA1xnhHLLSZrpVcyUjbCQ8/hoLepYWv+1V8yFuygJoEtOOubCt\nyzaV7GvlKNYWnObddPjVxT1NjrngRgvL4LG8ld0slVvDXgtMoIl22sYoEfvec8AH\n02shPCsaQ6IK0JUkhf+fRbH/qKmPjxUJNw7356fwmBWB9YlteNj9xe6cTQQBU+UB\nlKjquhhazBEB+UBkYQxjrb2NlfTGrOyjq60l8hBBuRkifWa2jD7yBD56GRdueVvN\nK8QF7gXtP0WTPBzPJFvfxT94CyizlLT5euqmfTWAEPpjZd8YS5U9FeIcyKUKu1HT\nVUSLEBGJXJCrCx7Y2YPK638kD3jsWSL9fFmiaQIDAQABAoIBAAEif4G9LiXhNYiH\nC8vE/daekvvVT94gbsMAwyxQpgfDlgAZTifi4wxOFO96hmsDuN+Byu978bZxcwSz\n9mtDZYn8Yco8BQ1tRHPQ1dXNMwHSbHS+rbgUvQ3utJClfYHsz3998s6nrRisMFNu\naYa5PLTCOdYcUiyldOI5HIvnpkbSZJqDZpep6XMhJga/eS2lyXApoSU5rQ44lnXQ\nek/Woci+nLFsq0KOkAN1ADub7Bpp1VT7GqDYqpcw/qniKA4lJf28NfcSRzDg4kox\nYEq6SML8C732eHgQuqwVD22tdGzHVSUpo6TeDI803rkBFsrAvgEB+TYJpe8LorEd\np5xVzssCgYEA/g/kxhM+T6/eUC/7UB4wKzH0ZtoA27qWE4WQ0cTys7Zf/JMah0ti\nOnjppliYAvxYWaneGheSP0wj2pTA7jPCK9LB7A1LlijIN1Pvlt0b6T/kUhXPI0mr\npZldTauloDi5Z/tNNKtTwXUOIJUiFwxYoODxldO+YXyZ1fnoVmRynKMCgYEA2L3o\nG3pF8Kv1c9jfOIt0wS5fq7uF1b0rhx3reoGX6DtKFP4PTlJSsMYNQuXNJW6zYzA8\nq8yhDElfOjGbM/9M38TR+MNj+KbSSJOYeeYabmCGZPYp0e7+K/JuCFxyvshWqzc/\njsrRY/UrsUtw6kAsLLJnfMjFRti4vlZehRxjSYMCgYEAmoekSO4velyoRfHJVGPo\nPH24AE8dMoj8+4bEHTNDxBdrrr7y5dPuPU6KH0nHvBksy+zMUOaBZ8qyDCNqbfhB\nZFJe7WrwzLalgTGmiwaWEXtxLpRhVz9aDfGIlNOQfDHEZACwZxbGbOb73smW4Jn7\n1m67wrv2EmmtUD8fGF0kcS0CgYBf6vMsLdmD3+XZJdHriTPbRjWKn4tkArqfqisK\n5Q0f9hUb4y9M3vu/RXaa823tMedrbu56rS1cbaAZ9dgUk9gmc0jlCTtV0CXhfogM\n8jsiO89eIN5zDIwpULlHM/qH2csZLHMRM0qlLNvwM02+LTYfdbh8rbE4YDKp8TkV\nOXHrFwKBgHYZinWA6HAOkkp/e8s4qtBifb1i1XHdpYZEjfrHjqTFbOfXdWahKDn0\nvOXyAXBXkHeRVUtMIiRrXbjZ98V4IwGnNJxdj0rE4SUADTYUMR6WIC761g5P4YKh\n2mP7n49Ps8AWn8cF2fWvZdnNC06owv5hIlgeXyzCX2UgzAQdHvDi\n-----END RSA PRIVATE KEY-----\n",
            "private_key_pem_pkcs8": "-----BEGIN PRIVATE KEY-----\nMIIEvQIBADANBgkqhkiG9w0BAQEFAASCBKcwggSjAgEAAoIBAQDXGeEcstJmulVz\nJSNsJDz+Ggt6lha/7VXzIW7KAmgS0465sK3LNpXsa+Uo1hac5t10+NXFPU2OueBG\nC8vgsbyV3SyVW8NeC0ygiXbaxigR+95zwAfTayE8KxpDogrQlSSF/59Fsf+oqY+P\nFQk3Dvfnp/CYFYH1iW142P3F7pxNBAFT5QGUqOq6GFrMEQH5QGRhDGOtvY2V9Mas\n7KOrrSXyEEG5GSJ9ZraMPvIEPnoZF255W80rxAXuBe0/RZM8HM8kW9/FP3gLKLOU\ntPl66qZ9NYAQ+mNl3xhLlT0V4hzIpQq7UdNVRIsQEYlckKsLHtjZg8rrfyQPeOxZ\nIv18WaJpAgMBAAECggEAASJ/gb0uJeE1iIcLy8T91p6S+9VP3iBuwwDDLFCmB8OW\nABlOJ+LjDE4U73qGawO434HK73vxtnFzBLP2a0NlifxhyjwFDW1Ec9DV1c0zAdJs\ndL6tuBS9De60kKV9gezPf33yzqetGKwwU25phrk8tMI51hxSLKV04jkci+emRtJk\nmoNml6npcyEmBr95LaXJcCmhJTmtDjiWddB6T9ahyL6csWyrQo6QA3UAO5vsGmnV\nVPsaoNiqlzD+qeIoDiUl/bw19xJHMODiSjFgSrpIwvwLvfZ4eBC6rBUPba10bMdV\nJSmjpN4MjzTeuQEWysC+AQH5Ngml7wuisR2nnFXOywKBgQD+D+TGEz5Pr95QL/tQ\nHjArMfRm2gDbupYThZDRxPKztl/8kxqHS2I6eOmmWJgC/FhZqd4aF5I/TCPalMDu\nM8Ir0sHsDUuWKMg3U++W3RvpP+RSFc8jSaulmV1Nq6WgOLln+000q1PBdQ4glSIX\nDFig4PGV075hfJnV+ehWZHKcowKBgQDYvegbekXwq/Vz2N84i3TBLl+ru4XVvSuH\nHet6gZfoO0oU/g9OUlKwxg1C5c0lbrNjMDyrzKEMSV86MZsz/0zfxNH4w2P4ptJI\nk5h55hpuYIZk9inR7v4r8m4IXHK+yFarNz+OytFj9SuxS3DqQCwssmd8yMVG2Li+\nVl6FHGNJgwKBgQCah6RI7i96XKhF8clUY+g8fbgATx0yiPz7hsQdM0PEF2uuvvLl\n0+49ToofSce8GSzL7MxQ5oFnyrIMI2pt+EFkUl7tavDMtqWBMaaLBpYRe3EulGFX\nP1oN8YiU05B8McRkALBnFsZs5vveyZbgmfvWbrvCu/YSaa1QPx8YXSRxLQKBgF/q\n8ywt2YPf5dkl0euJM9tGNYqfi2QCup+qKwrlDR/2FRvjL0ze+79Fdprzbe0x52tu\n7nqtLVxtoBn12BST2CZzSOUJO1XQJeF+iAzyOyI7z14g3nMMjClQuUcz+ofZyxks\ncxEzSqUs2/AzTb4tNh91uHytsThgMqnxORU5cesXAoGAdhmKdYDocA6SSn97yziq\n0GJ9vWLVcd2lhkSN+seOpMVs59d1ZqEoOfS85fIBcFeQd5FVS0wiJGtduNn3xXgj\nAac0nF2PSsThJQANNhQxHpYgLvrWDk/hgqHaY/ufj0+zwBafxwXZ9a9l2c0LTqjC\n/mEiWB5fLMJfZSDMBB0e8OI=\n-----END PRIVATE KEY-----\n",
            "public_key_fingerprint_md5": "17:ff:e1:d1:77:59:7d:be:80:ee:8b:e4:9c:9a:43:ab",
            "public_key_fingerprint_sha256": "SHA256:dtp1VF2+XBfu6L3E0zMks3IEqMA7rQrzJtrcWD3buLk",
            "public_key_openssh": "ssh-rsa AAAAB3NzaC1yc2EAAAADAQABAAABAQDXGeEcstJmulVzJSNsJDz+Ggt6lha/7VXzIW7KAmgS0465sK3LNpXsa+Uo1hac5t10+NXFPU2OueBGC8vgsbyV3SyVW8NeC0ygiXbaxigR+95zwAfTayE8KxpDogrQlSSF/59Fsf+oqY+PFQk3Dvfnp/CYFYH1iW142P3F7pxNBAFT5QGUqOq6GFrMEQH5QGRhDGOtvY2V9Mas7KOrrSXyEEG5GSJ9ZraMPvIEPnoZF255W80rxAXuBe0/RZM8HM8kW9/FP3gLKLOUtPl66qZ9NYAQ+mNl3xhLlT0V4hzIpQq7UdNVRIsQEYlckKsLHtjZg8rrfyQPeOxZIv18WaJp\n",
            "public_key_pem": "-----BEGIN PUBLIC KEY-----\nMIIBIjANBgkqhkiG9w0BAQEFAAOCAQ8AMIIBCgKCAQEA1xnhHLLSZrpVcyUjbCQ8\n/hoLepYWv+1V8yFuygJoEtOOubCtyzaV7GvlKNYWnObddPjVxT1NjrngRgvL4LG8\nld0slVvDXgtMoIl22sYoEfvec8AH02shPCsaQ6IK0JUkhf+fRbH/qKmPjxUJNw73\n56fwmBWB9YlteNj9xe6cTQQBU+UBlKjquhhazBEB+UBkYQxjrb2NlfTGrOyjq60l\n8hBBuRkifWa2jD7yBD56GRdueVvNK8QF7gXtP0WTPBzPJFvfxT94CyizlLT5euqm\nfTWAEPpjZd8YS5U9FeIcyKUKu1HTVUSLEBGJXJCrCx7Y2YPK638kD3jsWSL9fFmi\naQIDAQAB\n-----END PUBLIC KEY-----\n",
            "rsa_bits": 2048
          },
          "sensitive_attributes": [
            [
              {
                "type": "get_attr",
                "value": "private_key_openssh"
              }
            ],
            [
              {
                "type": "get_attr",
                "value": "private_key_pem"
              }
            ],
            [
              {
                "type": "get_attr",
                "value": "private_key_pem_pkcs8"
              }
            ]
          ],
          "identity_schema_version": 0
        }
      ]
    }
  ],
  "check_results": null
}
